
Microsoft Visual Studio Solution File, Format Version 12.00
# Visual Studio 15
VisualStudioVersion = 15.0.26124.0
MinimumVisualStudioVersion = 15.0.26124.0
Project("{2150E333-8FDC-42A3-9474-1A3956D46DE8}") = "infra", "infra", "{8196F261-6ED3-4E36-9531-06ED7762C1A4}"
EndProject
Project("{FAE04EC0-301F-11D3-BF4B-00C04F79EFBC}") = "devops", "infra\devops\devops.csproj", "{4E009BAA-EE95-4932-8F02-57E8156E97FD}"
EndProject
Project("{2150E333-8FDC-42A3-9474-1A3956D46DE8}") = "services", "services", "{5870EF28-2B94-4107-8ABB-232DCA9521CC}"
EndProject
Project("{2150E333-8FDC-42A3-9474-1A3956D46DE8}") = "src", "src", "{C278C3B3-441C-4DC5-8791-68F6D3555120}"
EndProject
Project("{FAE04EC0-301F-11D3-BF4B-00C04F79EFBC}") = "datakam", "services\src\datakam\datakam.csproj", "{A2F8A95A-8362-4B2F-9A93-9CE0138B4409}"
EndProject
Project("{2150E333-8FDC-42A3-9474-1A3956D46DE8}") = "test", "test", "{98F2437B-0A1D-4D4C-8374-FFDE2B92F6D6}"
EndProject
Project("{FAE04EC0-301F-11D3-BF4B-00C04F79EFBC}") = "datakam.Tests", "services\test\datakam.Tests\datakam.Tests.csproj", "{A7FB69C1-9DA4-4196-A722-0135EEEFB374}"
EndProject
Project("{2150E333-8FDC-42A3-9474-1A3956D46DE8}") = "realtime", "realtime", "{0C1E4A25-2E50-47FF-A881-67EE852EF08D}"
EndProject
Project("{2150E333-8FDC-42A3-9474-1A3956D46DE8}") = "src", "src", "{9F3572BD-331A-4A74-8127-6AA4B59788F2}"
EndProject
Project("{FAE04EC0-301F-11D3-BF4B-00C04F79EFBC}") = "realtime", "realtime\src\realtime\realtime.csproj", "{30D012B0-B054-4D29-954C-948A23F7507D}"
EndProject
Project("{2150E333-8FDC-42A3-9474-1A3956D46DE8}") = "test", "test", "{7C75E6C6-1D43-4C15-8C01-68F1FF900450}"
EndProject
Project("{FAE04EC0-301F-11D3-BF4B-00C04F79EFBC}") = "realtime.Tests", "realtime\test\realtime.Tests\realtime.Tests.csproj", "{908AB1C1-2294-42B6-8556-76CB0E61DFC2}"
EndProject
Project("{F2A71F9B-5D33-465A-A702-920D77279786}") = "domain", "domain\domain.fsproj", "{8E7DE49A-0178-4CAB-896B-3AED48DF1B7F}"
EndProject
Global
	GlobalSection(SolutionConfigurationPlatforms) = preSolution
		Debug|Any CPU = Debug|Any CPU
		Debug|x64 = Debug|x64
		Debug|x86 = Debug|x86
		Release|Any CPU = Release|Any CPU
		Release|x64 = Release|x64
		Release|x86 = Release|x86
	EndGlobalSection
	GlobalSection(SolutionProperties) = preSolution
		HideSolutionNode = FALSE
	EndGlobalSection
	GlobalSection(ProjectConfigurationPlatforms) = postSolution
		{4E009BAA-EE95-4932-8F02-57E8156E97FD}.Debug|Any CPU.ActiveCfg = Debug|Any CPU
		{4E009BAA-EE95-4932-8F02-57E8156E97FD}.Debug|Any CPU.Build.0 = Debug|Any CPU
		{4E009BAA-EE95-4932-8F02-57E8156E97FD}.Debug|x64.ActiveCfg = Debug|Any CPU
		{4E009BAA-EE95-4932-8F02-57E8156E97FD}.Debug|x64.Build.0 = Debug|Any CPU
		{4E009BAA-EE95-4932-8F02-57E8156E97FD}.Debug|x86.ActiveCfg = Debug|Any CPU
		{4E009BAA-EE95-4932-8F02-57E8156E97FD}.Debug|x86.Build.0 = Debug|Any CPU
		{4E009BAA-EE95-4932-8F02-57E8156E97FD}.Release|Any CPU.ActiveCfg = Release|Any CPU
		{4E009BAA-EE95-4932-8F02-57E8156E97FD}.Release|Any CPU.Build.0 = Release|Any CPU
		{4E009BAA-EE95-4932-8F02-57E8156E97FD}.Release|x64.ActiveCfg = Release|Any CPU
		{4E009BAA-EE95-4932-8F02-57E8156E97FD}.Release|x64.Build.0 = Release|Any CPU
		{4E009BAA-EE95-4932-8F02-57E8156E97FD}.Release|x86.ActiveCfg = Release|Any CPU
		{4E009BAA-EE95-4932-8F02-57E8156E97FD}.Release|x86.Build.0 = Release|Any CPU
		{A2F8A95A-8362-4B2F-9A93-9CE0138B4409}.Debug|Any CPU.ActiveCfg = Debug|Any CPU
		{A2F8A95A-8362-4B2F-9A93-9CE0138B4409}.Debug|Any CPU.Build.0 = Debug|Any CPU
		{A2F8A95A-8362-4B2F-9A93-9CE0138B4409}.Debug|x64.ActiveCfg = Debug|Any CPU
		{A2F8A95A-8362-4B2F-9A93-9CE0138B4409}.Debug|x64.Build.0 = Debug|Any CPU
		{A2F8A95A-8362-4B2F-9A93-9CE0138B4409}.Debug|x86.ActiveCfg = Debug|Any CPU
		{A2F8A95A-8362-4B2F-9A93-9CE0138B4409}.Debug|x86.Build.0 = Debug|Any CPU
		{A2F8A95A-8362-4B2F-9A93-9CE0138B4409}.Release|Any CPU.ActiveCfg = Release|Any CPU
		{A2F8A95A-8362-4B2F-9A93-9CE0138B4409}.Release|Any CPU.Build.0 = Release|Any CPU
		{A2F8A95A-8362-4B2F-9A93-9CE0138B4409}.Release|x64.ActiveCfg = Release|Any CPU
		{A2F8A95A-8362-4B2F-9A93-9CE0138B4409}.Release|x64.Build.0 = Release|Any CPU
		{A2F8A95A-8362-4B2F-9A93-9CE0138B4409}.Release|x86.ActiveCfg = Release|Any CPU
		{A2F8A95A-8362-4B2F-9A93-9CE0138B4409}.Release|x86.Build.0 = Release|Any CPU
		{A7FB69C1-9DA4-4196-A722-0135EEEFB374}.Debug|Any CPU.ActiveCfg = Debug|Any CPU
		{A7FB69C1-9DA4-4196-A722-0135EEEFB374}.Debug|Any CPU.Build.0 = Debug|Any CPU
		{A7FB69C1-9DA4-4196-A722-0135EEEFB374}.Debug|x64.ActiveCfg = Debug|Any CPU
		{A7FB69C1-9DA4-4196-A722-0135EEEFB374}.Debug|x64.Build.0 = Debug|Any CPU
		{A7FB69C1-9DA4-4196-A722-0135EEEFB374}.Debug|x86.ActiveCfg = Debug|Any CPU
		{A7FB69C1-9DA4-4196-A722-0135EEEFB374}.Debug|x86.Build.0 = Debug|Any CPU
		{A7FB69C1-9DA4-4196-A722-0135EEEFB374}.Release|Any CPU.ActiveCfg = Release|Any CPU
		{A7FB69C1-9DA4-4196-A722-0135EEEFB374}.Release|Any CPU.Build.0 = Release|Any CPU
		{A7FB69C1-9DA4-4196-A722-0135EEEFB374}.Release|x64.ActiveCfg = Release|Any CPU
		{A7FB69C1-9DA4-4196-A722-0135EEEFB374}.Release|x64.Build.0 = Release|Any CPU
		{A7FB69C1-9DA4-4196-A722-0135EEEFB374}.Release|x86.ActiveCfg = Release|Any CPU
		{A7FB69C1-9DA4-4196-A722-0135EEEFB374}.Release|x86.Build.0 = Release|Any CPU
		{30D012B0-B054-4D29-954C-948A23F7507D}.Debug|Any CPU.ActiveCfg = Debug|Any CPU
		{30D012B0-B054-4D29-954C-948A23F7507D}.Debug|Any CPU.Build.0 = Debug|Any CPU
		{30D012B0-B054-4D29-954C-948A23F7507D}.Debug|x64.ActiveCfg = Debug|Any CPU
		{30D012B0-B054-4D29-954C-948A23F7507D}.Debug|x64.Build.0 = Debug|Any CPU
		{30D012B0-B054-4D29-954C-948A23F7507D}.Debug|x86.ActiveCfg = Debug|Any CPU
		{30D012B0-B054-4D29-954C-948A23F7507D}.Debug|x86.Build.0 = Debug|Any CPU
		{30D012B0-B054-4D29-954C-948A23F7507D}.Release|Any CPU.ActiveCfg = Release|Any CPU
		{30D012B0-B054-4D29-954C-948A23F7507D}.Release|Any CPU.Build.0 = Release|Any CPU
		{30D012B0-B054-4D29-954C-948A23F7507D}.Release|x64.ActiveCfg = Release|Any CPU
		{30D012B0-B054-4D29-954C-948A23F7507D}.Release|x64.Build.0 = Release|Any CPU
		{30D012B0-B054-4D29-954C-948A23F7507D}.Release|x86.ActiveCfg = Release|Any CPU
		{30D012B0-B054-4D29-954C-948A23F7507D}.Release|x86.Build.0 = Release|Any CPU
		{908AB1C1-2294-42B6-8556-76CB0E61DFC2}.Debug|Any CPU.ActiveCfg = Debug|Any CPU
		{908AB1C1-2294-42B6-8556-76CB0E61DFC2}.Debug|Any CPU.Build.0 = Debug|Any CPU
		{908AB1C1-2294-42B6-8556-76CB0E61DFC2}.Debug|x64.ActiveCfg = Debug|Any CPU
		{908AB1C1-2294-42B6-8556-76CB0E61DFC2}.Debug|x64.Build.0 = Debug|Any CPU
		{908AB1C1-2294-42B6-8556-76CB0E61DFC2}.Debug|x86.ActiveCfg = Debug|Any CPU
		{908AB1C1-2294-42B6-8556-76CB0E61DFC2}.Debug|x86.Build.0 = Debug|Any CPU
		{908AB1C1-2294-42B6-8556-76CB0E61DFC2}.Release|Any CPU.ActiveCfg = Release|Any CPU
		{908AB1C1-2294-42B6-8556-76CB0E61DFC2}.Release|Any CPU.Build.0 = Release|Any CPU
		{908AB1C1-2294-42B6-8556-76CB0E61DFC2}.Release|x64.ActiveCfg = Release|Any CPU
		{908AB1C1-2294-42B6-8556-76CB0E61DFC2}.Release|x64.Build.0 = Release|Any CPU
		{908AB1C1-2294-42B6-8556-76CB0E61DFC2}.Release|x86.ActiveCfg = Release|Any CPU
		{908AB1C1-2294-42B6-8556-76CB0E61DFC2}.Release|x86.Build.0 = Release|Any CPU
		{8E7DE49A-0178-4CAB-896B-3AED48DF1B7F}.Debug|Any CPU.ActiveCfg = Debug|Any CPU
		{8E7DE49A-0178-4CAB-896B-3AED48DF1B7F}.Debug|Any CPU.Build.0 = Debug|Any CPU
		{8E7DE49A-0178-4CAB-896B-3AED48DF1B7F}.Debug|x64.ActiveCfg = Debug|Any CPU
		{8E7DE49A-0178-4CAB-896B-3AED48DF1B7F}.Debug|x64.Build.0 = Debug|Any CPU
		{8E7DE49A-0178-4CAB-896B-3AED48DF1B7F}.Debug|x86.ActiveCfg = Debug|Any CPU
		{8E7DE49A-0178-4CAB-896B-3AED48DF1B7F}.Debug|x86.Build.0 = Debug|Any CPU
		{8E7DE49A-0178-4CAB-896B-3AED48DF1B7F}.Release|Any CPU.ActiveCfg = Release|Any CPU
		{8E7DE49A-0178-4CAB-896B-3AED48DF1B7F}.Release|Any CPU.Build.0 = Release|Any CPU
		{8E7DE49A-0178-4CAB-896B-3AED48DF1B7F}.Release|x64.ActiveCfg = Release|Any CPU
		{8E7DE49A-0178-4CAB-896B-3AED48DF1B7F}.Release|x64.Build.0 = Release|Any CPU
		{8E7DE49A-0178-4CAB-896B-3AED48DF1B7F}.Release|x86.ActiveCfg = Release|Any CPU
		{8E7DE49A-0178-4CAB-896B-3AED48DF1B7F}.Release|x86.Build.0 = Release|Any CPU
	EndGlobalSection
	GlobalSection(NestedProjects) = preSolution
		{4E009BAA-EE95-4932-8F02-57E8156E97FD} = {8196F261-6ED3-4E36-9531-06ED7762C1A4}
		{C278C3B3-441C-4DC5-8791-68F6D3555120} = {5870EF28-2B94-4107-8ABB-232DCA9521CC}
		{A2F8A95A-8362-4B2F-9A93-9CE0138B4409} = {C278C3B3-441C-4DC5-8791-68F6D3555120}
		{98F2437B-0A1D-4D4C-8374-FFDE2B92F6D6} = {5870EF28-2B94-4107-8ABB-232DCA9521CC}
		{A7FB69C1-9DA4-4196-A722-0135EEEFB374} = {98F2437B-0A1D-4D4C-8374-FFDE2B92F6D6}
		{9F3572BD-331A-4A74-8127-6AA4B59788F2} = {0C1E4A25-2E50-47FF-A881-67EE852EF08D}
		{30D012B0-B054-4D29-954C-948A23F7507D} = {9F3572BD-331A-4A74-8127-6AA4B59788F2}
		{7C75E6C6-1D43-4C15-8C01-68F1FF900450} = {0C1E4A25-2E50-47FF-A881-67EE852EF08D}
		{908AB1C1-2294-42B6-8556-76CB0E61DFC2} = {7C75E6C6-1D43-4C15-8C01-68F1FF900450}
	EndGlobalSection
EndGlobal
