{
    "version": 3,
    "terraform_version": "0.11.11",
    "serial": 733,
    "lineage": "e112eeed-54f5-44dc-a7b0-26c4beab7c37",
    "modules": [
        {
            "path": [
                "root"
            ],
            "outputs": {
                "slapman-static-web-url": {
                    "sensitive": false,
                    "type": "string",
                    "value": "http://slapman-web.s3-website-us-east-1.amazonaws.com"
                }
            },
            "resources": {
                "aws_dynamodb_table.data-dynamodb-table": {
                    "type": "aws_dynamodb_table",
                    "depends_on": [],
                    "primary": {
                        "id": "Data",
                        "attributes": {
                            "arn": "arn:aws:dynamodb:us-east-1:661405543333:table/Data",
                            "attribute.#": "2",
                            "attribute.228464872.name": "ThingID",
                            "attribute.228464872.type": "S",
                            "attribute.3486115001.name": "DataID",
                            "attribute.3486115001.type": "S",
                            "billing_mode": "PAY_PER_REQUEST",
                            "global_secondary_index.#": "0",
                            "hash_key": "ThingID",
                            "id": "Data",
                            "local_secondary_index.#": "0",
                            "name": "Data",
                            "point_in_time_recovery.#": "1",
                            "point_in_time_recovery.0.enabled": "false",
                            "range_key": "DataID",
                            "read_capacity": "0",
                            "server_side_encryption.#": "0",
                            "stream_arn": "",
                            "stream_enabled": "false",
                            "stream_label": "",
                            "stream_view_type": "",
                            "tags.%": "2",
                            "tags.Environment": "production",
                            "tags.Name": "data-table-1",
                            "ttl.#": "0",
                            "write_capacity": "0"
                        },
                        "meta": {
                            "e2bfb730-ecaa-11e6-8f88-34363bc7c4c0": {
                                "create": 600000000000,
                                "delete": 600000000000,
                                "update": 600000000000
                            },
                            "schema_version": "1"
                        },
                        "tainted": false
                    },
                    "deposed": [],
                    "provider": "provider.aws"
                },
                "aws_dynamodb_table.things-dynamodb-table": {
                    "type": "aws_dynamodb_table",
                    "depends_on": [],
                    "primary": {
                        "id": "Things",
                        "attributes": {
                            "arn": "arn:aws:dynamodb:us-east-1:661405543333:table/Things",
                            "attribute.#": "7",
                            "attribute.1065738097.name": "UpdatedAt",
                            "attribute.1065738097.type": "S",
                            "attribute.1599247888.name": "UserID",
                            "attribute.1599247888.type": "S",
                            "attribute.1819893367.name": "Version",
                            "attribute.1819893367.type": "N",
                            "attribute.228464872.name": "ThingID",
                            "attribute.228464872.type": "S",
                            "attribute.2351910555.name": "Score",
                            "attribute.2351910555.type": "N",
                            "attribute.3206617783.name": "Name",
                            "attribute.3206617783.type": "S",
                            "attribute.4150855366.name": "CreatedAt",
                            "attribute.4150855366.type": "S",
                            "billing_mode": "PAY_PER_REQUEST",
                            "global_secondary_index.#": "4",
                            "global_secondary_index.2246480335.hash_key": "CreatedAt",
                            "global_secondary_index.2246480335.name": "CreatedAtIndex",
                            "global_secondary_index.2246480335.non_key_attributes.#": "1",
                            "global_secondary_index.2246480335.non_key_attributes.0": "Name",
                            "global_secondary_index.2246480335.projection_type": "INCLUDE",
                            "global_secondary_index.2246480335.range_key": "Name",
                            "global_secondary_index.2246480335.read_capacity": "0",
                            "global_secondary_index.2246480335.write_capacity": "0",
                            "global_secondary_index.3639160655.hash_key": "ThingID",
                            "global_secondary_index.3639160655.name": "ThingIDIndex",
                            "global_secondary_index.3639160655.non_key_attributes.#": "1",
                            "global_secondary_index.3639160655.non_key_attributes.0": "Name",
                            "global_secondary_index.3639160655.projection_type": "INCLUDE",
                            "global_secondary_index.3639160655.range_key": "Version",
                            "global_secondary_index.3639160655.read_capacity": "0",
                            "global_secondary_index.3639160655.write_capacity": "0",
                            "global_secondary_index.3645892130.hash_key": "UpdatedAt",
                            "global_secondary_index.3645892130.name": "UpdatedAtIndex",
                            "global_secondary_index.3645892130.non_key_attributes.#": "1",
                            "global_secondary_index.3645892130.non_key_attributes.0": "Name",
                            "global_secondary_index.3645892130.projection_type": "INCLUDE",
                            "global_secondary_index.3645892130.range_key": "Name",
                            "global_secondary_index.3645892130.read_capacity": "0",
                            "global_secondary_index.3645892130.write_capacity": "0",
                            "global_secondary_index.599617436.hash_key": "UserID",
                            "global_secondary_index.599617436.name": "UserIDIndex",
                            "global_secondary_index.599617436.non_key_attributes.#": "1",
                            "global_secondary_index.599617436.non_key_attributes.0": "Name",
                            "global_secondary_index.599617436.projection_type": "INCLUDE",
                            "global_secondary_index.599617436.range_key": "Score",
                            "global_secondary_index.599617436.read_capacity": "0",
                            "global_secondary_index.599617436.write_capacity": "0",
                            "hash_key": "Name",
                            "id": "Things",
                            "local_secondary_index.#": "0",
                            "name": "Things",
                            "point_in_time_recovery.#": "1",
                            "point_in_time_recovery.0.enabled": "false",
                            "range_key": "ThingID",
                            "read_capacity": "0",
                            "server_side_encryption.#": "0",
                            "stream_arn": "",
                            "stream_enabled": "false",
                            "stream_label": "",
                            "stream_view_type": "",
                            "tags.%": "2",
                            "tags.Environment": "production",
                            "tags.Name": "things-table-1",
                            "ttl.#": "0",
                            "write_capacity": "0"
                        },
                        "meta": {
                            "e2bfb730-ecaa-11e6-8f88-34363bc7c4c0": {
                                "create": 600000000000,
                                "delete": 600000000000,
                                "update": 600000000000
                            },
                            "schema_version": "1"
                        },
                        "tainted": false
                    },
                    "deposed": [],
                    "provider": "provider.aws"
                },
                "aws_dynamodb_table.user-table": {
                    "type": "aws_dynamodb_table",
                    "depends_on": [],
                    "primary": {
                        "id": "User",
                        "attributes": {
                            "arn": "arn:aws:dynamodb:us-east-1:661405543333:table/User",
                            "attribute.#": "7",
                            "attribute.1462593544.name": "Confirmed",
                            "attribute.1462593544.type": "N",
                            "attribute.1599247888.name": "UserID",
                            "attribute.1599247888.type": "S",
                            "attribute.204169284.name": "LastSeen",
                            "attribute.204169284.type": "S",
                            "attribute.3355349399.name": "Email",
                            "attribute.3355349399.type": "S",
                            "attribute.3686108098.name": "Username",
                            "attribute.3686108098.type": "S",
                            "attribute.4017693573.name": "PasswordHash",
                            "attribute.4017693573.type": "S",
                            "attribute.4213996848.name": "Role",
                            "attribute.4213996848.type": "N",
                            "billing_mode": "PAY_PER_REQUEST",
                            "global_secondary_index.#": "5",
                            "global_secondary_index.1601964044.hash_key": "Role",
                            "global_secondary_index.1601964044.name": "RoleIndex",
                            "global_secondary_index.1601964044.non_key_attributes.#": "1",
                            "global_secondary_index.1601964044.non_key_attributes.0": "UserID",
                            "global_secondary_index.1601964044.projection_type": "INCLUDE",
                            "global_secondary_index.1601964044.range_key": "Confirmed",
                            "global_secondary_index.1601964044.read_capacity": "0",
                            "global_secondary_index.1601964044.write_capacity": "0",
                            "global_secondary_index.2729250338.hash_key": "LastSeen",
                            "global_secondary_index.2729250338.name": "LastSeenIndex",
                            "global_secondary_index.2729250338.non_key_attributes.#": "1",
                            "global_secondary_index.2729250338.non_key_attributes.0": "UserID",
                            "global_secondary_index.2729250338.projection_type": "INCLUDE",
                            "global_secondary_index.2729250338.range_key": "Email",
                            "global_secondary_index.2729250338.read_capacity": "0",
                            "global_secondary_index.2729250338.write_capacity": "0",
                            "global_secondary_index.350207360.hash_key": "Username",
                            "global_secondary_index.350207360.name": "UsernameIndex",
                            "global_secondary_index.350207360.non_key_attributes.#": "1",
                            "global_secondary_index.350207360.non_key_attributes.0": "UserID",
                            "global_secondary_index.350207360.projection_type": "INCLUDE",
                            "global_secondary_index.350207360.range_key": "",
                            "global_secondary_index.350207360.read_capacity": "0",
                            "global_secondary_index.350207360.write_capacity": "0",
                            "global_secondary_index.4281299637.hash_key": "Email",
                            "global_secondary_index.4281299637.name": "EmailIndex",
                            "global_secondary_index.4281299637.non_key_attributes.#": "1",
                            "global_secondary_index.4281299637.non_key_attributes.0": "UserID",
                            "global_secondary_index.4281299637.projection_type": "INCLUDE",
                            "global_secondary_index.4281299637.range_key": "Confirmed",
                            "global_secondary_index.4281299637.read_capacity": "0",
                            "global_secondary_index.4281299637.write_capacity": "0",
                            "global_secondary_index.991841029.hash_key": "PasswordHash",
                            "global_secondary_index.991841029.name": "PasswordHashIndex",
                            "global_secondary_index.991841029.non_key_attributes.#": "1",
                            "global_secondary_index.991841029.non_key_attributes.0": "UserID",
                            "global_secondary_index.991841029.projection_type": "INCLUDE",
                            "global_secondary_index.991841029.range_key": "",
                            "global_secondary_index.991841029.read_capacity": "0",
                            "global_secondary_index.991841029.write_capacity": "0",
                            "hash_key": "UserID",
                            "id": "User",
                            "local_secondary_index.#": "0",
                            "name": "User",
                            "point_in_time_recovery.#": "1",
                            "point_in_time_recovery.0.enabled": "false",
                            "range_key": "Email",
                            "read_capacity": "0",
                            "server_side_encryption.#": "0",
                            "stream_arn": "",
                            "stream_enabled": "false",
                            "stream_label": "",
                            "stream_view_type": "",
                            "tags.%": "2",
                            "tags.Environment": "production",
                            "tags.Name": "user-table-1",
                            "ttl.#": "0",
                            "write_capacity": "0"
                        },
                        "meta": {
                            "e2bfb730-ecaa-11e6-8f88-34363bc7c4c0": {
                                "create": 600000000000,
                                "delete": 600000000000,
                                "update": 600000000000
                            },
                            "schema_version": "1"
                        },
                        "tainted": false
                    },
                    "deposed": [],
                    "provider": "provider.aws"
                },
                "aws_dynamodb_table.usergroup-table": {
                    "type": "aws_dynamodb_table",
                    "depends_on": [],
                    "primary": {
                        "id": "UserGroups",
                        "attributes": {
                            "arn": "arn:aws:dynamodb:us-east-1:661405543333:table/UserGroups",
                            "attribute.#": "3",
                            "attribute.1599247888.name": "UserID",
                            "attribute.1599247888.type": "S",
                            "attribute.3206617783.name": "Name",
                            "attribute.3206617783.type": "S",
                            "attribute.816039688.name": "GroupID",
                            "attribute.816039688.type": "S",
                            "billing_mode": "PAY_PER_REQUEST",
                            "global_secondary_index.#": "2",
                            "global_secondary_index.2314995661.hash_key": "UserID",
                            "global_secondary_index.2314995661.name": "UserIDIndex",
                            "global_secondary_index.2314995661.non_key_attributes.#": "1",
                            "global_secondary_index.2314995661.non_key_attributes.0": "GroupID",
                            "global_secondary_index.2314995661.projection_type": "INCLUDE",
                            "global_secondary_index.2314995661.range_key": "Name",
                            "global_secondary_index.2314995661.read_capacity": "0",
                            "global_secondary_index.2314995661.write_capacity": "0",
                            "global_secondary_index.3932147934.hash_key": "Name",
                            "global_secondary_index.3932147934.name": "NameIndex",
                            "global_secondary_index.3932147934.non_key_attributes.#": "1",
                            "global_secondary_index.3932147934.non_key_attributes.0": "GroupID",
                            "global_secondary_index.3932147934.projection_type": "INCLUDE",
                            "global_secondary_index.3932147934.range_key": "UserID",
                            "global_secondary_index.3932147934.read_capacity": "0",
                            "global_secondary_index.3932147934.write_capacity": "0",
                            "hash_key": "GroupID",
                            "id": "UserGroups",
                            "local_secondary_index.#": "0",
                            "name": "UserGroups",
                            "point_in_time_recovery.#": "1",
                            "point_in_time_recovery.0.enabled": "false",
                            "range_key": "UserID",
                            "read_capacity": "0",
                            "server_side_encryption.#": "0",
                            "stream_arn": "",
                            "stream_enabled": "false",
                            "stream_label": "",
                            "stream_view_type": "",
                            "tags.%": "2",
                            "tags.Environment": "production",
                            "tags.Name": "usergroup-table-1",
                            "ttl.#": "0",
                            "write_capacity": "0"
                        },
                        "meta": {
                            "e2bfb730-ecaa-11e6-8f88-34363bc7c4c0": {
                                "create": 600000000000,
                                "delete": 600000000000,
                                "update": 600000000000
                            },
                            "schema_version": "1"
                        },
                        "tainted": false
                    },
                    "deposed": [],
                    "provider": "provider.aws"
                },
                "aws_dynamodb_table.userprofile-table": {
                    "type": "aws_dynamodb_table",
                    "depends_on": [],
                    "primary": {
                        "id": "UserProfile",
                        "attributes": {
                            "arn": "arn:aws:dynamodb:us-east-1:661405543333:table/UserProfile",
                            "attribute.#": "7",
                            "attribute.1599247888.name": "UserID",
                            "attribute.1599247888.type": "S",
                            "attribute.2481937039.name": "MemberSince",
                            "attribute.2481937039.type": "S",
                            "attribute.2514909225.name": "AboutMe",
                            "attribute.2514909225.type": "S",
                            "attribute.304217718.name": "Age",
                            "attribute.304217718.type": "N",
                            "attribute.3206617783.name": "Name",
                            "attribute.3206617783.type": "S",
                            "attribute.3664415543.name": "AvatarHash",
                            "attribute.3664415543.type": "S",
                            "attribute.432321770.name": "Location",
                            "attribute.432321770.type": "S",
                            "billing_mode": "PAY_PER_REQUEST",
                            "global_secondary_index.#": "4",
                            "global_secondary_index.1372284094.hash_key": "AvatarHash",
                            "global_secondary_index.1372284094.name": "AvatarHashIndex",
                            "global_secondary_index.1372284094.non_key_attributes.#": "1",
                            "global_secondary_index.1372284094.non_key_attributes.0": "UserID",
                            "global_secondary_index.1372284094.projection_type": "INCLUDE",
                            "global_secondary_index.1372284094.range_key": "Age",
                            "global_secondary_index.1372284094.read_capacity": "0",
                            "global_secondary_index.1372284094.write_capacity": "0",
                            "global_secondary_index.3114489622.hash_key": "MemberSince",
                            "global_secondary_index.3114489622.name": "MemberSinceIndex",
                            "global_secondary_index.3114489622.non_key_attributes.#": "1",
                            "global_secondary_index.3114489622.non_key_attributes.0": "UserID",
                            "global_secondary_index.3114489622.projection_type": "INCLUDE",
                            "global_secondary_index.3114489622.range_key": "Location",
                            "global_secondary_index.3114489622.read_capacity": "0",
                            "global_secondary_index.3114489622.write_capacity": "0",
                            "global_secondary_index.3557288591.hash_key": "Location",
                            "global_secondary_index.3557288591.name": "LocationIndex",
                            "global_secondary_index.3557288591.non_key_attributes.#": "1",
                            "global_secondary_index.3557288591.non_key_attributes.0": "UserID",
                            "global_secondary_index.3557288591.projection_type": "INCLUDE",
                            "global_secondary_index.3557288591.range_key": "Age",
                            "global_secondary_index.3557288591.read_capacity": "0",
                            "global_secondary_index.3557288591.write_capacity": "0",
                            "global_secondary_index.676533145.hash_key": "Name",
                            "global_secondary_index.676533145.name": "NameIndex",
                            "global_secondary_index.676533145.non_key_attributes.#": "1",
                            "global_secondary_index.676533145.non_key_attributes.0": "UserID",
                            "global_secondary_index.676533145.projection_type": "INCLUDE",
                            "global_secondary_index.676533145.range_key": "AboutMe",
                            "global_secondary_index.676533145.read_capacity": "0",
                            "global_secondary_index.676533145.write_capacity": "0",
                            "hash_key": "UserID",
                            "id": "UserProfile",
                            "local_secondary_index.#": "0",
                            "name": "UserProfile",
                            "point_in_time_recovery.#": "1",
                            "point_in_time_recovery.0.enabled": "false",
                            "read_capacity": "0",
                            "server_side_encryption.#": "0",
                            "stream_arn": "",
                            "stream_enabled": "false",
                            "stream_label": "",
                            "stream_view_type": "",
                            "tags.%": "2",
                            "tags.Environment": "production",
                            "tags.Name": "userprofile-table-1",
                            "ttl.#": "0",
                            "write_capacity": "0"
                        },
                        "meta": {
                            "e2bfb730-ecaa-11e6-8f88-34363bc7c4c0": {
                                "create": 600000000000,
                                "delete": 600000000000,
                                "update": 600000000000
                            },
                            "schema_version": "1"
                        },
                        "tainted": false
                    },
                    "deposed": [],
                    "provider": "provider.aws"
                },
                "aws_iam_role.iam_for_kamworks": {
                    "type": "aws_iam_role",
                    "depends_on": [],
                    "primary": {
                        "id": "iam_for_kamworks",
                        "attributes": {
                            "arn": "arn:aws:iam::661405543333:role/iam_for_kamworks",
                            "assume_role_policy": "{\"Version\":\"2012-10-17\",\"Statement\":[{\"Sid\":\"\",\"Effect\":\"Allow\",\"Principal\":{\"Service\":\"lambda.amazonaws.com\"},\"Action\":\"sts:AssumeRole\"},{\"Sid\":\"\",\"Effect\":\"Allow\",\"Principal\":{\"Service\":\"dynamodb.amazonaws.com\"},\"Action\":\"sts:AssumeRole\"},{\"Sid\":\"\",\"Effect\":\"Allow\",\"Principal\":{\"Service\":\"s3.amazonaws.com\"},\"Action\":\"sts:AssumeRole\"},{\"Sid\":\"\",\"Effect\":\"Allow\",\"Principal\":{\"Service\":\"apigateway.amazonaws.com\"},\"Action\":\"sts:AssumeRole\"},{\"Sid\":\"\",\"Effect\":\"Allow\",\"Principal\":{\"Service\":\"application-autoscaling.amazonaws.com\"},\"Action\":\"sts:AssumeRole\"},{\"Sid\":\"\",\"Effect\":\"Allow\",\"Principal\":{\"Service\":\"lightsail.amazonaws.com\"},\"Action\":\"sts:AssumeRole\"}]}",
                            "create_date": "2018-11-06T19:26:19Z",
                            "description": "",
                            "force_detach_policies": "false",
                            "id": "iam_for_kamworks",
                            "max_session_duration": "3600",
                            "name": "iam_for_kamworks",
                            "path": "/",
                            "tags.%": "0",
                            "unique_id": "AROAJ4UXWLOLKC4AMQNTW"
                        },
                        "meta": {},
                        "tainted": false
                    },
                    "deposed": [],
                    "provider": "provider.aws"
                },
                "aws_iam_role_policy.iam_for_kamworks-added-lambda-iam-role-policy": {
                    "type": "aws_iam_role_policy",
                    "depends_on": [
                        "aws_dynamodb_table.data-dynamodb-table",
                        "aws_dynamodb_table.things-dynamodb-table",
                        "aws_dynamodb_table.user-table",
                        "aws_dynamodb_table.usergroup-table",
                        "aws_dynamodb_table.userprofile-table",
                        "aws_iam_role.iam_for_kamworks"
                    ],
                    "primary": {
                        "id": "iam_for_kamworks:iam_for_kamworks-added-lambda-iam-role-policy",
                        "attributes": {
                            "id": "iam_for_kamworks:iam_for_kamworks-added-lambda-iam-role-policy",
                            "name": "iam_for_kamworks-added-lambda-iam-role-policy",
                            "policy": "{\n  \"Version\": \"2012-10-17\",\n  \"Statement\": [\n    {\n      \"Action\": [\n        \"dynamodb:GetItem\",\n        \"dynamodb:BatchGetItem\",\n        \"dynamodb:Query\",\n        \"dynamodb:Scan\",\n        \"dynamodb:PutItem\",\n        \"dynamodb:UpdateItem\",\n        \"dynamodb:DeleteItem\",\n        \"dynamodb:BatchWriteItem\",\n        \"dynamodb:GetRecords\",\n        \"dynamodb:GetShardIterator\",\n        \"dynamodb:DescribeTable\",\n        \"dynamodb:DescribeLimits\",\n        \"dynamodb:DescribeTimeToLive\",\n        \"dynamodb:DescribeStream\",\n        \"dynamodb:ListStreams\",\n        \"dynamodb:TagResource\",\n        \"dynamodb:UntagResource\",\n        \"dynamodb:ListTagsOfResource\"\n      ],\n      \"Resource\": [\n        \"arn:aws:dynamodb:us-east-1:661405543333:table/User\",\n        \"arn:aws:dynamodb:us-east-1:661405543333:table/User/index/*\",\n        \"arn:aws:dynamodb:us-east-1:661405543333:table/UserProfile\",\n        \"arn:aws:dynamodb:us-east-1:661405543333:table/UserProfile/index/*\",\n        \"arn:aws:dynamodb:us-east-1:661405543333:table/UserGroups\",\n        \"arn:aws:dynamodb:us-east-1:661405543333:table/UserGroups/index/*\",\n        \"arn:aws:dynamodb:us-east-1:661405543333:table/Things\",\n        \"arn:aws:dynamodb:us-east-1:661405543333:table/Things/index/*\",\n        \"arn:aws:dynamodb:us-east-1:661405543333:table/Data\",\n        \"arn:aws:dynamodb:us-east-1:661405543333:table/Data/index/*\"\n      ],\n      \"Effect\": \"Allow\",\n      \"Sid\": \"\"\n    },\n    {\n      \"Action\": [\n        \"cloudwatch:GetMetricStatistics\",\n        \"cloudwatch:ListMetrics\",\n        \"cloudwatch:PutMetricData\",\n        \"logs:CreateLogGroup\",\n        \"logs:CreateLogStream\",\n        \"logs:DescribeLogStreams\",\n        \"logs:PutSubscriptionFilter\",\n        \"logs:PutLogEvents\"\n      ],\n      \"Effect\": \"Allow\",\n      \"Resource\": \"arn:aws:logs:*:*:*\"\n    },\n    {\n      \"Effect\": \"Allow\",\n      \"Action\": \"s3:GetObject\",\n      \"Resource\": [\n        \"arn:aws:s3:::slapman-web/*\"\n      ]\n    },\n    {\n      \"Action\": [\n        \"dynamodb:DescribeTable\",\n        \"dynamodb:UpdateTable\",\n        \"cloudwatch:PutMetricAlarm\",\n        \"cloudwatch:DescribeAlarms\",\n        \"cloudwatch:DeleteAlarms\"\n      ],\n      \"Effect\": \"Allow\",\n      \"Resource\": \"*\"\n    },\n    {\n      \"Sid\": \"InvokePermission\",\n      \"Effect\": \"Allow\",\n      \"Action\": [\n           \"lambda:InvokeFunction\"\n      ],\n       \"Resource\": \"*\"\n    },\n    {\n      \"Sid\": \"\",\n      \"Action\": \"lightsail:*\",\n      \"Effect\": \"Allow\",\n      \"Resource\": \"*\"\n    }\n  ]\n}\n",
                            "role": "iam_for_kamworks"
                        },
                        "meta": {},
                        "tainted": false
                    },
                    "deposed": [],
                    "provider": "provider.aws"
                },
                "aws_s3_bucket.slapman-web": {
                    "type": "aws_s3_bucket",
                    "depends_on": [],
                    "primary": {
                        "id": "slapman-web",
                        "attributes": {
                            "acceleration_status": "",
                            "acl": "public-read",
                            "arn": "arn:aws:s3:::slapman-web",
                            "bucket": "slapman-web",
                            "bucket_domain_name": "slapman-web.s3.amazonaws.com",
                            "bucket_regional_domain_name": "slapman-web.s3.amazonaws.com",
                            "cors_rule.#": "1",
                            "cors_rule.0.allowed_headers.#": "1",
                            "cors_rule.0.allowed_headers.0": "*",
                            "cors_rule.0.allowed_methods.#": "2",
                            "cors_rule.0.allowed_methods.0": "GET",
                            "cors_rule.0.allowed_methods.1": "POST",
                            "cors_rule.0.allowed_origins.#": "1",
                            "cors_rule.0.allowed_origins.0": "*",
                            "cors_rule.0.expose_headers.#": "1",
                            "cors_rule.0.expose_headers.0": "Etag",
                            "cors_rule.0.max_age_seconds": "3000",
                            "force_destroy": "false",
                            "hosted_zone_id": "Z3AQBSTGFYJSTF",
                            "id": "slapman-web",
                            "lifecycle_rule.#": "0",
                            "logging.#": "0",
                            "region": "us-east-1",
                            "replication_configuration.#": "0",
                            "request_payer": "BucketOwner",
                            "server_side_encryption_configuration.#": "0",
                            "tags.%": "0",
                            "versioning.#": "1",
                            "versioning.0.enabled": "false",
                            "versioning.0.mfa_delete": "false",
                            "website.#": "1",
                            "website.0.error_document": "404.html",
                            "website.0.index_document": "index.html",
                            "website.0.redirect_all_requests_to": "",
                            "website.0.routing_rules": "[{\"Condition\":{\"KeyPrefixEquals\":\"docs/\"},\"Redirect\":{\"ReplaceKeyPrefixWith\":\"documents/\"}}]",
                            "website_domain": "s3-website-us-east-1.amazonaws.com",
                            "website_endpoint": "slapman-web.s3-website-us-east-1.amazonaws.com"
                        },
                        "meta": {},
                        "tainted": false
                    },
                    "deposed": [],
                    "provider": "provider.aws"
                }
            },
            "depends_on": []
        }
    ]
}
