{
    "version": 3,
    "terraform_version": "0.11.8",
    "serial": 606,
    "lineage": "e112eeed-54f5-44dc-a7b0-26c4beab7c37",
    "modules": [
        {
            "path": [
                "root"
            ],
            "outputs": {
                "slapman-static-web-url": {
                    "sensitive": false,
                    "type": "string",
                    "value": "http://slapman-web.s3-website-us-east-1.amazonaws.com"
                }
            },
            "resources": {
                "aws_dynamodb_table.data-dynamodb-table": {
                    "type": "aws_dynamodb_table",
                    "depends_on": [],
                    "primary": {
                        "id": "Data",
                        "attributes": {
                            "arn": "arn:aws:dynamodb:us-east-1:661405543333:table/Data",
                            "attribute.#": "4",
                            "attribute.228464872.name": "ThingID",
                            "attribute.228464872.type": "S",
                            "attribute.2557450017.name": "Key",
                            "attribute.2557450017.type": "S",
                            "attribute.2983736611.name": "Value",
                            "attribute.2983736611.type": "S",
                            "attribute.3486115001.name": "DataID",
                            "attribute.3486115001.type": "S",
                            "global_secondary_index.#": "2",
                            "global_secondary_index.1891624214.hash_key": "Key",
                            "global_secondary_index.1891624214.name": "KeyIndex",
                            "global_secondary_index.1891624214.non_key_attributes.#": "1",
                            "global_secondary_index.1891624214.non_key_attributes.0": "DataID",
                            "global_secondary_index.1891624214.projection_type": "INCLUDE",
                            "global_secondary_index.1891624214.range_key": "Value",
                            "global_secondary_index.1891624214.read_capacity": "1",
                            "global_secondary_index.1891624214.write_capacity": "1",
                            "global_secondary_index.954357551.hash_key": "ThingID",
                            "global_secondary_index.954357551.name": "ThingIDIndex",
                            "global_secondary_index.954357551.non_key_attributes.#": "1",
                            "global_secondary_index.954357551.non_key_attributes.0": "DataID",
                            "global_secondary_index.954357551.projection_type": "INCLUDE",
                            "global_secondary_index.954357551.range_key": "Key",
                            "global_secondary_index.954357551.read_capacity": "1",
                            "global_secondary_index.954357551.write_capacity": "1",
                            "hash_key": "DataID",
                            "id": "Data",
                            "local_secondary_index.#": "0",
                            "name": "Data",
                            "point_in_time_recovery.#": "1",
                            "point_in_time_recovery.0.enabled": "false",
                            "range_key": "ThingID",
                            "read_capacity": "1",
                            "server_side_encryption.#": "0",
                            "stream_arn": "",
                            "stream_enabled": "false",
                            "stream_label": "",
                            "stream_view_type": "",
                            "tags.%": "2",
                            "tags.Environment": "production",
                            "tags.Name": "data-table-1",
                            "ttl.#": "0",
                            "write_capacity": "1"
                        },
                        "meta": {
                            "e2bfb730-ecaa-11e6-8f88-34363bc7c4c0": {
                                "create": 600000000000,
                                "delete": 600000000000,
                                "update": 600000000000
                            },
                            "schema_version": "1"
                        },
                        "tainted": false
                    },
                    "deposed": [],
                    "provider": "provider.aws"
                },
                "aws_dynamodb_table.things-dynamodb-table": {
                    "type": "aws_dynamodb_table",
                    "depends_on": [],
                    "primary": {
                        "id": "Things",
                        "attributes": {
                            "arn": "arn:aws:dynamodb:us-east-1:661405543333:table/Things",
                            "attribute.#": "8",
                            "attribute.1065738097.name": "UpdatedAt",
                            "attribute.1065738097.type": "S",
                            "attribute.1599247888.name": "UserID",
                            "attribute.1599247888.type": "S",
                            "attribute.1819893367.name": "Version",
                            "attribute.1819893367.type": "N",
                            "attribute.228464872.name": "ThingID",
                            "attribute.228464872.type": "S",
                            "attribute.2351910555.name": "Score",
                            "attribute.2351910555.type": "N",
                            "attribute.26673646.name": "DataIDs",
                            "attribute.26673646.type": "S",
                            "attribute.3206617783.name": "Name",
                            "attribute.3206617783.type": "S",
                            "attribute.4150855366.name": "CreatedAt",
                            "attribute.4150855366.type": "S",
                            "global_secondary_index.#": "5",
                            "global_secondary_index.1260331222.hash_key": "CreatedAt",
                            "global_secondary_index.1260331222.name": "CreatedAtIndex",
                            "global_secondary_index.1260331222.non_key_attributes.#": "1",
                            "global_secondary_index.1260331222.non_key_attributes.0": "Name",
                            "global_secondary_index.1260331222.projection_type": "INCLUDE",
                            "global_secondary_index.1260331222.range_key": "Name",
                            "global_secondary_index.1260331222.read_capacity": "1",
                            "global_secondary_index.1260331222.write_capacity": "1",
                            "global_secondary_index.2698060055.hash_key": "DataIDs",
                            "global_secondary_index.2698060055.name": "DataIDsIndex",
                            "global_secondary_index.2698060055.non_key_attributes.#": "1",
                            "global_secondary_index.2698060055.non_key_attributes.0": "Name",
                            "global_secondary_index.2698060055.projection_type": "INCLUDE",
                            "global_secondary_index.2698060055.range_key": "Name",
                            "global_secondary_index.2698060055.read_capacity": "1",
                            "global_secondary_index.2698060055.write_capacity": "1",
                            "global_secondary_index.370187862.hash_key": "ThingID",
                            "global_secondary_index.370187862.name": "ThingIDIndex",
                            "global_secondary_index.370187862.non_key_attributes.#": "1",
                            "global_secondary_index.370187862.non_key_attributes.0": "Name",
                            "global_secondary_index.370187862.projection_type": "INCLUDE",
                            "global_secondary_index.370187862.range_key": "Version",
                            "global_secondary_index.370187862.read_capacity": "1",
                            "global_secondary_index.370187862.write_capacity": "1",
                            "global_secondary_index.397825851.hash_key": "UpdatedAt",
                            "global_secondary_index.397825851.name": "UpdatedAtIndex",
                            "global_secondary_index.397825851.non_key_attributes.#": "1",
                            "global_secondary_index.397825851.non_key_attributes.0": "Name",
                            "global_secondary_index.397825851.projection_type": "INCLUDE",
                            "global_secondary_index.397825851.range_key": "Name",
                            "global_secondary_index.397825851.read_capacity": "1",
                            "global_secondary_index.397825851.write_capacity": "1",
                            "global_secondary_index.3980713605.hash_key": "UserID",
                            "global_secondary_index.3980713605.name": "UserIDIndex",
                            "global_secondary_index.3980713605.non_key_attributes.#": "1",
                            "global_secondary_index.3980713605.non_key_attributes.0": "Name",
                            "global_secondary_index.3980713605.projection_type": "INCLUDE",
                            "global_secondary_index.3980713605.range_key": "Score",
                            "global_secondary_index.3980713605.read_capacity": "1",
                            "global_secondary_index.3980713605.write_capacity": "1",
                            "hash_key": "Name",
                            "id": "Things",
                            "local_secondary_index.#": "0",
                            "name": "Things",
                            "point_in_time_recovery.#": "1",
                            "point_in_time_recovery.0.enabled": "false",
                            "range_key": "UserID",
                            "read_capacity": "1",
                            "server_side_encryption.#": "0",
                            "stream_arn": "",
                            "stream_enabled": "false",
                            "stream_label": "",
                            "stream_view_type": "",
                            "tags.%": "2",
                            "tags.Environment": "production",
                            "tags.Name": "things-table-1",
                            "ttl.#": "0",
                            "write_capacity": "1"
                        },
                        "meta": {
                            "e2bfb730-ecaa-11e6-8f88-34363bc7c4c0": {
                                "create": 600000000000,
                                "delete": 600000000000,
                                "update": 600000000000
                            },
                            "schema_version": "1"
                        },
                        "tainted": false
                    },
                    "deposed": [],
                    "provider": "provider.aws"
                },
                "aws_dynamodb_table.user-table": {
                    "type": "aws_dynamodb_table",
                    "depends_on": [],
                    "primary": {
                        "id": "User",
                        "attributes": {
                            "arn": "arn:aws:dynamodb:us-east-1:661405543333:table/User",
                            "attribute.#": "7",
                            "attribute.1462593544.name": "Confirmed",
                            "attribute.1462593544.type": "N",
                            "attribute.1599247888.name": "UserID",
                            "attribute.1599247888.type": "S",
                            "attribute.204169284.name": "LastSeen",
                            "attribute.204169284.type": "S",
                            "attribute.3355349399.name": "Email",
                            "attribute.3355349399.type": "S",
                            "attribute.3686108098.name": "Username",
                            "attribute.3686108098.type": "S",
                            "attribute.4017693573.name": "PasswordHash",
                            "attribute.4017693573.type": "S",
                            "attribute.4213996848.name": "Role",
                            "attribute.4213996848.type": "N",
                            "global_secondary_index.#": "5",
                            "global_secondary_index.1817493307.hash_key": "LastSeen",
                            "global_secondary_index.1817493307.name": "LastSeenIndex",
                            "global_secondary_index.1817493307.non_key_attributes.#": "1",
                            "global_secondary_index.1817493307.non_key_attributes.0": "UserID",
                            "global_secondary_index.1817493307.projection_type": "INCLUDE",
                            "global_secondary_index.1817493307.range_key": "Email",
                            "global_secondary_index.1817493307.read_capacity": "1",
                            "global_secondary_index.1817493307.write_capacity": "1",
                            "global_secondary_index.2441459989.hash_key": "Role",
                            "global_secondary_index.2441459989.name": "RoleIndex",
                            "global_secondary_index.2441459989.non_key_attributes.#": "1",
                            "global_secondary_index.2441459989.non_key_attributes.0": "UserID",
                            "global_secondary_index.2441459989.projection_type": "INCLUDE",
                            "global_secondary_index.2441459989.range_key": "Confirmed",
                            "global_secondary_index.2441459989.read_capacity": "1",
                            "global_secondary_index.2441459989.write_capacity": "1",
                            "global_secondary_index.3659926681.hash_key": "Username",
                            "global_secondary_index.3659926681.name": "UsernameIndex",
                            "global_secondary_index.3659926681.non_key_attributes.#": "1",
                            "global_secondary_index.3659926681.non_key_attributes.0": "UserID",
                            "global_secondary_index.3659926681.projection_type": "INCLUDE",
                            "global_secondary_index.3659926681.range_key": "",
                            "global_secondary_index.3659926681.read_capacity": "1",
                            "global_secondary_index.3659926681.write_capacity": "1",
                            "global_secondary_index.4125620764.hash_key": "PasswordHash",
                            "global_secondary_index.4125620764.name": "PasswordHashIndex",
                            "global_secondary_index.4125620764.non_key_attributes.#": "1",
                            "global_secondary_index.4125620764.non_key_attributes.0": "UserID",
                            "global_secondary_index.4125620764.projection_type": "INCLUDE",
                            "global_secondary_index.4125620764.range_key": "",
                            "global_secondary_index.4125620764.read_capacity": "1",
                            "global_secondary_index.4125620764.write_capacity": "1",
                            "global_secondary_index.836158380.hash_key": "Email",
                            "global_secondary_index.836158380.name": "EmailIndex",
                            "global_secondary_index.836158380.non_key_attributes.#": "1",
                            "global_secondary_index.836158380.non_key_attributes.0": "UserID",
                            "global_secondary_index.836158380.projection_type": "INCLUDE",
                            "global_secondary_index.836158380.range_key": "Confirmed",
                            "global_secondary_index.836158380.read_capacity": "1",
                            "global_secondary_index.836158380.write_capacity": "1",
                            "hash_key": "UserID",
                            "id": "User",
                            "local_secondary_index.#": "0",
                            "name": "User",
                            "point_in_time_recovery.#": "1",
                            "point_in_time_recovery.0.enabled": "false",
                            "range_key": "Email",
                            "read_capacity": "1",
                            "server_side_encryption.#": "0",
                            "stream_arn": "",
                            "stream_enabled": "false",
                            "stream_label": "",
                            "stream_view_type": "",
                            "tags.%": "2",
                            "tags.Environment": "production",
                            "tags.Name": "user-table-1",
                            "ttl.#": "0",
                            "write_capacity": "1"
                        },
                        "meta": {
                            "e2bfb730-ecaa-11e6-8f88-34363bc7c4c0": {
                                "create": 600000000000,
                                "delete": 600000000000,
                                "update": 600000000000
                            },
                            "schema_version": "1"
                        },
                        "tainted": false
                    },
                    "deposed": [],
                    "provider": "provider.aws"
                },
                "aws_dynamodb_table.usergroup-table": {
                    "type": "aws_dynamodb_table",
                    "depends_on": [],
                    "primary": {
                        "id": "UserGroups",
                        "attributes": {
                            "arn": "arn:aws:dynamodb:us-east-1:661405543333:table/UserGroups",
                            "attribute.#": "3",
                            "attribute.1599247888.name": "UserID",
                            "attribute.1599247888.type": "S",
                            "attribute.3206617783.name": "Name",
                            "attribute.3206617783.type": "S",
                            "attribute.816039688.name": "GroupID",
                            "attribute.816039688.type": "S",
                            "global_secondary_index.#": "2",
                            "global_secondary_index.1191556820.hash_key": "UserID",
                            "global_secondary_index.1191556820.name": "UserIDIndex",
                            "global_secondary_index.1191556820.non_key_attributes.#": "1",
                            "global_secondary_index.1191556820.non_key_attributes.0": "GroupID",
                            "global_secondary_index.1191556820.projection_type": "INCLUDE",
                            "global_secondary_index.1191556820.range_key": "Name",
                            "global_secondary_index.1191556820.read_capacity": "1",
                            "global_secondary_index.1191556820.write_capacity": "1",
                            "global_secondary_index.614883783.hash_key": "Name",
                            "global_secondary_index.614883783.name": "NameIndex",
                            "global_secondary_index.614883783.non_key_attributes.#": "1",
                            "global_secondary_index.614883783.non_key_attributes.0": "GroupID",
                            "global_secondary_index.614883783.projection_type": "INCLUDE",
                            "global_secondary_index.614883783.range_key": "UserID",
                            "global_secondary_index.614883783.read_capacity": "1",
                            "global_secondary_index.614883783.write_capacity": "1",
                            "hash_key": "GroupID",
                            "id": "UserGroups",
                            "local_secondary_index.#": "0",
                            "name": "UserGroups",
                            "point_in_time_recovery.#": "1",
                            "point_in_time_recovery.0.enabled": "false",
                            "range_key": "UserID",
                            "read_capacity": "1",
                            "server_side_encryption.#": "0",
                            "stream_arn": "",
                            "stream_enabled": "false",
                            "stream_label": "",
                            "stream_view_type": "",
                            "tags.%": "2",
                            "tags.Environment": "production",
                            "tags.Name": "usergroup-table-1",
                            "ttl.#": "0",
                            "write_capacity": "1"
                        },
                        "meta": {
                            "e2bfb730-ecaa-11e6-8f88-34363bc7c4c0": {
                                "create": 600000000000,
                                "delete": 600000000000,
                                "update": 600000000000
                            },
                            "schema_version": "1"
                        },
                        "tainted": false
                    },
                    "deposed": [],
                    "provider": "provider.aws"
                },
                "aws_dynamodb_table.userprofile-table": {
                    "type": "aws_dynamodb_table",
                    "depends_on": [],
                    "primary": {
                        "id": "UserProfile",
                        "attributes": {
                            "arn": "arn:aws:dynamodb:us-east-1:661405543333:table/UserProfile",
                            "attribute.#": "7",
                            "attribute.1599247888.name": "UserID",
                            "attribute.1599247888.type": "S",
                            "attribute.2481937039.name": "MemberSince",
                            "attribute.2481937039.type": "S",
                            "attribute.2514909225.name": "AboutMe",
                            "attribute.2514909225.type": "S",
                            "attribute.304217718.name": "Age",
                            "attribute.304217718.type": "N",
                            "attribute.3206617783.name": "Name",
                            "attribute.3206617783.type": "S",
                            "attribute.3664415543.name": "AvatarHash",
                            "attribute.3664415543.type": "S",
                            "attribute.432321770.name": "Location",
                            "attribute.432321770.type": "S",
                            "global_secondary_index.#": "4",
                            "global_secondary_index.2002445839.hash_key": "MemberSince",
                            "global_secondary_index.2002445839.name": "MemberSinceIndex",
                            "global_secondary_index.2002445839.non_key_attributes.#": "1",
                            "global_secondary_index.2002445839.non_key_attributes.0": "UserID",
                            "global_secondary_index.2002445839.projection_type": "INCLUDE",
                            "global_secondary_index.2002445839.range_key": "Location",
                            "global_secondary_index.2002445839.read_capacity": "1",
                            "global_secondary_index.2002445839.write_capacity": "1",
                            "global_secondary_index.2670908839.hash_key": "AvatarHash",
                            "global_secondary_index.2670908839.name": "AvatarHashIndex",
                            "global_secondary_index.2670908839.non_key_attributes.#": "1",
                            "global_secondary_index.2670908839.non_key_attributes.0": "UserID",
                            "global_secondary_index.2670908839.projection_type": "INCLUDE",
                            "global_secondary_index.2670908839.range_key": "Age",
                            "global_secondary_index.2670908839.read_capacity": "1",
                            "global_secondary_index.2670908839.write_capacity": "1",
                            "global_secondary_index.3869942400.hash_key": "Name",
                            "global_secondary_index.3869942400.name": "NameIndex",
                            "global_secondary_index.3869942400.non_key_attributes.#": "1",
                            "global_secondary_index.3869942400.non_key_attributes.0": "UserID",
                            "global_secondary_index.3869942400.projection_type": "INCLUDE",
                            "global_secondary_index.3869942400.range_key": "AboutMe",
                            "global_secondary_index.3869942400.read_capacity": "1",
                            "global_secondary_index.3869942400.write_capacity": "1",
                            "global_secondary_index.452877206.hash_key": "Location",
                            "global_secondary_index.452877206.name": "LocationIndex",
                            "global_secondary_index.452877206.non_key_attributes.#": "1",
                            "global_secondary_index.452877206.non_key_attributes.0": "UserID",
                            "global_secondary_index.452877206.projection_type": "INCLUDE",
                            "global_secondary_index.452877206.range_key": "Age",
                            "global_secondary_index.452877206.read_capacity": "1",
                            "global_secondary_index.452877206.write_capacity": "1",
                            "hash_key": "UserID",
                            "id": "UserProfile",
                            "local_secondary_index.#": "0",
                            "name": "UserProfile",
                            "point_in_time_recovery.#": "1",
                            "point_in_time_recovery.0.enabled": "false",
                            "read_capacity": "1",
                            "server_side_encryption.#": "0",
                            "stream_arn": "",
                            "stream_enabled": "false",
                            "stream_label": "",
                            "stream_view_type": "",
                            "tags.%": "2",
                            "tags.Environment": "production",
                            "tags.Name": "userprofile-table-1",
                            "ttl.#": "0",
                            "write_capacity": "1"
                        },
                        "meta": {
                            "e2bfb730-ecaa-11e6-8f88-34363bc7c4c0": {
                                "create": 600000000000,
                                "delete": 600000000000,
                                "update": 600000000000
                            },
                            "schema_version": "1"
                        },
                        "tainted": false
                    },
                    "deposed": [],
                    "provider": "provider.aws"
                },
                "aws_iam_role.iam_for_slapman": {
                    "type": "aws_iam_role",
                    "depends_on": [],
                    "primary": {
                        "id": "iam_for_slapman",
                        "attributes": {
                            "arn": "arn:aws:iam::661405543333:role/iam_for_slapman",
                            "assume_role_policy": "{\"Version\":\"2012-10-17\",\"Statement\":[{\"Sid\":\"\",\"Effect\":\"Allow\",\"Principal\":{\"Service\":\"lambda.amazonaws.com\"},\"Action\":\"sts:AssumeRole\"},{\"Sid\":\"\",\"Effect\":\"Allow\",\"Principal\":{\"Service\":\"dynamodb.amazonaws.com\"},\"Action\":\"sts:AssumeRole\"},{\"Sid\":\"\",\"Effect\":\"Allow\",\"Principal\":{\"Service\":\"s3.amazonaws.com\"},\"Action\":\"sts:AssumeRole\"},{\"Sid\":\"\",\"Effect\":\"Allow\",\"Principal\":{\"Service\":\"apigateway.amazonaws.com\"},\"Action\":\"sts:AssumeRole\"},{\"Sid\":\"\",\"Effect\":\"Allow\",\"Principal\":{\"Service\":\"application-autoscaling.amazonaws.com\"},\"Action\":\"sts:AssumeRole\"}]}",
                            "create_date": "2017-09-06T06:00:52Z",
                            "description": "",
                            "force_detach_policies": "false",
                            "id": "iam_for_slapman",
                            "max_session_duration": "3600",
                            "name": "iam_for_slapman",
                            "path": "/",
                            "unique_id": "AROAI4R3J5M6R2DJ3IV7Q"
                        },
                        "meta": {},
                        "tainted": false
                    },
                    "deposed": [],
                    "provider": "provider.aws"
                },
                "aws_iam_role_policy.iam_for_slapman-added-lambda-iam-role-policy": {
                    "type": "aws_iam_role_policy",
                    "depends_on": [
                        "aws_dynamodb_table.data-dynamodb-table",
                        "aws_dynamodb_table.things-dynamodb-table",
                        "aws_dynamodb_table.user-table",
                        "aws_dynamodb_table.usergroup-table",
                        "aws_dynamodb_table.userprofile-table",
                        "aws_iam_role.iam_for_slapman"
                    ],
                    "primary": {
                        "id": "iam_for_slapman:iam_for_slapman-added-lambda-iam-role-policy",
                        "attributes": {
                            "id": "iam_for_slapman:iam_for_slapman-added-lambda-iam-role-policy",
                            "name": "iam_for_slapman-added-lambda-iam-role-policy",
                            "policy": "{\n  \"Version\": \"2012-10-17\",\n  \"Statement\": [\n    {\n      \"Action\": [\n        \"dynamodb:GetItem\",\n        \"dynamodb:BatchGetItem\",\n        \"dynamodb:Query\",\n        \"dynamodb:Scan\",\n        \"dynamodb:PutItem\",\n        \"dynamodb:UpdateItem\",\n        \"dynamodb:DeleteItem\",\n        \"dynamodb:BatchWriteItem\",\n        \"dynamodb:GetRecords\",\n        \"dynamodb:GetShardIterator\",\n        \"dynamodb:DescribeTable\",\n        \"dynamodb:DescribeLimits\",\n        \"dynamodb:DescribeTimeToLive\",\n        \"dynamodb:DescribeStream\",\n        \"dynamodb:ListStreams\",\n        \"dynamodb:TagResource\",\n        \"dynamodb:UntagResource\",\n        \"dynamodb:ListTagsOfResource\"\n      ],\n      \"Resource\": [\n        \"arn:aws:dynamodb:us-east-1:661405543333:table/User\",\n        \"arn:aws:dynamodb:us-east-1:661405543333:table/User/index/*\",\n        \"arn:aws:dynamodb:us-east-1:661405543333:table/UserProfile\",\n        \"arn:aws:dynamodb:us-east-1:661405543333:table/UserProfile/index/*\",\n        \"arn:aws:dynamodb:us-east-1:661405543333:table/UserGroups\",\n        \"arn:aws:dynamodb:us-east-1:661405543333:table/UserGroups/index/*\",\n        \"arn:aws:dynamodb:us-east-1:661405543333:table/Things\",\n        \"arn:aws:dynamodb:us-east-1:661405543333:table/Things/index/*\",\n        \"arn:aws:dynamodb:us-east-1:661405543333:table/Data\",\n        \"arn:aws:dynamodb:us-east-1:661405543333:table/Data/index/*\"\n      ],\n      \"Effect\": \"Allow\",\n      \"Sid\": \"\"\n    },\n    {\n      \"Action\": [\n        \"cloudwatch:GetMetricStatistics\",\n        \"cloudwatch:ListMetrics\",\n        \"cloudwatch:PutMetricData\",\n        \"logs:CreateLogGroup\",\n        \"logs:CreateLogStream\",\n        \"logs:DescribeLogStreams\",\n        \"logs:PutSubscriptionFilter\",\n        \"logs:PutLogEvents\"\n      ],\n      \"Effect\": \"Allow\",\n      \"Resource\": \"arn:aws:logs:*:*:*\"\n    },\n    {\n      \"Effect\": \"Allow\",\n      \"Action\": \"s3:GetObject\",\n      \"Resource\": [\n        \"arn:aws:s3:::slapman-web/*\"\n      ]\n    },\n    {\n      \"Action\": [\n        \"dynamodb:DescribeTable\",\n        \"dynamodb:UpdateTable\",\n        \"cloudwatch:PutMetricAlarm\",\n        \"cloudwatch:DescribeAlarms\",\n        \"cloudwatch:DeleteAlarms\"\n      ],\n      \"Effect\": \"Allow\",\n      \"Resource\": \"*\"\n    },\n    {\n      \"Sid\": \"InvokePermission\",\n      \"Effect\": \"Allow\",\n      \"Action\": [\n           \"lambda:InvokeFunction\"\n      ],\n       \"Resource\": \"*\"\n    }\n  ]\n}\n",
                            "role": "iam_for_slapman"
                        },
                        "meta": {},
                        "tainted": false
                    },
                    "deposed": [],
                    "provider": "provider.aws"
                },
                "aws_s3_bucket.slapman-web": {
                    "type": "aws_s3_bucket",
                    "depends_on": [],
                    "primary": {
                        "id": "slapman-web",
                        "attributes": {
                            "acceleration_status": "",
                            "acl": "public-read",
                            "arn": "arn:aws:s3:::slapman-web",
                            "bucket": "slapman-web",
                            "bucket_domain_name": "slapman-web.s3.amazonaws.com",
                            "cors_rule.#": "1",
                            "cors_rule.0.allowed_headers.#": "1",
                            "cors_rule.0.allowed_headers.0": "*",
                            "cors_rule.0.allowed_methods.#": "2",
                            "cors_rule.0.allowed_methods.0": "GET",
                            "cors_rule.0.allowed_methods.1": "POST",
                            "cors_rule.0.allowed_origins.#": "1",
                            "cors_rule.0.allowed_origins.0": "*",
                            "cors_rule.0.expose_headers.#": "1",
                            "cors_rule.0.expose_headers.0": "Etag",
                            "cors_rule.0.max_age_seconds": "3000",
                            "force_destroy": "false",
                            "hosted_zone_id": "Z3AQBSTGFYJSTF",
                            "id": "slapman-web",
                            "logging.#": "0",
                            "region": "us-east-1",
                            "replication_configuration.#": "0",
                            "request_payer": "BucketOwner",
                            "server_side_encryption_configuration.#": "0",
                            "tags.%": "0",
                            "versioning.#": "1",
                            "versioning.0.enabled": "false",
                            "versioning.0.mfa_delete": "false",
                            "website.#": "1",
                            "website.0.error_document": "404.html",
                            "website.0.index_document": "index.html",
                            "website.0.redirect_all_requests_to": "",
                            "website.0.routing_rules": "[{\"Condition\":{\"KeyPrefixEquals\":\"docs/\"},\"Redirect\":{\"ReplaceKeyPrefixWith\":\"documents/\"}}]",
                            "website_domain": "s3-website-us-east-1.amazonaws.com",
                            "website_endpoint": "slapman-web.s3-website-us-east-1.amazonaws.com"
                        },
                        "meta": {},
                        "tainted": false
                    },
                    "deposed": [],
                    "provider": "provider.aws"
                }
            },
            "depends_on": []
        }
    ]
}
