{
    "version": 3,
    "terraform_version": "0.11.10",
    "serial": 692,
    "lineage": "e112eeed-54f5-44dc-a7b0-26c4beab7c37",
    "modules": [
        {
            "path": [
                "root"
            ],
            "outputs": {
                "master_lightsail_public_ip": {
                    "sensitive": false,
                    "type": "string",
                    "value": "35.175.245.161"
                },
                "slapman-static-web-url": {
                    "sensitive": false,
                    "type": "string",
                    "value": "http://slapman-web.s3-website-us-east-1.amazonaws.com"
                },
                "slaves_lightsail_public_ip": {
                    "sensitive": false,
                    "type": "list",
                    "value": [
                        "54.157.197.47",
                        "34.227.151.197",
                        "18.234.128.246"
                    ]
                }
            },
            "resources": {
                "aws_dynamodb_table.data-dynamodb-table": {
                    "type": "aws_dynamodb_table",
                    "depends_on": [],
                    "primary": {
                        "id": "Data",
                        "attributes": {
                            "arn": "arn:aws:dynamodb:us-east-1:661405543333:table/Data",
                            "attribute.#": "4",
                            "attribute.228464872.name": "ThingID",
                            "attribute.228464872.type": "S",
                            "attribute.2557450017.name": "Key",
                            "attribute.2557450017.type": "S",
                            "attribute.2983736611.name": "Value",
                            "attribute.2983736611.type": "S",
                            "attribute.3486115001.name": "DataID",
                            "attribute.3486115001.type": "S",
                            "global_secondary_index.#": "2",
                            "global_secondary_index.1891624214.hash_key": "Key",
                            "global_secondary_index.1891624214.name": "KeyIndex",
                            "global_secondary_index.1891624214.non_key_attributes.#": "1",
                            "global_secondary_index.1891624214.non_key_attributes.0": "DataID",
                            "global_secondary_index.1891624214.projection_type": "INCLUDE",
                            "global_secondary_index.1891624214.range_key": "Value",
                            "global_secondary_index.1891624214.read_capacity": "1",
                            "global_secondary_index.1891624214.write_capacity": "1",
                            "global_secondary_index.954357551.hash_key": "ThingID",
                            "global_secondary_index.954357551.name": "ThingIDIndex",
                            "global_secondary_index.954357551.non_key_attributes.#": "1",
                            "global_secondary_index.954357551.non_key_attributes.0": "DataID",
                            "global_secondary_index.954357551.projection_type": "INCLUDE",
                            "global_secondary_index.954357551.range_key": "Key",
                            "global_secondary_index.954357551.read_capacity": "1",
                            "global_secondary_index.954357551.write_capacity": "1",
                            "hash_key": "DataID",
                            "id": "Data",
                            "local_secondary_index.#": "0",
                            "name": "Data",
                            "point_in_time_recovery.#": "1",
                            "point_in_time_recovery.0.enabled": "false",
                            "range_key": "ThingID",
                            "read_capacity": "1",
                            "server_side_encryption.#": "0",
                            "stream_arn": "",
                            "stream_enabled": "false",
                            "stream_label": "",
                            "stream_view_type": "",
                            "tags.%": "2",
                            "tags.Environment": "production",
                            "tags.Name": "data-table-1",
                            "ttl.#": "0",
                            "write_capacity": "1"
                        },
                        "meta": {
                            "e2bfb730-ecaa-11e6-8f88-34363bc7c4c0": {
                                "create": 600000000000,
                                "delete": 600000000000,
                                "update": 600000000000
                            },
                            "schema_version": "1"
                        },
                        "tainted": false
                    },
                    "deposed": [],
                    "provider": "provider.aws"
                },
                "aws_dynamodb_table.things-dynamodb-table": {
                    "type": "aws_dynamodb_table",
                    "depends_on": [],
                    "primary": {
                        "id": "Things",
                        "attributes": {
                            "arn": "arn:aws:dynamodb:us-east-1:661405543333:table/Things",
                            "attribute.#": "8",
                            "attribute.1065738097.name": "UpdatedAt",
                            "attribute.1065738097.type": "S",
                            "attribute.1599247888.name": "UserID",
                            "attribute.1599247888.type": "S",
                            "attribute.1819893367.name": "Version",
                            "attribute.1819893367.type": "N",
                            "attribute.228464872.name": "ThingID",
                            "attribute.228464872.type": "S",
                            "attribute.2351910555.name": "Score",
                            "attribute.2351910555.type": "N",
                            "attribute.26673646.name": "DataIDs",
                            "attribute.26673646.type": "S",
                            "attribute.3206617783.name": "Name",
                            "attribute.3206617783.type": "S",
                            "attribute.4150855366.name": "CreatedAt",
                            "attribute.4150855366.type": "S",
                            "global_secondary_index.#": "5",
                            "global_secondary_index.1260331222.hash_key": "CreatedAt",
                            "global_secondary_index.1260331222.name": "CreatedAtIndex",
                            "global_secondary_index.1260331222.non_key_attributes.#": "1",
                            "global_secondary_index.1260331222.non_key_attributes.0": "Name",
                            "global_secondary_index.1260331222.projection_type": "INCLUDE",
                            "global_secondary_index.1260331222.range_key": "Name",
                            "global_secondary_index.1260331222.read_capacity": "1",
                            "global_secondary_index.1260331222.write_capacity": "1",
                            "global_secondary_index.2698060055.hash_key": "DataIDs",
                            "global_secondary_index.2698060055.name": "DataIDsIndex",
                            "global_secondary_index.2698060055.non_key_attributes.#": "1",
                            "global_secondary_index.2698060055.non_key_attributes.0": "Name",
                            "global_secondary_index.2698060055.projection_type": "INCLUDE",
                            "global_secondary_index.2698060055.range_key": "Name",
                            "global_secondary_index.2698060055.read_capacity": "1",
                            "global_secondary_index.2698060055.write_capacity": "1",
                            "global_secondary_index.370187862.hash_key": "ThingID",
                            "global_secondary_index.370187862.name": "ThingIDIndex",
                            "global_secondary_index.370187862.non_key_attributes.#": "1",
                            "global_secondary_index.370187862.non_key_attributes.0": "Name",
                            "global_secondary_index.370187862.projection_type": "INCLUDE",
                            "global_secondary_index.370187862.range_key": "Version",
                            "global_secondary_index.370187862.read_capacity": "1",
                            "global_secondary_index.370187862.write_capacity": "1",
                            "global_secondary_index.397825851.hash_key": "UpdatedAt",
                            "global_secondary_index.397825851.name": "UpdatedAtIndex",
                            "global_secondary_index.397825851.non_key_attributes.#": "1",
                            "global_secondary_index.397825851.non_key_attributes.0": "Name",
                            "global_secondary_index.397825851.projection_type": "INCLUDE",
                            "global_secondary_index.397825851.range_key": "Name",
                            "global_secondary_index.397825851.read_capacity": "1",
                            "global_secondary_index.397825851.write_capacity": "1",
                            "global_secondary_index.3980713605.hash_key": "UserID",
                            "global_secondary_index.3980713605.name": "UserIDIndex",
                            "global_secondary_index.3980713605.non_key_attributes.#": "1",
                            "global_secondary_index.3980713605.non_key_attributes.0": "Name",
                            "global_secondary_index.3980713605.projection_type": "INCLUDE",
                            "global_secondary_index.3980713605.range_key": "Score",
                            "global_secondary_index.3980713605.read_capacity": "1",
                            "global_secondary_index.3980713605.write_capacity": "1",
                            "hash_key": "Name",
                            "id": "Things",
                            "local_secondary_index.#": "0",
                            "name": "Things",
                            "point_in_time_recovery.#": "1",
                            "point_in_time_recovery.0.enabled": "false",
                            "range_key": "UserID",
                            "read_capacity": "1",
                            "server_side_encryption.#": "0",
                            "stream_arn": "",
                            "stream_enabled": "false",
                            "stream_label": "",
                            "stream_view_type": "",
                            "tags.%": "2",
                            "tags.Environment": "production",
                            "tags.Name": "things-table-1",
                            "ttl.#": "0",
                            "write_capacity": "1"
                        },
                        "meta": {
                            "e2bfb730-ecaa-11e6-8f88-34363bc7c4c0": {
                                "create": 600000000000,
                                "delete": 600000000000,
                                "update": 600000000000
                            },
                            "schema_version": "1"
                        },
                        "tainted": false
                    },
                    "deposed": [],
                    "provider": "provider.aws"
                },
                "aws_dynamodb_table.user-table": {
                    "type": "aws_dynamodb_table",
                    "depends_on": [],
                    "primary": {
                        "id": "User",
                        "attributes": {
                            "arn": "arn:aws:dynamodb:us-east-1:661405543333:table/User",
                            "attribute.#": "7",
                            "attribute.1462593544.name": "Confirmed",
                            "attribute.1462593544.type": "N",
                            "attribute.1599247888.name": "UserID",
                            "attribute.1599247888.type": "S",
                            "attribute.204169284.name": "LastSeen",
                            "attribute.204169284.type": "S",
                            "attribute.3355349399.name": "Email",
                            "attribute.3355349399.type": "S",
                            "attribute.3686108098.name": "Username",
                            "attribute.3686108098.type": "S",
                            "attribute.4017693573.name": "PasswordHash",
                            "attribute.4017693573.type": "S",
                            "attribute.4213996848.name": "Role",
                            "attribute.4213996848.type": "N",
                            "global_secondary_index.#": "5",
                            "global_secondary_index.1817493307.hash_key": "LastSeen",
                            "global_secondary_index.1817493307.name": "LastSeenIndex",
                            "global_secondary_index.1817493307.non_key_attributes.#": "1",
                            "global_secondary_index.1817493307.non_key_attributes.0": "UserID",
                            "global_secondary_index.1817493307.projection_type": "INCLUDE",
                            "global_secondary_index.1817493307.range_key": "Email",
                            "global_secondary_index.1817493307.read_capacity": "1",
                            "global_secondary_index.1817493307.write_capacity": "1",
                            "global_secondary_index.2441459989.hash_key": "Role",
                            "global_secondary_index.2441459989.name": "RoleIndex",
                            "global_secondary_index.2441459989.non_key_attributes.#": "1",
                            "global_secondary_index.2441459989.non_key_attributes.0": "UserID",
                            "global_secondary_index.2441459989.projection_type": "INCLUDE",
                            "global_secondary_index.2441459989.range_key": "Confirmed",
                            "global_secondary_index.2441459989.read_capacity": "1",
                            "global_secondary_index.2441459989.write_capacity": "1",
                            "global_secondary_index.3659926681.hash_key": "Username",
                            "global_secondary_index.3659926681.name": "UsernameIndex",
                            "global_secondary_index.3659926681.non_key_attributes.#": "1",
                            "global_secondary_index.3659926681.non_key_attributes.0": "UserID",
                            "global_secondary_index.3659926681.projection_type": "INCLUDE",
                            "global_secondary_index.3659926681.range_key": "",
                            "global_secondary_index.3659926681.read_capacity": "1",
                            "global_secondary_index.3659926681.write_capacity": "1",
                            "global_secondary_index.4125620764.hash_key": "PasswordHash",
                            "global_secondary_index.4125620764.name": "PasswordHashIndex",
                            "global_secondary_index.4125620764.non_key_attributes.#": "1",
                            "global_secondary_index.4125620764.non_key_attributes.0": "UserID",
                            "global_secondary_index.4125620764.projection_type": "INCLUDE",
                            "global_secondary_index.4125620764.range_key": "",
                            "global_secondary_index.4125620764.read_capacity": "1",
                            "global_secondary_index.4125620764.write_capacity": "1",
                            "global_secondary_index.836158380.hash_key": "Email",
                            "global_secondary_index.836158380.name": "EmailIndex",
                            "global_secondary_index.836158380.non_key_attributes.#": "1",
                            "global_secondary_index.836158380.non_key_attributes.0": "UserID",
                            "global_secondary_index.836158380.projection_type": "INCLUDE",
                            "global_secondary_index.836158380.range_key": "Confirmed",
                            "global_secondary_index.836158380.read_capacity": "1",
                            "global_secondary_index.836158380.write_capacity": "1",
                            "hash_key": "UserID",
                            "id": "User",
                            "local_secondary_index.#": "0",
                            "name": "User",
                            "point_in_time_recovery.#": "1",
                            "point_in_time_recovery.0.enabled": "false",
                            "range_key": "Email",
                            "read_capacity": "1",
                            "server_side_encryption.#": "0",
                            "stream_arn": "",
                            "stream_enabled": "false",
                            "stream_label": "",
                            "stream_view_type": "",
                            "tags.%": "2",
                            "tags.Environment": "production",
                            "tags.Name": "user-table-1",
                            "ttl.#": "0",
                            "write_capacity": "1"
                        },
                        "meta": {
                            "e2bfb730-ecaa-11e6-8f88-34363bc7c4c0": {
                                "create": 600000000000,
                                "delete": 600000000000,
                                "update": 600000000000
                            },
                            "schema_version": "1"
                        },
                        "tainted": false
                    },
                    "deposed": [],
                    "provider": "provider.aws"
                },
                "aws_dynamodb_table.usergroup-table": {
                    "type": "aws_dynamodb_table",
                    "depends_on": [],
                    "primary": {
                        "id": "UserGroups",
                        "attributes": {
                            "arn": "arn:aws:dynamodb:us-east-1:661405543333:table/UserGroups",
                            "attribute.#": "3",
                            "attribute.1599247888.name": "UserID",
                            "attribute.1599247888.type": "S",
                            "attribute.3206617783.name": "Name",
                            "attribute.3206617783.type": "S",
                            "attribute.816039688.name": "GroupID",
                            "attribute.816039688.type": "S",
                            "global_secondary_index.#": "2",
                            "global_secondary_index.1191556820.hash_key": "UserID",
                            "global_secondary_index.1191556820.name": "UserIDIndex",
                            "global_secondary_index.1191556820.non_key_attributes.#": "1",
                            "global_secondary_index.1191556820.non_key_attributes.0": "GroupID",
                            "global_secondary_index.1191556820.projection_type": "INCLUDE",
                            "global_secondary_index.1191556820.range_key": "Name",
                            "global_secondary_index.1191556820.read_capacity": "1",
                            "global_secondary_index.1191556820.write_capacity": "1",
                            "global_secondary_index.614883783.hash_key": "Name",
                            "global_secondary_index.614883783.name": "NameIndex",
                            "global_secondary_index.614883783.non_key_attributes.#": "1",
                            "global_secondary_index.614883783.non_key_attributes.0": "GroupID",
                            "global_secondary_index.614883783.projection_type": "INCLUDE",
                            "global_secondary_index.614883783.range_key": "UserID",
                            "global_secondary_index.614883783.read_capacity": "1",
                            "global_secondary_index.614883783.write_capacity": "1",
                            "hash_key": "GroupID",
                            "id": "UserGroups",
                            "local_secondary_index.#": "0",
                            "name": "UserGroups",
                            "point_in_time_recovery.#": "1",
                            "point_in_time_recovery.0.enabled": "false",
                            "range_key": "UserID",
                            "read_capacity": "1",
                            "server_side_encryption.#": "0",
                            "stream_arn": "",
                            "stream_enabled": "false",
                            "stream_label": "",
                            "stream_view_type": "",
                            "tags.%": "2",
                            "tags.Environment": "production",
                            "tags.Name": "usergroup-table-1",
                            "ttl.#": "0",
                            "write_capacity": "1"
                        },
                        "meta": {
                            "e2bfb730-ecaa-11e6-8f88-34363bc7c4c0": {
                                "create": 600000000000,
                                "delete": 600000000000,
                                "update": 600000000000
                            },
                            "schema_version": "1"
                        },
                        "tainted": false
                    },
                    "deposed": [],
                    "provider": "provider.aws"
                },
                "aws_dynamodb_table.userprofile-table": {
                    "type": "aws_dynamodb_table",
                    "depends_on": [],
                    "primary": {
                        "id": "UserProfile",
                        "attributes": {
                            "arn": "arn:aws:dynamodb:us-east-1:661405543333:table/UserProfile",
                            "attribute.#": "7",
                            "attribute.1599247888.name": "UserID",
                            "attribute.1599247888.type": "S",
                            "attribute.2481937039.name": "MemberSince",
                            "attribute.2481937039.type": "S",
                            "attribute.2514909225.name": "AboutMe",
                            "attribute.2514909225.type": "S",
                            "attribute.304217718.name": "Age",
                            "attribute.304217718.type": "N",
                            "attribute.3206617783.name": "Name",
                            "attribute.3206617783.type": "S",
                            "attribute.3664415543.name": "AvatarHash",
                            "attribute.3664415543.type": "S",
                            "attribute.432321770.name": "Location",
                            "attribute.432321770.type": "S",
                            "global_secondary_index.#": "4",
                            "global_secondary_index.2002445839.hash_key": "MemberSince",
                            "global_secondary_index.2002445839.name": "MemberSinceIndex",
                            "global_secondary_index.2002445839.non_key_attributes.#": "1",
                            "global_secondary_index.2002445839.non_key_attributes.0": "UserID",
                            "global_secondary_index.2002445839.projection_type": "INCLUDE",
                            "global_secondary_index.2002445839.range_key": "Location",
                            "global_secondary_index.2002445839.read_capacity": "1",
                            "global_secondary_index.2002445839.write_capacity": "1",
                            "global_secondary_index.2670908839.hash_key": "AvatarHash",
                            "global_secondary_index.2670908839.name": "AvatarHashIndex",
                            "global_secondary_index.2670908839.non_key_attributes.#": "1",
                            "global_secondary_index.2670908839.non_key_attributes.0": "UserID",
                            "global_secondary_index.2670908839.projection_type": "INCLUDE",
                            "global_secondary_index.2670908839.range_key": "Age",
                            "global_secondary_index.2670908839.read_capacity": "1",
                            "global_secondary_index.2670908839.write_capacity": "1",
                            "global_secondary_index.3869942400.hash_key": "Name",
                            "global_secondary_index.3869942400.name": "NameIndex",
                            "global_secondary_index.3869942400.non_key_attributes.#": "1",
                            "global_secondary_index.3869942400.non_key_attributes.0": "UserID",
                            "global_secondary_index.3869942400.projection_type": "INCLUDE",
                            "global_secondary_index.3869942400.range_key": "AboutMe",
                            "global_secondary_index.3869942400.read_capacity": "1",
                            "global_secondary_index.3869942400.write_capacity": "1",
                            "global_secondary_index.452877206.hash_key": "Location",
                            "global_secondary_index.452877206.name": "LocationIndex",
                            "global_secondary_index.452877206.non_key_attributes.#": "1",
                            "global_secondary_index.452877206.non_key_attributes.0": "UserID",
                            "global_secondary_index.452877206.projection_type": "INCLUDE",
                            "global_secondary_index.452877206.range_key": "Age",
                            "global_secondary_index.452877206.read_capacity": "1",
                            "global_secondary_index.452877206.write_capacity": "1",
                            "hash_key": "UserID",
                            "id": "UserProfile",
                            "local_secondary_index.#": "0",
                            "name": "UserProfile",
                            "point_in_time_recovery.#": "1",
                            "point_in_time_recovery.0.enabled": "false",
                            "read_capacity": "1",
                            "server_side_encryption.#": "0",
                            "stream_arn": "",
                            "stream_enabled": "false",
                            "stream_label": "",
                            "stream_view_type": "",
                            "tags.%": "2",
                            "tags.Environment": "production",
                            "tags.Name": "userprofile-table-1",
                            "ttl.#": "0",
                            "write_capacity": "1"
                        },
                        "meta": {
                            "e2bfb730-ecaa-11e6-8f88-34363bc7c4c0": {
                                "create": 600000000000,
                                "delete": 600000000000,
                                "update": 600000000000
                            },
                            "schema_version": "1"
                        },
                        "tainted": false
                    },
                    "deposed": [],
                    "provider": "provider.aws"
                },
                "aws_iam_role.iam_for_kamworks": {
                    "type": "aws_iam_role",
                    "depends_on": [],
                    "primary": {
                        "id": "iam_for_kamworks",
                        "attributes": {
                            "arn": "arn:aws:iam::661405543333:role/iam_for_kamworks",
                            "assume_role_policy": "{\"Version\":\"2012-10-17\",\"Statement\":[{\"Sid\":\"\",\"Effect\":\"Allow\",\"Principal\":{\"Service\":\"lambda.amazonaws.com\"},\"Action\":\"sts:AssumeRole\"},{\"Sid\":\"\",\"Effect\":\"Allow\",\"Principal\":{\"Service\":\"dynamodb.amazonaws.com\"},\"Action\":\"sts:AssumeRole\"},{\"Sid\":\"\",\"Effect\":\"Allow\",\"Principal\":{\"Service\":\"s3.amazonaws.com\"},\"Action\":\"sts:AssumeRole\"},{\"Sid\":\"\",\"Effect\":\"Allow\",\"Principal\":{\"Service\":\"apigateway.amazonaws.com\"},\"Action\":\"sts:AssumeRole\"},{\"Sid\":\"\",\"Effect\":\"Allow\",\"Principal\":{\"Service\":\"application-autoscaling.amazonaws.com\"},\"Action\":\"sts:AssumeRole\"},{\"Sid\":\"\",\"Effect\":\"Allow\",\"Principal\":{\"Service\":\"lightsail.amazonaws.com\"},\"Action\":\"sts:AssumeRole\"}]}",
                            "create_date": "2018-11-06T19:26:19Z",
                            "description": "",
                            "force_detach_policies": "false",
                            "id": "iam_for_kamworks",
                            "max_session_duration": "3600",
                            "name": "iam_for_kamworks",
                            "path": "/",
                            "unique_id": "AROAJ4UXWLOLKC4AMQNTW"
                        },
                        "meta": {},
                        "tainted": false
                    },
                    "deposed": [],
                    "provider": "provider.aws"
                },
                "aws_iam_role_policy.iam_for_kamworks-added-lambda-iam-role-policy": {
                    "type": "aws_iam_role_policy",
                    "depends_on": [
                        "aws_dynamodb_table.data-dynamodb-table",
                        "aws_dynamodb_table.things-dynamodb-table",
                        "aws_dynamodb_table.user-table",
                        "aws_dynamodb_table.usergroup-table",
                        "aws_dynamodb_table.userprofile-table",
                        "aws_iam_role.iam_for_kamworks"
                    ],
                    "primary": {
                        "id": "iam_for_kamworks:iam_for_kamworks-added-lambda-iam-role-policy",
                        "attributes": {
                            "id": "iam_for_kamworks:iam_for_kamworks-added-lambda-iam-role-policy",
                            "name": "iam_for_kamworks-added-lambda-iam-role-policy",
                            "policy": "{\n  \"Version\": \"2012-10-17\",\n  \"Statement\": [\n    {\n      \"Action\": [\n        \"dynamodb:GetItem\",\n        \"dynamodb:BatchGetItem\",\n        \"dynamodb:Query\",\n        \"dynamodb:Scan\",\n        \"dynamodb:PutItem\",\n        \"dynamodb:UpdateItem\",\n        \"dynamodb:DeleteItem\",\n        \"dynamodb:BatchWriteItem\",\n        \"dynamodb:GetRecords\",\n        \"dynamodb:GetShardIterator\",\n        \"dynamodb:DescribeTable\",\n        \"dynamodb:DescribeLimits\",\n        \"dynamodb:DescribeTimeToLive\",\n        \"dynamodb:DescribeStream\",\n        \"dynamodb:ListStreams\",\n        \"dynamodb:TagResource\",\n        \"dynamodb:UntagResource\",\n        \"dynamodb:ListTagsOfResource\"\n      ],\n      \"Resource\": [\n        \"arn:aws:dynamodb:us-east-1:661405543333:table/User\",\n        \"arn:aws:dynamodb:us-east-1:661405543333:table/User/index/*\",\n        \"arn:aws:dynamodb:us-east-1:661405543333:table/UserProfile\",\n        \"arn:aws:dynamodb:us-east-1:661405543333:table/UserProfile/index/*\",\n        \"arn:aws:dynamodb:us-east-1:661405543333:table/UserGroups\",\n        \"arn:aws:dynamodb:us-east-1:661405543333:table/UserGroups/index/*\",\n        \"arn:aws:dynamodb:us-east-1:661405543333:table/Things\",\n        \"arn:aws:dynamodb:us-east-1:661405543333:table/Things/index/*\",\n        \"arn:aws:dynamodb:us-east-1:661405543333:table/Data\",\n        \"arn:aws:dynamodb:us-east-1:661405543333:table/Data/index/*\"\n      ],\n      \"Effect\": \"Allow\",\n      \"Sid\": \"\"\n    },\n    {\n      \"Action\": [\n        \"cloudwatch:GetMetricStatistics\",\n        \"cloudwatch:ListMetrics\",\n        \"cloudwatch:PutMetricData\",\n        \"logs:CreateLogGroup\",\n        \"logs:CreateLogStream\",\n        \"logs:DescribeLogStreams\",\n        \"logs:PutSubscriptionFilter\",\n        \"logs:PutLogEvents\"\n      ],\n      \"Effect\": \"Allow\",\n      \"Resource\": \"arn:aws:logs:*:*:*\"\n    },\n    {\n      \"Effect\": \"Allow\",\n      \"Action\": \"s3:GetObject\",\n      \"Resource\": [\n        \"arn:aws:s3:::slapman-web/*\"\n      ]\n    },\n    {\n      \"Action\": [\n        \"dynamodb:DescribeTable\",\n        \"dynamodb:UpdateTable\",\n        \"cloudwatch:PutMetricAlarm\",\n        \"cloudwatch:DescribeAlarms\",\n        \"cloudwatch:DeleteAlarms\"\n      ],\n      \"Effect\": \"Allow\",\n      \"Resource\": \"*\"\n    },\n    {\n      \"Sid\": \"InvokePermission\",\n      \"Effect\": \"Allow\",\n      \"Action\": [\n           \"lambda:InvokeFunction\"\n      ],\n       \"Resource\": \"*\"\n    },\n{\n\"Sid\": \"\",\n\"Action\": \"lightsail:*\",\n\"Effect\": \"Allow\",\n\"Resource\": \"*\"\n}\n  ]\n}\n",
                            "role": "iam_for_kamworks"
                        },
                        "meta": {},
                        "tainted": false
                    },
                    "deposed": [],
                    "provider": "provider.aws"
                },
                "aws_lightsail_instance.grpc_vps_server_master": {
                    "type": "aws_lightsail_instance",
                    "depends_on": [
                        "aws_lightsail_key_pair.grpc_vps_servers_key_pair"
                    ],
                    "primary": {
                        "id": "CustomBackend_Server_Master",
                        "attributes": {
                            "arn": "arn:aws:lightsail:us-east-1:661405543333:Instance/6578ae02-fcb1-48f2-8d12-0032ff521b2b",
                            "availability_zone": "us-east-1b",
                            "blueprint_id": "ubuntu_18_04",
                            "bundle_id": "nano_1_0",
                            "cpu_count": "1",
                            "created_at": "2018-11-08T20:02:20Z",
                            "id": "CustomBackend_Server_Master",
                            "ipv6_address": "",
                            "is_static_ip": "false",
                            "key_pair_name": "importing",
                            "name": "CustomBackend_Server_Master",
                            "private_ip_address": "172.26.18.220",
                            "public_ip_address": "35.175.245.161",
                            "username": "ubuntu"
                        },
                        "meta": {},
                        "tainted": false
                    },
                    "deposed": [],
                    "provider": "provider.aws"
                },
                "aws_lightsail_instance.grpc_vps_slave_servers.0": {
                    "type": "aws_lightsail_instance",
                    "depends_on": [
                        "aws_lightsail_instance.grpc_vps_server_master",
                        "aws_lightsail_key_pair.grpc_vps_servers_key_pair"
                    ],
                    "primary": {
                        "id": "CustomBackend_Server_Slave-number0",
                        "attributes": {
                            "arn": "arn:aws:lightsail:us-east-1:661405543333:Instance/ddf057da-38a4-42e8-8b5d-46ea800340bb",
                            "availability_zone": "us-east-1b",
                            "blueprint_id": "ubuntu_18_04",
                            "bundle_id": "nano_1_0",
                            "cpu_count": "1",
                            "created_at": "2018-11-08T21:33:46Z",
                            "id": "CustomBackend_Server_Slave-number0",
                            "ipv6_address": "",
                            "is_static_ip": "false",
                            "key_pair_name": "importing",
                            "name": "CustomBackend_Server_Slave-number0",
                            "private_ip_address": "172.26.31.188",
                            "public_ip_address": "54.157.197.47",
                            "username": "ubuntu"
                        },
                        "meta": {},
                        "tainted": false
                    },
                    "deposed": [],
                    "provider": "provider.aws"
                },
                "aws_lightsail_instance.grpc_vps_slave_servers.1": {
                    "type": "aws_lightsail_instance",
                    "depends_on": [
                        "aws_lightsail_instance.grpc_vps_server_master",
                        "aws_lightsail_key_pair.grpc_vps_servers_key_pair"
                    ],
                    "primary": {
                        "id": "CustomBackend_Server_Slave-number1",
                        "attributes": {
                            "arn": "arn:aws:lightsail:us-east-1:661405543333:Instance/bdd6e34a-a4bd-4e5b-9016-62f8b38da9f3",
                            "availability_zone": "us-east-1b",
                            "blueprint_id": "ubuntu_18_04",
                            "bundle_id": "nano_1_0",
                            "cpu_count": "1",
                            "created_at": "2018-11-08T21:33:46Z",
                            "id": "CustomBackend_Server_Slave-number1",
                            "ipv6_address": "",
                            "is_static_ip": "false",
                            "key_pair_name": "importing",
                            "name": "CustomBackend_Server_Slave-number1",
                            "private_ip_address": "172.26.19.32",
                            "public_ip_address": "34.227.151.197",
                            "username": "ubuntu"
                        },
                        "meta": {},
                        "tainted": false
                    },
                    "deposed": [],
                    "provider": "provider.aws"
                },
                "aws_lightsail_instance.grpc_vps_slave_servers.2": {
                    "type": "aws_lightsail_instance",
                    "depends_on": [
                        "aws_lightsail_instance.grpc_vps_server_master",
                        "aws_lightsail_key_pair.grpc_vps_servers_key_pair"
                    ],
                    "primary": {
                        "id": "CustomBackend_Server_Slave-number2",
                        "attributes": {
                            "arn": "arn:aws:lightsail:us-east-1:661405543333:Instance/e4c63a01-8b7e-42df-b72c-bc16ea535c42",
                            "availability_zone": "us-east-1b",
                            "blueprint_id": "ubuntu_18_04",
                            "bundle_id": "nano_1_0",
                            "cpu_count": "1",
                            "created_at": "2018-11-08T21:33:46Z",
                            "id": "CustomBackend_Server_Slave-number2",
                            "ipv6_address": "",
                            "is_static_ip": "false",
                            "key_pair_name": "importing",
                            "name": "CustomBackend_Server_Slave-number2",
                            "private_ip_address": "172.26.24.74",
                            "public_ip_address": "18.234.128.246",
                            "username": "ubuntu"
                        },
                        "meta": {},
                        "tainted": false
                    },
                    "deposed": [],
                    "provider": "provider.aws"
                },
                "aws_lightsail_key_pair.grpc_vps_servers_key_pair": {
                    "type": "aws_lightsail_key_pair",
                    "depends_on": [],
                    "primary": {
                        "id": "importing",
                        "attributes": {
                            "arn": "arn:aws:lightsail:us-east-1:661405543333:KeyPair/6d9a0cee-8e80-4a27-970e-5f08cf3b10a2",
                            "fingerprint": "cd:48:ea:1e:20:6e:23:14:e7:45:59:dc:09:aa:8d:88",
                            "id": "importing",
                            "name": "importing",
                            "public_key": "ssh-rsa AAAAB3NzaC1yc2EAAAADAQABAAACAQChhr3r8LSIlvXeN8X9k4eAlZ3xq3TsYWNKw7/fAjQQZ6zyzT2RGtukBEB/0NmoFe5qdd44Obd+YG4yBeI52RLnReGAz7fJtRQarmzP4J01cPbVgdDra1S4gT/r8QpT9N70+HOgroXBNo5M0/3ddyyc+9gJW1ZO3pwjZmCPhN7p89Wm3VNMuTDXZHYAL0F7/Wo0jA7WU65ChC8ScWv0mbTGCBZbn8vfp/b8liFVPnFzg5OlMI8Oq/BixDnERxklrMsy/kVpVKz/CkVQvKTwa2bNlFemPwg9+rnHFfAzS9LVTanQhKoq7NnsiOUzZy6igjjux/tctsk8fYGuYKmzN5Z+VISn6oPXHohPCVnJQVXuUrAXhhT//MD/jqJYEIlcrqPYtaqOOy53GOcDkuJY5FbCFVwN01maZrb+qaLSvFZY/+xFhpYw0oJaCw8ZnEtvqCb/ppmpw/JfDd1dmliVwVF1DfXKj2FPQVvuQ4Pbkfo5yt7B7sH6Cwe8XoxlSRmgEC2+6bNzaqwB3rr35HGFp1bRtPmDWqYDwYlqyOankHTbSXswKHWZlVUPMrRfR5l+AZrHLwSfEXOXSgpWKPMQQZFTULiu9Y1QuWeLL7mKsoPs6o8TFiw4iX3u9L7ddyOp9z8YfGoaOUnqz+OPBsFbke5Q+BnnatiNMrzNlCUewjMiZQ== ubuntu\n"
                        },
                        "meta": {},
                        "tainted": false
                    },
                    "deposed": [],
                    "provider": "provider.aws"
                },
                "aws_s3_bucket.slapman-web": {
                    "type": "aws_s3_bucket",
                    "depends_on": [],
                    "primary": {
                        "id": "slapman-web",
                        "attributes": {
                            "acceleration_status": "",
                            "acl": "public-read",
                            "arn": "arn:aws:s3:::slapman-web",
                            "bucket": "slapman-web",
                            "bucket_domain_name": "slapman-web.s3.amazonaws.com",
                            "bucket_regional_domain_name": "slapman-web.s3.amazonaws.com",
                            "cors_rule.#": "1",
                            "cors_rule.0.allowed_headers.#": "1",
                            "cors_rule.0.allowed_headers.0": "*",
                            "cors_rule.0.allowed_methods.#": "2",
                            "cors_rule.0.allowed_methods.0": "GET",
                            "cors_rule.0.allowed_methods.1": "POST",
                            "cors_rule.0.allowed_origins.#": "1",
                            "cors_rule.0.allowed_origins.0": "*",
                            "cors_rule.0.expose_headers.#": "1",
                            "cors_rule.0.expose_headers.0": "Etag",
                            "cors_rule.0.max_age_seconds": "3000",
                            "force_destroy": "false",
                            "hosted_zone_id": "Z3AQBSTGFYJSTF",
                            "id": "slapman-web",
                            "lifecycle_rule.#": "0",
                            "logging.#": "0",
                            "region": "us-east-1",
                            "replication_configuration.#": "0",
                            "request_payer": "BucketOwner",
                            "server_side_encryption_configuration.#": "0",
                            "tags.%": "0",
                            "versioning.#": "1",
                            "versioning.0.enabled": "false",
                            "versioning.0.mfa_delete": "false",
                            "website.#": "1",
                            "website.0.error_document": "404.html",
                            "website.0.index_document": "index.html",
                            "website.0.redirect_all_requests_to": "",
                            "website.0.routing_rules": "[{\"Condition\":{\"KeyPrefixEquals\":\"docs/\"},\"Redirect\":{\"ReplaceKeyPrefixWith\":\"documents/\"}}]",
                            "website_domain": "s3-website-us-east-1.amazonaws.com",
                            "website_endpoint": "slapman-web.s3-website-us-east-1.amazonaws.com"
                        },
                        "meta": {},
                        "tainted": false
                    },
                    "deposed": [],
                    "provider": "provider.aws"
                }
            },
            "depends_on": []
        }
    ]
}
