{
    "version": 3,
    "terraform_version": "0.11.1",
    "serial": 546,
    "lineage": "e112eeed-54f5-44dc-a7b0-26c4beab7c37",
    "modules": [
        {
            "path": [
                "root"
            ],
            "outputs": {
                "slapman-api-invoke-url": {
                    "sensitive": false,
                    "type": "string",
                    "value": "https://gq8unuo8h0.execute-api.us-east-1.amazonaws.com/production"
                },
                "slapman-api-url": {
                    "sensitive": false,
                    "type": "string",
                    "value": "https://gq8unuo8h0.execute-api.us-east-1.amazonaws.com/production/slapalicious"
                },
                "slapman-static-web-url": {
                    "sensitive": false,
                    "type": "string",
                    "value": "http://slapman-web.s3-website-us-east-1.amazonaws.com"
                },
                "slapman-web-invoke-url": {
                    "sensitive": false,
                    "type": "string",
                    "value": "https://efxtmwo1ce.execute-api.us-east-1.amazonaws.com/production"
                },
                "slapman-web-url": {
                    "sensitive": false,
                    "type": "string",
                    "value": "https://efxtmwo1ce.execute-api.us-east-1.amazonaws.com/production/{proxy+}"
                }
            },
            "resources": {
                "aws_api_gateway_deployment.slapalicious_api_deployment": {
                    "type": "aws_api_gateway_deployment",
                    "depends_on": [
                        "aws_api_gateway_rest_api.slapalicious_api",
                        "module.slapalicious_get",
                        "module.slapalicious_options",
                        "module.slapalicious_post"
                    ],
                    "primary": {
                        "id": "epxnjy",
                        "attributes": {
                            "created_date": "2017-09-06T06:01:57Z",
                            "description": "Deploy methods: OPTIONS GET POST",
                            "execution_arn": "arn:aws:execute-api:us-east-1:661405543333:gq8unuo8h0/production",
                            "id": "epxnjy",
                            "invoke_url": "https://gq8unuo8h0.execute-api.us-east-1.amazonaws.com/production",
                            "rest_api_id": "gq8unuo8h0",
                            "stage_name": "production"
                        },
                        "meta": {},
                        "tainted": false
                    },
                    "deposed": [],
                    "provider": "provider.aws"
                },
                "aws_api_gateway_deployment.slapman_web_deployment": {
                    "type": "aws_api_gateway_deployment",
                    "depends_on": [
                        "aws_api_gateway_rest_api.slapman_web",
                        "module.slapman_web_get",
                        "module.slapman_web_options",
                        "module.slapman_web_post"
                    ],
                    "primary": {
                        "id": "5m94ix",
                        "attributes": {
                            "created_date": "2017-11-11T02:41:44Z",
                            "description": "Deploy methods: OPTIONS GET POST",
                            "execution_arn": "arn:aws:execute-api:us-east-1:661405543333:efxtmwo1ce/production",
                            "id": "5m94ix",
                            "invoke_url": "https://efxtmwo1ce.execute-api.us-east-1.amazonaws.com/production",
                            "rest_api_id": "efxtmwo1ce",
                            "stage_name": "production"
                        },
                        "meta": {},
                        "tainted": false
                    },
                    "deposed": [],
                    "provider": "provider.aws"
                },
                "aws_api_gateway_method_settings.slapman_web_settings": {
                    "type": "aws_api_gateway_method_settings",
                    "depends_on": [
                        "aws_api_gateway_deployment.slapman_web_deployment",
                        "aws_api_gateway_resource.slapman_web_res_slapman",
                        "aws_api_gateway_rest_api.slapman_web"
                    ],
                    "primary": {
                        "id": "efxtmwo1ce-production-{proxy+}/*",
                        "attributes": {
                            "id": "efxtmwo1ce-production-{proxy+}/*",
                            "method_path": "{proxy+}/*",
                            "rest_api_id": "efxtmwo1ce",
                            "settings.#": "1",
                            "settings.0.cache_data_encrypted": "false",
                            "settings.0.cache_ttl_in_seconds": "0",
                            "settings.0.caching_enabled": "false",
                            "settings.0.data_trace_enabled": "false",
                            "settings.0.logging_level": "",
                            "settings.0.metrics_enabled": "true",
                            "settings.0.require_authorization_for_cache_control": "false",
                            "settings.0.throttling_burst_limit": "0",
                            "settings.0.throttling_rate_limit": "0",
                            "settings.0.unauthorized_cache_control_header_strategy": "",
                            "stage_name": "production"
                        },
                        "meta": {},
                        "tainted": false
                    },
                    "deposed": [],
                    "provider": "provider.aws"
                },
                "aws_api_gateway_resource.slapalicious_api_res_slapalicious": {
                    "type": "aws_api_gateway_resource",
                    "depends_on": [
                        "aws_api_gateway_rest_api.slapalicious_api"
                    ],
                    "primary": {
                        "id": "j2dh22",
                        "attributes": {
                            "id": "j2dh22",
                            "parent_id": "xfb4805sx7",
                            "path": "/slapalicious",
                            "path_part": "slapalicious",
                            "rest_api_id": "gq8unuo8h0"
                        },
                        "meta": {},
                        "tainted": false
                    },
                    "deposed": [],
                    "provider": "provider.aws"
                },
                "aws_api_gateway_resource.slapman_web_res_slapman": {
                    "type": "aws_api_gateway_resource",
                    "depends_on": [
                        "aws_api_gateway_rest_api.slapman_web"
                    ],
                    "primary": {
                        "id": "onnkju",
                        "attributes": {
                            "id": "onnkju",
                            "parent_id": "gj3nsovtn4",
                            "path": "/{proxy+}",
                            "path_part": "{proxy+}",
                            "rest_api_id": "efxtmwo1ce"
                        },
                        "meta": {},
                        "tainted": false
                    },
                    "deposed": [],
                    "provider": "provider.aws"
                },
                "aws_api_gateway_rest_api.slapalicious_api": {
                    "type": "aws_api_gateway_rest_api",
                    "depends_on": [],
                    "primary": {
                        "id": "gq8unuo8h0",
                        "attributes": {
                            "binary_media_types.#": "0",
                            "created_date": "2017-09-06T06:00:52Z",
                            "description": "",
                            "id": "gq8unuo8h0",
                            "name": "SLAPALICIOUS API",
                            "root_resource_id": "xfb4805sx7"
                        },
                        "meta": {},
                        "tainted": false
                    },
                    "deposed": [],
                    "provider": "provider.aws"
                },
                "aws_api_gateway_rest_api.slapman_web": {
                    "type": "aws_api_gateway_rest_api",
                    "depends_on": [],
                    "primary": {
                        "id": "efxtmwo1ce",
                        "attributes": {
                            "binary_media_types.#": "0",
                            "created_date": "2017-11-11T02:41:38Z",
                            "description": "",
                            "id": "efxtmwo1ce",
                            "name": "SLAPMAN WEB",
                            "root_resource_id": "gj3nsovtn4"
                        },
                        "meta": {},
                        "tainted": false
                    },
                    "deposed": [],
                    "provider": "provider.aws"
                },
                "aws_dynamodb_table.data-dynamodb-table": {
                    "type": "aws_dynamodb_table",
                    "depends_on": [],
                    "primary": {
                        "id": "Data",
                        "attributes": {
                            "arn": "arn:aws:dynamodb:us-east-1:661405543333:table/Data",
                            "attribute.#": "4",
                            "attribute.228464872.name": "ThingID",
                            "attribute.228464872.type": "S",
                            "attribute.2557450017.name": "Key",
                            "attribute.2557450017.type": "S",
                            "attribute.2983736611.name": "Value",
                            "attribute.2983736611.type": "S",
                            "attribute.3486115001.name": "DataID",
                            "attribute.3486115001.type": "S",
                            "global_secondary_index.#": "2",
                            "global_secondary_index.1891624214.hash_key": "Key",
                            "global_secondary_index.1891624214.name": "KeyIndex",
                            "global_secondary_index.1891624214.non_key_attributes.#": "1",
                            "global_secondary_index.1891624214.non_key_attributes.0": "DataID",
                            "global_secondary_index.1891624214.projection_type": "INCLUDE",
                            "global_secondary_index.1891624214.range_key": "Value",
                            "global_secondary_index.1891624214.read_capacity": "1",
                            "global_secondary_index.1891624214.write_capacity": "1",
                            "global_secondary_index.954357551.hash_key": "ThingID",
                            "global_secondary_index.954357551.name": "ThingIDIndex",
                            "global_secondary_index.954357551.non_key_attributes.#": "1",
                            "global_secondary_index.954357551.non_key_attributes.0": "DataID",
                            "global_secondary_index.954357551.projection_type": "INCLUDE",
                            "global_secondary_index.954357551.range_key": "Key",
                            "global_secondary_index.954357551.read_capacity": "1",
                            "global_secondary_index.954357551.write_capacity": "1",
                            "hash_key": "DataID",
                            "id": "Data",
                            "local_secondary_index.#": "0",
                            "name": "Data",
                            "range_key": "ThingID",
                            "read_capacity": "1",
                            "tags.%": "2",
                            "tags.Environment": "production",
                            "tags.Name": "data-table-1",
                            "ttl.#": "1",
                            "ttl.2557590691.attribute_name": "TimeToExist",
                            "ttl.2557590691.enabled": "false",
                            "write_capacity": "1"
                        },
                        "meta": {
                            "schema_version": "1"
                        },
                        "tainted": false
                    },
                    "deposed": [],
                    "provider": "provider.aws"
                },
                "aws_dynamodb_table.things-dynamodb-table": {
                    "type": "aws_dynamodb_table",
                    "depends_on": [],
                    "primary": {
                        "id": "Things",
                        "attributes": {
                            "arn": "arn:aws:dynamodb:us-east-1:661405543333:table/Things",
                            "attribute.#": "7",
                            "attribute.1065738097.name": "UpdatedAt",
                            "attribute.1065738097.type": "S",
                            "attribute.1599247888.name": "UserID",
                            "attribute.1599247888.type": "S",
                            "attribute.1819893367.name": "Version",
                            "attribute.1819893367.type": "N",
                            "attribute.228464872.name": "ThingID",
                            "attribute.228464872.type": "S",
                            "attribute.2351910555.name": "Score",
                            "attribute.2351910555.type": "N",
                            "attribute.3206617783.name": "Name",
                            "attribute.3206617783.type": "S",
                            "attribute.4150855366.name": "CreatedAt",
                            "attribute.4150855366.type": "S",
                            "global_secondary_index.#": "4",
                            "global_secondary_index.1198530491.hash_key": "CreatedAt",
                            "global_secondary_index.1198530491.name": "CreatedAtIndex",
                            "global_secondary_index.1198530491.non_key_attributes.#": "1",
                            "global_secondary_index.1198530491.non_key_attributes.0": "ThingID",
                            "global_secondary_index.1198530491.projection_type": "INCLUDE",
                            "global_secondary_index.1198530491.range_key": "Name",
                            "global_secondary_index.1198530491.read_capacity": "1",
                            "global_secondary_index.1198530491.write_capacity": "1",
                            "global_secondary_index.1433204187.hash_key": "Name",
                            "global_secondary_index.1433204187.name": "NameIndex",
                            "global_secondary_index.1433204187.non_key_attributes.#": "1",
                            "global_secondary_index.1433204187.non_key_attributes.0": "ThingID",
                            "global_secondary_index.1433204187.projection_type": "INCLUDE",
                            "global_secondary_index.1433204187.range_key": "Version",
                            "global_secondary_index.1433204187.read_capacity": "1",
                            "global_secondary_index.1433204187.write_capacity": "1",
                            "global_secondary_index.2651272679.hash_key": "UserID",
                            "global_secondary_index.2651272679.name": "UserIDIndex",
                            "global_secondary_index.2651272679.non_key_attributes.#": "1",
                            "global_secondary_index.2651272679.non_key_attributes.0": "ThingID",
                            "global_secondary_index.2651272679.projection_type": "INCLUDE",
                            "global_secondary_index.2651272679.range_key": "Score",
                            "global_secondary_index.2651272679.read_capacity": "1",
                            "global_secondary_index.2651272679.write_capacity": "1",
                            "global_secondary_index.691972201.hash_key": "UpdatedAt",
                            "global_secondary_index.691972201.name": "UpdatedAtIndex",
                            "global_secondary_index.691972201.non_key_attributes.#": "1",
                            "global_secondary_index.691972201.non_key_attributes.0": "ThingID",
                            "global_secondary_index.691972201.projection_type": "INCLUDE",
                            "global_secondary_index.691972201.range_key": "Name",
                            "global_secondary_index.691972201.read_capacity": "1",
                            "global_secondary_index.691972201.write_capacity": "1",
                            "hash_key": "ThingID",
                            "id": "Things",
                            "local_secondary_index.#": "0",
                            "name": "Things",
                            "range_key": "UserID",
                            "read_capacity": "1",
                            "tags.%": "2",
                            "tags.Environment": "production",
                            "tags.Name": "things-table-1",
                            "ttl.#": "1",
                            "ttl.2557590691.attribute_name": "TimeToExist",
                            "ttl.2557590691.enabled": "false",
                            "write_capacity": "1"
                        },
                        "meta": {
                            "schema_version": "1"
                        },
                        "tainted": false
                    },
                    "deposed": [],
                    "provider": "provider.aws"
                },
                "aws_dynamodb_table.user-table": {
                    "type": "aws_dynamodb_table",
                    "depends_on": [],
                    "primary": {
                        "id": "User",
                        "attributes": {
                            "arn": "arn:aws:dynamodb:us-east-1:661405543333:table/User",
                            "attribute.#": "7",
                            "attribute.1462593544.name": "Confirmed",
                            "attribute.1462593544.type": "N",
                            "attribute.1599247888.name": "UserID",
                            "attribute.1599247888.type": "S",
                            "attribute.204169284.name": "LastSeen",
                            "attribute.204169284.type": "S",
                            "attribute.3355349399.name": "Email",
                            "attribute.3355349399.type": "S",
                            "attribute.3686108098.name": "Username",
                            "attribute.3686108098.type": "S",
                            "attribute.4017693573.name": "PasswordHash",
                            "attribute.4017693573.type": "S",
                            "attribute.4213996848.name": "Role",
                            "attribute.4213996848.type": "N",
                            "global_secondary_index.#": "5",
                            "global_secondary_index.1817493307.hash_key": "LastSeen",
                            "global_secondary_index.1817493307.name": "LastSeenIndex",
                            "global_secondary_index.1817493307.non_key_attributes.#": "1",
                            "global_secondary_index.1817493307.non_key_attributes.0": "UserID",
                            "global_secondary_index.1817493307.projection_type": "INCLUDE",
                            "global_secondary_index.1817493307.range_key": "Email",
                            "global_secondary_index.1817493307.read_capacity": "1",
                            "global_secondary_index.1817493307.write_capacity": "1",
                            "global_secondary_index.2441459989.hash_key": "Role",
                            "global_secondary_index.2441459989.name": "RoleIndex",
                            "global_secondary_index.2441459989.non_key_attributes.#": "1",
                            "global_secondary_index.2441459989.non_key_attributes.0": "UserID",
                            "global_secondary_index.2441459989.projection_type": "INCLUDE",
                            "global_secondary_index.2441459989.range_key": "Confirmed",
                            "global_secondary_index.2441459989.read_capacity": "1",
                            "global_secondary_index.2441459989.write_capacity": "1",
                            "global_secondary_index.3659926681.hash_key": "Username",
                            "global_secondary_index.3659926681.name": "UsernameIndex",
                            "global_secondary_index.3659926681.non_key_attributes.#": "1",
                            "global_secondary_index.3659926681.non_key_attributes.0": "UserID",
                            "global_secondary_index.3659926681.projection_type": "INCLUDE",
                            "global_secondary_index.3659926681.range_key": "",
                            "global_secondary_index.3659926681.read_capacity": "1",
                            "global_secondary_index.3659926681.write_capacity": "1",
                            "global_secondary_index.4125620764.hash_key": "PasswordHash",
                            "global_secondary_index.4125620764.name": "PasswordHashIndex",
                            "global_secondary_index.4125620764.non_key_attributes.#": "1",
                            "global_secondary_index.4125620764.non_key_attributes.0": "UserID",
                            "global_secondary_index.4125620764.projection_type": "INCLUDE",
                            "global_secondary_index.4125620764.range_key": "",
                            "global_secondary_index.4125620764.read_capacity": "1",
                            "global_secondary_index.4125620764.write_capacity": "1",
                            "global_secondary_index.836158380.hash_key": "Email",
                            "global_secondary_index.836158380.name": "EmailIndex",
                            "global_secondary_index.836158380.non_key_attributes.#": "1",
                            "global_secondary_index.836158380.non_key_attributes.0": "UserID",
                            "global_secondary_index.836158380.projection_type": "INCLUDE",
                            "global_secondary_index.836158380.range_key": "Confirmed",
                            "global_secondary_index.836158380.read_capacity": "1",
                            "global_secondary_index.836158380.write_capacity": "1",
                            "hash_key": "UserID",
                            "id": "User",
                            "local_secondary_index.#": "0",
                            "name": "User",
                            "range_key": "Email",
                            "read_capacity": "1",
                            "tags.%": "2",
                            "tags.Environment": "production",
                            "tags.Name": "user-table-1",
                            "ttl.#": "1",
                            "ttl.2557590691.attribute_name": "TimeToExist",
                            "ttl.2557590691.enabled": "false",
                            "write_capacity": "1"
                        },
                        "meta": {
                            "schema_version": "1"
                        },
                        "tainted": false
                    },
                    "deposed": [],
                    "provider": "provider.aws"
                },
                "aws_dynamodb_table.usergroup-table": {
                    "type": "aws_dynamodb_table",
                    "depends_on": [],
                    "primary": {
                        "id": "UserGroups",
                        "attributes": {
                            "arn": "arn:aws:dynamodb:us-east-1:661405543333:table/UserGroups",
                            "attribute.#": "3",
                            "attribute.1599247888.name": "UserID",
                            "attribute.1599247888.type": "S",
                            "attribute.3206617783.name": "Name",
                            "attribute.3206617783.type": "S",
                            "attribute.816039688.name": "GroupID",
                            "attribute.816039688.type": "S",
                            "global_secondary_index.#": "2",
                            "global_secondary_index.1191556820.hash_key": "UserID",
                            "global_secondary_index.1191556820.name": "UserIDIndex",
                            "global_secondary_index.1191556820.non_key_attributes.#": "1",
                            "global_secondary_index.1191556820.non_key_attributes.0": "GroupID",
                            "global_secondary_index.1191556820.projection_type": "INCLUDE",
                            "global_secondary_index.1191556820.range_key": "Name",
                            "global_secondary_index.1191556820.read_capacity": "1",
                            "global_secondary_index.1191556820.write_capacity": "1",
                            "global_secondary_index.614883783.hash_key": "Name",
                            "global_secondary_index.614883783.name": "NameIndex",
                            "global_secondary_index.614883783.non_key_attributes.#": "1",
                            "global_secondary_index.614883783.non_key_attributes.0": "GroupID",
                            "global_secondary_index.614883783.projection_type": "INCLUDE",
                            "global_secondary_index.614883783.range_key": "UserID",
                            "global_secondary_index.614883783.read_capacity": "1",
                            "global_secondary_index.614883783.write_capacity": "1",
                            "hash_key": "GroupID",
                            "id": "UserGroups",
                            "local_secondary_index.#": "0",
                            "name": "UserGroups",
                            "range_key": "UserID",
                            "read_capacity": "1",
                            "tags.%": "2",
                            "tags.Environment": "production",
                            "tags.Name": "usergroup-table-1",
                            "ttl.#": "1",
                            "ttl.2557590691.attribute_name": "TimeToExist",
                            "ttl.2557590691.enabled": "false",
                            "write_capacity": "1"
                        },
                        "meta": {
                            "schema_version": "1"
                        },
                        "tainted": false
                    },
                    "deposed": [],
                    "provider": "provider.aws"
                },
                "aws_dynamodb_table.userprofile-table": {
                    "type": "aws_dynamodb_table",
                    "depends_on": [],
                    "primary": {
                        "id": "UserProfile",
                        "attributes": {
                            "arn": "arn:aws:dynamodb:us-east-1:661405543333:table/UserProfile",
                            "attribute.#": "7",
                            "attribute.1599247888.name": "UserID",
                            "attribute.1599247888.type": "S",
                            "attribute.2481937039.name": "MemberSince",
                            "attribute.2481937039.type": "S",
                            "attribute.2514909225.name": "AboutMe",
                            "attribute.2514909225.type": "S",
                            "attribute.304217718.name": "Age",
                            "attribute.304217718.type": "N",
                            "attribute.3206617783.name": "Name",
                            "attribute.3206617783.type": "S",
                            "attribute.3664415543.name": "AvatarHash",
                            "attribute.3664415543.type": "S",
                            "attribute.432321770.name": "Location",
                            "attribute.432321770.type": "S",
                            "global_secondary_index.#": "4",
                            "global_secondary_index.2002445839.hash_key": "MemberSince",
                            "global_secondary_index.2002445839.name": "MemberSinceIndex",
                            "global_secondary_index.2002445839.non_key_attributes.#": "1",
                            "global_secondary_index.2002445839.non_key_attributes.0": "UserID",
                            "global_secondary_index.2002445839.projection_type": "INCLUDE",
                            "global_secondary_index.2002445839.range_key": "Location",
                            "global_secondary_index.2002445839.read_capacity": "1",
                            "global_secondary_index.2002445839.write_capacity": "1",
                            "global_secondary_index.2670908839.hash_key": "AvatarHash",
                            "global_secondary_index.2670908839.name": "AvatarHashIndex",
                            "global_secondary_index.2670908839.non_key_attributes.#": "1",
                            "global_secondary_index.2670908839.non_key_attributes.0": "UserID",
                            "global_secondary_index.2670908839.projection_type": "INCLUDE",
                            "global_secondary_index.2670908839.range_key": "Age",
                            "global_secondary_index.2670908839.read_capacity": "1",
                            "global_secondary_index.2670908839.write_capacity": "1",
                            "global_secondary_index.3869942400.hash_key": "Name",
                            "global_secondary_index.3869942400.name": "NameIndex",
                            "global_secondary_index.3869942400.non_key_attributes.#": "1",
                            "global_secondary_index.3869942400.non_key_attributes.0": "UserID",
                            "global_secondary_index.3869942400.projection_type": "INCLUDE",
                            "global_secondary_index.3869942400.range_key": "AboutMe",
                            "global_secondary_index.3869942400.read_capacity": "1",
                            "global_secondary_index.3869942400.write_capacity": "1",
                            "global_secondary_index.452877206.hash_key": "Location",
                            "global_secondary_index.452877206.name": "LocationIndex",
                            "global_secondary_index.452877206.non_key_attributes.#": "1",
                            "global_secondary_index.452877206.non_key_attributes.0": "UserID",
                            "global_secondary_index.452877206.projection_type": "INCLUDE",
                            "global_secondary_index.452877206.range_key": "Age",
                            "global_secondary_index.452877206.read_capacity": "1",
                            "global_secondary_index.452877206.write_capacity": "1",
                            "hash_key": "UserID",
                            "id": "UserProfile",
                            "local_secondary_index.#": "0",
                            "name": "UserProfile",
                            "range_key": "Location",
                            "read_capacity": "1",
                            "tags.%": "2",
                            "tags.Environment": "production",
                            "tags.Name": "userprofile-table-1",
                            "ttl.#": "1",
                            "ttl.2557590691.attribute_name": "TimeToExist",
                            "ttl.2557590691.enabled": "false",
                            "write_capacity": "1"
                        },
                        "meta": {
                            "schema_version": "1"
                        },
                        "tainted": false
                    },
                    "deposed": [],
                    "provider": "provider.aws"
                },
                "aws_iam_role.iam_for_slapman": {
                    "type": "aws_iam_role",
                    "depends_on": [],
                    "primary": {
                        "id": "iam_for_slapman",
                        "attributes": {
                            "arn": "arn:aws:iam::661405543333:role/iam_for_slapman",
                            "assume_role_policy": "{\"Version\":\"2012-10-17\",\"Statement\":[{\"Sid\":\"\",\"Effect\":\"Allow\",\"Principal\":{\"Service\":\"lambda.amazonaws.com\"},\"Action\":\"sts:AssumeRole\"},{\"Sid\":\"\",\"Effect\":\"Allow\",\"Principal\":{\"Service\":\"dynamodb.amazonaws.com\"},\"Action\":\"sts:AssumeRole\"},{\"Sid\":\"\",\"Effect\":\"Allow\",\"Principal\":{\"Service\":\"s3.amazonaws.com\"},\"Action\":\"sts:AssumeRole\"},{\"Sid\":\"\",\"Effect\":\"Allow\",\"Principal\":{\"Service\":\"apigateway.amazonaws.com\"},\"Action\":\"sts:AssumeRole\"},{\"Sid\":\"\",\"Effect\":\"Allow\",\"Principal\":{\"Service\":\"application-autoscaling.amazonaws.com\"},\"Action\":\"sts:AssumeRole\"}]}",
                            "create_date": "2017-09-06T06:00:52Z",
                            "force_detach_policies": "false",
                            "id": "iam_for_slapman",
                            "name": "iam_for_slapman",
                            "path": "/",
                            "unique_id": "AROAI4R3J5M6R2DJ3IV7Q"
                        },
                        "meta": {},
                        "tainted": false
                    },
                    "deposed": [],
                    "provider": "provider.aws"
                },
                "aws_iam_role_policy.iam_for_slapman-added-lambda-iam-role-policy": {
                    "type": "aws_iam_role_policy",
                    "depends_on": [
                        "aws_dynamodb_table.data-dynamodb-table",
                        "aws_dynamodb_table.things-dynamodb-table",
                        "aws_dynamodb_table.user-table",
                        "aws_dynamodb_table.usergroup-table",
                        "aws_dynamodb_table.userprofile-table",
                        "aws_iam_role.iam_for_slapman"
                    ],
                    "primary": {
                        "id": "iam_for_slapman:iam_for_slapman-added-lambda-iam-role-policy",
                        "attributes": {
                            "id": "iam_for_slapman:iam_for_slapman-added-lambda-iam-role-policy",
                            "name": "iam_for_slapman-added-lambda-iam-role-policy",
                            "policy": "{\n  \"Version\": \"2012-10-17\",\n  \"Statement\": [\n    {\n      \"Action\": [\n        \"dynamodb:GetItem\",\n        \"dynamodb:BatchGetItem\",\n        \"dynamodb:Query\",\n        \"dynamodb:Scan\",\n        \"dynamodb:PutItem\",\n        \"dynamodb:UpdateItem\",\n        \"dynamodb:DeleteItem\",\n        \"dynamodb:BatchWriteItem\",\n        \"dynamodb:GetRecords\",\n        \"dynamodb:GetShardIterator\",\n        \"dynamodb:DescribeTable\",\n        \"dynamodb:DescribeLimits\",\n        \"dynamodb:DescribeTimeToLive\",\n        \"dynamodb:DescribeStream\",\n        \"dynamodb:ListStreams\",\n        \"dynamodb:TagResource\",\n        \"dynamodb:UntagResource\",\n        \"dynamodb:ListTagsOfResource\"\n      ],\n      \"Resource\": [\n        \"arn:aws:dynamodb:us-east-1:661405543333:table/User\",\n        \"arn:aws:dynamodb:us-east-1:661405543333:table/User/index/*\",\n        \"arn:aws:dynamodb:us-east-1:661405543333:table/UserProfile\",\n        \"arn:aws:dynamodb:us-east-1:661405543333:table/UserProfile/index/*\",\n        \"arn:aws:dynamodb:us-east-1:661405543333:table/UserGroups\",\n        \"arn:aws:dynamodb:us-east-1:661405543333:table/UserGroups/index/*\",\n        \"arn:aws:dynamodb:us-east-1:661405543333:table/Things\",\n        \"arn:aws:dynamodb:us-east-1:661405543333:table/Things/index/*\",\n        \"arn:aws:dynamodb:us-east-1:661405543333:table/Data\",\n        \"arn:aws:dynamodb:us-east-1:661405543333:table/Data/index/*\"\n      ],\n      \"Effect\": \"Allow\",\n      \"Sid\": \"\"\n    },\n    {\n      \"Action\": [\n        \"cloudwatch:GetMetricStatistics\",\n        \"cloudwatch:ListMetrics\",\n        \"cloudwatch:PutMetricData\",\n        \"logs:CreateLogGroup\",\n        \"logs:CreateLogStream\",\n        \"logs:DescribeLogStreams\",\n        \"logs:PutSubscriptionFilter\",\n        \"logs:PutLogEvents\"\n      ],\n      \"Effect\": \"Allow\",\n      \"Resource\": \"arn:aws:logs:*:*:*\"\n    },\n    {\n      \"Effect\": \"Allow\",\n      \"Action\": \"s3:GetObject\",\n      \"Resource\": [\n        \"arn:aws:s3:::slapman-web/*\"\n      ]\n    },\n    {\n      \"Action\": [\n        \"dynamodb:DescribeTable\",\n        \"dynamodb:UpdateTable\",\n        \"cloudwatch:PutMetricAlarm\",\n        \"cloudwatch:DescribeAlarms\",\n        \"cloudwatch:DeleteAlarms\"\n      ],\n      \"Effect\": \"Allow\",\n      \"Resource\": \"*\"\n    }\n  ]\n}\n",
                            "role": "iam_for_slapman"
                        },
                        "meta": {},
                        "tainted": false
                    },
                    "deposed": [],
                    "provider": "provider.aws"
                },
                "aws_lambda_alias.slapman_slapalicious_GET_alias": {
                    "type": "aws_lambda_alias",
                    "depends_on": [
                        "aws_lambda_function.slapman_slapalicious_GET"
                    ],
                    "primary": {
                        "id": "arn:aws:lambda:us-east-1:661405543333:function:slapman_slapalicious_GET:slapmanslapaliciousGETalias",
                        "attributes": {
                            "arn": "arn:aws:lambda:us-east-1:661405543333:function:slapman_slapalicious_GET:slapmanslapaliciousGETalias",
                            "description": "a sample description",
                            "function_name": "slapman_slapalicious_GET",
                            "function_version": "$LATEST",
                            "id": "arn:aws:lambda:us-east-1:661405543333:function:slapman_slapalicious_GET:slapmanslapaliciousGETalias",
                            "name": "slapmanslapaliciousGETalias"
                        },
                        "meta": {},
                        "tainted": false
                    },
                    "deposed": [],
                    "provider": "provider.aws"
                },
                "aws_lambda_alias.slapman_slapalicious_POST_alias": {
                    "type": "aws_lambda_alias",
                    "depends_on": [
                        "aws_lambda_function.slapman_slapalicious_POST"
                    ],
                    "primary": {
                        "id": "arn:aws:lambda:us-east-1:661405543333:function:slapman_slapalicious_POST:slapmanslapaliciousPOSTalias",
                        "attributes": {
                            "arn": "arn:aws:lambda:us-east-1:661405543333:function:slapman_slapalicious_POST:slapmanslapaliciousPOSTalias",
                            "description": "a sample description",
                            "function_name": "slapman_slapalicious_POST",
                            "function_version": "$LATEST",
                            "id": "arn:aws:lambda:us-east-1:661405543333:function:slapman_slapalicious_POST:slapmanslapaliciousPOSTalias",
                            "name": "slapmanslapaliciousPOSTalias"
                        },
                        "meta": {},
                        "tainted": false
                    },
                    "deposed": [],
                    "provider": "provider.aws"
                },
                "aws_lambda_function.slapman_slapalicious_GET": {
                    "type": "aws_lambda_function",
                    "depends_on": [
                        "aws_iam_role.iam_for_slapman"
                    ],
                    "primary": {
                        "id": "slapman_slapalicious_GET",
                        "attributes": {
                            "arn": "arn:aws:lambda:us-east-1:661405543333:function:slapman_slapalicious_GET",
                            "dead_letter_config.#": "0",
                            "description": "",
                            "environment.#": "1",
                            "environment.0.variables.%": "1",
                            "environment.0.variables.foo": "bar",
                            "filename": "infrastructure/slapalicious.zip",
                            "function_name": "slapman_slapalicious_GET",
                            "handler": "main.handle",
                            "id": "slapman_slapalicious_GET",
                            "invoke_arn": "arn:aws:apigateway:us-east-1:lambda:path/2015-03-31/functions/arn:aws:lambda:us-east-1:661405543333:function:slapman_slapalicious_GET/invocations",
                            "kms_key_arn": "",
                            "last_modified": "2018-02-07T19:02:13.907+0000",
                            "memory_size": "128",
                            "publish": "false",
                            "qualified_arn": "arn:aws:lambda:us-east-1:661405543333:function:slapman_slapalicious_GET:$LATEST",
                            "reserved_concurrent_executions": "0",
                            "role": "arn:aws:iam::661405543333:role/iam_for_slapman",
                            "runtime": "python3.6",
                            "source_code_hash": "b583ikqlUYCbGAso+qNQhrT5/OffyGpfq/d/9dOUn8g=",
                            "tags.%": "0",
                            "timeout": "300",
                            "tracing_config.#": "1",
                            "tracing_config.0.mode": "PassThrough",
                            "version": "$LATEST",
                            "vpc_config.#": "0"
                        },
                        "meta": {},
                        "tainted": false
                    },
                    "deposed": [],
                    "provider": "provider.aws"
                },
                "aws_lambda_function.slapman_slapalicious_OPTIONS": {
                    "type": "aws_lambda_function",
                    "depends_on": [
                        "aws_iam_role.iam_for_slapman"
                    ],
                    "primary": {
                        "id": "slapman_slapalicious_OPTIONS",
                        "attributes": {
                            "arn": "arn:aws:lambda:us-east-1:661405543333:function:slapman_slapalicious_OPTIONS",
                            "dead_letter_config.#": "0",
                            "description": "",
                            "environment.#": "1",
                            "environment.0.variables.%": "1",
                            "environment.0.variables.foo": "bar",
                            "filename": "infrastructure/slapalicious.zip",
                            "function_name": "slapman_slapalicious_OPTIONS",
                            "handler": "main.handle",
                            "id": "slapman_slapalicious_OPTIONS",
                            "invoke_arn": "arn:aws:apigateway:us-east-1:lambda:path/2015-03-31/functions/arn:aws:lambda:us-east-1:661405543333:function:slapman_slapalicious_OPTIONS/invocations",
                            "kms_key_arn": "",
                            "last_modified": "2018-02-07T19:00:49.816+0000",
                            "memory_size": "128",
                            "publish": "false",
                            "qualified_arn": "arn:aws:lambda:us-east-1:661405543333:function:slapman_slapalicious_OPTIONS:$LATEST",
                            "reserved_concurrent_executions": "0",
                            "role": "arn:aws:iam::661405543333:role/iam_for_slapman",
                            "runtime": "python3.6",
                            "source_code_hash": "b583ikqlUYCbGAso+qNQhrT5/OffyGpfq/d/9dOUn8g=",
                            "tags.%": "0",
                            "timeout": "300",
                            "tracing_config.#": "1",
                            "tracing_config.0.mode": "PassThrough",
                            "version": "$LATEST",
                            "vpc_config.#": "0"
                        },
                        "meta": {},
                        "tainted": false
                    },
                    "deposed": [],
                    "provider": "provider.aws"
                },
                "aws_lambda_function.slapman_slapalicious_POST": {
                    "type": "aws_lambda_function",
                    "depends_on": [
                        "aws_iam_role.iam_for_slapman"
                    ],
                    "primary": {
                        "id": "slapman_slapalicious_POST",
                        "attributes": {
                            "arn": "arn:aws:lambda:us-east-1:661405543333:function:slapman_slapalicious_POST",
                            "dead_letter_config.#": "0",
                            "description": "",
                            "environment.#": "1",
                            "environment.0.variables.%": "1",
                            "environment.0.variables.foo": "bar",
                            "filename": "infrastructure/slapalicious.zip",
                            "function_name": "slapman_slapalicious_POST",
                            "handler": "main.handle",
                            "id": "slapman_slapalicious_POST",
                            "invoke_arn": "arn:aws:apigateway:us-east-1:lambda:path/2015-03-31/functions/arn:aws:lambda:us-east-1:661405543333:function:slapman_slapalicious_POST/invocations",
                            "kms_key_arn": "",
                            "last_modified": "2018-02-07T19:00:05.221+0000",
                            "memory_size": "128",
                            "publish": "false",
                            "qualified_arn": "arn:aws:lambda:us-east-1:661405543333:function:slapman_slapalicious_POST:$LATEST",
                            "reserved_concurrent_executions": "0",
                            "role": "arn:aws:iam::661405543333:role/iam_for_slapman",
                            "runtime": "python3.6",
                            "source_code_hash": "b583ikqlUYCbGAso+qNQhrT5/OffyGpfq/d/9dOUn8g=",
                            "tags.%": "0",
                            "timeout": "300",
                            "tracing_config.#": "1",
                            "tracing_config.0.mode": "PassThrough",
                            "version": "$LATEST",
                            "vpc_config.#": "0"
                        },
                        "meta": {},
                        "tainted": false
                    },
                    "deposed": [],
                    "provider": "provider.aws"
                },
                "aws_lambda_function.slapman_web_GET": {
                    "type": "aws_lambda_function",
                    "depends_on": [
                        "aws_iam_role.iam_for_slapman"
                    ],
                    "primary": {
                        "id": "slapman_web_GET",
                        "attributes": {
                            "arn": "arn:aws:lambda:us-east-1:661405543333:function:slapman_web_GET",
                            "dead_letter_config.#": "0",
                            "description": "",
                            "environment.#": "1",
                            "environment.0.variables.%": "1",
                            "environment.0.variables.foo": "bar",
                            "filename": "infrastructure/slapalicious.zip",
                            "function_name": "slapman_web_GET",
                            "handler": "web.handle",
                            "id": "slapman_web_GET",
                            "invoke_arn": "arn:aws:apigateway:us-east-1:lambda:path/2015-03-31/functions/arn:aws:lambda:us-east-1:661405543333:function:slapman_web_GET/invocations",
                            "kms_key_arn": "",
                            "last_modified": "2018-02-07T19:03:34.784+0000",
                            "memory_size": "128",
                            "publish": "false",
                            "qualified_arn": "arn:aws:lambda:us-east-1:661405543333:function:slapman_web_GET:$LATEST",
                            "reserved_concurrent_executions": "0",
                            "role": "arn:aws:iam::661405543333:role/iam_for_slapman",
                            "runtime": "python3.6",
                            "source_code_hash": "b583ikqlUYCbGAso+qNQhrT5/OffyGpfq/d/9dOUn8g=",
                            "tags.%": "0",
                            "timeout": "300",
                            "tracing_config.#": "1",
                            "tracing_config.0.mode": "PassThrough",
                            "version": "$LATEST",
                            "vpc_config.#": "0"
                        },
                        "meta": {},
                        "tainted": false
                    },
                    "deposed": [],
                    "provider": "provider.aws"
                },
                "aws_lambda_function.slapman_web_OPTIONS": {
                    "type": "aws_lambda_function",
                    "depends_on": [
                        "aws_iam_role.iam_for_slapman"
                    ],
                    "primary": {
                        "id": "slapman_web_OPTIONS",
                        "attributes": {
                            "arn": "arn:aws:lambda:us-east-1:661405543333:function:slapman_web_OPTIONS",
                            "dead_letter_config.#": "0",
                            "description": "",
                            "environment.#": "1",
                            "environment.0.variables.%": "1",
                            "environment.0.variables.foo": "bar",
                            "filename": "infrastructure/slapalicious.zip",
                            "function_name": "slapman_web_OPTIONS",
                            "handler": "web.handle",
                            "id": "slapman_web_OPTIONS",
                            "invoke_arn": "arn:aws:apigateway:us-east-1:lambda:path/2015-03-31/functions/arn:aws:lambda:us-east-1:661405543333:function:slapman_web_OPTIONS/invocations",
                            "kms_key_arn": "",
                            "last_modified": "2018-02-07T19:01:33.228+0000",
                            "memory_size": "128",
                            "publish": "false",
                            "qualified_arn": "arn:aws:lambda:us-east-1:661405543333:function:slapman_web_OPTIONS:$LATEST",
                            "reserved_concurrent_executions": "0",
                            "role": "arn:aws:iam::661405543333:role/iam_for_slapman",
                            "runtime": "python3.6",
                            "source_code_hash": "b583ikqlUYCbGAso+qNQhrT5/OffyGpfq/d/9dOUn8g=",
                            "tags.%": "0",
                            "timeout": "300",
                            "tracing_config.#": "1",
                            "tracing_config.0.mode": "PassThrough",
                            "version": "$LATEST",
                            "vpc_config.#": "0"
                        },
                        "meta": {},
                        "tainted": false
                    },
                    "deposed": [],
                    "provider": "provider.aws"
                },
                "aws_lambda_function.slapman_web_POST": {
                    "type": "aws_lambda_function",
                    "depends_on": [
                        "aws_iam_role.iam_for_slapman"
                    ],
                    "primary": {
                        "id": "slapman_web_POST",
                        "attributes": {
                            "arn": "arn:aws:lambda:us-east-1:661405543333:function:slapman_web_POST",
                            "dead_letter_config.#": "0",
                            "description": "",
                            "environment.#": "1",
                            "environment.0.variables.%": "1",
                            "environment.0.variables.foo": "bar",
                            "filename": "infrastructure/slapalicious.zip",
                            "function_name": "slapman_web_POST",
                            "handler": "web.handle",
                            "id": "slapman_web_POST",
                            "invoke_arn": "arn:aws:apigateway:us-east-1:lambda:path/2015-03-31/functions/arn:aws:lambda:us-east-1:661405543333:function:slapman_web_POST/invocations",
                            "kms_key_arn": "",
                            "last_modified": "2018-02-07T19:02:53.547+0000",
                            "memory_size": "128",
                            "publish": "false",
                            "qualified_arn": "arn:aws:lambda:us-east-1:661405543333:function:slapman_web_POST:$LATEST",
                            "reserved_concurrent_executions": "0",
                            "role": "arn:aws:iam::661405543333:role/iam_for_slapman",
                            "runtime": "python3.6",
                            "source_code_hash": "b583ikqlUYCbGAso+qNQhrT5/OffyGpfq/d/9dOUn8g=",
                            "tags.%": "0",
                            "timeout": "300",
                            "tracing_config.#": "1",
                            "tracing_config.0.mode": "PassThrough",
                            "version": "$LATEST",
                            "vpc_config.#": "0"
                        },
                        "meta": {},
                        "tainted": false
                    },
                    "deposed": [],
                    "provider": "provider.aws"
                },
                "aws_lambda_permission.allow_cloudwatch_slapman_slapalicious_GET": {
                    "type": "aws_lambda_permission",
                    "depends_on": [
                        "aws_lambda_alias.slapman_slapalicious_GET_alias",
                        "aws_lambda_function.slapman_slapalicious_GET"
                    ],
                    "primary": {
                        "id": "AllowExecutionFromCloudWatch",
                        "attributes": {
                            "action": "lambda:InvokeFunction",
                            "function_name": "slapman_slapalicious_GET",
                            "id": "AllowExecutionFromCloudWatch",
                            "principal": "events.amazonaws.com",
                            "qualifier": "slapmanslapaliciousGETalias",
                            "source_account": "661405543333",
                            "source_arn": "arn:aws:events:us-east-1:661405543333:rule/RunDaily",
                            "statement_id": "AllowExecutionFromCloudWatch"
                        },
                        "meta": {},
                        "tainted": false
                    },
                    "deposed": [],
                    "provider": "provider.aws"
                },
                "aws_lambda_permission.allow_cloudwatch_slapman_slapalicious_POST": {
                    "type": "aws_lambda_permission",
                    "depends_on": [
                        "aws_lambda_alias.slapman_slapalicious_POST_alias",
                        "aws_lambda_function.slapman_slapalicious_POST"
                    ],
                    "primary": {
                        "id": "AllowExecutionFromCloudWatch",
                        "attributes": {
                            "action": "lambda:InvokeFunction",
                            "function_name": "slapman_slapalicious_POST",
                            "id": "AllowExecutionFromCloudWatch",
                            "principal": "events.amazonaws.com",
                            "qualifier": "slapmanslapaliciousPOSTalias",
                            "source_account": "661405543333",
                            "source_arn": "arn:aws:events:us-east-1:661405543333:rule/RunDaily",
                            "statement_id": "AllowExecutionFromCloudWatch"
                        },
                        "meta": {},
                        "tainted": false
                    },
                    "deposed": [],
                    "provider": "provider.aws"
                },
                "aws_s3_bucket.slapman-web": {
                    "type": "aws_s3_bucket",
                    "depends_on": [],
                    "primary": {
                        "id": "slapman-web",
                        "attributes": {
                            "acceleration_status": "",
                            "acl": "public-read",
                            "arn": "arn:aws:s3:::slapman-web",
                            "bucket": "slapman-web",
                            "bucket_domain_name": "slapman-web.s3.amazonaws.com",
                            "cors_rule.#": "1",
                            "cors_rule.0.allowed_headers.#": "1",
                            "cors_rule.0.allowed_headers.0": "*",
                            "cors_rule.0.allowed_methods.#": "2",
                            "cors_rule.0.allowed_methods.0": "GET",
                            "cors_rule.0.allowed_methods.1": "POST",
                            "cors_rule.0.allowed_origins.#": "1",
                            "cors_rule.0.allowed_origins.0": "*",
                            "cors_rule.0.expose_headers.#": "1",
                            "cors_rule.0.expose_headers.0": "Etag",
                            "cors_rule.0.max_age_seconds": "3000",
                            "force_destroy": "false",
                            "hosted_zone_id": "Z3AQBSTGFYJSTF",
                            "id": "slapman-web",
                            "logging.#": "0",
                            "region": "us-east-1",
                            "request_payer": "BucketOwner",
                            "server_side_encryption_configuration.#": "0",
                            "tags.%": "0",
                            "versioning.#": "1",
                            "versioning.0.enabled": "false",
                            "versioning.0.mfa_delete": "false",
                            "website.#": "1",
                            "website.0.error_document": "404.html",
                            "website.0.index_document": "index.html",
                            "website.0.redirect_all_requests_to": "",
                            "website.0.routing_rules": "[{\"Condition\":{\"KeyPrefixEquals\":\"docs/\"},\"Redirect\":{\"ReplaceKeyPrefixWith\":\"documents/\"}}]",
                            "website_domain": "s3-website-us-east-1.amazonaws.com",
                            "website_endpoint": "slapman-web.s3-website-us-east-1.amazonaws.com"
                        },
                        "meta": {},
                        "tainted": false
                    },
                    "deposed": [],
                    "provider": "provider.aws"
                }
            },
            "depends_on": []
        },
        {
            "path": [
                "root",
                "slapalicious_get"
            ],
            "outputs": {
                "http_method": {
                    "sensitive": false,
                    "type": "string",
                    "value": "GET"
                }
            },
            "resources": {
                "aws_api_gateway_integration.request_method_integration": {
                    "type": "aws_api_gateway_integration",
                    "depends_on": [
                        "aws_api_gateway_method.request_method"
                    ],
                    "primary": {
                        "id": "agi-gq8unuo8h0-j2dh22-GET",
                        "attributes": {
                            "cache_key_parameters.#": "0",
                            "cache_namespace": "j2dh22",
                            "http_method": "GET",
                            "id": "agi-gq8unuo8h0-j2dh22-GET",
                            "integration_http_method": "POST",
                            "passthrough_behavior": "WHEN_NO_TEMPLATES",
                            "request_parameters.%": "0",
                            "request_templates.%": "0",
                            "resource_id": "j2dh22",
                            "rest_api_id": "gq8unuo8h0",
                            "type": "AWS",
                            "uri": "arn:aws:apigateway:us-east-1:lambda:path/2015-03-31/functions/arn:aws:lambda:us-east-1:661405543333:function:slapman_slapalicious_GET/invocations"
                        },
                        "meta": {},
                        "tainted": false
                    },
                    "deposed": [],
                    "provider": "provider.aws"
                },
                "aws_api_gateway_integration_response.response_method_integration": {
                    "type": "aws_api_gateway_integration_response",
                    "depends_on": [
                        "aws_api_gateway_method_response.response_method"
                    ],
                    "primary": {
                        "id": "agir-gq8unuo8h0-j2dh22-GET-200",
                        "attributes": {
                            "http_method": "GET",
                            "id": "agir-gq8unuo8h0-j2dh22-GET-200",
                            "resource_id": "j2dh22",
                            "response_parameters.%": "3",
                            "response_parameters.method.response.header.Access-Control-Allow-Headers": "'Content-Type,X-Amz-Date,Authorization,X-Api-Key,X-Amz-Security-Token'",
                            "response_parameters.method.response.header.Access-Control-Allow-Methods": "'POST,OPTIONS,GET,PUT,PATCH,DELETE'",
                            "response_parameters.method.response.header.Access-Control-Allow-Origin": "'*'",
                            "response_templates.%": "1",
                            "response_templates.application/json": "",
                            "rest_api_id": "gq8unuo8h0",
                            "selection_pattern": "",
                            "status_code": "200"
                        },
                        "meta": {},
                        "tainted": false
                    },
                    "deposed": [],
                    "provider": "provider.aws"
                },
                "aws_api_gateway_method.request_method": {
                    "type": "aws_api_gateway_method",
                    "depends_on": [],
                    "primary": {
                        "id": "agm-gq8unuo8h0-j2dh22-GET",
                        "attributes": {
                            "api_key_required": "false",
                            "authorization": "NONE",
                            "authorizer_id": "",
                            "http_method": "GET",
                            "id": "agm-gq8unuo8h0-j2dh22-GET",
                            "request_models.%": "0",
                            "request_parameters.%": "0",
                            "request_validator_id": "",
                            "resource_id": "j2dh22",
                            "rest_api_id": "gq8unuo8h0"
                        },
                        "meta": {},
                        "tainted": false
                    },
                    "deposed": [],
                    "provider": "provider.aws"
                },
                "aws_api_gateway_method_response.response_method": {
                    "type": "aws_api_gateway_method_response",
                    "depends_on": [
                        "aws_api_gateway_integration.request_method_integration"
                    ],
                    "primary": {
                        "id": "agmr-gq8unuo8h0-j2dh22-GET-200",
                        "attributes": {
                            "http_method": "GET",
                            "id": "agmr-gq8unuo8h0-j2dh22-GET-200",
                            "resource_id": "j2dh22",
                            "response_models.%": "1",
                            "response_models.application/json": "Empty",
                            "response_parameters.%": "3",
                            "response_parameters.method.response.header.Access-Control-Allow-Headers": "true",
                            "response_parameters.method.response.header.Access-Control-Allow-Methods": "true",
                            "response_parameters.method.response.header.Access-Control-Allow-Origin": "true",
                            "rest_api_id": "gq8unuo8h0",
                            "status_code": "200"
                        },
                        "meta": {},
                        "tainted": false
                    },
                    "deposed": [],
                    "provider": "provider.aws"
                },
                "aws_lambda_permission.allow_api_gateway": {
                    "type": "aws_lambda_permission",
                    "depends_on": [],
                    "primary": {
                        "id": "AllowExecutionFromApiGateway",
                        "attributes": {
                            "action": "lambda:InvokeFunction",
                            "function_name": "slapman_slapalicious_GET",
                            "id": "AllowExecutionFromApiGateway",
                            "principal": "apigateway.amazonaws.com",
                            "qualifier": "",
                            "source_arn": "arn:aws:execute-api:us-east-1:661405543333:gq8unuo8h0/*/GET/slapalicious",
                            "statement_id": "AllowExecutionFromApiGateway"
                        },
                        "meta": {},
                        "tainted": false
                    },
                    "deposed": [],
                    "provider": "provider.aws"
                }
            },
            "depends_on": []
        },
        {
            "path": [
                "root",
                "slapalicious_options"
            ],
            "outputs": {
                "http_method": {
                    "sensitive": false,
                    "type": "string",
                    "value": "OPTIONS"
                }
            },
            "resources": {
                "aws_api_gateway_integration.request_method_integration": {
                    "type": "aws_api_gateway_integration",
                    "depends_on": [
                        "aws_api_gateway_method.request_method"
                    ],
                    "primary": {
                        "id": "agi-gq8unuo8h0-j2dh22-OPTIONS",
                        "attributes": {
                            "cache_key_parameters.#": "0",
                            "cache_namespace": "j2dh22",
                            "http_method": "OPTIONS",
                            "id": "agi-gq8unuo8h0-j2dh22-OPTIONS",
                            "integration_http_method": "POST",
                            "passthrough_behavior": "WHEN_NO_TEMPLATES",
                            "request_parameters.%": "0",
                            "request_templates.%": "0",
                            "resource_id": "j2dh22",
                            "rest_api_id": "gq8unuo8h0",
                            "type": "AWS",
                            "uri": "arn:aws:apigateway:us-east-1:lambda:path/2015-03-31/functions/arn:aws:lambda:us-east-1:661405543333:function:slapman_slapalicious_OPTIONS/invocations"
                        },
                        "meta": {},
                        "tainted": false
                    },
                    "deposed": [],
                    "provider": "provider.aws"
                },
                "aws_api_gateway_integration_response.response_method_integration": {
                    "type": "aws_api_gateway_integration_response",
                    "depends_on": [
                        "aws_api_gateway_method_response.response_method"
                    ],
                    "primary": {
                        "id": "agir-gq8unuo8h0-j2dh22-OPTIONS-200",
                        "attributes": {
                            "http_method": "OPTIONS",
                            "id": "agir-gq8unuo8h0-j2dh22-OPTIONS-200",
                            "resource_id": "j2dh22",
                            "response_parameters.%": "3",
                            "response_parameters.method.response.header.Access-Control-Allow-Headers": "'Content-Type,X-Amz-Date,Authorization,X-Api-Key,X-Amz-Security-Token'",
                            "response_parameters.method.response.header.Access-Control-Allow-Methods": "'POST,OPTIONS,GET,PUT,PATCH,DELETE'",
                            "response_parameters.method.response.header.Access-Control-Allow-Origin": "'*'",
                            "response_templates.%": "1",
                            "response_templates.application/json": "",
                            "rest_api_id": "gq8unuo8h0",
                            "selection_pattern": "",
                            "status_code": "200"
                        },
                        "meta": {},
                        "tainted": false
                    },
                    "deposed": [],
                    "provider": "provider.aws"
                },
                "aws_api_gateway_method.request_method": {
                    "type": "aws_api_gateway_method",
                    "depends_on": [],
                    "primary": {
                        "id": "agm-gq8unuo8h0-j2dh22-OPTIONS",
                        "attributes": {
                            "api_key_required": "false",
                            "authorization": "NONE",
                            "authorizer_id": "",
                            "http_method": "OPTIONS",
                            "id": "agm-gq8unuo8h0-j2dh22-OPTIONS",
                            "request_models.%": "0",
                            "request_parameters.%": "0",
                            "request_validator_id": "",
                            "resource_id": "j2dh22",
                            "rest_api_id": "gq8unuo8h0"
                        },
                        "meta": {},
                        "tainted": false
                    },
                    "deposed": [],
                    "provider": "provider.aws"
                },
                "aws_api_gateway_method_response.response_method": {
                    "type": "aws_api_gateway_method_response",
                    "depends_on": [
                        "aws_api_gateway_integration.request_method_integration"
                    ],
                    "primary": {
                        "id": "agmr-gq8unuo8h0-j2dh22-OPTIONS-200",
                        "attributes": {
                            "http_method": "OPTIONS",
                            "id": "agmr-gq8unuo8h0-j2dh22-OPTIONS-200",
                            "resource_id": "j2dh22",
                            "response_models.%": "1",
                            "response_models.application/json": "Empty",
                            "response_parameters.%": "3",
                            "response_parameters.method.response.header.Access-Control-Allow-Headers": "true",
                            "response_parameters.method.response.header.Access-Control-Allow-Methods": "true",
                            "response_parameters.method.response.header.Access-Control-Allow-Origin": "true",
                            "rest_api_id": "gq8unuo8h0",
                            "status_code": "200"
                        },
                        "meta": {},
                        "tainted": false
                    },
                    "deposed": [],
                    "provider": "provider.aws"
                },
                "aws_lambda_permission.allow_api_gateway": {
                    "type": "aws_lambda_permission",
                    "depends_on": [],
                    "primary": {
                        "id": "AllowExecutionFromApiGateway",
                        "attributes": {
                            "action": "lambda:InvokeFunction",
                            "function_name": "slapman_slapalicious_OPTIONS",
                            "id": "AllowExecutionFromApiGateway",
                            "principal": "apigateway.amazonaws.com",
                            "qualifier": "",
                            "source_arn": "arn:aws:execute-api:us-east-1:661405543333:gq8unuo8h0/*/OPTIONS/slapalicious",
                            "statement_id": "AllowExecutionFromApiGateway"
                        },
                        "meta": {},
                        "tainted": false
                    },
                    "deposed": [],
                    "provider": "provider.aws"
                }
            },
            "depends_on": []
        },
        {
            "path": [
                "root",
                "slapalicious_post"
            ],
            "outputs": {
                "http_method": {
                    "sensitive": false,
                    "type": "string",
                    "value": "POST"
                }
            },
            "resources": {
                "aws_api_gateway_integration.request_method_integration": {
                    "type": "aws_api_gateway_integration",
                    "depends_on": [
                        "aws_api_gateway_method.request_method"
                    ],
                    "primary": {
                        "id": "agi-gq8unuo8h0-j2dh22-POST",
                        "attributes": {
                            "cache_key_parameters.#": "0",
                            "cache_namespace": "j2dh22",
                            "http_method": "POST",
                            "id": "agi-gq8unuo8h0-j2dh22-POST",
                            "integration_http_method": "POST",
                            "passthrough_behavior": "WHEN_NO_TEMPLATES",
                            "request_parameters.%": "0",
                            "request_templates.%": "0",
                            "resource_id": "j2dh22",
                            "rest_api_id": "gq8unuo8h0",
                            "type": "AWS",
                            "uri": "arn:aws:apigateway:us-east-1:lambda:path/2015-03-31/functions/arn:aws:lambda:us-east-1:661405543333:function:slapman_slapalicious_POST/invocations"
                        },
                        "meta": {},
                        "tainted": false
                    },
                    "deposed": [],
                    "provider": "provider.aws"
                },
                "aws_api_gateway_integration_response.response_method_integration": {
                    "type": "aws_api_gateway_integration_response",
                    "depends_on": [
                        "aws_api_gateway_method_response.response_method"
                    ],
                    "primary": {
                        "id": "agir-gq8unuo8h0-j2dh22-POST-200",
                        "attributes": {
                            "http_method": "POST",
                            "id": "agir-gq8unuo8h0-j2dh22-POST-200",
                            "resource_id": "j2dh22",
                            "response_parameters.%": "3",
                            "response_parameters.method.response.header.Access-Control-Allow-Headers": "'Content-Type,X-Amz-Date,Authorization,X-Api-Key,X-Amz-Security-Token'",
                            "response_parameters.method.response.header.Access-Control-Allow-Methods": "'POST,OPTIONS,GET,PUT,PATCH,DELETE'",
                            "response_parameters.method.response.header.Access-Control-Allow-Origin": "'*'",
                            "response_templates.%": "1",
                            "response_templates.application/json": "",
                            "rest_api_id": "gq8unuo8h0",
                            "selection_pattern": "",
                            "status_code": "200"
                        },
                        "meta": {},
                        "tainted": false
                    },
                    "deposed": [],
                    "provider": "provider.aws"
                },
                "aws_api_gateway_method.request_method": {
                    "type": "aws_api_gateway_method",
                    "depends_on": [],
                    "primary": {
                        "id": "agm-gq8unuo8h0-j2dh22-POST",
                        "attributes": {
                            "api_key_required": "false",
                            "authorization": "NONE",
                            "authorizer_id": "",
                            "http_method": "POST",
                            "id": "agm-gq8unuo8h0-j2dh22-POST",
                            "request_models.%": "0",
                            "request_parameters.%": "0",
                            "request_validator_id": "",
                            "resource_id": "j2dh22",
                            "rest_api_id": "gq8unuo8h0"
                        },
                        "meta": {},
                        "tainted": false
                    },
                    "deposed": [],
                    "provider": "provider.aws"
                },
                "aws_api_gateway_method_response.response_method": {
                    "type": "aws_api_gateway_method_response",
                    "depends_on": [
                        "aws_api_gateway_integration.request_method_integration"
                    ],
                    "primary": {
                        "id": "agmr-gq8unuo8h0-j2dh22-POST-200",
                        "attributes": {
                            "http_method": "POST",
                            "id": "agmr-gq8unuo8h0-j2dh22-POST-200",
                            "resource_id": "j2dh22",
                            "response_models.%": "1",
                            "response_models.application/json": "Empty",
                            "response_parameters.%": "3",
                            "response_parameters.method.response.header.Access-Control-Allow-Headers": "true",
                            "response_parameters.method.response.header.Access-Control-Allow-Methods": "true",
                            "response_parameters.method.response.header.Access-Control-Allow-Origin": "true",
                            "rest_api_id": "gq8unuo8h0",
                            "status_code": "200"
                        },
                        "meta": {},
                        "tainted": false
                    },
                    "deposed": [],
                    "provider": "provider.aws"
                },
                "aws_lambda_permission.allow_api_gateway": {
                    "type": "aws_lambda_permission",
                    "depends_on": [],
                    "primary": {
                        "id": "AllowExecutionFromApiGateway",
                        "attributes": {
                            "action": "lambda:InvokeFunction",
                            "function_name": "slapman_slapalicious_POST",
                            "id": "AllowExecutionFromApiGateway",
                            "principal": "apigateway.amazonaws.com",
                            "qualifier": "",
                            "source_arn": "arn:aws:execute-api:us-east-1:661405543333:gq8unuo8h0/*/POST/slapalicious",
                            "statement_id": "AllowExecutionFromApiGateway"
                        },
                        "meta": {},
                        "tainted": false
                    },
                    "deposed": [],
                    "provider": "provider.aws"
                }
            },
            "depends_on": []
        },
        {
            "path": [
                "root",
                "slapman_web_get"
            ],
            "outputs": {
                "http_method": {
                    "sensitive": false,
                    "type": "string",
                    "value": "GET"
                }
            },
            "resources": {
                "aws_api_gateway_integration.proxy": {
                    "type": "aws_api_gateway_integration",
                    "depends_on": [
                        "aws_api_gateway_method.proxy"
                    ],
                    "primary": {
                        "id": "agi-efxtmwo1ce-onnkju-GET",
                        "attributes": {
                            "cache_key_parameters.#": "0",
                            "cache_namespace": "onnkju",
                            "http_method": "GET",
                            "id": "agi-efxtmwo1ce-onnkju-GET",
                            "integration_http_method": "POST",
                            "passthrough_behavior": "WHEN_NO_MATCH",
                            "request_parameters.%": "0",
                            "request_templates.%": "0",
                            "resource_id": "onnkju",
                            "rest_api_id": "efxtmwo1ce",
                            "type": "AWS_PROXY",
                            "uri": "arn:aws:apigateway:us-east-1:lambda:path/2015-03-31/functions/arn:aws:lambda:us-east-1:661405543333:function:slapman_web_GET/invocations"
                        },
                        "meta": {},
                        "tainted": false
                    },
                    "deposed": [],
                    "provider": "provider.aws"
                },
                "aws_api_gateway_integration_response.proxy": {
                    "type": "aws_api_gateway_integration_response",
                    "depends_on": [
                        "aws_api_gateway_method_response.proxy"
                    ],
                    "primary": {
                        "id": "agir-efxtmwo1ce-onnkju-GET-200",
                        "attributes": {
                            "http_method": "GET",
                            "id": "agir-efxtmwo1ce-onnkju-GET-200",
                            "resource_id": "onnkju",
                            "response_parameters.%": "3",
                            "response_parameters.method.response.header.Access-Control-Allow-Headers": "'Content-Type,X-Amz-Date,Authorization,X-Api-Key,X-Amz-Security-Token'",
                            "response_parameters.method.response.header.Access-Control-Allow-Methods": "'POST,OPTIONS,GET,PUT,PATCH,DELETE'",
                            "response_parameters.method.response.header.Access-Control-Allow-Origin": "'*'",
                            "response_templates.%": "1",
                            "response_templates.application/json": "",
                            "rest_api_id": "efxtmwo1ce",
                            "selection_pattern": "",
                            "status_code": "200"
                        },
                        "meta": {},
                        "tainted": false
                    },
                    "deposed": [],
                    "provider": "provider.aws"
                },
                "aws_api_gateway_method.proxy": {
                    "type": "aws_api_gateway_method",
                    "depends_on": [],
                    "primary": {
                        "id": "agm-efxtmwo1ce-onnkju-GET",
                        "attributes": {
                            "api_key_required": "false",
                            "authorization": "NONE",
                            "authorizer_id": "",
                            "http_method": "GET",
                            "id": "agm-efxtmwo1ce-onnkju-GET",
                            "request_models.%": "0",
                            "request_parameters.%": "0",
                            "request_validator_id": "",
                            "resource_id": "onnkju",
                            "rest_api_id": "efxtmwo1ce"
                        },
                        "meta": {},
                        "tainted": false
                    },
                    "deposed": [],
                    "provider": "provider.aws"
                },
                "aws_api_gateway_method_response.proxy": {
                    "type": "aws_api_gateway_method_response",
                    "depends_on": [
                        "aws_api_gateway_integration.proxy"
                    ],
                    "primary": {
                        "id": "agmr-efxtmwo1ce-onnkju-GET-200",
                        "attributes": {
                            "http_method": "GET",
                            "id": "agmr-efxtmwo1ce-onnkju-GET-200",
                            "resource_id": "onnkju",
                            "response_models.%": "1",
                            "response_models.application/json": "Empty",
                            "response_parameters.%": "3",
                            "response_parameters.method.response.header.Access-Control-Allow-Headers": "true",
                            "response_parameters.method.response.header.Access-Control-Allow-Methods": "true",
                            "response_parameters.method.response.header.Access-Control-Allow-Origin": "true",
                            "rest_api_id": "efxtmwo1ce",
                            "status_code": "200"
                        },
                        "meta": {},
                        "tainted": false
                    },
                    "deposed": [],
                    "provider": "provider.aws"
                },
                "aws_lambda_permission.allow_api_gateway_lambda_proxy": {
                    "type": "aws_lambda_permission",
                    "depends_on": [],
                    "primary": {
                        "id": "AllowExecutionFromApiGateway",
                        "attributes": {
                            "action": "lambda:InvokeFunction",
                            "function_name": "slapman_web_GET",
                            "id": "AllowExecutionFromApiGateway",
                            "principal": "apigateway.amazonaws.com",
                            "qualifier": "",
                            "source_arn": "arn:aws:execute-api:us-east-1:661405543333:efxtmwo1ce/*/*/*",
                            "statement_id": "AllowExecutionFromApiGateway"
                        },
                        "meta": {},
                        "tainted": false
                    },
                    "deposed": [],
                    "provider": "provider.aws"
                }
            },
            "depends_on": []
        },
        {
            "path": [
                "root",
                "slapman_web_options"
            ],
            "outputs": {
                "http_method": {
                    "sensitive": false,
                    "type": "string",
                    "value": "OPTIONS"
                }
            },
            "resources": {
                "aws_api_gateway_integration.proxy": {
                    "type": "aws_api_gateway_integration",
                    "depends_on": [
                        "aws_api_gateway_method.proxy"
                    ],
                    "primary": {
                        "id": "agi-efxtmwo1ce-onnkju-OPTIONS",
                        "attributes": {
                            "cache_key_parameters.#": "0",
                            "cache_namespace": "onnkju",
                            "http_method": "OPTIONS",
                            "id": "agi-efxtmwo1ce-onnkju-OPTIONS",
                            "integration_http_method": "POST",
                            "passthrough_behavior": "WHEN_NO_MATCH",
                            "request_parameters.%": "0",
                            "request_templates.%": "0",
                            "resource_id": "onnkju",
                            "rest_api_id": "efxtmwo1ce",
                            "type": "AWS_PROXY",
                            "uri": "arn:aws:apigateway:us-east-1:lambda:path/2015-03-31/functions/arn:aws:lambda:us-east-1:661405543333:function:slapman_web_OPTIONS/invocations"
                        },
                        "meta": {},
                        "tainted": false
                    },
                    "deposed": [],
                    "provider": "provider.aws"
                },
                "aws_api_gateway_integration_response.proxy": {
                    "type": "aws_api_gateway_integration_response",
                    "depends_on": [
                        "aws_api_gateway_method_response.proxy"
                    ],
                    "primary": {
                        "id": "agir-efxtmwo1ce-onnkju-OPTIONS-200",
                        "attributes": {
                            "http_method": "OPTIONS",
                            "id": "agir-efxtmwo1ce-onnkju-OPTIONS-200",
                            "resource_id": "onnkju",
                            "response_parameters.%": "3",
                            "response_parameters.method.response.header.Access-Control-Allow-Headers": "'Content-Type,X-Amz-Date,Authorization,X-Api-Key,X-Amz-Security-Token'",
                            "response_parameters.method.response.header.Access-Control-Allow-Methods": "'POST,OPTIONS,GET,PUT,PATCH,DELETE'",
                            "response_parameters.method.response.header.Access-Control-Allow-Origin": "'*'",
                            "response_templates.%": "1",
                            "response_templates.application/json": "",
                            "rest_api_id": "efxtmwo1ce",
                            "selection_pattern": "",
                            "status_code": "200"
                        },
                        "meta": {},
                        "tainted": false
                    },
                    "deposed": [],
                    "provider": "provider.aws"
                },
                "aws_api_gateway_method.proxy": {
                    "type": "aws_api_gateway_method",
                    "depends_on": [],
                    "primary": {
                        "id": "agm-efxtmwo1ce-onnkju-OPTIONS",
                        "attributes": {
                            "api_key_required": "false",
                            "authorization": "NONE",
                            "authorizer_id": "",
                            "http_method": "OPTIONS",
                            "id": "agm-efxtmwo1ce-onnkju-OPTIONS",
                            "request_models.%": "0",
                            "request_parameters.%": "0",
                            "request_validator_id": "",
                            "resource_id": "onnkju",
                            "rest_api_id": "efxtmwo1ce"
                        },
                        "meta": {},
                        "tainted": false
                    },
                    "deposed": [],
                    "provider": "provider.aws"
                },
                "aws_api_gateway_method_response.proxy": {
                    "type": "aws_api_gateway_method_response",
                    "depends_on": [
                        "aws_api_gateway_integration.proxy"
                    ],
                    "primary": {
                        "id": "agmr-efxtmwo1ce-onnkju-OPTIONS-200",
                        "attributes": {
                            "http_method": "OPTIONS",
                            "id": "agmr-efxtmwo1ce-onnkju-OPTIONS-200",
                            "resource_id": "onnkju",
                            "response_models.%": "1",
                            "response_models.application/json": "Empty",
                            "response_parameters.%": "3",
                            "response_parameters.method.response.header.Access-Control-Allow-Headers": "true",
                            "response_parameters.method.response.header.Access-Control-Allow-Methods": "true",
                            "response_parameters.method.response.header.Access-Control-Allow-Origin": "true",
                            "rest_api_id": "efxtmwo1ce",
                            "status_code": "200"
                        },
                        "meta": {},
                        "tainted": false
                    },
                    "deposed": [],
                    "provider": "provider.aws"
                },
                "aws_lambda_permission.allow_api_gateway_lambda_proxy": {
                    "type": "aws_lambda_permission",
                    "depends_on": [],
                    "primary": {
                        "id": "AllowExecutionFromApiGateway",
                        "attributes": {
                            "action": "lambda:InvokeFunction",
                            "function_name": "slapman_web_OPTIONS",
                            "id": "AllowExecutionFromApiGateway",
                            "principal": "apigateway.amazonaws.com",
                            "qualifier": "",
                            "source_arn": "arn:aws:execute-api:us-east-1:661405543333:efxtmwo1ce/*/*/*",
                            "statement_id": "AllowExecutionFromApiGateway"
                        },
                        "meta": {},
                        "tainted": false
                    },
                    "deposed": [],
                    "provider": "provider.aws"
                }
            },
            "depends_on": []
        },
        {
            "path": [
                "root",
                "slapman_web_post"
            ],
            "outputs": {
                "http_method": {
                    "sensitive": false,
                    "type": "string",
                    "value": "POST"
                }
            },
            "resources": {
                "aws_api_gateway_integration.proxy": {
                    "type": "aws_api_gateway_integration",
                    "depends_on": [
                        "aws_api_gateway_method.proxy"
                    ],
                    "primary": {
                        "id": "agi-efxtmwo1ce-onnkju-POST",
                        "attributes": {
                            "cache_key_parameters.#": "0",
                            "cache_namespace": "onnkju",
                            "http_method": "POST",
                            "id": "agi-efxtmwo1ce-onnkju-POST",
                            "integration_http_method": "POST",
                            "passthrough_behavior": "WHEN_NO_MATCH",
                            "request_parameters.%": "0",
                            "request_templates.%": "0",
                            "resource_id": "onnkju",
                            "rest_api_id": "efxtmwo1ce",
                            "type": "AWS_PROXY",
                            "uri": "arn:aws:apigateway:us-east-1:lambda:path/2015-03-31/functions/arn:aws:lambda:us-east-1:661405543333:function:slapman_web_POST/invocations"
                        },
                        "meta": {},
                        "tainted": false
                    },
                    "deposed": [],
                    "provider": "provider.aws"
                },
                "aws_api_gateway_integration_response.proxy": {
                    "type": "aws_api_gateway_integration_response",
                    "depends_on": [
                        "aws_api_gateway_method_response.proxy"
                    ],
                    "primary": {
                        "id": "agir-efxtmwo1ce-onnkju-POST-200",
                        "attributes": {
                            "http_method": "POST",
                            "id": "agir-efxtmwo1ce-onnkju-POST-200",
                            "resource_id": "onnkju",
                            "response_parameters.%": "3",
                            "response_parameters.method.response.header.Access-Control-Allow-Headers": "'Content-Type,X-Amz-Date,Authorization,X-Api-Key,X-Amz-Security-Token'",
                            "response_parameters.method.response.header.Access-Control-Allow-Methods": "'POST,OPTIONS,GET,PUT,PATCH,DELETE'",
                            "response_parameters.method.response.header.Access-Control-Allow-Origin": "'*'",
                            "response_templates.%": "1",
                            "response_templates.application/json": "",
                            "rest_api_id": "efxtmwo1ce",
                            "selection_pattern": "",
                            "status_code": "200"
                        },
                        "meta": {},
                        "tainted": false
                    },
                    "deposed": [],
                    "provider": "provider.aws"
                },
                "aws_api_gateway_method.proxy": {
                    "type": "aws_api_gateway_method",
                    "depends_on": [],
                    "primary": {
                        "id": "agm-efxtmwo1ce-onnkju-POST",
                        "attributes": {
                            "api_key_required": "false",
                            "authorization": "NONE",
                            "authorizer_id": "",
                            "http_method": "POST",
                            "id": "agm-efxtmwo1ce-onnkju-POST",
                            "request_models.%": "0",
                            "request_parameters.%": "0",
                            "request_validator_id": "",
                            "resource_id": "onnkju",
                            "rest_api_id": "efxtmwo1ce"
                        },
                        "meta": {},
                        "tainted": false
                    },
                    "deposed": [],
                    "provider": "provider.aws"
                },
                "aws_api_gateway_method_response.proxy": {
                    "type": "aws_api_gateway_method_response",
                    "depends_on": [
                        "aws_api_gateway_integration.proxy"
                    ],
                    "primary": {
                        "id": "agmr-efxtmwo1ce-onnkju-POST-200",
                        "attributes": {
                            "http_method": "POST",
                            "id": "agmr-efxtmwo1ce-onnkju-POST-200",
                            "resource_id": "onnkju",
                            "response_models.%": "1",
                            "response_models.application/json": "Empty",
                            "response_parameters.%": "3",
                            "response_parameters.method.response.header.Access-Control-Allow-Headers": "true",
                            "response_parameters.method.response.header.Access-Control-Allow-Methods": "true",
                            "response_parameters.method.response.header.Access-Control-Allow-Origin": "true",
                            "rest_api_id": "efxtmwo1ce",
                            "status_code": "200"
                        },
                        "meta": {},
                        "tainted": false
                    },
                    "deposed": [],
                    "provider": "provider.aws"
                },
                "aws_lambda_permission.allow_api_gateway_lambda_proxy": {
                    "type": "aws_lambda_permission",
                    "depends_on": [],
                    "primary": {
                        "id": "AllowExecutionFromApiGateway",
                        "attributes": {
                            "action": "lambda:InvokeFunction",
                            "function_name": "slapman_web_POST",
                            "id": "AllowExecutionFromApiGateway",
                            "principal": "apigateway.amazonaws.com",
                            "qualifier": "",
                            "source_arn": "arn:aws:execute-api:us-east-1:661405543333:efxtmwo1ce/*/*/*",
                            "statement_id": "AllowExecutionFromApiGateway"
                        },
                        "meta": {},
                        "tainted": false
                    },
                    "deposed": [],
                    "provider": "provider.aws"
                }
            },
            "depends_on": []
        }
    ]
}
