{
    "version": 3,
    "terraform_version": "0.11.1",
    "serial": 524,
    "lineage": "e112eeed-54f5-44dc-a7b0-26c4beab7c37",
    "modules": [
        {
            "path": [
                "root"
            ],
            "outputs": {
                "slapman-api-invoke-url": {
                    "sensitive": false,
                    "type": "string",
                    "value": "https://gq8unuo8h0.execute-api.us-east-1.amazonaws.com/production"
                },
                "slapman-api-url": {
                    "sensitive": false,
                    "type": "string",
                    "value": "https://gq8unuo8h0.execute-api.us-east-1.amazonaws.com/production/slapalicious"
                },
                "slapman-static-web-url": {
                    "sensitive": false,
                    "type": "string",
                    "value": "http://slapman-web.s3-website-us-east-1.amazonaws.com"
                },
                "slapman-web-invoke-url": {
                    "sensitive": false,
                    "type": "string",
                    "value": "https://efxtmwo1ce.execute-api.us-east-1.amazonaws.com/production"
                },
                "slapman-web-url": {
                    "sensitive": false,
                    "type": "string",
                    "value": "https://efxtmwo1ce.execute-api.us-east-1.amazonaws.com/production/{proxy+}"
                }
            },
            "resources": {
                "aws_api_gateway_deployment.slapalicious_api_deployment": {
                    "type": "aws_api_gateway_deployment",
                    "depends_on": [
                        "aws_api_gateway_rest_api.slapalicious_api",
                        "module.slapalicious_get",
                        "module.slapalicious_options",
                        "module.slapalicious_post"
                    ],
                    "primary": {
                        "id": "epxnjy",
                        "attributes": {
                            "created_date": "2017-09-06T06:01:57Z",
                            "description": "Deploy methods: OPTIONS GET POST",
                            "execution_arn": "arn:aws:execute-api:us-east-1:661405543333:gq8unuo8h0/production",
                            "id": "epxnjy",
                            "invoke_url": "https://gq8unuo8h0.execute-api.us-east-1.amazonaws.com/production",
                            "rest_api_id": "gq8unuo8h0",
                            "stage_name": "production"
                        },
                        "meta": {},
                        "tainted": false
                    },
                    "deposed": [],
                    "provider": "provider.aws"
                },
                "aws_api_gateway_deployment.slapman_web_deployment": {
                    "type": "aws_api_gateway_deployment",
                    "depends_on": [
                        "aws_api_gateway_rest_api.slapman_web",
                        "module.slapman_web_get",
                        "module.slapman_web_options",
                        "module.slapman_web_post"
                    ],
                    "primary": {
                        "id": "5m94ix",
                        "attributes": {
                            "created_date": "2017-11-11T02:41:44Z",
                            "description": "Deploy methods: OPTIONS GET POST",
                            "execution_arn": "arn:aws:execute-api:us-east-1:661405543333:efxtmwo1ce/production",
                            "id": "5m94ix",
                            "invoke_url": "https://efxtmwo1ce.execute-api.us-east-1.amazonaws.com/production",
                            "rest_api_id": "efxtmwo1ce",
                            "stage_name": "production"
                        },
                        "meta": {},
                        "tainted": false
                    },
                    "deposed": [],
                    "provider": "provider.aws"
                },
                "aws_api_gateway_method_settings.slapman_web_settings": {
                    "type": "aws_api_gateway_method_settings",
                    "depends_on": [
                        "aws_api_gateway_deployment.slapman_web_deployment",
                        "aws_api_gateway_resource.slapman_web_res_slapman",
                        "aws_api_gateway_rest_api.slapman_web"
                    ],
                    "primary": {
                        "id": "efxtmwo1ce-production-{proxy+}/*",
                        "attributes": {
                            "id": "efxtmwo1ce-production-{proxy+}/*",
                            "method_path": "{proxy+}/*",
                            "rest_api_id": "efxtmwo1ce",
                            "settings.#": "1",
                            "settings.0.cache_data_encrypted": "false",
                            "settings.0.cache_ttl_in_seconds": "0",
                            "settings.0.caching_enabled": "false",
                            "settings.0.data_trace_enabled": "false",
                            "settings.0.logging_level": "",
                            "settings.0.metrics_enabled": "true",
                            "settings.0.require_authorization_for_cache_control": "false",
                            "settings.0.throttling_burst_limit": "0",
                            "settings.0.throttling_rate_limit": "0",
                            "settings.0.unauthorized_cache_control_header_strategy": "",
                            "stage_name": "production"
                        },
                        "meta": {},
                        "tainted": false
                    },
                    "deposed": [],
                    "provider": "provider.aws"
                },
                "aws_api_gateway_resource.slapalicious_api_res_slapalicious": {
                    "type": "aws_api_gateway_resource",
                    "depends_on": [
                        "aws_api_gateway_rest_api.slapalicious_api"
                    ],
                    "primary": {
                        "id": "j2dh22",
                        "attributes": {
                            "id": "j2dh22",
                            "parent_id": "xfb4805sx7",
                            "path": "/slapalicious",
                            "path_part": "slapalicious",
                            "rest_api_id": "gq8unuo8h0"
                        },
                        "meta": {},
                        "tainted": false
                    },
                    "deposed": [],
                    "provider": "provider.aws"
                },
                "aws_api_gateway_resource.slapman_web_res_slapman": {
                    "type": "aws_api_gateway_resource",
                    "depends_on": [
                        "aws_api_gateway_rest_api.slapman_web"
                    ],
                    "primary": {
                        "id": "onnkju",
                        "attributes": {
                            "id": "onnkju",
                            "parent_id": "gj3nsovtn4",
                            "path": "/{proxy+}",
                            "path_part": "{proxy+}",
                            "rest_api_id": "efxtmwo1ce"
                        },
                        "meta": {},
                        "tainted": false
                    },
                    "deposed": [],
                    "provider": "provider.aws"
                },
                "aws_api_gateway_rest_api.slapalicious_api": {
                    "type": "aws_api_gateway_rest_api",
                    "depends_on": [],
                    "primary": {
                        "id": "gq8unuo8h0",
                        "attributes": {
                            "binary_media_types.#": "0",
                            "created_date": "2017-09-06T06:00:52Z",
                            "description": "",
                            "id": "gq8unuo8h0",
                            "name": "SLAPALICIOUS API",
                            "root_resource_id": "xfb4805sx7"
                        },
                        "meta": {},
                        "tainted": false
                    },
                    "deposed": [],
                    "provider": "provider.aws"
                },
                "aws_api_gateway_rest_api.slapman_web": {
                    "type": "aws_api_gateway_rest_api",
                    "depends_on": [],
                    "primary": {
                        "id": "efxtmwo1ce",
                        "attributes": {
                            "binary_media_types.#": "0",
                            "created_date": "2017-11-11T02:41:38Z",
                            "description": "",
                            "id": "efxtmwo1ce",
                            "name": "SLAPMAN WEB",
                            "root_resource_id": "gj3nsovtn4"
                        },
                        "meta": {},
                        "tainted": false
                    },
                    "deposed": [],
                    "provider": "provider.aws"
                },
                "aws_dynamodb_table.data-dynamodb-table": {
                    "type": "aws_dynamodb_table",
                    "depends_on": [],
                    "primary": {
                        "id": "Data",
                        "attributes": {
                            "arn": "arn:aws:dynamodb:us-east-1:661405543333:table/Data",
                            "attribute.#": "4",
                            "attribute.228464872.name": "ThingID",
                            "attribute.228464872.type": "S",
                            "attribute.2557450017.name": "Key",
                            "attribute.2557450017.type": "S",
                            "attribute.2983736611.name": "Value",
                            "attribute.2983736611.type": "S",
                            "attribute.3486115001.name": "DataID",
                            "attribute.3486115001.type": "S",
                            "global_secondary_index.#": "2",
                            "global_secondary_index.1891624214.hash_key": "Key",
                            "global_secondary_index.1891624214.name": "KeyIndex",
                            "global_secondary_index.1891624214.non_key_attributes.#": "1",
                            "global_secondary_index.1891624214.non_key_attributes.0": "DataID",
                            "global_secondary_index.1891624214.projection_type": "INCLUDE",
                            "global_secondary_index.1891624214.range_key": "Value",
                            "global_secondary_index.1891624214.read_capacity": "1",
                            "global_secondary_index.1891624214.write_capacity": "1",
                            "global_secondary_index.954357551.hash_key": "ThingID",
                            "global_secondary_index.954357551.name": "ThingIDIndex",
                            "global_secondary_index.954357551.non_key_attributes.#": "1",
                            "global_secondary_index.954357551.non_key_attributes.0": "DataID",
                            "global_secondary_index.954357551.projection_type": "INCLUDE",
                            "global_secondary_index.954357551.range_key": "Key",
                            "global_secondary_index.954357551.read_capacity": "1",
                            "global_secondary_index.954357551.write_capacity": "1",
                            "hash_key": "DataID",
                            "id": "Data",
                            "local_secondary_index.#": "0",
                            "name": "Data",
                            "range_key": "ThingID",
                            "read_capacity": "1",
                            "tags.%": "2",
                            "tags.Environment": "production",
                            "tags.Name": "data-table-1",
                            "ttl.#": "1",
                            "ttl.2557590691.attribute_name": "TimeToExist",
                            "ttl.2557590691.enabled": "false",
                            "write_capacity": "1"
                        },
                        "meta": {
                            "schema_version": "1"
                        },
                        "tainted": false
                    },
                    "deposed": [],
                    "provider": "provider.aws"
                },
                "aws_dynamodb_table.game-scores-dynamodb-table": {
                    "type": "aws_dynamodb_table",
                    "depends_on": [],
                    "primary": {
                        "id": "GameScores",
                        "attributes": {
                            "arn": "arn:aws:dynamodb:us-east-1:661405543333:table/GameScores",
                            "attribute.#": "3",
                            "attribute.301566416.name": "TopScore",
                            "attribute.301566416.type": "N",
                            "attribute.3178016421.name": "GameTitle",
                            "attribute.3178016421.type": "S",
                            "attribute.3403068082.name": "UserId",
                            "attribute.3403068082.type": "S",
                            "global_secondary_index.#": "1",
                            "global_secondary_index.3199539460.hash_key": "GameTitle",
                            "global_secondary_index.3199539460.name": "GameTitleIndex",
                            "global_secondary_index.3199539460.non_key_attributes.#": "1",
                            "global_secondary_index.3199539460.non_key_attributes.0": "UserId",
                            "global_secondary_index.3199539460.projection_type": "INCLUDE",
                            "global_secondary_index.3199539460.range_key": "TopScore",
                            "global_secondary_index.3199539460.read_capacity": "1",
                            "global_secondary_index.3199539460.write_capacity": "1",
                            "hash_key": "UserId",
                            "id": "GameScores",
                            "local_secondary_index.#": "0",
                            "name": "GameScores",
                            "range_key": "GameTitle",
                            "read_capacity": "1",
                            "tags.%": "2",
                            "tags.Environment": "production",
                            "tags.Name": "game-scores-dynamodb-table-1",
                            "ttl.#": "1",
                            "ttl.2557590691.attribute_name": "TimeToExist",
                            "ttl.2557590691.enabled": "false",
                            "write_capacity": "1"
                        },
                        "meta": {
                            "schema_version": "1"
                        },
                        "tainted": false
                    },
                    "deposed": [],
                    "provider": "provider.aws"
                },
                "aws_dynamodb_table.things-dynamodb-table": {
                    "type": "aws_dynamodb_table",
                    "depends_on": [],
                    "primary": {
                        "id": "Things",
                        "attributes": {
                            "arn": "arn:aws:dynamodb:us-east-1:661405543333:table/Things",
                            "attribute.#": "7",
                            "attribute.1065738097.name": "UpdatedAt",
                            "attribute.1065738097.type": "S",
                            "attribute.1599247888.name": "UserID",
                            "attribute.1599247888.type": "S",
                            "attribute.1819893367.name": "Version",
                            "attribute.1819893367.type": "N",
                            "attribute.228464872.name": "ThingID",
                            "attribute.228464872.type": "S",
                            "attribute.2351910555.name": "Score",
                            "attribute.2351910555.type": "N",
                            "attribute.3206617783.name": "Name",
                            "attribute.3206617783.type": "S",
                            "attribute.4150855366.name": "CreatedAt",
                            "attribute.4150855366.type": "S",
                            "global_secondary_index.#": "4",
                            "global_secondary_index.1198530491.hash_key": "CreatedAt",
                            "global_secondary_index.1198530491.name": "CreatedAtIndex",
                            "global_secondary_index.1198530491.non_key_attributes.#": "1",
                            "global_secondary_index.1198530491.non_key_attributes.0": "ThingID",
                            "global_secondary_index.1198530491.projection_type": "INCLUDE",
                            "global_secondary_index.1198530491.range_key": "Name",
                            "global_secondary_index.1198530491.read_capacity": "1",
                            "global_secondary_index.1198530491.write_capacity": "1",
                            "global_secondary_index.1433204187.hash_key": "Name",
                            "global_secondary_index.1433204187.name": "NameIndex",
                            "global_secondary_index.1433204187.non_key_attributes.#": "1",
                            "global_secondary_index.1433204187.non_key_attributes.0": "ThingID",
                            "global_secondary_index.1433204187.projection_type": "INCLUDE",
                            "global_secondary_index.1433204187.range_key": "Version",
                            "global_secondary_index.1433204187.read_capacity": "1",
                            "global_secondary_index.1433204187.write_capacity": "1",
                            "global_secondary_index.2651272679.hash_key": "UserID",
                            "global_secondary_index.2651272679.name": "UserIDIndex",
                            "global_secondary_index.2651272679.non_key_attributes.#": "1",
                            "global_secondary_index.2651272679.non_key_attributes.0": "ThingID",
                            "global_secondary_index.2651272679.projection_type": "INCLUDE",
                            "global_secondary_index.2651272679.range_key": "Score",
                            "global_secondary_index.2651272679.read_capacity": "1",
                            "global_secondary_index.2651272679.write_capacity": "1",
                            "global_secondary_index.691972201.hash_key": "UpdatedAt",
                            "global_secondary_index.691972201.name": "UpdatedAtIndex",
                            "global_secondary_index.691972201.non_key_attributes.#": "1",
                            "global_secondary_index.691972201.non_key_attributes.0": "ThingID",
                            "global_secondary_index.691972201.projection_type": "INCLUDE",
                            "global_secondary_index.691972201.range_key": "Name",
                            "global_secondary_index.691972201.read_capacity": "1",
                            "global_secondary_index.691972201.write_capacity": "1",
                            "hash_key": "ThingID",
                            "id": "Things",
                            "local_secondary_index.#": "0",
                            "name": "Things",
                            "range_key": "UserID",
                            "read_capacity": "1",
                            "tags.%": "2",
                            "tags.Environment": "production",
                            "tags.Name": "things-table-1",
                            "ttl.#": "1",
                            "ttl.2557590691.attribute_name": "TimeToExist",
                            "ttl.2557590691.enabled": "false",
                            "write_capacity": "1"
                        },
                        "meta": {
                            "schema_version": "1"
                        },
                        "tainted": false
                    },
                    "deposed": [],
                    "provider": "provider.aws"
                },
                "aws_dynamodb_table.user-table": {
                    "type": "aws_dynamodb_table",
                    "depends_on": [],
                    "primary": {
                        "id": "User",
                        "attributes": {
                            "arn": "arn:aws:dynamodb:us-east-1:661405543333:table/User",
                            "attribute.#": "7",
                            "attribute.1462593544.name": "Confirmed",
                            "attribute.1462593544.type": "N",
                            "attribute.1599247888.name": "UserID",
                            "attribute.1599247888.type": "S",
                            "attribute.204169284.name": "LastSeen",
                            "attribute.204169284.type": "S",
                            "attribute.3355349399.name": "Email",
                            "attribute.3355349399.type": "S",
                            "attribute.3686108098.name": "Username",
                            "attribute.3686108098.type": "S",
                            "attribute.4017693573.name": "PasswordHash",
                            "attribute.4017693573.type": "S",
                            "attribute.4213996848.name": "Role",
                            "attribute.4213996848.type": "N",
                            "global_secondary_index.#": "5",
                            "global_secondary_index.1817493307.hash_key": "LastSeen",
                            "global_secondary_index.1817493307.name": "LastSeenIndex",
                            "global_secondary_index.1817493307.non_key_attributes.#": "1",
                            "global_secondary_index.1817493307.non_key_attributes.0": "UserID",
                            "global_secondary_index.1817493307.projection_type": "INCLUDE",
                            "global_secondary_index.1817493307.range_key": "Email",
                            "global_secondary_index.1817493307.read_capacity": "1",
                            "global_secondary_index.1817493307.write_capacity": "1",
                            "global_secondary_index.2441459989.hash_key": "Role",
                            "global_secondary_index.2441459989.name": "RoleIndex",
                            "global_secondary_index.2441459989.non_key_attributes.#": "1",
                            "global_secondary_index.2441459989.non_key_attributes.0": "UserID",
                            "global_secondary_index.2441459989.projection_type": "INCLUDE",
                            "global_secondary_index.2441459989.range_key": "Confirmed",
                            "global_secondary_index.2441459989.read_capacity": "1",
                            "global_secondary_index.2441459989.write_capacity": "1",
                            "global_secondary_index.3659926681.hash_key": "Username",
                            "global_secondary_index.3659926681.name": "UsernameIndex",
                            "global_secondary_index.3659926681.non_key_attributes.#": "1",
                            "global_secondary_index.3659926681.non_key_attributes.0": "UserID",
                            "global_secondary_index.3659926681.projection_type": "INCLUDE",
                            "global_secondary_index.3659926681.range_key": "",
                            "global_secondary_index.3659926681.read_capacity": "1",
                            "global_secondary_index.3659926681.write_capacity": "1",
                            "global_secondary_index.4125620764.hash_key": "PasswordHash",
                            "global_secondary_index.4125620764.name": "PasswordHashIndex",
                            "global_secondary_index.4125620764.non_key_attributes.#": "1",
                            "global_secondary_index.4125620764.non_key_attributes.0": "UserID",
                            "global_secondary_index.4125620764.projection_type": "INCLUDE",
                            "global_secondary_index.4125620764.range_key": "",
                            "global_secondary_index.4125620764.read_capacity": "1",
                            "global_secondary_index.4125620764.write_capacity": "1",
                            "global_secondary_index.836158380.hash_key": "Email",
                            "global_secondary_index.836158380.name": "EmailIndex",
                            "global_secondary_index.836158380.non_key_attributes.#": "1",
                            "global_secondary_index.836158380.non_key_attributes.0": "UserID",
                            "global_secondary_index.836158380.projection_type": "INCLUDE",
                            "global_secondary_index.836158380.range_key": "Confirmed",
                            "global_secondary_index.836158380.read_capacity": "1",
                            "global_secondary_index.836158380.write_capacity": "1",
                            "hash_key": "UserID",
                            "id": "User",
                            "local_secondary_index.#": "0",
                            "name": "User",
                            "range_key": "Email",
                            "read_capacity": "1",
                            "tags.%": "2",
                            "tags.Environment": "production",
                            "tags.Name": "user-table-1",
                            "ttl.#": "1",
                            "ttl.2557590691.attribute_name": "TimeToExist",
                            "ttl.2557590691.enabled": "false",
                            "write_capacity": "1"
                        },
                        "meta": {
                            "schema_version": "1"
                        },
                        "tainted": false
                    },
                    "deposed": [],
                    "provider": "provider.aws"
                },
                "aws_dynamodb_table.usergroup-table": {
                    "type": "aws_dynamodb_table",
                    "depends_on": [],
                    "primary": {
                        "id": "UserGroups",
                        "attributes": {
                            "arn": "arn:aws:dynamodb:us-east-1:661405543333:table/UserGroups",
                            "attribute.#": "3",
                            "attribute.1599247888.name": "UserID",
                            "attribute.1599247888.type": "S",
                            "attribute.3206617783.name": "Name",
                            "attribute.3206617783.type": "S",
                            "attribute.816039688.name": "GroupID",
                            "attribute.816039688.type": "S",
                            "global_secondary_index.#": "2",
                            "global_secondary_index.1191556820.hash_key": "UserID",
                            "global_secondary_index.1191556820.name": "UserIDIndex",
                            "global_secondary_index.1191556820.non_key_attributes.#": "1",
                            "global_secondary_index.1191556820.non_key_attributes.0": "GroupID",
                            "global_secondary_index.1191556820.projection_type": "INCLUDE",
                            "global_secondary_index.1191556820.range_key": "Name",
                            "global_secondary_index.1191556820.read_capacity": "1",
                            "global_secondary_index.1191556820.write_capacity": "1",
                            "global_secondary_index.614883783.hash_key": "Name",
                            "global_secondary_index.614883783.name": "NameIndex",
                            "global_secondary_index.614883783.non_key_attributes.#": "1",
                            "global_secondary_index.614883783.non_key_attributes.0": "GroupID",
                            "global_secondary_index.614883783.projection_type": "INCLUDE",
                            "global_secondary_index.614883783.range_key": "UserID",
                            "global_secondary_index.614883783.read_capacity": "1",
                            "global_secondary_index.614883783.write_capacity": "1",
                            "hash_key": "GroupID",
                            "id": "UserGroups",
                            "local_secondary_index.#": "0",
                            "name": "UserGroups",
                            "range_key": "UserID",
                            "read_capacity": "1",
                            "tags.%": "2",
                            "tags.Environment": "production",
                            "tags.Name": "usergroup-table-1",
                            "ttl.#": "1",
                            "ttl.2557590691.attribute_name": "TimeToExist",
                            "ttl.2557590691.enabled": "false",
                            "write_capacity": "1"
                        },
                        "meta": {
                            "schema_version": "1"
                        },
                        "tainted": false
                    },
                    "deposed": [],
                    "provider": "provider.aws"
                },
                "aws_dynamodb_table.userprofile-table": {
                    "type": "aws_dynamodb_table",
                    "depends_on": [],
                    "primary": {
                        "id": "UserProfile",
                        "attributes": {
                            "arn": "arn:aws:dynamodb:us-east-1:661405543333:table/UserProfile",
                            "attribute.#": "7",
                            "attribute.1599247888.name": "UserID",
                            "attribute.1599247888.type": "S",
                            "attribute.2481937039.name": "MemberSince",
                            "attribute.2481937039.type": "S",
                            "attribute.2514909225.name": "AboutMe",
                            "attribute.2514909225.type": "S",
                            "attribute.304217718.name": "Age",
                            "attribute.304217718.type": "N",
                            "attribute.3206617783.name": "Name",
                            "attribute.3206617783.type": "S",
                            "attribute.3664415543.name": "AvatarHash",
                            "attribute.3664415543.type": "S",
                            "attribute.432321770.name": "Location",
                            "attribute.432321770.type": "S",
                            "global_secondary_index.#": "4",
                            "global_secondary_index.2002445839.hash_key": "MemberSince",
                            "global_secondary_index.2002445839.name": "MemberSinceIndex",
                            "global_secondary_index.2002445839.non_key_attributes.#": "1",
                            "global_secondary_index.2002445839.non_key_attributes.0": "UserID",
                            "global_secondary_index.2002445839.projection_type": "INCLUDE",
                            "global_secondary_index.2002445839.range_key": "Location",
                            "global_secondary_index.2002445839.read_capacity": "1",
                            "global_secondary_index.2002445839.write_capacity": "1",
                            "global_secondary_index.2670908839.hash_key": "AvatarHash",
                            "global_secondary_index.2670908839.name": "AvatarHashIndex",
                            "global_secondary_index.2670908839.non_key_attributes.#": "1",
                            "global_secondary_index.2670908839.non_key_attributes.0": "UserID",
                            "global_secondary_index.2670908839.projection_type": "INCLUDE",
                            "global_secondary_index.2670908839.range_key": "Age",
                            "global_secondary_index.2670908839.read_capacity": "1",
                            "global_secondary_index.2670908839.write_capacity": "1",
                            "global_secondary_index.3869942400.hash_key": "Name",
                            "global_secondary_index.3869942400.name": "NameIndex",
                            "global_secondary_index.3869942400.non_key_attributes.#": "1",
                            "global_secondary_index.3869942400.non_key_attributes.0": "UserID",
                            "global_secondary_index.3869942400.projection_type": "INCLUDE",
                            "global_secondary_index.3869942400.range_key": "AboutMe",
                            "global_secondary_index.3869942400.read_capacity": "1",
                            "global_secondary_index.3869942400.write_capacity": "1",
                            "global_secondary_index.452877206.hash_key": "Location",
                            "global_secondary_index.452877206.name": "LocationIndex",
                            "global_secondary_index.452877206.non_key_attributes.#": "1",
                            "global_secondary_index.452877206.non_key_attributes.0": "UserID",
                            "global_secondary_index.452877206.projection_type": "INCLUDE",
                            "global_secondary_index.452877206.range_key": "Age",
                            "global_secondary_index.452877206.read_capacity": "1",
                            "global_secondary_index.452877206.write_capacity": "1",
                            "hash_key": "UserID",
                            "id": "UserProfile",
                            "local_secondary_index.#": "0",
                            "name": "UserProfile",
                            "range_key": "Location",
                            "read_capacity": "1",
                            "tags.%": "2",
                            "tags.Environment": "production",
                            "tags.Name": "userprofile-table-1",
                            "ttl.#": "1",
                            "ttl.2557590691.attribute_name": "TimeToExist",
                            "ttl.2557590691.enabled": "false",
                            "write_capacity": "1"
                        },
                        "meta": {
                            "schema_version": "1"
                        },
                        "tainted": false
                    },
                    "deposed": [],
                    "provider": "provider.aws"
                },
                "aws_iam_role.iam_for_slapman": {
                    "type": "aws_iam_role",
                    "depends_on": [],
                    "primary": {
                        "id": "iam_for_slapman",
                        "attributes": {
                            "arn": "arn:aws:iam::661405543333:role/iam_for_slapman",
                            "assume_role_policy": "{\"Version\":\"2012-10-17\",\"Statement\":[{\"Sid\":\"\",\"Effect\":\"Allow\",\"Principal\":{\"Service\":\"lambda.amazonaws.com\"},\"Action\":\"sts:AssumeRole\"},{\"Sid\":\"\",\"Effect\":\"Allow\",\"Principal\":{\"Service\":\"dynamodb.amazonaws.com\"},\"Action\":\"sts:AssumeRole\"},{\"Sid\":\"\",\"Effect\":\"Allow\",\"Principal\":{\"Service\":\"s3.amazonaws.com\"},\"Action\":\"sts:AssumeRole\"},{\"Sid\":\"\",\"Effect\":\"Allow\",\"Principal\":{\"Service\":\"apigateway.amazonaws.com\"},\"Action\":\"sts:AssumeRole\"},{\"Sid\":\"\",\"Effect\":\"Allow\",\"Principal\":{\"Service\":\"application-autoscaling.amazonaws.com\"},\"Action\":\"sts:AssumeRole\"}]}",
                            "create_date": "2017-09-06T06:00:52Z",
                            "force_detach_policies": "false",
                            "id": "iam_for_slapman",
                            "name": "iam_for_slapman",
                            "path": "/",
                            "unique_id": "AROAI4R3J5M6R2DJ3IV7Q"
                        },
                        "meta": {},
                        "tainted": false
                    },
                    "deposed": [],
                    "provider": "provider.aws"
                },
                "aws_iam_role_policy.iam_for_slapman-added-lambda-iam-role-policy": {
                    "type": "aws_iam_role_policy",
                    "depends_on": [
                        "aws_dynamodb_table.data-dynamodb-table",
                        "aws_dynamodb_table.game-scores-dynamodb-table",
                        "aws_dynamodb_table.things-dynamodb-table",
                        "aws_dynamodb_table.user-table",
                        "aws_dynamodb_table.usergroup-table",
                        "aws_dynamodb_table.userprofile-table",
                        "aws_iam_role.iam_for_slapman"
                    ],
                    "primary": {
                        "id": "iam_for_slapman:iam_for_slapman-added-lambda-iam-role-policy",
                        "attributes": {
                            "id": "iam_for_slapman:iam_for_slapman-added-lambda-iam-role-policy",
                            "name": "iam_for_slapman-added-lambda-iam-role-policy",
                            "policy": "{\n  \"Version\": \"2012-10-17\",\n  \"Statement\": [\n    {\n      \"Action\": [\n        \"dynamodb:GetItem\",\n        \"dynamodb:BatchGetItem\",\n        \"dynamodb:Query\",\n        \"dynamodb:Scan\",\n        \"dynamodb:PutItem\",\n        \"dynamodb:UpdateItem\",\n        \"dynamodb:DeleteItem\",\n        \"dynamodb:BatchWriteItem\",\n        \"dynamodb:GetRecords\",\n        \"dynamodb:GetShardIterator\",\n        \"dynamodb:DescribeTable\",\n        \"dynamodb:DescribeLimits\",\n        \"dynamodb:DescribeTimeToLive\",\n        \"dynamodb:DescribeStream\",\n        \"dynamodb:ListStreams\",\n        \"dynamodb:TagResource\",\n        \"dynamodb:UntagResource\",\n        \"dynamodb:ListTagsOfResource\"\n      ],\n      \"Resource\": [\n        \"arn:aws:dynamodb:us-east-1:661405543333:table/GameScores\",\n        \"arn:aws:dynamodb:us-east-1:661405543333:table/GameScores/index/*\",\n        \"arn:aws:dynamodb:us-east-1:661405543333:table/User\",\n        \"arn:aws:dynamodb:us-east-1:661405543333:table/User/index/*\",\n        \"arn:aws:dynamodb:us-east-1:661405543333:table/UserProfile\",\n        \"arn:aws:dynamodb:us-east-1:661405543333:table/UserProfile/index/*\",\n        \"arn:aws:dynamodb:us-east-1:661405543333:table/UserGroups\",\n        \"arn:aws:dynamodb:us-east-1:661405543333:table/UserGroups/index/*\",\n        \"arn:aws:dynamodb:us-east-1:661405543333:table/Things\",\n        \"arn:aws:dynamodb:us-east-1:661405543333:table/Things/index/*\",\n        \"arn:aws:dynamodb:us-east-1:661405543333:table/Data\",\n        \"arn:aws:dynamodb:us-east-1:661405543333:table/Data/index/*\"\n      ],\n      \"Effect\": \"Allow\",\n      \"Sid\": \"\"\n    },\n    {\n      \"Action\": [\n        \"cloudwatch:GetMetricStatistics\",\n        \"cloudwatch:ListMetrics\",\n        \"cloudwatch:PutMetricData\",\n        \"logs:CreateLogGroup\",\n        \"logs:CreateLogStream\",\n        \"logs:DescribeLogStreams\",\n        \"logs:PutSubscriptionFilter\",\n        \"logs:PutLogEvents\"\n      ],\n      \"Effect\": \"Allow\",\n      \"Resource\": \"arn:aws:logs:*:*:*\"\n    },\n    {\n      \"Effect\": \"Allow\",\n      \"Action\": \"s3:GetObject\",\n      \"Resource\": [\n        \"arn:aws:s3:::slapman-web/*\"\n      ]\n    },\n    {\n      \"Action\": [\n        \"dynamodb:DescribeTable\",\n        \"dynamodb:UpdateTable\",\n        \"cloudwatch:PutMetricAlarm\",\n        \"cloudwatch:DescribeAlarms\",\n        \"cloudwatch:DeleteAlarms\"\n      ],\n      \"Effect\": \"Allow\",\n      \"Resource\": \"*\"\n    }\n  ]\n}\n",
                            "role": "iam_for_slapman"
                        },
                        "meta": {},
                        "tainted": false
                    },
                    "deposed": [],
                    "provider": "provider.aws"
                },
                "aws_lambda_alias.slapman_slapalicious_GET_alias": {
                    "type": "aws_lambda_alias",
                    "depends_on": [
                        "aws_lambda_function.slapman_slapalicious_GET"
                    ],
                    "primary": {
                        "id": "arn:aws:lambda:us-east-1:661405543333:function:slapman_slapalicious_GET:slapmanslapaliciousGETalias",
                        "attributes": {
                            "arn": "arn:aws:lambda:us-east-1:661405543333:function:slapman_slapalicious_GET:slapmanslapaliciousGETalias",
                            "description": "a sample description",
                            "function_name": "slapman_slapalicious_GET",
                            "function_version": "$LATEST",
                            "id": "arn:aws:lambda:us-east-1:661405543333:function:slapman_slapalicious_GET:slapmanslapaliciousGETalias",
                            "name": "slapmanslapaliciousGETalias"
                        },
                        "meta": {},
                        "tainted": false
                    },
                    "deposed": [],
                    "provider": "provider.aws"
                },
                "aws_lambda_alias.slapman_slapalicious_POST_alias": {
                    "type": "aws_lambda_alias",
                    "depends_on": [
                        "aws_lambda_function.slapman_slapalicious_POST"
                    ],
                    "primary": {
                        "id": "arn:aws:lambda:us-east-1:661405543333:function:slapman_slapalicious_POST:slapmanslapaliciousPOSTalias",
                        "attributes": {
                            "arn": "arn:aws:lambda:us-east-1:661405543333:function:slapman_slapalicious_POST:slapmanslapaliciousPOSTalias",
                            "description": "a sample description",
                            "function_name": "slapman_slapalicious_POST",
                            "function_version": "$LATEST",
                            "id": "arn:aws:lambda:us-east-1:661405543333:function:slapman_slapalicious_POST:slapmanslapaliciousPOSTalias",
                            "name": "slapmanslapaliciousPOSTalias"
                        },
                        "meta": {},
                        "tainted": false
                    },
                    "deposed": [],
                    "provider": "provider.aws"
                },
                "aws_lambda_function.slapman_slapalicious_GET": {
                    "type": "aws_lambda_function",
                    "depends_on": [
                        "aws_iam_role.iam_for_slapman"
                    ],
                    "primary": {
                        "id": "slapman_slapalicious_GET",
                        "attributes": {
                            "arn": "arn:aws:lambda:us-east-1:661405543333:function:slapman_slapalicious_GET",
                            "dead_letter_config.#": "0",
                            "description": "",
                            "environment.#": "1",
                            "environment.0.variables.%": "1",
                            "environment.0.variables.foo": "bar",
                            "filename": "infrastructure/slapalicious.zip",
                            "function_name": "slapman_slapalicious_GET",
                            "handler": "main.handle",
                            "id": "slapman_slapalicious_GET",
                            "invoke_arn": "arn:aws:apigateway:us-east-1:lambda:path/2015-03-31/functions/arn:aws:lambda:us-east-1:661405543333:function:slapman_slapalicious_GET/invocations",
                            "kms_key_arn": "",
                            "last_modified": "2017-12-13T09:00:23.331+0000",
                            "memory_size": "128",
                            "publish": "false",
                            "qualified_arn": "arn:aws:lambda:us-east-1:661405543333:function:slapman_slapalicious_GET:$LATEST",
                            "role": "arn:aws:iam::661405543333:role/iam_for_slapman",
                            "runtime": "python3.6",
                            "source_code_hash": "Dv9HK5Ke3IpLU3EOMokqG/TlVXcI8tvLTqnp6k5DD9s=",
                            "tags.%": "0",
                            "timeout": "300",
                            "tracing_config.#": "1",
                            "tracing_config.0.mode": "PassThrough",
                            "version": "$LATEST",
                            "vpc_config.#": "0"
                        },
                        "meta": {},
                        "tainted": false
                    },
                    "deposed": [],
                    "provider": "provider.aws"
                },
                "aws_lambda_function.slapman_slapalicious_OPTIONS": {
                    "type": "aws_lambda_function",
                    "depends_on": [
                        "aws_iam_role.iam_for_slapman"
                    ],
                    "primary": {
                        "id": "slapman_slapalicious_OPTIONS",
                        "attributes": {
                            "arn": "arn:aws:lambda:us-east-1:661405543333:function:slapman_slapalicious_OPTIONS",
                            "dead_letter_config.#": "0",
                            "description": "",
                            "environment.#": "1",
                            "environment.0.variables.%": "1",
                            "environment.0.variables.foo": "bar",
                            "filename": "infrastructure/slapalicious.zip",
                            "function_name": "slapman_slapalicious_OPTIONS",
                            "handler": "main.handle",
                            "id": "slapman_slapalicious_OPTIONS",
                            "invoke_arn": "arn:aws:apigateway:us-east-1:lambda:path/2015-03-31/functions/arn:aws:lambda:us-east-1:661405543333:function:slapman_slapalicious_OPTIONS/invocations",
                            "kms_key_arn": "",
                            "last_modified": "2017-12-13T08:45:26.621+0000",
                            "memory_size": "128",
                            "publish": "false",
                            "qualified_arn": "arn:aws:lambda:us-east-1:661405543333:function:slapman_slapalicious_OPTIONS:$LATEST",
                            "role": "arn:aws:iam::661405543333:role/iam_for_slapman",
                            "runtime": "python3.6",
                            "source_code_hash": "Dv9HK5Ke3IpLU3EOMokqG/TlVXcI8tvLTqnp6k5DD9s=",
                            "tags.%": "0",
                            "timeout": "300",
                            "tracing_config.#": "1",
                            "tracing_config.0.mode": "PassThrough",
                            "version": "$LATEST",
                            "vpc_config.#": "0"
                        },
                        "meta": {},
                        "tainted": false
                    },
                    "deposed": [],
                    "provider": "provider.aws"
                },
                "aws_lambda_function.slapman_slapalicious_POST": {
                    "type": "aws_lambda_function",
                    "depends_on": [
                        "aws_iam_role.iam_for_slapman"
                    ],
                    "primary": {
                        "id": "slapman_slapalicious_POST",
                        "attributes": {
                            "arn": "arn:aws:lambda:us-east-1:661405543333:function:slapman_slapalicious_POST",
                            "dead_letter_config.#": "0",
                            "description": "",
                            "environment.#": "1",
                            "environment.0.variables.%": "1",
                            "environment.0.variables.foo": "bar",
                            "filename": "infrastructure/slapalicious.zip",
                            "function_name": "slapman_slapalicious_POST",
                            "handler": "main.handle",
                            "id": "slapman_slapalicious_POST",
                            "invoke_arn": "arn:aws:apigateway:us-east-1:lambda:path/2015-03-31/functions/arn:aws:lambda:us-east-1:661405543333:function:slapman_slapalicious_POST/invocations",
                            "kms_key_arn": "",
                            "last_modified": "2017-12-13T08:59:06.435+0000",
                            "memory_size": "128",
                            "publish": "false",
                            "qualified_arn": "arn:aws:lambda:us-east-1:661405543333:function:slapman_slapalicious_POST:$LATEST",
                            "role": "arn:aws:iam::661405543333:role/iam_for_slapman",
                            "runtime": "python3.6",
                            "source_code_hash": "Dv9HK5Ke3IpLU3EOMokqG/TlVXcI8tvLTqnp6k5DD9s=",
                            "tags.%": "0",
                            "timeout": "300",
                            "tracing_config.#": "1",
                            "tracing_config.0.mode": "PassThrough",
                            "version": "$LATEST",
                            "vpc_config.#": "0"
                        },
                        "meta": {},
                        "tainted": false
                    },
                    "deposed": [],
                    "provider": "provider.aws"
                },
                "aws_lambda_function.slapman_web_GET": {
                    "type": "aws_lambda_function",
                    "depends_on": [
                        "aws_iam_role.iam_for_slapman"
                    ],
                    "primary": {
                        "id": "slapman_web_GET",
                        "attributes": {
                            "arn": "arn:aws:lambda:us-east-1:661405543333:function:slapman_web_GET",
                            "dead_letter_config.#": "0",
                            "description": "",
                            "environment.#": "1",
                            "environment.0.variables.%": "1",
                            "environment.0.variables.foo": "bar",
                            "filename": "infrastructure/slapalicious.zip",
                            "function_name": "slapman_web_GET",
                            "handler": "web.handle",
                            "id": "slapman_web_GET",
                            "invoke_arn": "arn:aws:apigateway:us-east-1:lambda:path/2015-03-31/functions/arn:aws:lambda:us-east-1:661405543333:function:slapman_web_GET/invocations",
                            "kms_key_arn": "",
                            "last_modified": "2017-12-13T09:01:40.426+0000",
                            "memory_size": "128",
                            "publish": "false",
                            "qualified_arn": "arn:aws:lambda:us-east-1:661405543333:function:slapman_web_GET:$LATEST",
                            "role": "arn:aws:iam::661405543333:role/iam_for_slapman",
                            "runtime": "python3.6",
                            "source_code_hash": "Dv9HK5Ke3IpLU3EOMokqG/TlVXcI8tvLTqnp6k5DD9s=",
                            "tags.%": "0",
                            "timeout": "300",
                            "tracing_config.#": "1",
                            "tracing_config.0.mode": "PassThrough",
                            "version": "$LATEST",
                            "vpc_config.#": "0"
                        },
                        "meta": {},
                        "tainted": false
                    },
                    "deposed": [],
                    "provider": "provider.aws"
                },
                "aws_lambda_function.slapman_web_OPTIONS": {
                    "type": "aws_lambda_function",
                    "depends_on": [
                        "aws_iam_role.iam_for_slapman"
                    ],
                    "primary": {
                        "id": "slapman_web_OPTIONS",
                        "attributes": {
                            "arn": "arn:aws:lambda:us-east-1:661405543333:function:slapman_web_OPTIONS",
                            "dead_letter_config.#": "0",
                            "description": "",
                            "environment.#": "1",
                            "environment.0.variables.%": "1",
                            "environment.0.variables.foo": "bar",
                            "filename": "infrastructure/slapalicious.zip",
                            "function_name": "slapman_web_OPTIONS",
                            "handler": "web.handle",
                            "id": "slapman_web_OPTIONS",
                            "invoke_arn": "arn:aws:apigateway:us-east-1:lambda:path/2015-03-31/functions/arn:aws:lambda:us-east-1:661405543333:function:slapman_web_OPTIONS/invocations",
                            "kms_key_arn": "",
                            "last_modified": "2017-12-13T08:44:36.297+0000",
                            "memory_size": "128",
                            "publish": "false",
                            "qualified_arn": "arn:aws:lambda:us-east-1:661405543333:function:slapman_web_OPTIONS:$LATEST",
                            "role": "arn:aws:iam::661405543333:role/iam_for_slapman",
                            "runtime": "python3.6",
                            "source_code_hash": "Dv9HK5Ke3IpLU3EOMokqG/TlVXcI8tvLTqnp6k5DD9s=",
                            "tags.%": "0",
                            "timeout": "300",
                            "tracing_config.#": "1",
                            "tracing_config.0.mode": "PassThrough",
                            "version": "$LATEST",
                            "vpc_config.#": "0"
                        },
                        "meta": {},
                        "tainted": false
                    },
                    "deposed": [],
                    "provider": "provider.aws"
                },
                "aws_lambda_function.slapman_web_POST": {
                    "type": "aws_lambda_function",
                    "depends_on": [
                        "aws_iam_role.iam_for_slapman"
                    ],
                    "primary": {
                        "id": "slapman_web_POST",
                        "attributes": {
                            "arn": "arn:aws:lambda:us-east-1:661405543333:function:slapman_web_POST",
                            "dead_letter_config.#": "0",
                            "description": "",
                            "environment.#": "1",
                            "environment.0.variables.%": "1",
                            "environment.0.variables.foo": "bar",
                            "filename": "infrastructure/slapalicious.zip",
                            "function_name": "slapman_web_POST",
                            "handler": "web.handle",
                            "id": "slapman_web_POST",
                            "invoke_arn": "arn:aws:apigateway:us-east-1:lambda:path/2015-03-31/functions/arn:aws:lambda:us-east-1:661405543333:function:slapman_web_POST/invocations",
                            "kms_key_arn": "",
                            "last_modified": "2017-12-13T08:43:45.954+0000",
                            "memory_size": "128",
                            "publish": "false",
                            "qualified_arn": "arn:aws:lambda:us-east-1:661405543333:function:slapman_web_POST:$LATEST",
                            "role": "arn:aws:iam::661405543333:role/iam_for_slapman",
                            "runtime": "python3.6",
                            "source_code_hash": "Dv9HK5Ke3IpLU3EOMokqG/TlVXcI8tvLTqnp6k5DD9s=",
                            "tags.%": "0",
                            "timeout": "300",
                            "tracing_config.#": "1",
                            "tracing_config.0.mode": "PassThrough",
                            "version": "$LATEST",
                            "vpc_config.#": "0"
                        },
                        "meta": {},
                        "tainted": false
                    },
                    "deposed": [],
                    "provider": "provider.aws"
                },
                "aws_lambda_permission.allow_cloudwatch_slapman_slapalicious_GET": {
                    "type": "aws_lambda_permission",
                    "depends_on": [
                        "aws_lambda_alias.slapman_slapalicious_GET_alias",
                        "aws_lambda_function.slapman_slapalicious_GET"
                    ],
                    "primary": {
                        "id": "AllowExecutionFromCloudWatch",
                        "attributes": {
                            "action": "lambda:InvokeFunction",
                            "function_name": "slapman_slapalicious_GET",
                            "id": "AllowExecutionFromCloudWatch",
                            "principal": "events.amazonaws.com",
                            "qualifier": "slapmanslapaliciousGETalias",
                            "source_account": "661405543333",
                            "source_arn": "arn:aws:events:us-east-1:661405543333:rule/RunDaily",
                            "statement_id": "AllowExecutionFromCloudWatch"
                        },
                        "meta": {},
                        "tainted": false
                    },
                    "deposed": [],
                    "provider": "provider.aws"
                },
                "aws_lambda_permission.allow_cloudwatch_slapman_slapalicious_POST": {
                    "type": "aws_lambda_permission",
                    "depends_on": [
                        "aws_lambda_alias.slapman_slapalicious_POST_alias",
                        "aws_lambda_function.slapman_slapalicious_POST"
                    ],
                    "primary": {
                        "id": "AllowExecutionFromCloudWatch",
                        "attributes": {
                            "action": "lambda:InvokeFunction",
                            "function_name": "slapman_slapalicious_POST",
                            "id": "AllowExecutionFromCloudWatch",
                            "principal": "events.amazonaws.com",
                            "qualifier": "slapmanslapaliciousPOSTalias",
                            "source_account": "661405543333",
                            "source_arn": "arn:aws:events:us-east-1:661405543333:rule/RunDaily",
                            "statement_id": "AllowExecutionFromCloudWatch"
                        },
                        "meta": {},
                        "tainted": false
                    },
                    "deposed": [],
                    "provider": "provider.aws"
                },
                "aws_s3_bucket.slapman-web": {
                    "type": "aws_s3_bucket",
                    "depends_on": [],
                    "primary": {
                        "id": "slapman-web",
                        "attributes": {
                            "acceleration_status": "",
                            "acl": "public-read",
                            "arn": "arn:aws:s3:::slapman-web",
                            "bucket": "slapman-web",
                            "bucket_domain_name": "slapman-web.s3.amazonaws.com",
                            "cors_rule.#": "1",
                            "cors_rule.0.allowed_headers.#": "1",
                            "cors_rule.0.allowed_headers.0": "*",
                            "cors_rule.0.allowed_methods.#": "2",
                            "cors_rule.0.allowed_methods.0": "GET",
                            "cors_rule.0.allowed_methods.1": "POST",
                            "cors_rule.0.allowed_origins.#": "1",
                            "cors_rule.0.allowed_origins.0": "*",
                            "cors_rule.0.expose_headers.#": "1",
                            "cors_rule.0.expose_headers.0": "Etag",
                            "cors_rule.0.max_age_seconds": "3000",
                            "force_destroy": "false",
                            "hosted_zone_id": "Z3AQBSTGFYJSTF",
                            "id": "slapman-web",
                            "logging.#": "0",
                            "region": "us-east-1",
                            "request_payer": "BucketOwner",
                            "tags.%": "0",
                            "versioning.#": "1",
                            "versioning.0.enabled": "false",
                            "versioning.0.mfa_delete": "false",
                            "website.#": "1",
                            "website.0.error_document": "404.html",
                            "website.0.index_document": "index.html",
                            "website.0.redirect_all_requests_to": "",
                            "website.0.routing_rules": "[{\"Condition\":{\"KeyPrefixEquals\":\"docs/\"},\"Redirect\":{\"ReplaceKeyPrefixWith\":\"documents/\"}}]",
                            "website_domain": "s3-website-us-east-1.amazonaws.com",
                            "website_endpoint": "slapman-web.s3-website-us-east-1.amazonaws.com"
                        },
                        "meta": {},
                        "tainted": false
                    },
                    "deposed": [],
                    "provider": "provider.aws"
                }
            },
            "depends_on": []
        },
        {
            "path": [
                "root",
                "data-dynamodb-table_KeyIndex_autoscaling"
            ],
            "outputs": {},
            "resources": {
                "aws_appautoscaling_policy.dynamodb_index_read_policy": {
                    "type": "aws_appautoscaling_policy",
                    "depends_on": [
                        "aws_appautoscaling_target.dynamodb_index_read_target"
                    ],
                    "primary": {
                        "id": "DynamoDBReadCapacityUtilization:table/Data/index/KeyIndex",
                        "attributes": {
                            "arn": "arn:aws:autoscaling:us-east-1:661405543333:scalingPolicy:10367d63-6da9-41ac-acab-0db10667a7a3:resource/dynamodb/table/Data/index/KeyIndex:policyName/DynamoDBReadCapacityUtilization:table/Data/index/KeyIndex",
                            "id": "DynamoDBReadCapacityUtilization:table/Data/index/KeyIndex",
                            "name": "DynamoDBReadCapacityUtilization:table/Data/index/KeyIndex",
                            "policy_type": "TargetTrackingScaling",
                            "resource_id": "table/Data/index/KeyIndex",
                            "scalable_dimension": "dynamodb:index:ReadCapacityUnits",
                            "service_namespace": "dynamodb",
                            "step_scaling_policy_configuration.#": "0",
                            "target_tracking_scaling_policy_configuration.#": "1",
                            "target_tracking_scaling_policy_configuration.0.customized_metric_specification.#": "0",
                            "target_tracking_scaling_policy_configuration.0.disable_scale_in": "false",
                            "target_tracking_scaling_policy_configuration.0.predefined_metric_specification.#": "1",
                            "target_tracking_scaling_policy_configuration.0.predefined_metric_specification.0.predefined_metric_type": "DynamoDBReadCapacityUtilization",
                            "target_tracking_scaling_policy_configuration.0.predefined_metric_specification.0.resource_label": "",
                            "target_tracking_scaling_policy_configuration.0.scale_in_cooldown": "10",
                            "target_tracking_scaling_policy_configuration.0.scale_out_cooldown": "10",
                            "target_tracking_scaling_policy_configuration.0.target_value": "80"
                        },
                        "meta": {},
                        "tainted": false
                    },
                    "deposed": [],
                    "provider": "provider.aws"
                },
                "aws_appautoscaling_policy.dynamodb_index_write_policy": {
                    "type": "aws_appautoscaling_policy",
                    "depends_on": [
                        "aws_appautoscaling_target.dynamodb_index_write_target"
                    ],
                    "primary": {
                        "id": "DynamoDBWriteCapacityUtilization:table/Data/index/KeyIndex",
                        "attributes": {
                            "arn": "arn:aws:autoscaling:us-east-1:661405543333:scalingPolicy:acbf9807-e6ed-4369-9c16-7b54f7073342:resource/dynamodb/table/Data/index/KeyIndex:policyName/DynamoDBWriteCapacityUtilization:table/Data/index/KeyIndex",
                            "id": "DynamoDBWriteCapacityUtilization:table/Data/index/KeyIndex",
                            "name": "DynamoDBWriteCapacityUtilization:table/Data/index/KeyIndex",
                            "policy_type": "TargetTrackingScaling",
                            "resource_id": "table/Data/index/KeyIndex",
                            "scalable_dimension": "dynamodb:index:WriteCapacityUnits",
                            "service_namespace": "dynamodb",
                            "step_scaling_policy_configuration.#": "0",
                            "target_tracking_scaling_policy_configuration.#": "1",
                            "target_tracking_scaling_policy_configuration.0.customized_metric_specification.#": "0",
                            "target_tracking_scaling_policy_configuration.0.disable_scale_in": "false",
                            "target_tracking_scaling_policy_configuration.0.predefined_metric_specification.#": "1",
                            "target_tracking_scaling_policy_configuration.0.predefined_metric_specification.0.predefined_metric_type": "DynamoDBWriteCapacityUtilization",
                            "target_tracking_scaling_policy_configuration.0.predefined_metric_specification.0.resource_label": "",
                            "target_tracking_scaling_policy_configuration.0.scale_in_cooldown": "10",
                            "target_tracking_scaling_policy_configuration.0.scale_out_cooldown": "10",
                            "target_tracking_scaling_policy_configuration.0.target_value": "80"
                        },
                        "meta": {},
                        "tainted": false
                    },
                    "deposed": [],
                    "provider": "provider.aws"
                },
                "aws_appautoscaling_policy.dynamodb_table_read_policy": {
                    "type": "aws_appautoscaling_policy",
                    "depends_on": [
                        "aws_appautoscaling_target.dynamodb_table_read_target"
                    ],
                    "primary": {
                        "id": "DynamoDBReadCapacityUtilization:table/Data",
                        "attributes": {
                            "arn": "arn:aws:autoscaling:us-east-1:661405543333:scalingPolicy:a66f1b8a-0bd5-41f7-a637-799777f5d8b0:resource/dynamodb/table/Data:policyName/DynamoDBReadCapacityUtilization:table/Data",
                            "id": "DynamoDBReadCapacityUtilization:table/Data",
                            "name": "DynamoDBReadCapacityUtilization:table/Data",
                            "policy_type": "TargetTrackingScaling",
                            "resource_id": "table/Data",
                            "scalable_dimension": "dynamodb:table:ReadCapacityUnits",
                            "service_namespace": "dynamodb",
                            "step_scaling_policy_configuration.#": "0",
                            "target_tracking_scaling_policy_configuration.#": "1",
                            "target_tracking_scaling_policy_configuration.0.customized_metric_specification.#": "0",
                            "target_tracking_scaling_policy_configuration.0.disable_scale_in": "false",
                            "target_tracking_scaling_policy_configuration.0.predefined_metric_specification.#": "1",
                            "target_tracking_scaling_policy_configuration.0.predefined_metric_specification.0.predefined_metric_type": "DynamoDBReadCapacityUtilization",
                            "target_tracking_scaling_policy_configuration.0.predefined_metric_specification.0.resource_label": "",
                            "target_tracking_scaling_policy_configuration.0.scale_in_cooldown": "10",
                            "target_tracking_scaling_policy_configuration.0.scale_out_cooldown": "10",
                            "target_tracking_scaling_policy_configuration.0.target_value": "80"
                        },
                        "meta": {},
                        "tainted": false
                    },
                    "deposed": [],
                    "provider": "provider.aws"
                },
                "aws_appautoscaling_policy.dynamodb_table_write_policy": {
                    "type": "aws_appautoscaling_policy",
                    "depends_on": [
                        "aws_appautoscaling_target.dynamodb_table_write_target"
                    ],
                    "primary": {
                        "id": "DynamoDBWriteCapacityUtilization:table/Data",
                        "attributes": {
                            "arn": "arn:aws:autoscaling:us-east-1:661405543333:scalingPolicy:fdb25cca-7173-43d9-bca4-3e7dcecbbd20:resource/dynamodb/table/Data:policyName/DynamoDBWriteCapacityUtilization:table/Data",
                            "id": "DynamoDBWriteCapacityUtilization:table/Data",
                            "name": "DynamoDBWriteCapacityUtilization:table/Data",
                            "policy_type": "TargetTrackingScaling",
                            "resource_id": "table/Data",
                            "scalable_dimension": "dynamodb:table:WriteCapacityUnits",
                            "service_namespace": "dynamodb",
                            "step_scaling_policy_configuration.#": "0",
                            "target_tracking_scaling_policy_configuration.#": "1",
                            "target_tracking_scaling_policy_configuration.0.customized_metric_specification.#": "0",
                            "target_tracking_scaling_policy_configuration.0.disable_scale_in": "false",
                            "target_tracking_scaling_policy_configuration.0.predefined_metric_specification.#": "1",
                            "target_tracking_scaling_policy_configuration.0.predefined_metric_specification.0.predefined_metric_type": "DynamoDBWriteCapacityUtilization",
                            "target_tracking_scaling_policy_configuration.0.predefined_metric_specification.0.resource_label": "",
                            "target_tracking_scaling_policy_configuration.0.scale_in_cooldown": "10",
                            "target_tracking_scaling_policy_configuration.0.scale_out_cooldown": "10",
                            "target_tracking_scaling_policy_configuration.0.target_value": "80"
                        },
                        "meta": {},
                        "tainted": false
                    },
                    "deposed": [],
                    "provider": "provider.aws"
                },
                "aws_appautoscaling_target.dynamodb_index_read_target": {
                    "type": "aws_appautoscaling_target",
                    "depends_on": [],
                    "primary": {
                        "id": "table/Data/index/KeyIndex",
                        "attributes": {
                            "id": "table/Data/index/KeyIndex",
                            "max_capacity": "20",
                            "min_capacity": "1",
                            "resource_id": "table/Data/index/KeyIndex",
                            "role_arn": "arn:aws:iam::661405543333:role/iam_for_slapman",
                            "scalable_dimension": "dynamodb:index:ReadCapacityUnits",
                            "service_namespace": "dynamodb"
                        },
                        "meta": {},
                        "tainted": false
                    },
                    "deposed": [],
                    "provider": "provider.aws"
                },
                "aws_appautoscaling_target.dynamodb_index_write_target": {
                    "type": "aws_appautoscaling_target",
                    "depends_on": [],
                    "primary": {
                        "id": "table/Data/index/KeyIndex",
                        "attributes": {
                            "id": "table/Data/index/KeyIndex",
                            "max_capacity": "20",
                            "min_capacity": "1",
                            "resource_id": "table/Data/index/KeyIndex",
                            "role_arn": "arn:aws:iam::661405543333:role/iam_for_slapman",
                            "scalable_dimension": "dynamodb:index:WriteCapacityUnits",
                            "service_namespace": "dynamodb"
                        },
                        "meta": {},
                        "tainted": false
                    },
                    "deposed": [],
                    "provider": "provider.aws"
                },
                "aws_appautoscaling_target.dynamodb_table_read_target": {
                    "type": "aws_appautoscaling_target",
                    "depends_on": [],
                    "primary": {
                        "id": "table/Data",
                        "attributes": {
                            "id": "table/Data",
                            "max_capacity": "20",
                            "min_capacity": "1",
                            "resource_id": "table/Data",
                            "role_arn": "arn:aws:iam::661405543333:role/iam_for_slapman",
                            "scalable_dimension": "dynamodb:table:ReadCapacityUnits",
                            "service_namespace": "dynamodb"
                        },
                        "meta": {},
                        "tainted": false
                    },
                    "deposed": [],
                    "provider": "provider.aws"
                },
                "aws_appautoscaling_target.dynamodb_table_write_target": {
                    "type": "aws_appautoscaling_target",
                    "depends_on": [],
                    "primary": {
                        "id": "table/Data",
                        "attributes": {
                            "id": "table/Data",
                            "max_capacity": "20",
                            "min_capacity": "1",
                            "resource_id": "table/Data",
                            "role_arn": "arn:aws:iam::661405543333:role/iam_for_slapman",
                            "scalable_dimension": "dynamodb:table:WriteCapacityUnits",
                            "service_namespace": "dynamodb"
                        },
                        "meta": {},
                        "tainted": false
                    },
                    "deposed": [],
                    "provider": "provider.aws"
                }
            },
            "depends_on": []
        },
        {
            "path": [
                "root",
                "data-dynamodb-table_ThingIDIndex_autoscaling"
            ],
            "outputs": {},
            "resources": {
                "aws_appautoscaling_policy.dynamodb_index_read_policy": {
                    "type": "aws_appautoscaling_policy",
                    "depends_on": [
                        "aws_appautoscaling_target.dynamodb_index_read_target"
                    ],
                    "primary": {
                        "id": "DynamoDBReadCapacityUtilization:table/Data/index/ThingIDIndex",
                        "attributes": {
                            "arn": "arn:aws:autoscaling:us-east-1:661405543333:scalingPolicy:b0f74512-a555-4b70-b254-264291fd06ef:resource/dynamodb/table/Data/index/ThingIDIndex:policyName/DynamoDBReadCapacityUtilization:table/Data/index/ThingIDIndex",
                            "id": "DynamoDBReadCapacityUtilization:table/Data/index/ThingIDIndex",
                            "name": "DynamoDBReadCapacityUtilization:table/Data/index/ThingIDIndex",
                            "policy_type": "TargetTrackingScaling",
                            "resource_id": "table/Data/index/ThingIDIndex",
                            "scalable_dimension": "dynamodb:index:ReadCapacityUnits",
                            "service_namespace": "dynamodb",
                            "step_scaling_policy_configuration.#": "0",
                            "target_tracking_scaling_policy_configuration.#": "1",
                            "target_tracking_scaling_policy_configuration.0.customized_metric_specification.#": "0",
                            "target_tracking_scaling_policy_configuration.0.disable_scale_in": "false",
                            "target_tracking_scaling_policy_configuration.0.predefined_metric_specification.#": "1",
                            "target_tracking_scaling_policy_configuration.0.predefined_metric_specification.0.predefined_metric_type": "DynamoDBReadCapacityUtilization",
                            "target_tracking_scaling_policy_configuration.0.predefined_metric_specification.0.resource_label": "",
                            "target_tracking_scaling_policy_configuration.0.scale_in_cooldown": "10",
                            "target_tracking_scaling_policy_configuration.0.scale_out_cooldown": "10",
                            "target_tracking_scaling_policy_configuration.0.target_value": "80"
                        },
                        "meta": {},
                        "tainted": false
                    },
                    "deposed": [],
                    "provider": "provider.aws"
                },
                "aws_appautoscaling_policy.dynamodb_index_write_policy": {
                    "type": "aws_appautoscaling_policy",
                    "depends_on": [
                        "aws_appautoscaling_target.dynamodb_index_write_target"
                    ],
                    "primary": {
                        "id": "DynamoDBWriteCapacityUtilization:table/Data/index/ThingIDIndex",
                        "attributes": {
                            "arn": "arn:aws:autoscaling:us-east-1:661405543333:scalingPolicy:e91ccdd1-43dd-4b4e-b4b5-6e704d46799e:resource/dynamodb/table/Data/index/ThingIDIndex:policyName/DynamoDBWriteCapacityUtilization:table/Data/index/ThingIDIndex",
                            "id": "DynamoDBWriteCapacityUtilization:table/Data/index/ThingIDIndex",
                            "name": "DynamoDBWriteCapacityUtilization:table/Data/index/ThingIDIndex",
                            "policy_type": "TargetTrackingScaling",
                            "resource_id": "table/Data/index/ThingIDIndex",
                            "scalable_dimension": "dynamodb:index:WriteCapacityUnits",
                            "service_namespace": "dynamodb",
                            "step_scaling_policy_configuration.#": "0",
                            "target_tracking_scaling_policy_configuration.#": "1",
                            "target_tracking_scaling_policy_configuration.0.customized_metric_specification.#": "0",
                            "target_tracking_scaling_policy_configuration.0.disable_scale_in": "false",
                            "target_tracking_scaling_policy_configuration.0.predefined_metric_specification.#": "1",
                            "target_tracking_scaling_policy_configuration.0.predefined_metric_specification.0.predefined_metric_type": "DynamoDBWriteCapacityUtilization",
                            "target_tracking_scaling_policy_configuration.0.predefined_metric_specification.0.resource_label": "",
                            "target_tracking_scaling_policy_configuration.0.scale_in_cooldown": "10",
                            "target_tracking_scaling_policy_configuration.0.scale_out_cooldown": "10",
                            "target_tracking_scaling_policy_configuration.0.target_value": "80"
                        },
                        "meta": {},
                        "tainted": false
                    },
                    "deposed": [],
                    "provider": "provider.aws"
                },
                "aws_appautoscaling_policy.dynamodb_table_read_policy": {
                    "type": "aws_appautoscaling_policy",
                    "depends_on": [
                        "aws_appautoscaling_target.dynamodb_table_read_target"
                    ],
                    "primary": {
                        "id": "DynamoDBReadCapacityUtilization:table/Data",
                        "attributes": {
                            "arn": "arn:aws:autoscaling:us-east-1:661405543333:scalingPolicy:a66f1b8a-0bd5-41f7-a637-799777f5d8b0:resource/dynamodb/table/Data:policyName/DynamoDBReadCapacityUtilization:table/Data",
                            "id": "DynamoDBReadCapacityUtilization:table/Data",
                            "name": "DynamoDBReadCapacityUtilization:table/Data",
                            "policy_type": "TargetTrackingScaling",
                            "resource_id": "table/Data",
                            "scalable_dimension": "dynamodb:table:ReadCapacityUnits",
                            "service_namespace": "dynamodb",
                            "step_scaling_policy_configuration.#": "0",
                            "target_tracking_scaling_policy_configuration.#": "1",
                            "target_tracking_scaling_policy_configuration.0.customized_metric_specification.#": "0",
                            "target_tracking_scaling_policy_configuration.0.disable_scale_in": "false",
                            "target_tracking_scaling_policy_configuration.0.predefined_metric_specification.#": "1",
                            "target_tracking_scaling_policy_configuration.0.predefined_metric_specification.0.predefined_metric_type": "DynamoDBReadCapacityUtilization",
                            "target_tracking_scaling_policy_configuration.0.predefined_metric_specification.0.resource_label": "",
                            "target_tracking_scaling_policy_configuration.0.scale_in_cooldown": "10",
                            "target_tracking_scaling_policy_configuration.0.scale_out_cooldown": "10",
                            "target_tracking_scaling_policy_configuration.0.target_value": "80"
                        },
                        "meta": {},
                        "tainted": false
                    },
                    "deposed": [],
                    "provider": "provider.aws"
                },
                "aws_appautoscaling_policy.dynamodb_table_write_policy": {
                    "type": "aws_appautoscaling_policy",
                    "depends_on": [
                        "aws_appautoscaling_target.dynamodb_table_write_target"
                    ],
                    "primary": {
                        "id": "DynamoDBWriteCapacityUtilization:table/Data",
                        "attributes": {
                            "arn": "arn:aws:autoscaling:us-east-1:661405543333:scalingPolicy:fdb25cca-7173-43d9-bca4-3e7dcecbbd20:resource/dynamodb/table/Data:policyName/DynamoDBWriteCapacityUtilization:table/Data",
                            "id": "DynamoDBWriteCapacityUtilization:table/Data",
                            "name": "DynamoDBWriteCapacityUtilization:table/Data",
                            "policy_type": "TargetTrackingScaling",
                            "resource_id": "table/Data",
                            "scalable_dimension": "dynamodb:table:WriteCapacityUnits",
                            "service_namespace": "dynamodb",
                            "step_scaling_policy_configuration.#": "0",
                            "target_tracking_scaling_policy_configuration.#": "1",
                            "target_tracking_scaling_policy_configuration.0.customized_metric_specification.#": "0",
                            "target_tracking_scaling_policy_configuration.0.disable_scale_in": "false",
                            "target_tracking_scaling_policy_configuration.0.predefined_metric_specification.#": "1",
                            "target_tracking_scaling_policy_configuration.0.predefined_metric_specification.0.predefined_metric_type": "DynamoDBWriteCapacityUtilization",
                            "target_tracking_scaling_policy_configuration.0.predefined_metric_specification.0.resource_label": "",
                            "target_tracking_scaling_policy_configuration.0.scale_in_cooldown": "10",
                            "target_tracking_scaling_policy_configuration.0.scale_out_cooldown": "10",
                            "target_tracking_scaling_policy_configuration.0.target_value": "80"
                        },
                        "meta": {},
                        "tainted": false
                    },
                    "deposed": [],
                    "provider": "provider.aws"
                },
                "aws_appautoscaling_target.dynamodb_index_read_target": {
                    "type": "aws_appautoscaling_target",
                    "depends_on": [],
                    "primary": {
                        "id": "table/Data/index/ThingIDIndex",
                        "attributes": {
                            "id": "table/Data/index/ThingIDIndex",
                            "max_capacity": "20",
                            "min_capacity": "1",
                            "resource_id": "table/Data/index/ThingIDIndex",
                            "role_arn": "arn:aws:iam::661405543333:role/iam_for_slapman",
                            "scalable_dimension": "dynamodb:index:ReadCapacityUnits",
                            "service_namespace": "dynamodb"
                        },
                        "meta": {},
                        "tainted": false
                    },
                    "deposed": [],
                    "provider": "provider.aws"
                },
                "aws_appautoscaling_target.dynamodb_index_write_target": {
                    "type": "aws_appautoscaling_target",
                    "depends_on": [],
                    "primary": {
                        "id": "table/Data/index/ThingIDIndex",
                        "attributes": {
                            "id": "table/Data/index/ThingIDIndex",
                            "max_capacity": "20",
                            "min_capacity": "1",
                            "resource_id": "table/Data/index/ThingIDIndex",
                            "role_arn": "arn:aws:iam::661405543333:role/iam_for_slapman",
                            "scalable_dimension": "dynamodb:index:WriteCapacityUnits",
                            "service_namespace": "dynamodb"
                        },
                        "meta": {},
                        "tainted": false
                    },
                    "deposed": [],
                    "provider": "provider.aws"
                },
                "aws_appautoscaling_target.dynamodb_table_read_target": {
                    "type": "aws_appautoscaling_target",
                    "depends_on": [],
                    "primary": {
                        "id": "table/Data",
                        "attributes": {
                            "id": "table/Data",
                            "max_capacity": "20",
                            "min_capacity": "1",
                            "resource_id": "table/Data",
                            "role_arn": "arn:aws:iam::661405543333:role/iam_for_slapman",
                            "scalable_dimension": "dynamodb:table:ReadCapacityUnits",
                            "service_namespace": "dynamodb"
                        },
                        "meta": {},
                        "tainted": false
                    },
                    "deposed": [],
                    "provider": "provider.aws"
                },
                "aws_appautoscaling_target.dynamodb_table_write_target": {
                    "type": "aws_appautoscaling_target",
                    "depends_on": [],
                    "primary": {
                        "id": "table/Data",
                        "attributes": {
                            "id": "table/Data",
                            "max_capacity": "20",
                            "min_capacity": "1",
                            "resource_id": "table/Data",
                            "role_arn": "arn:aws:iam::661405543333:role/iam_for_slapman",
                            "scalable_dimension": "dynamodb:table:WriteCapacityUnits",
                            "service_namespace": "dynamodb"
                        },
                        "meta": {},
                        "tainted": false
                    },
                    "deposed": [],
                    "provider": "provider.aws"
                }
            },
            "depends_on": []
        },
        {
            "path": [
                "root",
                "slapalicious_get"
            ],
            "outputs": {
                "http_method": {
                    "sensitive": false,
                    "type": "string",
                    "value": "GET"
                }
            },
            "resources": {
                "aws_api_gateway_integration.request_method_integration": {
                    "type": "aws_api_gateway_integration",
                    "depends_on": [
                        "aws_api_gateway_method.request_method"
                    ],
                    "primary": {
                        "id": "agi-gq8unuo8h0-j2dh22-GET",
                        "attributes": {
                            "cache_key_parameters.#": "0",
                            "cache_namespace": "j2dh22",
                            "http_method": "GET",
                            "id": "agi-gq8unuo8h0-j2dh22-GET",
                            "integration_http_method": "POST",
                            "passthrough_behavior": "WHEN_NO_TEMPLATES",
                            "request_parameters.%": "0",
                            "request_templates.%": "0",
                            "resource_id": "j2dh22",
                            "rest_api_id": "gq8unuo8h0",
                            "type": "AWS",
                            "uri": "arn:aws:apigateway:us-east-1:lambda:path/2015-03-31/functions/arn:aws:lambda:us-east-1:661405543333:function:slapman_slapalicious_GET/invocations"
                        },
                        "meta": {},
                        "tainted": false
                    },
                    "deposed": [],
                    "provider": "provider.aws"
                },
                "aws_api_gateway_integration_response.response_method_integration": {
                    "type": "aws_api_gateway_integration_response",
                    "depends_on": [
                        "aws_api_gateway_method_response.response_method"
                    ],
                    "primary": {
                        "id": "agir-gq8unuo8h0-j2dh22-GET-200",
                        "attributes": {
                            "http_method": "GET",
                            "id": "agir-gq8unuo8h0-j2dh22-GET-200",
                            "resource_id": "j2dh22",
                            "response_parameters.%": "3",
                            "response_parameters.method.response.header.Access-Control-Allow-Headers": "'Content-Type,X-Amz-Date,Authorization,X-Api-Key,X-Amz-Security-Token'",
                            "response_parameters.method.response.header.Access-Control-Allow-Methods": "'POST,OPTIONS,GET,PUT,PATCH,DELETE'",
                            "response_parameters.method.response.header.Access-Control-Allow-Origin": "'*'",
                            "response_templates.%": "1",
                            "response_templates.application/json": "",
                            "rest_api_id": "gq8unuo8h0",
                            "selection_pattern": "",
                            "status_code": "200"
                        },
                        "meta": {},
                        "tainted": false
                    },
                    "deposed": [],
                    "provider": "provider.aws"
                },
                "aws_api_gateway_method.request_method": {
                    "type": "aws_api_gateway_method",
                    "depends_on": [],
                    "primary": {
                        "id": "agm-gq8unuo8h0-j2dh22-GET",
                        "attributes": {
                            "api_key_required": "false",
                            "authorization": "NONE",
                            "authorizer_id": "",
                            "http_method": "GET",
                            "id": "agm-gq8unuo8h0-j2dh22-GET",
                            "request_models.%": "0",
                            "request_parameters.%": "0",
                            "request_validator_id": "",
                            "resource_id": "j2dh22",
                            "rest_api_id": "gq8unuo8h0"
                        },
                        "meta": {},
                        "tainted": false
                    },
                    "deposed": [],
                    "provider": "provider.aws"
                },
                "aws_api_gateway_method_response.response_method": {
                    "type": "aws_api_gateway_method_response",
                    "depends_on": [
                        "aws_api_gateway_integration.request_method_integration"
                    ],
                    "primary": {
                        "id": "agmr-gq8unuo8h0-j2dh22-GET-200",
                        "attributes": {
                            "http_method": "GET",
                            "id": "agmr-gq8unuo8h0-j2dh22-GET-200",
                            "resource_id": "j2dh22",
                            "response_models.%": "1",
                            "response_models.application/json": "Empty",
                            "response_parameters.%": "3",
                            "response_parameters.method.response.header.Access-Control-Allow-Headers": "true",
                            "response_parameters.method.response.header.Access-Control-Allow-Methods": "true",
                            "response_parameters.method.response.header.Access-Control-Allow-Origin": "true",
                            "rest_api_id": "gq8unuo8h0",
                            "status_code": "200"
                        },
                        "meta": {},
                        "tainted": false
                    },
                    "deposed": [],
                    "provider": "provider.aws"
                },
                "aws_lambda_permission.allow_api_gateway": {
                    "type": "aws_lambda_permission",
                    "depends_on": [],
                    "primary": {
                        "id": "AllowExecutionFromApiGateway",
                        "attributes": {
                            "action": "lambda:InvokeFunction",
                            "function_name": "slapman_slapalicious_GET",
                            "id": "AllowExecutionFromApiGateway",
                            "principal": "apigateway.amazonaws.com",
                            "qualifier": "",
                            "source_arn": "arn:aws:execute-api:us-east-1:661405543333:gq8unuo8h0/*/GET/slapalicious",
                            "statement_id": "AllowExecutionFromApiGateway"
                        },
                        "meta": {},
                        "tainted": false
                    },
                    "deposed": [],
                    "provider": "provider.aws"
                }
            },
            "depends_on": []
        },
        {
            "path": [
                "root",
                "slapalicious_options"
            ],
            "outputs": {
                "http_method": {
                    "sensitive": false,
                    "type": "string",
                    "value": "OPTIONS"
                }
            },
            "resources": {
                "aws_api_gateway_integration.request_method_integration": {
                    "type": "aws_api_gateway_integration",
                    "depends_on": [
                        "aws_api_gateway_method.request_method"
                    ],
                    "primary": {
                        "id": "agi-gq8unuo8h0-j2dh22-OPTIONS",
                        "attributes": {
                            "cache_key_parameters.#": "0",
                            "cache_namespace": "j2dh22",
                            "http_method": "OPTIONS",
                            "id": "agi-gq8unuo8h0-j2dh22-OPTIONS",
                            "integration_http_method": "POST",
                            "passthrough_behavior": "WHEN_NO_TEMPLATES",
                            "request_parameters.%": "0",
                            "request_templates.%": "0",
                            "resource_id": "j2dh22",
                            "rest_api_id": "gq8unuo8h0",
                            "type": "AWS",
                            "uri": "arn:aws:apigateway:us-east-1:lambda:path/2015-03-31/functions/arn:aws:lambda:us-east-1:661405543333:function:slapman_slapalicious_OPTIONS/invocations"
                        },
                        "meta": {},
                        "tainted": false
                    },
                    "deposed": [],
                    "provider": "provider.aws"
                },
                "aws_api_gateway_integration_response.response_method_integration": {
                    "type": "aws_api_gateway_integration_response",
                    "depends_on": [
                        "aws_api_gateway_method_response.response_method"
                    ],
                    "primary": {
                        "id": "agir-gq8unuo8h0-j2dh22-OPTIONS-200",
                        "attributes": {
                            "http_method": "OPTIONS",
                            "id": "agir-gq8unuo8h0-j2dh22-OPTIONS-200",
                            "resource_id": "j2dh22",
                            "response_parameters.%": "3",
                            "response_parameters.method.response.header.Access-Control-Allow-Headers": "'Content-Type,X-Amz-Date,Authorization,X-Api-Key,X-Amz-Security-Token'",
                            "response_parameters.method.response.header.Access-Control-Allow-Methods": "'POST,OPTIONS,GET,PUT,PATCH,DELETE'",
                            "response_parameters.method.response.header.Access-Control-Allow-Origin": "'*'",
                            "response_templates.%": "1",
                            "response_templates.application/json": "",
                            "rest_api_id": "gq8unuo8h0",
                            "selection_pattern": "",
                            "status_code": "200"
                        },
                        "meta": {},
                        "tainted": false
                    },
                    "deposed": [],
                    "provider": "provider.aws"
                },
                "aws_api_gateway_method.request_method": {
                    "type": "aws_api_gateway_method",
                    "depends_on": [],
                    "primary": {
                        "id": "agm-gq8unuo8h0-j2dh22-OPTIONS",
                        "attributes": {
                            "api_key_required": "false",
                            "authorization": "NONE",
                            "authorizer_id": "",
                            "http_method": "OPTIONS",
                            "id": "agm-gq8unuo8h0-j2dh22-OPTIONS",
                            "request_models.%": "0",
                            "request_parameters.%": "0",
                            "request_validator_id": "",
                            "resource_id": "j2dh22",
                            "rest_api_id": "gq8unuo8h0"
                        },
                        "meta": {},
                        "tainted": false
                    },
                    "deposed": [],
                    "provider": "provider.aws"
                },
                "aws_api_gateway_method_response.response_method": {
                    "type": "aws_api_gateway_method_response",
                    "depends_on": [
                        "aws_api_gateway_integration.request_method_integration"
                    ],
                    "primary": {
                        "id": "agmr-gq8unuo8h0-j2dh22-OPTIONS-200",
                        "attributes": {
                            "http_method": "OPTIONS",
                            "id": "agmr-gq8unuo8h0-j2dh22-OPTIONS-200",
                            "resource_id": "j2dh22",
                            "response_models.%": "1",
                            "response_models.application/json": "Empty",
                            "response_parameters.%": "3",
                            "response_parameters.method.response.header.Access-Control-Allow-Headers": "true",
                            "response_parameters.method.response.header.Access-Control-Allow-Methods": "true",
                            "response_parameters.method.response.header.Access-Control-Allow-Origin": "true",
                            "rest_api_id": "gq8unuo8h0",
                            "status_code": "200"
                        },
                        "meta": {},
                        "tainted": false
                    },
                    "deposed": [],
                    "provider": "provider.aws"
                },
                "aws_lambda_permission.allow_api_gateway": {
                    "type": "aws_lambda_permission",
                    "depends_on": [],
                    "primary": {
                        "id": "AllowExecutionFromApiGateway",
                        "attributes": {
                            "action": "lambda:InvokeFunction",
                            "function_name": "slapman_slapalicious_OPTIONS",
                            "id": "AllowExecutionFromApiGateway",
                            "principal": "apigateway.amazonaws.com",
                            "qualifier": "",
                            "source_arn": "arn:aws:execute-api:us-east-1:661405543333:gq8unuo8h0/*/OPTIONS/slapalicious",
                            "statement_id": "AllowExecutionFromApiGateway"
                        },
                        "meta": {},
                        "tainted": false
                    },
                    "deposed": [],
                    "provider": "provider.aws"
                }
            },
            "depends_on": []
        },
        {
            "path": [
                "root",
                "slapalicious_post"
            ],
            "outputs": {
                "http_method": {
                    "sensitive": false,
                    "type": "string",
                    "value": "POST"
                }
            },
            "resources": {
                "aws_api_gateway_integration.request_method_integration": {
                    "type": "aws_api_gateway_integration",
                    "depends_on": [
                        "aws_api_gateway_method.request_method"
                    ],
                    "primary": {
                        "id": "agi-gq8unuo8h0-j2dh22-POST",
                        "attributes": {
                            "cache_key_parameters.#": "0",
                            "cache_namespace": "j2dh22",
                            "http_method": "POST",
                            "id": "agi-gq8unuo8h0-j2dh22-POST",
                            "integration_http_method": "POST",
                            "passthrough_behavior": "WHEN_NO_TEMPLATES",
                            "request_parameters.%": "0",
                            "request_templates.%": "0",
                            "resource_id": "j2dh22",
                            "rest_api_id": "gq8unuo8h0",
                            "type": "AWS",
                            "uri": "arn:aws:apigateway:us-east-1:lambda:path/2015-03-31/functions/arn:aws:lambda:us-east-1:661405543333:function:slapman_slapalicious_POST/invocations"
                        },
                        "meta": {},
                        "tainted": false
                    },
                    "deposed": [],
                    "provider": "provider.aws"
                },
                "aws_api_gateway_integration_response.response_method_integration": {
                    "type": "aws_api_gateway_integration_response",
                    "depends_on": [
                        "aws_api_gateway_method_response.response_method"
                    ],
                    "primary": {
                        "id": "agir-gq8unuo8h0-j2dh22-POST-200",
                        "attributes": {
                            "http_method": "POST",
                            "id": "agir-gq8unuo8h0-j2dh22-POST-200",
                            "resource_id": "j2dh22",
                            "response_parameters.%": "3",
                            "response_parameters.method.response.header.Access-Control-Allow-Headers": "'Content-Type,X-Amz-Date,Authorization,X-Api-Key,X-Amz-Security-Token'",
                            "response_parameters.method.response.header.Access-Control-Allow-Methods": "'POST,OPTIONS,GET,PUT,PATCH,DELETE'",
                            "response_parameters.method.response.header.Access-Control-Allow-Origin": "'*'",
                            "response_templates.%": "1",
                            "response_templates.application/json": "",
                            "rest_api_id": "gq8unuo8h0",
                            "selection_pattern": "",
                            "status_code": "200"
                        },
                        "meta": {},
                        "tainted": false
                    },
                    "deposed": [],
                    "provider": "provider.aws"
                },
                "aws_api_gateway_method.request_method": {
                    "type": "aws_api_gateway_method",
                    "depends_on": [],
                    "primary": {
                        "id": "agm-gq8unuo8h0-j2dh22-POST",
                        "attributes": {
                            "api_key_required": "false",
                            "authorization": "NONE",
                            "authorizer_id": "",
                            "http_method": "POST",
                            "id": "agm-gq8unuo8h0-j2dh22-POST",
                            "request_models.%": "0",
                            "request_parameters.%": "0",
                            "request_validator_id": "",
                            "resource_id": "j2dh22",
                            "rest_api_id": "gq8unuo8h0"
                        },
                        "meta": {},
                        "tainted": false
                    },
                    "deposed": [],
                    "provider": "provider.aws"
                },
                "aws_api_gateway_method_response.response_method": {
                    "type": "aws_api_gateway_method_response",
                    "depends_on": [
                        "aws_api_gateway_integration.request_method_integration"
                    ],
                    "primary": {
                        "id": "agmr-gq8unuo8h0-j2dh22-POST-200",
                        "attributes": {
                            "http_method": "POST",
                            "id": "agmr-gq8unuo8h0-j2dh22-POST-200",
                            "resource_id": "j2dh22",
                            "response_models.%": "1",
                            "response_models.application/json": "Empty",
                            "response_parameters.%": "3",
                            "response_parameters.method.response.header.Access-Control-Allow-Headers": "true",
                            "response_parameters.method.response.header.Access-Control-Allow-Methods": "true",
                            "response_parameters.method.response.header.Access-Control-Allow-Origin": "true",
                            "rest_api_id": "gq8unuo8h0",
                            "status_code": "200"
                        },
                        "meta": {},
                        "tainted": false
                    },
                    "deposed": [],
                    "provider": "provider.aws"
                },
                "aws_lambda_permission.allow_api_gateway": {
                    "type": "aws_lambda_permission",
                    "depends_on": [],
                    "primary": {
                        "id": "AllowExecutionFromApiGateway",
                        "attributes": {
                            "action": "lambda:InvokeFunction",
                            "function_name": "slapman_slapalicious_POST",
                            "id": "AllowExecutionFromApiGateway",
                            "principal": "apigateway.amazonaws.com",
                            "qualifier": "",
                            "source_arn": "arn:aws:execute-api:us-east-1:661405543333:gq8unuo8h0/*/POST/slapalicious",
                            "statement_id": "AllowExecutionFromApiGateway"
                        },
                        "meta": {},
                        "tainted": false
                    },
                    "deposed": [],
                    "provider": "provider.aws"
                }
            },
            "depends_on": []
        },
        {
            "path": [
                "root",
                "slapman_web_get"
            ],
            "outputs": {
                "http_method": {
                    "sensitive": false,
                    "type": "string",
                    "value": "GET"
                }
            },
            "resources": {
                "aws_api_gateway_integration.proxy": {
                    "type": "aws_api_gateway_integration",
                    "depends_on": [
                        "aws_api_gateway_method.proxy"
                    ],
                    "primary": {
                        "id": "agi-efxtmwo1ce-onnkju-GET",
                        "attributes": {
                            "cache_key_parameters.#": "0",
                            "cache_namespace": "onnkju",
                            "http_method": "GET",
                            "id": "agi-efxtmwo1ce-onnkju-GET",
                            "integration_http_method": "POST",
                            "passthrough_behavior": "WHEN_NO_MATCH",
                            "request_parameters.%": "0",
                            "request_templates.%": "0",
                            "resource_id": "onnkju",
                            "rest_api_id": "efxtmwo1ce",
                            "type": "AWS_PROXY",
                            "uri": "arn:aws:apigateway:us-east-1:lambda:path/2015-03-31/functions/arn:aws:lambda:us-east-1:661405543333:function:slapman_web_GET/invocations"
                        },
                        "meta": {},
                        "tainted": false
                    },
                    "deposed": [],
                    "provider": "provider.aws"
                },
                "aws_api_gateway_integration_response.proxy": {
                    "type": "aws_api_gateway_integration_response",
                    "depends_on": [
                        "aws_api_gateway_method_response.proxy"
                    ],
                    "primary": {
                        "id": "agir-efxtmwo1ce-onnkju-GET-200",
                        "attributes": {
                            "http_method": "GET",
                            "id": "agir-efxtmwo1ce-onnkju-GET-200",
                            "resource_id": "onnkju",
                            "response_parameters.%": "3",
                            "response_parameters.method.response.header.Access-Control-Allow-Headers": "'Content-Type,X-Amz-Date,Authorization,X-Api-Key,X-Amz-Security-Token'",
                            "response_parameters.method.response.header.Access-Control-Allow-Methods": "'POST,OPTIONS,GET,PUT,PATCH,DELETE'",
                            "response_parameters.method.response.header.Access-Control-Allow-Origin": "'*'",
                            "response_templates.%": "1",
                            "response_templates.application/json": "",
                            "rest_api_id": "efxtmwo1ce",
                            "selection_pattern": "",
                            "status_code": "200"
                        },
                        "meta": {},
                        "tainted": false
                    },
                    "deposed": [],
                    "provider": "provider.aws"
                },
                "aws_api_gateway_method.proxy": {
                    "type": "aws_api_gateway_method",
                    "depends_on": [],
                    "primary": {
                        "id": "agm-efxtmwo1ce-onnkju-GET",
                        "attributes": {
                            "api_key_required": "false",
                            "authorization": "NONE",
                            "authorizer_id": "",
                            "http_method": "GET",
                            "id": "agm-efxtmwo1ce-onnkju-GET",
                            "request_models.%": "0",
                            "request_parameters.%": "0",
                            "request_validator_id": "",
                            "resource_id": "onnkju",
                            "rest_api_id": "efxtmwo1ce"
                        },
                        "meta": {},
                        "tainted": false
                    },
                    "deposed": [],
                    "provider": "provider.aws"
                },
                "aws_api_gateway_method_response.proxy": {
                    "type": "aws_api_gateway_method_response",
                    "depends_on": [
                        "aws_api_gateway_integration.proxy"
                    ],
                    "primary": {
                        "id": "agmr-efxtmwo1ce-onnkju-GET-200",
                        "attributes": {
                            "http_method": "GET",
                            "id": "agmr-efxtmwo1ce-onnkju-GET-200",
                            "resource_id": "onnkju",
                            "response_models.%": "1",
                            "response_models.application/json": "Empty",
                            "response_parameters.%": "3",
                            "response_parameters.method.response.header.Access-Control-Allow-Headers": "true",
                            "response_parameters.method.response.header.Access-Control-Allow-Methods": "true",
                            "response_parameters.method.response.header.Access-Control-Allow-Origin": "true",
                            "rest_api_id": "efxtmwo1ce",
                            "status_code": "200"
                        },
                        "meta": {},
                        "tainted": false
                    },
                    "deposed": [],
                    "provider": "provider.aws"
                },
                "aws_lambda_permission.allow_api_gateway_lambda_proxy": {
                    "type": "aws_lambda_permission",
                    "depends_on": [],
                    "primary": {
                        "id": "AllowExecutionFromApiGateway",
                        "attributes": {
                            "action": "lambda:InvokeFunction",
                            "function_name": "slapman_web_GET",
                            "id": "AllowExecutionFromApiGateway",
                            "principal": "apigateway.amazonaws.com",
                            "qualifier": "",
                            "source_arn": "arn:aws:execute-api:us-east-1:661405543333:efxtmwo1ce/*/*/*",
                            "statement_id": "AllowExecutionFromApiGateway"
                        },
                        "meta": {},
                        "tainted": false
                    },
                    "deposed": [],
                    "provider": "provider.aws"
                }
            },
            "depends_on": []
        },
        {
            "path": [
                "root",
                "slapman_web_options"
            ],
            "outputs": {
                "http_method": {
                    "sensitive": false,
                    "type": "string",
                    "value": "OPTIONS"
                }
            },
            "resources": {
                "aws_api_gateway_integration.proxy": {
                    "type": "aws_api_gateway_integration",
                    "depends_on": [
                        "aws_api_gateway_method.proxy"
                    ],
                    "primary": {
                        "id": "agi-efxtmwo1ce-onnkju-OPTIONS",
                        "attributes": {
                            "cache_key_parameters.#": "0",
                            "cache_namespace": "onnkju",
                            "http_method": "OPTIONS",
                            "id": "agi-efxtmwo1ce-onnkju-OPTIONS",
                            "integration_http_method": "POST",
                            "passthrough_behavior": "WHEN_NO_MATCH",
                            "request_parameters.%": "0",
                            "request_templates.%": "0",
                            "resource_id": "onnkju",
                            "rest_api_id": "efxtmwo1ce",
                            "type": "AWS_PROXY",
                            "uri": "arn:aws:apigateway:us-east-1:lambda:path/2015-03-31/functions/arn:aws:lambda:us-east-1:661405543333:function:slapman_web_OPTIONS/invocations"
                        },
                        "meta": {},
                        "tainted": false
                    },
                    "deposed": [],
                    "provider": "provider.aws"
                },
                "aws_api_gateway_integration_response.proxy": {
                    "type": "aws_api_gateway_integration_response",
                    "depends_on": [
                        "aws_api_gateway_method_response.proxy"
                    ],
                    "primary": {
                        "id": "agir-efxtmwo1ce-onnkju-OPTIONS-200",
                        "attributes": {
                            "http_method": "OPTIONS",
                            "id": "agir-efxtmwo1ce-onnkju-OPTIONS-200",
                            "resource_id": "onnkju",
                            "response_parameters.%": "3",
                            "response_parameters.method.response.header.Access-Control-Allow-Headers": "'Content-Type,X-Amz-Date,Authorization,X-Api-Key,X-Amz-Security-Token'",
                            "response_parameters.method.response.header.Access-Control-Allow-Methods": "'POST,OPTIONS,GET,PUT,PATCH,DELETE'",
                            "response_parameters.method.response.header.Access-Control-Allow-Origin": "'*'",
                            "response_templates.%": "1",
                            "response_templates.application/json": "",
                            "rest_api_id": "efxtmwo1ce",
                            "selection_pattern": "",
                            "status_code": "200"
                        },
                        "meta": {},
                        "tainted": false
                    },
                    "deposed": [],
                    "provider": "provider.aws"
                },
                "aws_api_gateway_method.proxy": {
                    "type": "aws_api_gateway_method",
                    "depends_on": [],
                    "primary": {
                        "id": "agm-efxtmwo1ce-onnkju-OPTIONS",
                        "attributes": {
                            "api_key_required": "false",
                            "authorization": "NONE",
                            "authorizer_id": "",
                            "http_method": "OPTIONS",
                            "id": "agm-efxtmwo1ce-onnkju-OPTIONS",
                            "request_models.%": "0",
                            "request_parameters.%": "0",
                            "request_validator_id": "",
                            "resource_id": "onnkju",
                            "rest_api_id": "efxtmwo1ce"
                        },
                        "meta": {},
                        "tainted": false
                    },
                    "deposed": [],
                    "provider": "provider.aws"
                },
                "aws_api_gateway_method_response.proxy": {
                    "type": "aws_api_gateway_method_response",
                    "depends_on": [
                        "aws_api_gateway_integration.proxy"
                    ],
                    "primary": {
                        "id": "agmr-efxtmwo1ce-onnkju-OPTIONS-200",
                        "attributes": {
                            "http_method": "OPTIONS",
                            "id": "agmr-efxtmwo1ce-onnkju-OPTIONS-200",
                            "resource_id": "onnkju",
                            "response_models.%": "1",
                            "response_models.application/json": "Empty",
                            "response_parameters.%": "3",
                            "response_parameters.method.response.header.Access-Control-Allow-Headers": "true",
                            "response_parameters.method.response.header.Access-Control-Allow-Methods": "true",
                            "response_parameters.method.response.header.Access-Control-Allow-Origin": "true",
                            "rest_api_id": "efxtmwo1ce",
                            "status_code": "200"
                        },
                        "meta": {},
                        "tainted": false
                    },
                    "deposed": [],
                    "provider": "provider.aws"
                },
                "aws_lambda_permission.allow_api_gateway_lambda_proxy": {
                    "type": "aws_lambda_permission",
                    "depends_on": [],
                    "primary": {
                        "id": "AllowExecutionFromApiGateway",
                        "attributes": {
                            "action": "lambda:InvokeFunction",
                            "function_name": "slapman_web_OPTIONS",
                            "id": "AllowExecutionFromApiGateway",
                            "principal": "apigateway.amazonaws.com",
                            "qualifier": "",
                            "source_arn": "arn:aws:execute-api:us-east-1:661405543333:efxtmwo1ce/*/*/*",
                            "statement_id": "AllowExecutionFromApiGateway"
                        },
                        "meta": {},
                        "tainted": false
                    },
                    "deposed": [],
                    "provider": "provider.aws"
                }
            },
            "depends_on": []
        },
        {
            "path": [
                "root",
                "slapman_web_post"
            ],
            "outputs": {
                "http_method": {
                    "sensitive": false,
                    "type": "string",
                    "value": "POST"
                }
            },
            "resources": {
                "aws_api_gateway_integration.proxy": {
                    "type": "aws_api_gateway_integration",
                    "depends_on": [
                        "aws_api_gateway_method.proxy"
                    ],
                    "primary": {
                        "id": "agi-efxtmwo1ce-onnkju-POST",
                        "attributes": {
                            "cache_key_parameters.#": "0",
                            "cache_namespace": "onnkju",
                            "http_method": "POST",
                            "id": "agi-efxtmwo1ce-onnkju-POST",
                            "integration_http_method": "POST",
                            "passthrough_behavior": "WHEN_NO_MATCH",
                            "request_parameters.%": "0",
                            "request_templates.%": "0",
                            "resource_id": "onnkju",
                            "rest_api_id": "efxtmwo1ce",
                            "type": "AWS_PROXY",
                            "uri": "arn:aws:apigateway:us-east-1:lambda:path/2015-03-31/functions/arn:aws:lambda:us-east-1:661405543333:function:slapman_web_POST/invocations"
                        },
                        "meta": {},
                        "tainted": false
                    },
                    "deposed": [],
                    "provider": "provider.aws"
                },
                "aws_api_gateway_integration_response.proxy": {
                    "type": "aws_api_gateway_integration_response",
                    "depends_on": [
                        "aws_api_gateway_method_response.proxy"
                    ],
                    "primary": {
                        "id": "agir-efxtmwo1ce-onnkju-POST-200",
                        "attributes": {
                            "http_method": "POST",
                            "id": "agir-efxtmwo1ce-onnkju-POST-200",
                            "resource_id": "onnkju",
                            "response_parameters.%": "3",
                            "response_parameters.method.response.header.Access-Control-Allow-Headers": "'Content-Type,X-Amz-Date,Authorization,X-Api-Key,X-Amz-Security-Token'",
                            "response_parameters.method.response.header.Access-Control-Allow-Methods": "'POST,OPTIONS,GET,PUT,PATCH,DELETE'",
                            "response_parameters.method.response.header.Access-Control-Allow-Origin": "'*'",
                            "response_templates.%": "1",
                            "response_templates.application/json": "",
                            "rest_api_id": "efxtmwo1ce",
                            "selection_pattern": "",
                            "status_code": "200"
                        },
                        "meta": {},
                        "tainted": false
                    },
                    "deposed": [],
                    "provider": "provider.aws"
                },
                "aws_api_gateway_method.proxy": {
                    "type": "aws_api_gateway_method",
                    "depends_on": [],
                    "primary": {
                        "id": "agm-efxtmwo1ce-onnkju-POST",
                        "attributes": {
                            "api_key_required": "false",
                            "authorization": "NONE",
                            "authorizer_id": "",
                            "http_method": "POST",
                            "id": "agm-efxtmwo1ce-onnkju-POST",
                            "request_models.%": "0",
                            "request_parameters.%": "0",
                            "request_validator_id": "",
                            "resource_id": "onnkju",
                            "rest_api_id": "efxtmwo1ce"
                        },
                        "meta": {},
                        "tainted": false
                    },
                    "deposed": [],
                    "provider": "provider.aws"
                },
                "aws_api_gateway_method_response.proxy": {
                    "type": "aws_api_gateway_method_response",
                    "depends_on": [
                        "aws_api_gateway_integration.proxy"
                    ],
                    "primary": {
                        "id": "agmr-efxtmwo1ce-onnkju-POST-200",
                        "attributes": {
                            "http_method": "POST",
                            "id": "agmr-efxtmwo1ce-onnkju-POST-200",
                            "resource_id": "onnkju",
                            "response_models.%": "1",
                            "response_models.application/json": "Empty",
                            "response_parameters.%": "3",
                            "response_parameters.method.response.header.Access-Control-Allow-Headers": "true",
                            "response_parameters.method.response.header.Access-Control-Allow-Methods": "true",
                            "response_parameters.method.response.header.Access-Control-Allow-Origin": "true",
                            "rest_api_id": "efxtmwo1ce",
                            "status_code": "200"
                        },
                        "meta": {},
                        "tainted": false
                    },
                    "deposed": [],
                    "provider": "provider.aws"
                },
                "aws_lambda_permission.allow_api_gateway_lambda_proxy": {
                    "type": "aws_lambda_permission",
                    "depends_on": [],
                    "primary": {
                        "id": "AllowExecutionFromApiGateway",
                        "attributes": {
                            "action": "lambda:InvokeFunction",
                            "function_name": "slapman_web_POST",
                            "id": "AllowExecutionFromApiGateway",
                            "principal": "apigateway.amazonaws.com",
                            "qualifier": "",
                            "source_arn": "arn:aws:execute-api:us-east-1:661405543333:efxtmwo1ce/*/*/*",
                            "statement_id": "AllowExecutionFromApiGateway"
                        },
                        "meta": {},
                        "tainted": false
                    },
                    "deposed": [],
                    "provider": "provider.aws"
                }
            },
            "depends_on": []
        },
        {
            "path": [
                "root",
                "things-dynamodb-table_CreatedAtIndex_autoscaling"
            ],
            "outputs": {},
            "resources": {
                "aws_appautoscaling_policy.dynamodb_index_read_policy": {
                    "type": "aws_appautoscaling_policy",
                    "depends_on": [
                        "aws_appautoscaling_target.dynamodb_index_read_target"
                    ],
                    "primary": {
                        "id": "DynamoDBReadCapacityUtilization:table/Things/index/CreatedAtIndex",
                        "attributes": {
                            "arn": "arn:aws:autoscaling:us-east-1:661405543333:scalingPolicy:97c3d58f-35e7-4c01-9dd7-352d53d1725a:resource/dynamodb/table/Things/index/CreatedAtIndex:policyName/DynamoDBReadCapacityUtilization:table/Things/index/CreatedAtIndex",
                            "id": "DynamoDBReadCapacityUtilization:table/Things/index/CreatedAtIndex",
                            "name": "DynamoDBReadCapacityUtilization:table/Things/index/CreatedAtIndex",
                            "policy_type": "TargetTrackingScaling",
                            "resource_id": "table/Things/index/CreatedAtIndex",
                            "scalable_dimension": "dynamodb:index:ReadCapacityUnits",
                            "service_namespace": "dynamodb",
                            "step_scaling_policy_configuration.#": "0",
                            "target_tracking_scaling_policy_configuration.#": "1",
                            "target_tracking_scaling_policy_configuration.0.customized_metric_specification.#": "0",
                            "target_tracking_scaling_policy_configuration.0.disable_scale_in": "false",
                            "target_tracking_scaling_policy_configuration.0.predefined_metric_specification.#": "1",
                            "target_tracking_scaling_policy_configuration.0.predefined_metric_specification.0.predefined_metric_type": "DynamoDBReadCapacityUtilization",
                            "target_tracking_scaling_policy_configuration.0.predefined_metric_specification.0.resource_label": "",
                            "target_tracking_scaling_policy_configuration.0.scale_in_cooldown": "10",
                            "target_tracking_scaling_policy_configuration.0.scale_out_cooldown": "10",
                            "target_tracking_scaling_policy_configuration.0.target_value": "80"
                        },
                        "meta": {},
                        "tainted": false
                    },
                    "deposed": [],
                    "provider": "provider.aws"
                },
                "aws_appautoscaling_policy.dynamodb_index_write_policy": {
                    "type": "aws_appautoscaling_policy",
                    "depends_on": [
                        "aws_appautoscaling_target.dynamodb_index_write_target"
                    ],
                    "primary": {
                        "id": "DynamoDBWriteCapacityUtilization:table/Things/index/CreatedAtIndex",
                        "attributes": {
                            "arn": "arn:aws:autoscaling:us-east-1:661405543333:scalingPolicy:e594d37f-c9c7-448b-bd67-1b308396cc71:resource/dynamodb/table/Things/index/CreatedAtIndex:policyName/DynamoDBWriteCapacityUtilization:table/Things/index/CreatedAtIndex",
                            "id": "DynamoDBWriteCapacityUtilization:table/Things/index/CreatedAtIndex",
                            "name": "DynamoDBWriteCapacityUtilization:table/Things/index/CreatedAtIndex",
                            "policy_type": "TargetTrackingScaling",
                            "resource_id": "table/Things/index/CreatedAtIndex",
                            "scalable_dimension": "dynamodb:index:WriteCapacityUnits",
                            "service_namespace": "dynamodb",
                            "step_scaling_policy_configuration.#": "0",
                            "target_tracking_scaling_policy_configuration.#": "1",
                            "target_tracking_scaling_policy_configuration.0.customized_metric_specification.#": "0",
                            "target_tracking_scaling_policy_configuration.0.disable_scale_in": "false",
                            "target_tracking_scaling_policy_configuration.0.predefined_metric_specification.#": "1",
                            "target_tracking_scaling_policy_configuration.0.predefined_metric_specification.0.predefined_metric_type": "DynamoDBWriteCapacityUtilization",
                            "target_tracking_scaling_policy_configuration.0.predefined_metric_specification.0.resource_label": "",
                            "target_tracking_scaling_policy_configuration.0.scale_in_cooldown": "10",
                            "target_tracking_scaling_policy_configuration.0.scale_out_cooldown": "10",
                            "target_tracking_scaling_policy_configuration.0.target_value": "80"
                        },
                        "meta": {},
                        "tainted": false
                    },
                    "deposed": [],
                    "provider": "provider.aws"
                },
                "aws_appautoscaling_policy.dynamodb_table_read_policy": {
                    "type": "aws_appautoscaling_policy",
                    "depends_on": [
                        "aws_appautoscaling_target.dynamodb_table_read_target"
                    ],
                    "primary": {
                        "id": "DynamoDBReadCapacityUtilization:table/Things",
                        "attributes": {
                            "arn": "arn:aws:autoscaling:us-east-1:661405543333:scalingPolicy:c997602a-b702-4eda-9c79-98eaeed707aa:resource/dynamodb/table/Things:policyName/DynamoDBReadCapacityUtilization:table/Things",
                            "id": "DynamoDBReadCapacityUtilization:table/Things",
                            "name": "DynamoDBReadCapacityUtilization:table/Things",
                            "policy_type": "TargetTrackingScaling",
                            "resource_id": "table/Things",
                            "scalable_dimension": "dynamodb:table:ReadCapacityUnits",
                            "service_namespace": "dynamodb",
                            "step_scaling_policy_configuration.#": "0",
                            "target_tracking_scaling_policy_configuration.#": "1",
                            "target_tracking_scaling_policy_configuration.0.customized_metric_specification.#": "0",
                            "target_tracking_scaling_policy_configuration.0.disable_scale_in": "false",
                            "target_tracking_scaling_policy_configuration.0.predefined_metric_specification.#": "1",
                            "target_tracking_scaling_policy_configuration.0.predefined_metric_specification.0.predefined_metric_type": "DynamoDBReadCapacityUtilization",
                            "target_tracking_scaling_policy_configuration.0.predefined_metric_specification.0.resource_label": "",
                            "target_tracking_scaling_policy_configuration.0.scale_in_cooldown": "10",
                            "target_tracking_scaling_policy_configuration.0.scale_out_cooldown": "10",
                            "target_tracking_scaling_policy_configuration.0.target_value": "80"
                        },
                        "meta": {},
                        "tainted": false
                    },
                    "deposed": [],
                    "provider": "provider.aws"
                },
                "aws_appautoscaling_policy.dynamodb_table_write_policy": {
                    "type": "aws_appautoscaling_policy",
                    "depends_on": [
                        "aws_appautoscaling_target.dynamodb_table_write_target"
                    ],
                    "primary": {
                        "id": "DynamoDBWriteCapacityUtilization:table/Things",
                        "attributes": {
                            "arn": "arn:aws:autoscaling:us-east-1:661405543333:scalingPolicy:3893d976-b31a-4eb9-a637-13fca86fe637:resource/dynamodb/table/Things:policyName/DynamoDBWriteCapacityUtilization:table/Things",
                            "id": "DynamoDBWriteCapacityUtilization:table/Things",
                            "name": "DynamoDBWriteCapacityUtilization:table/Things",
                            "policy_type": "TargetTrackingScaling",
                            "resource_id": "table/Things",
                            "scalable_dimension": "dynamodb:table:WriteCapacityUnits",
                            "service_namespace": "dynamodb",
                            "step_scaling_policy_configuration.#": "0",
                            "target_tracking_scaling_policy_configuration.#": "1",
                            "target_tracking_scaling_policy_configuration.0.customized_metric_specification.#": "0",
                            "target_tracking_scaling_policy_configuration.0.disable_scale_in": "false",
                            "target_tracking_scaling_policy_configuration.0.predefined_metric_specification.#": "1",
                            "target_tracking_scaling_policy_configuration.0.predefined_metric_specification.0.predefined_metric_type": "DynamoDBWriteCapacityUtilization",
                            "target_tracking_scaling_policy_configuration.0.predefined_metric_specification.0.resource_label": "",
                            "target_tracking_scaling_policy_configuration.0.scale_in_cooldown": "10",
                            "target_tracking_scaling_policy_configuration.0.scale_out_cooldown": "10",
                            "target_tracking_scaling_policy_configuration.0.target_value": "80"
                        },
                        "meta": {},
                        "tainted": false
                    },
                    "deposed": [],
                    "provider": "provider.aws"
                },
                "aws_appautoscaling_target.dynamodb_index_read_target": {
                    "type": "aws_appautoscaling_target",
                    "depends_on": [],
                    "primary": {
                        "id": "table/Things/index/CreatedAtIndex",
                        "attributes": {
                            "id": "table/Things/index/CreatedAtIndex",
                            "max_capacity": "20",
                            "min_capacity": "1",
                            "resource_id": "table/Things/index/CreatedAtIndex",
                            "role_arn": "arn:aws:iam::661405543333:role/iam_for_slapman",
                            "scalable_dimension": "dynamodb:index:ReadCapacityUnits",
                            "service_namespace": "dynamodb"
                        },
                        "meta": {},
                        "tainted": false
                    },
                    "deposed": [],
                    "provider": "provider.aws"
                },
                "aws_appautoscaling_target.dynamodb_index_write_target": {
                    "type": "aws_appautoscaling_target",
                    "depends_on": [],
                    "primary": {
                        "id": "table/Things/index/CreatedAtIndex",
                        "attributes": {
                            "id": "table/Things/index/CreatedAtIndex",
                            "max_capacity": "20",
                            "min_capacity": "1",
                            "resource_id": "table/Things/index/CreatedAtIndex",
                            "role_arn": "arn:aws:iam::661405543333:role/iam_for_slapman",
                            "scalable_dimension": "dynamodb:index:WriteCapacityUnits",
                            "service_namespace": "dynamodb"
                        },
                        "meta": {},
                        "tainted": false
                    },
                    "deposed": [],
                    "provider": "provider.aws"
                },
                "aws_appautoscaling_target.dynamodb_table_read_target": {
                    "type": "aws_appautoscaling_target",
                    "depends_on": [],
                    "primary": {
                        "id": "table/Things",
                        "attributes": {
                            "id": "table/Things",
                            "max_capacity": "20",
                            "min_capacity": "1",
                            "resource_id": "table/Things",
                            "role_arn": "arn:aws:iam::661405543333:role/iam_for_slapman",
                            "scalable_dimension": "dynamodb:table:ReadCapacityUnits",
                            "service_namespace": "dynamodb"
                        },
                        "meta": {},
                        "tainted": false
                    },
                    "deposed": [],
                    "provider": "provider.aws"
                },
                "aws_appautoscaling_target.dynamodb_table_write_target": {
                    "type": "aws_appautoscaling_target",
                    "depends_on": [],
                    "primary": {
                        "id": "table/Things",
                        "attributes": {
                            "id": "table/Things",
                            "max_capacity": "20",
                            "min_capacity": "1",
                            "resource_id": "table/Things",
                            "role_arn": "arn:aws:iam::661405543333:role/iam_for_slapman",
                            "scalable_dimension": "dynamodb:table:WriteCapacityUnits",
                            "service_namespace": "dynamodb"
                        },
                        "meta": {},
                        "tainted": false
                    },
                    "deposed": [],
                    "provider": "provider.aws"
                }
            },
            "depends_on": []
        },
        {
            "path": [
                "root",
                "things-dynamodb-table_NameIndex_autoscaling"
            ],
            "outputs": {},
            "resources": {
                "aws_appautoscaling_policy.dynamodb_index_read_policy": {
                    "type": "aws_appautoscaling_policy",
                    "depends_on": [
                        "aws_appautoscaling_target.dynamodb_index_read_target"
                    ],
                    "primary": {
                        "id": "DynamoDBReadCapacityUtilization:table/Things/index/NameIndex",
                        "attributes": {
                            "arn": "arn:aws:autoscaling:us-east-1:661405543333:scalingPolicy:1a221e59-daa8-4b58-866a-54a8f37a2a4b:resource/dynamodb/table/Things/index/NameIndex:policyName/DynamoDBReadCapacityUtilization:table/Things/index/NameIndex",
                            "id": "DynamoDBReadCapacityUtilization:table/Things/index/NameIndex",
                            "name": "DynamoDBReadCapacityUtilization:table/Things/index/NameIndex",
                            "policy_type": "TargetTrackingScaling",
                            "resource_id": "table/Things/index/NameIndex",
                            "scalable_dimension": "dynamodb:index:ReadCapacityUnits",
                            "service_namespace": "dynamodb",
                            "step_scaling_policy_configuration.#": "0",
                            "target_tracking_scaling_policy_configuration.#": "1",
                            "target_tracking_scaling_policy_configuration.0.customized_metric_specification.#": "0",
                            "target_tracking_scaling_policy_configuration.0.disable_scale_in": "false",
                            "target_tracking_scaling_policy_configuration.0.predefined_metric_specification.#": "1",
                            "target_tracking_scaling_policy_configuration.0.predefined_metric_specification.0.predefined_metric_type": "DynamoDBReadCapacityUtilization",
                            "target_tracking_scaling_policy_configuration.0.predefined_metric_specification.0.resource_label": "",
                            "target_tracking_scaling_policy_configuration.0.scale_in_cooldown": "10",
                            "target_tracking_scaling_policy_configuration.0.scale_out_cooldown": "10",
                            "target_tracking_scaling_policy_configuration.0.target_value": "80"
                        },
                        "meta": {},
                        "tainted": false
                    },
                    "deposed": [],
                    "provider": "provider.aws"
                },
                "aws_appautoscaling_policy.dynamodb_index_write_policy": {
                    "type": "aws_appautoscaling_policy",
                    "depends_on": [
                        "aws_appautoscaling_target.dynamodb_index_write_target"
                    ],
                    "primary": {
                        "id": "DynamoDBWriteCapacityUtilization:table/Things/index/NameIndex",
                        "attributes": {
                            "arn": "arn:aws:autoscaling:us-east-1:661405543333:scalingPolicy:43a60456-7bf3-46ba-8bef-33e64f8f9662:resource/dynamodb/table/Things/index/NameIndex:policyName/DynamoDBWriteCapacityUtilization:table/Things/index/NameIndex",
                            "id": "DynamoDBWriteCapacityUtilization:table/Things/index/NameIndex",
                            "name": "DynamoDBWriteCapacityUtilization:table/Things/index/NameIndex",
                            "policy_type": "TargetTrackingScaling",
                            "resource_id": "table/Things/index/NameIndex",
                            "scalable_dimension": "dynamodb:index:WriteCapacityUnits",
                            "service_namespace": "dynamodb",
                            "step_scaling_policy_configuration.#": "0",
                            "target_tracking_scaling_policy_configuration.#": "1",
                            "target_tracking_scaling_policy_configuration.0.customized_metric_specification.#": "0",
                            "target_tracking_scaling_policy_configuration.0.disable_scale_in": "false",
                            "target_tracking_scaling_policy_configuration.0.predefined_metric_specification.#": "1",
                            "target_tracking_scaling_policy_configuration.0.predefined_metric_specification.0.predefined_metric_type": "DynamoDBWriteCapacityUtilization",
                            "target_tracking_scaling_policy_configuration.0.predefined_metric_specification.0.resource_label": "",
                            "target_tracking_scaling_policy_configuration.0.scale_in_cooldown": "10",
                            "target_tracking_scaling_policy_configuration.0.scale_out_cooldown": "10",
                            "target_tracking_scaling_policy_configuration.0.target_value": "80"
                        },
                        "meta": {},
                        "tainted": false
                    },
                    "deposed": [],
                    "provider": "provider.aws"
                },
                "aws_appautoscaling_policy.dynamodb_table_read_policy": {
                    "type": "aws_appautoscaling_policy",
                    "depends_on": [
                        "aws_appautoscaling_target.dynamodb_table_read_target"
                    ],
                    "primary": {
                        "id": "DynamoDBReadCapacityUtilization:table/Things",
                        "attributes": {
                            "arn": "arn:aws:autoscaling:us-east-1:661405543333:scalingPolicy:c997602a-b702-4eda-9c79-98eaeed707aa:resource/dynamodb/table/Things:policyName/DynamoDBReadCapacityUtilization:table/Things",
                            "id": "DynamoDBReadCapacityUtilization:table/Things",
                            "name": "DynamoDBReadCapacityUtilization:table/Things",
                            "policy_type": "TargetTrackingScaling",
                            "resource_id": "table/Things",
                            "scalable_dimension": "dynamodb:table:ReadCapacityUnits",
                            "service_namespace": "dynamodb",
                            "step_scaling_policy_configuration.#": "0",
                            "target_tracking_scaling_policy_configuration.#": "1",
                            "target_tracking_scaling_policy_configuration.0.customized_metric_specification.#": "0",
                            "target_tracking_scaling_policy_configuration.0.disable_scale_in": "false",
                            "target_tracking_scaling_policy_configuration.0.predefined_metric_specification.#": "1",
                            "target_tracking_scaling_policy_configuration.0.predefined_metric_specification.0.predefined_metric_type": "DynamoDBReadCapacityUtilization",
                            "target_tracking_scaling_policy_configuration.0.predefined_metric_specification.0.resource_label": "",
                            "target_tracking_scaling_policy_configuration.0.scale_in_cooldown": "10",
                            "target_tracking_scaling_policy_configuration.0.scale_out_cooldown": "10",
                            "target_tracking_scaling_policy_configuration.0.target_value": "80"
                        },
                        "meta": {},
                        "tainted": false
                    },
                    "deposed": [],
                    "provider": "provider.aws"
                },
                "aws_appautoscaling_policy.dynamodb_table_write_policy": {
                    "type": "aws_appautoscaling_policy",
                    "depends_on": [
                        "aws_appautoscaling_target.dynamodb_table_write_target"
                    ],
                    "primary": {
                        "id": "DynamoDBWriteCapacityUtilization:table/Things",
                        "attributes": {
                            "arn": "arn:aws:autoscaling:us-east-1:661405543333:scalingPolicy:3893d976-b31a-4eb9-a637-13fca86fe637:resource/dynamodb/table/Things:policyName/DynamoDBWriteCapacityUtilization:table/Things",
                            "id": "DynamoDBWriteCapacityUtilization:table/Things",
                            "name": "DynamoDBWriteCapacityUtilization:table/Things",
                            "policy_type": "TargetTrackingScaling",
                            "resource_id": "table/Things",
                            "scalable_dimension": "dynamodb:table:WriteCapacityUnits",
                            "service_namespace": "dynamodb",
                            "step_scaling_policy_configuration.#": "0",
                            "target_tracking_scaling_policy_configuration.#": "1",
                            "target_tracking_scaling_policy_configuration.0.customized_metric_specification.#": "0",
                            "target_tracking_scaling_policy_configuration.0.disable_scale_in": "false",
                            "target_tracking_scaling_policy_configuration.0.predefined_metric_specification.#": "1",
                            "target_tracking_scaling_policy_configuration.0.predefined_metric_specification.0.predefined_metric_type": "DynamoDBWriteCapacityUtilization",
                            "target_tracking_scaling_policy_configuration.0.predefined_metric_specification.0.resource_label": "",
                            "target_tracking_scaling_policy_configuration.0.scale_in_cooldown": "10",
                            "target_tracking_scaling_policy_configuration.0.scale_out_cooldown": "10",
                            "target_tracking_scaling_policy_configuration.0.target_value": "80"
                        },
                        "meta": {},
                        "tainted": false
                    },
                    "deposed": [],
                    "provider": "provider.aws"
                },
                "aws_appautoscaling_target.dynamodb_index_read_target": {
                    "type": "aws_appautoscaling_target",
                    "depends_on": [],
                    "primary": {
                        "id": "table/Things/index/NameIndex",
                        "attributes": {
                            "id": "table/Things/index/NameIndex",
                            "max_capacity": "20",
                            "min_capacity": "1",
                            "resource_id": "table/Things/index/NameIndex",
                            "role_arn": "arn:aws:iam::661405543333:role/iam_for_slapman",
                            "scalable_dimension": "dynamodb:index:ReadCapacityUnits",
                            "service_namespace": "dynamodb"
                        },
                        "meta": {},
                        "tainted": false
                    },
                    "deposed": [],
                    "provider": "provider.aws"
                },
                "aws_appautoscaling_target.dynamodb_index_write_target": {
                    "type": "aws_appautoscaling_target",
                    "depends_on": [],
                    "primary": {
                        "id": "table/Things/index/NameIndex",
                        "attributes": {
                            "id": "table/Things/index/NameIndex",
                            "max_capacity": "20",
                            "min_capacity": "1",
                            "resource_id": "table/Things/index/NameIndex",
                            "role_arn": "arn:aws:iam::661405543333:role/iam_for_slapman",
                            "scalable_dimension": "dynamodb:index:WriteCapacityUnits",
                            "service_namespace": "dynamodb"
                        },
                        "meta": {},
                        "tainted": false
                    },
                    "deposed": [],
                    "provider": "provider.aws"
                },
                "aws_appautoscaling_target.dynamodb_table_read_target": {
                    "type": "aws_appautoscaling_target",
                    "depends_on": [],
                    "primary": {
                        "id": "table/Things",
                        "attributes": {
                            "id": "table/Things",
                            "max_capacity": "20",
                            "min_capacity": "1",
                            "resource_id": "table/Things",
                            "role_arn": "arn:aws:iam::661405543333:role/iam_for_slapman",
                            "scalable_dimension": "dynamodb:table:ReadCapacityUnits",
                            "service_namespace": "dynamodb"
                        },
                        "meta": {},
                        "tainted": false
                    },
                    "deposed": [],
                    "provider": "provider.aws"
                },
                "aws_appautoscaling_target.dynamodb_table_write_target": {
                    "type": "aws_appautoscaling_target",
                    "depends_on": [],
                    "primary": {
                        "id": "table/Things",
                        "attributes": {
                            "id": "table/Things",
                            "max_capacity": "20",
                            "min_capacity": "1",
                            "resource_id": "table/Things",
                            "role_arn": "arn:aws:iam::661405543333:role/iam_for_slapman",
                            "scalable_dimension": "dynamodb:table:WriteCapacityUnits",
                            "service_namespace": "dynamodb"
                        },
                        "meta": {},
                        "tainted": false
                    },
                    "deposed": [],
                    "provider": "provider.aws"
                }
            },
            "depends_on": []
        },
        {
            "path": [
                "root",
                "things-dynamodb-table_UpdatedAtIndex_autoscaling"
            ],
            "outputs": {},
            "resources": {
                "aws_appautoscaling_policy.dynamodb_index_read_policy": {
                    "type": "aws_appautoscaling_policy",
                    "depends_on": [
                        "aws_appautoscaling_target.dynamodb_index_read_target"
                    ],
                    "primary": {
                        "id": "DynamoDBReadCapacityUtilization:table/Things/index/UpdatedAtIndex",
                        "attributes": {
                            "arn": "arn:aws:autoscaling:us-east-1:661405543333:scalingPolicy:e552b8a2-ba5e-494f-a6ce-5b2dce2f337b:resource/dynamodb/table/Things/index/UpdatedAtIndex:policyName/DynamoDBReadCapacityUtilization:table/Things/index/UpdatedAtIndex",
                            "id": "DynamoDBReadCapacityUtilization:table/Things/index/UpdatedAtIndex",
                            "name": "DynamoDBReadCapacityUtilization:table/Things/index/UpdatedAtIndex",
                            "policy_type": "TargetTrackingScaling",
                            "resource_id": "table/Things/index/UpdatedAtIndex",
                            "scalable_dimension": "dynamodb:index:ReadCapacityUnits",
                            "service_namespace": "dynamodb",
                            "step_scaling_policy_configuration.#": "0",
                            "target_tracking_scaling_policy_configuration.#": "1",
                            "target_tracking_scaling_policy_configuration.0.customized_metric_specification.#": "0",
                            "target_tracking_scaling_policy_configuration.0.disable_scale_in": "false",
                            "target_tracking_scaling_policy_configuration.0.predefined_metric_specification.#": "1",
                            "target_tracking_scaling_policy_configuration.0.predefined_metric_specification.0.predefined_metric_type": "DynamoDBReadCapacityUtilization",
                            "target_tracking_scaling_policy_configuration.0.predefined_metric_specification.0.resource_label": "",
                            "target_tracking_scaling_policy_configuration.0.scale_in_cooldown": "10",
                            "target_tracking_scaling_policy_configuration.0.scale_out_cooldown": "10",
                            "target_tracking_scaling_policy_configuration.0.target_value": "80"
                        },
                        "meta": {},
                        "tainted": false
                    },
                    "deposed": [],
                    "provider": "provider.aws"
                },
                "aws_appautoscaling_policy.dynamodb_index_write_policy": {
                    "type": "aws_appautoscaling_policy",
                    "depends_on": [
                        "aws_appautoscaling_target.dynamodb_index_write_target"
                    ],
                    "primary": {
                        "id": "DynamoDBWriteCapacityUtilization:table/Things/index/UpdatedAtIndex",
                        "attributes": {
                            "arn": "arn:aws:autoscaling:us-east-1:661405543333:scalingPolicy:149842cf-6fdf-41c7-995d-6184f1b54d55:resource/dynamodb/table/Things/index/UpdatedAtIndex:policyName/DynamoDBWriteCapacityUtilization:table/Things/index/UpdatedAtIndex",
                            "id": "DynamoDBWriteCapacityUtilization:table/Things/index/UpdatedAtIndex",
                            "name": "DynamoDBWriteCapacityUtilization:table/Things/index/UpdatedAtIndex",
                            "policy_type": "TargetTrackingScaling",
                            "resource_id": "table/Things/index/UpdatedAtIndex",
                            "scalable_dimension": "dynamodb:index:WriteCapacityUnits",
                            "service_namespace": "dynamodb",
                            "step_scaling_policy_configuration.#": "0",
                            "target_tracking_scaling_policy_configuration.#": "1",
                            "target_tracking_scaling_policy_configuration.0.customized_metric_specification.#": "0",
                            "target_tracking_scaling_policy_configuration.0.disable_scale_in": "false",
                            "target_tracking_scaling_policy_configuration.0.predefined_metric_specification.#": "1",
                            "target_tracking_scaling_policy_configuration.0.predefined_metric_specification.0.predefined_metric_type": "DynamoDBWriteCapacityUtilization",
                            "target_tracking_scaling_policy_configuration.0.predefined_metric_specification.0.resource_label": "",
                            "target_tracking_scaling_policy_configuration.0.scale_in_cooldown": "10",
                            "target_tracking_scaling_policy_configuration.0.scale_out_cooldown": "10",
                            "target_tracking_scaling_policy_configuration.0.target_value": "80"
                        },
                        "meta": {},
                        "tainted": false
                    },
                    "deposed": [],
                    "provider": "provider.aws"
                },
                "aws_appautoscaling_policy.dynamodb_table_read_policy": {
                    "type": "aws_appautoscaling_policy",
                    "depends_on": [
                        "aws_appautoscaling_target.dynamodb_table_read_target"
                    ],
                    "primary": {
                        "id": "DynamoDBReadCapacityUtilization:table/Things",
                        "attributes": {
                            "arn": "arn:aws:autoscaling:us-east-1:661405543333:scalingPolicy:c997602a-b702-4eda-9c79-98eaeed707aa:resource/dynamodb/table/Things:policyName/DynamoDBReadCapacityUtilization:table/Things",
                            "id": "DynamoDBReadCapacityUtilization:table/Things",
                            "name": "DynamoDBReadCapacityUtilization:table/Things",
                            "policy_type": "TargetTrackingScaling",
                            "resource_id": "table/Things",
                            "scalable_dimension": "dynamodb:table:ReadCapacityUnits",
                            "service_namespace": "dynamodb",
                            "step_scaling_policy_configuration.#": "0",
                            "target_tracking_scaling_policy_configuration.#": "1",
                            "target_tracking_scaling_policy_configuration.0.customized_metric_specification.#": "0",
                            "target_tracking_scaling_policy_configuration.0.disable_scale_in": "false",
                            "target_tracking_scaling_policy_configuration.0.predefined_metric_specification.#": "1",
                            "target_tracking_scaling_policy_configuration.0.predefined_metric_specification.0.predefined_metric_type": "DynamoDBReadCapacityUtilization",
                            "target_tracking_scaling_policy_configuration.0.predefined_metric_specification.0.resource_label": "",
                            "target_tracking_scaling_policy_configuration.0.scale_in_cooldown": "10",
                            "target_tracking_scaling_policy_configuration.0.scale_out_cooldown": "10",
                            "target_tracking_scaling_policy_configuration.0.target_value": "80"
                        },
                        "meta": {},
                        "tainted": false
                    },
                    "deposed": [],
                    "provider": "provider.aws"
                },
                "aws_appautoscaling_policy.dynamodb_table_write_policy": {
                    "type": "aws_appautoscaling_policy",
                    "depends_on": [
                        "aws_appautoscaling_target.dynamodb_table_write_target"
                    ],
                    "primary": {
                        "id": "DynamoDBWriteCapacityUtilization:table/Things",
                        "attributes": {
                            "arn": "arn:aws:autoscaling:us-east-1:661405543333:scalingPolicy:3893d976-b31a-4eb9-a637-13fca86fe637:resource/dynamodb/table/Things:policyName/DynamoDBWriteCapacityUtilization:table/Things",
                            "id": "DynamoDBWriteCapacityUtilization:table/Things",
                            "name": "DynamoDBWriteCapacityUtilization:table/Things",
                            "policy_type": "TargetTrackingScaling",
                            "resource_id": "table/Things",
                            "scalable_dimension": "dynamodb:table:WriteCapacityUnits",
                            "service_namespace": "dynamodb",
                            "step_scaling_policy_configuration.#": "0",
                            "target_tracking_scaling_policy_configuration.#": "1",
                            "target_tracking_scaling_policy_configuration.0.customized_metric_specification.#": "0",
                            "target_tracking_scaling_policy_configuration.0.disable_scale_in": "false",
                            "target_tracking_scaling_policy_configuration.0.predefined_metric_specification.#": "1",
                            "target_tracking_scaling_policy_configuration.0.predefined_metric_specification.0.predefined_metric_type": "DynamoDBWriteCapacityUtilization",
                            "target_tracking_scaling_policy_configuration.0.predefined_metric_specification.0.resource_label": "",
                            "target_tracking_scaling_policy_configuration.0.scale_in_cooldown": "10",
                            "target_tracking_scaling_policy_configuration.0.scale_out_cooldown": "10",
                            "target_tracking_scaling_policy_configuration.0.target_value": "80"
                        },
                        "meta": {},
                        "tainted": false
                    },
                    "deposed": [],
                    "provider": "provider.aws"
                },
                "aws_appautoscaling_target.dynamodb_index_read_target": {
                    "type": "aws_appautoscaling_target",
                    "depends_on": [],
                    "primary": {
                        "id": "table/Things/index/UpdatedAtIndex",
                        "attributes": {
                            "id": "table/Things/index/UpdatedAtIndex",
                            "max_capacity": "20",
                            "min_capacity": "1",
                            "resource_id": "table/Things/index/UpdatedAtIndex",
                            "role_arn": "arn:aws:iam::661405543333:role/iam_for_slapman",
                            "scalable_dimension": "dynamodb:index:ReadCapacityUnits",
                            "service_namespace": "dynamodb"
                        },
                        "meta": {},
                        "tainted": false
                    },
                    "deposed": [],
                    "provider": "provider.aws"
                },
                "aws_appautoscaling_target.dynamodb_index_write_target": {
                    "type": "aws_appautoscaling_target",
                    "depends_on": [],
                    "primary": {
                        "id": "table/Things/index/UpdatedAtIndex",
                        "attributes": {
                            "id": "table/Things/index/UpdatedAtIndex",
                            "max_capacity": "20",
                            "min_capacity": "1",
                            "resource_id": "table/Things/index/UpdatedAtIndex",
                            "role_arn": "arn:aws:iam::661405543333:role/iam_for_slapman",
                            "scalable_dimension": "dynamodb:index:WriteCapacityUnits",
                            "service_namespace": "dynamodb"
                        },
                        "meta": {},
                        "tainted": false
                    },
                    "deposed": [],
                    "provider": "provider.aws"
                },
                "aws_appautoscaling_target.dynamodb_table_read_target": {
                    "type": "aws_appautoscaling_target",
                    "depends_on": [],
                    "primary": {
                        "id": "table/Things",
                        "attributes": {
                            "id": "table/Things",
                            "max_capacity": "20",
                            "min_capacity": "1",
                            "resource_id": "table/Things",
                            "role_arn": "arn:aws:iam::661405543333:role/iam_for_slapman",
                            "scalable_dimension": "dynamodb:table:ReadCapacityUnits",
                            "service_namespace": "dynamodb"
                        },
                        "meta": {},
                        "tainted": false
                    },
                    "deposed": [],
                    "provider": "provider.aws"
                },
                "aws_appautoscaling_target.dynamodb_table_write_target": {
                    "type": "aws_appautoscaling_target",
                    "depends_on": [],
                    "primary": {
                        "id": "table/Things",
                        "attributes": {
                            "id": "table/Things",
                            "max_capacity": "20",
                            "min_capacity": "1",
                            "resource_id": "table/Things",
                            "role_arn": "arn:aws:iam::661405543333:role/iam_for_slapman",
                            "scalable_dimension": "dynamodb:table:WriteCapacityUnits",
                            "service_namespace": "dynamodb"
                        },
                        "meta": {},
                        "tainted": false
                    },
                    "deposed": [],
                    "provider": "provider.aws"
                }
            },
            "depends_on": []
        },
        {
            "path": [
                "root",
                "things-dynamodb-table_UserIDIndex_autoscaling"
            ],
            "outputs": {},
            "resources": {
                "aws_appautoscaling_policy.dynamodb_index_read_policy": {
                    "type": "aws_appautoscaling_policy",
                    "depends_on": [
                        "aws_appautoscaling_target.dynamodb_index_read_target"
                    ],
                    "primary": {
                        "id": "DynamoDBReadCapacityUtilization:table/Things/index/UserIDIndex",
                        "attributes": {
                            "arn": "arn:aws:autoscaling:us-east-1:661405543333:scalingPolicy:36851c28-042c-4a96-b3d5-016b5801f299:resource/dynamodb/table/Things/index/UserIDIndex:policyName/DynamoDBReadCapacityUtilization:table/Things/index/UserIDIndex",
                            "id": "DynamoDBReadCapacityUtilization:table/Things/index/UserIDIndex",
                            "name": "DynamoDBReadCapacityUtilization:table/Things/index/UserIDIndex",
                            "policy_type": "TargetTrackingScaling",
                            "resource_id": "table/Things/index/UserIDIndex",
                            "scalable_dimension": "dynamodb:index:ReadCapacityUnits",
                            "service_namespace": "dynamodb",
                            "step_scaling_policy_configuration.#": "0",
                            "target_tracking_scaling_policy_configuration.#": "1",
                            "target_tracking_scaling_policy_configuration.0.customized_metric_specification.#": "0",
                            "target_tracking_scaling_policy_configuration.0.disable_scale_in": "false",
                            "target_tracking_scaling_policy_configuration.0.predefined_metric_specification.#": "1",
                            "target_tracking_scaling_policy_configuration.0.predefined_metric_specification.0.predefined_metric_type": "DynamoDBReadCapacityUtilization",
                            "target_tracking_scaling_policy_configuration.0.predefined_metric_specification.0.resource_label": "",
                            "target_tracking_scaling_policy_configuration.0.scale_in_cooldown": "10",
                            "target_tracking_scaling_policy_configuration.0.scale_out_cooldown": "10",
                            "target_tracking_scaling_policy_configuration.0.target_value": "80"
                        },
                        "meta": {},
                        "tainted": false
                    },
                    "deposed": [],
                    "provider": "provider.aws"
                },
                "aws_appautoscaling_policy.dynamodb_index_write_policy": {
                    "type": "aws_appautoscaling_policy",
                    "depends_on": [
                        "aws_appautoscaling_target.dynamodb_index_write_target"
                    ],
                    "primary": {
                        "id": "DynamoDBWriteCapacityUtilization:table/Things/index/UserIDIndex",
                        "attributes": {
                            "arn": "arn:aws:autoscaling:us-east-1:661405543333:scalingPolicy:24525916-b287-4a04-8ab2-a3091e587f91:resource/dynamodb/table/Things/index/UserIDIndex:policyName/DynamoDBWriteCapacityUtilization:table/Things/index/UserIDIndex",
                            "id": "DynamoDBWriteCapacityUtilization:table/Things/index/UserIDIndex",
                            "name": "DynamoDBWriteCapacityUtilization:table/Things/index/UserIDIndex",
                            "policy_type": "TargetTrackingScaling",
                            "resource_id": "table/Things/index/UserIDIndex",
                            "scalable_dimension": "dynamodb:index:WriteCapacityUnits",
                            "service_namespace": "dynamodb",
                            "step_scaling_policy_configuration.#": "0",
                            "target_tracking_scaling_policy_configuration.#": "1",
                            "target_tracking_scaling_policy_configuration.0.customized_metric_specification.#": "0",
                            "target_tracking_scaling_policy_configuration.0.disable_scale_in": "false",
                            "target_tracking_scaling_policy_configuration.0.predefined_metric_specification.#": "1",
                            "target_tracking_scaling_policy_configuration.0.predefined_metric_specification.0.predefined_metric_type": "DynamoDBWriteCapacityUtilization",
                            "target_tracking_scaling_policy_configuration.0.predefined_metric_specification.0.resource_label": "",
                            "target_tracking_scaling_policy_configuration.0.scale_in_cooldown": "10",
                            "target_tracking_scaling_policy_configuration.0.scale_out_cooldown": "10",
                            "target_tracking_scaling_policy_configuration.0.target_value": "80"
                        },
                        "meta": {},
                        "tainted": false
                    },
                    "deposed": [],
                    "provider": "provider.aws"
                },
                "aws_appautoscaling_policy.dynamodb_table_read_policy": {
                    "type": "aws_appautoscaling_policy",
                    "depends_on": [
                        "aws_appautoscaling_target.dynamodb_table_read_target"
                    ],
                    "primary": {
                        "id": "DynamoDBReadCapacityUtilization:table/Things",
                        "attributes": {
                            "arn": "arn:aws:autoscaling:us-east-1:661405543333:scalingPolicy:c997602a-b702-4eda-9c79-98eaeed707aa:resource/dynamodb/table/Things:policyName/DynamoDBReadCapacityUtilization:table/Things",
                            "id": "DynamoDBReadCapacityUtilization:table/Things",
                            "name": "DynamoDBReadCapacityUtilization:table/Things",
                            "policy_type": "TargetTrackingScaling",
                            "resource_id": "table/Things",
                            "scalable_dimension": "dynamodb:table:ReadCapacityUnits",
                            "service_namespace": "dynamodb",
                            "step_scaling_policy_configuration.#": "0",
                            "target_tracking_scaling_policy_configuration.#": "1",
                            "target_tracking_scaling_policy_configuration.0.customized_metric_specification.#": "0",
                            "target_tracking_scaling_policy_configuration.0.disable_scale_in": "false",
                            "target_tracking_scaling_policy_configuration.0.predefined_metric_specification.#": "1",
                            "target_tracking_scaling_policy_configuration.0.predefined_metric_specification.0.predefined_metric_type": "DynamoDBReadCapacityUtilization",
                            "target_tracking_scaling_policy_configuration.0.predefined_metric_specification.0.resource_label": "",
                            "target_tracking_scaling_policy_configuration.0.scale_in_cooldown": "10",
                            "target_tracking_scaling_policy_configuration.0.scale_out_cooldown": "10",
                            "target_tracking_scaling_policy_configuration.0.target_value": "80"
                        },
                        "meta": {},
                        "tainted": false
                    },
                    "deposed": [],
                    "provider": "provider.aws"
                },
                "aws_appautoscaling_policy.dynamodb_table_write_policy": {
                    "type": "aws_appautoscaling_policy",
                    "depends_on": [
                        "aws_appautoscaling_target.dynamodb_table_write_target"
                    ],
                    "primary": {
                        "id": "DynamoDBWriteCapacityUtilization:table/Things",
                        "attributes": {
                            "arn": "arn:aws:autoscaling:us-east-1:661405543333:scalingPolicy:3893d976-b31a-4eb9-a637-13fca86fe637:resource/dynamodb/table/Things:policyName/DynamoDBWriteCapacityUtilization:table/Things",
                            "id": "DynamoDBWriteCapacityUtilization:table/Things",
                            "name": "DynamoDBWriteCapacityUtilization:table/Things",
                            "policy_type": "TargetTrackingScaling",
                            "resource_id": "table/Things",
                            "scalable_dimension": "dynamodb:table:WriteCapacityUnits",
                            "service_namespace": "dynamodb",
                            "step_scaling_policy_configuration.#": "0",
                            "target_tracking_scaling_policy_configuration.#": "1",
                            "target_tracking_scaling_policy_configuration.0.customized_metric_specification.#": "0",
                            "target_tracking_scaling_policy_configuration.0.disable_scale_in": "false",
                            "target_tracking_scaling_policy_configuration.0.predefined_metric_specification.#": "1",
                            "target_tracking_scaling_policy_configuration.0.predefined_metric_specification.0.predefined_metric_type": "DynamoDBWriteCapacityUtilization",
                            "target_tracking_scaling_policy_configuration.0.predefined_metric_specification.0.resource_label": "",
                            "target_tracking_scaling_policy_configuration.0.scale_in_cooldown": "10",
                            "target_tracking_scaling_policy_configuration.0.scale_out_cooldown": "10",
                            "target_tracking_scaling_policy_configuration.0.target_value": "80"
                        },
                        "meta": {},
                        "tainted": false
                    },
                    "deposed": [],
                    "provider": "provider.aws"
                },
                "aws_appautoscaling_target.dynamodb_index_read_target": {
                    "type": "aws_appautoscaling_target",
                    "depends_on": [],
                    "primary": {
                        "id": "table/Things/index/UserIDIndex",
                        "attributes": {
                            "id": "table/Things/index/UserIDIndex",
                            "max_capacity": "20",
                            "min_capacity": "1",
                            "resource_id": "table/Things/index/UserIDIndex",
                            "role_arn": "arn:aws:iam::661405543333:role/iam_for_slapman",
                            "scalable_dimension": "dynamodb:index:ReadCapacityUnits",
                            "service_namespace": "dynamodb"
                        },
                        "meta": {},
                        "tainted": false
                    },
                    "deposed": [],
                    "provider": "provider.aws"
                },
                "aws_appautoscaling_target.dynamodb_index_write_target": {
                    "type": "aws_appautoscaling_target",
                    "depends_on": [],
                    "primary": {
                        "id": "table/Things/index/UserIDIndex",
                        "attributes": {
                            "id": "table/Things/index/UserIDIndex",
                            "max_capacity": "20",
                            "min_capacity": "1",
                            "resource_id": "table/Things/index/UserIDIndex",
                            "role_arn": "arn:aws:iam::661405543333:role/iam_for_slapman",
                            "scalable_dimension": "dynamodb:index:WriteCapacityUnits",
                            "service_namespace": "dynamodb"
                        },
                        "meta": {},
                        "tainted": false
                    },
                    "deposed": [],
                    "provider": "provider.aws"
                },
                "aws_appautoscaling_target.dynamodb_table_read_target": {
                    "type": "aws_appautoscaling_target",
                    "depends_on": [],
                    "primary": {
                        "id": "table/Things",
                        "attributes": {
                            "id": "table/Things",
                            "max_capacity": "20",
                            "min_capacity": "1",
                            "resource_id": "table/Things",
                            "role_arn": "arn:aws:iam::661405543333:role/iam_for_slapman",
                            "scalable_dimension": "dynamodb:table:ReadCapacityUnits",
                            "service_namespace": "dynamodb"
                        },
                        "meta": {},
                        "tainted": false
                    },
                    "deposed": [],
                    "provider": "provider.aws"
                },
                "aws_appautoscaling_target.dynamodb_table_write_target": {
                    "type": "aws_appautoscaling_target",
                    "depends_on": [],
                    "primary": {
                        "id": "table/Things",
                        "attributes": {
                            "id": "table/Things",
                            "max_capacity": "20",
                            "min_capacity": "1",
                            "resource_id": "table/Things",
                            "role_arn": "arn:aws:iam::661405543333:role/iam_for_slapman",
                            "scalable_dimension": "dynamodb:table:WriteCapacityUnits",
                            "service_namespace": "dynamodb"
                        },
                        "meta": {},
                        "tainted": false
                    },
                    "deposed": [],
                    "provider": "provider.aws"
                }
            },
            "depends_on": []
        },
        {
            "path": [
                "root",
                "user-table_EmailIndex_autoscaling"
            ],
            "outputs": {},
            "resources": {
                "aws_appautoscaling_policy.dynamodb_index_read_policy": {
                    "type": "aws_appautoscaling_policy",
                    "depends_on": [
                        "aws_appautoscaling_target.dynamodb_index_read_target"
                    ],
                    "primary": {
                        "id": "DynamoDBReadCapacityUtilization:table/User/index/EmailIndex",
                        "attributes": {
                            "arn": "arn:aws:autoscaling:us-east-1:661405543333:scalingPolicy:1f6b1c08-b04e-44f4-8040-8047e540c834:resource/dynamodb/table/User/index/EmailIndex:policyName/DynamoDBReadCapacityUtilization:table/User/index/EmailIndex",
                            "id": "DynamoDBReadCapacityUtilization:table/User/index/EmailIndex",
                            "name": "DynamoDBReadCapacityUtilization:table/User/index/EmailIndex",
                            "policy_type": "TargetTrackingScaling",
                            "resource_id": "table/User/index/EmailIndex",
                            "scalable_dimension": "dynamodb:index:ReadCapacityUnits",
                            "service_namespace": "dynamodb",
                            "step_scaling_policy_configuration.#": "0",
                            "target_tracking_scaling_policy_configuration.#": "1",
                            "target_tracking_scaling_policy_configuration.0.customized_metric_specification.#": "0",
                            "target_tracking_scaling_policy_configuration.0.disable_scale_in": "false",
                            "target_tracking_scaling_policy_configuration.0.predefined_metric_specification.#": "1",
                            "target_tracking_scaling_policy_configuration.0.predefined_metric_specification.0.predefined_metric_type": "DynamoDBReadCapacityUtilization",
                            "target_tracking_scaling_policy_configuration.0.predefined_metric_specification.0.resource_label": "",
                            "target_tracking_scaling_policy_configuration.0.scale_in_cooldown": "10",
                            "target_tracking_scaling_policy_configuration.0.scale_out_cooldown": "10",
                            "target_tracking_scaling_policy_configuration.0.target_value": "80"
                        },
                        "meta": {},
                        "tainted": false
                    },
                    "deposed": [],
                    "provider": "provider.aws"
                },
                "aws_appautoscaling_policy.dynamodb_index_write_policy": {
                    "type": "aws_appautoscaling_policy",
                    "depends_on": [
                        "aws_appautoscaling_target.dynamodb_index_write_target"
                    ],
                    "primary": {
                        "id": "DynamoDBWriteCapacityUtilization:table/User/index/EmailIndex",
                        "attributes": {
                            "arn": "arn:aws:autoscaling:us-east-1:661405543333:scalingPolicy:ba6fea8b-1ced-4db7-b8b7-a0dc9f834f27:resource/dynamodb/table/User/index/EmailIndex:policyName/DynamoDBWriteCapacityUtilization:table/User/index/EmailIndex",
                            "id": "DynamoDBWriteCapacityUtilization:table/User/index/EmailIndex",
                            "name": "DynamoDBWriteCapacityUtilization:table/User/index/EmailIndex",
                            "policy_type": "TargetTrackingScaling",
                            "resource_id": "table/User/index/EmailIndex",
                            "scalable_dimension": "dynamodb:index:WriteCapacityUnits",
                            "service_namespace": "dynamodb",
                            "step_scaling_policy_configuration.#": "0",
                            "target_tracking_scaling_policy_configuration.#": "1",
                            "target_tracking_scaling_policy_configuration.0.customized_metric_specification.#": "0",
                            "target_tracking_scaling_policy_configuration.0.disable_scale_in": "false",
                            "target_tracking_scaling_policy_configuration.0.predefined_metric_specification.#": "1",
                            "target_tracking_scaling_policy_configuration.0.predefined_metric_specification.0.predefined_metric_type": "DynamoDBWriteCapacityUtilization",
                            "target_tracking_scaling_policy_configuration.0.predefined_metric_specification.0.resource_label": "",
                            "target_tracking_scaling_policy_configuration.0.scale_in_cooldown": "10",
                            "target_tracking_scaling_policy_configuration.0.scale_out_cooldown": "10",
                            "target_tracking_scaling_policy_configuration.0.target_value": "80"
                        },
                        "meta": {},
                        "tainted": false
                    },
                    "deposed": [],
                    "provider": "provider.aws"
                },
                "aws_appautoscaling_policy.dynamodb_table_read_policy": {
                    "type": "aws_appautoscaling_policy",
                    "depends_on": [
                        "aws_appautoscaling_target.dynamodb_table_read_target"
                    ],
                    "primary": {
                        "id": "DynamoDBReadCapacityUtilization:table/User",
                        "attributes": {
                            "arn": "arn:aws:autoscaling:us-east-1:661405543333:scalingPolicy:2ccf77e9-6d07-493b-a4ff-51192cf1c0ff:resource/dynamodb/table/User:policyName/DynamoDBReadCapacityUtilization:table/User",
                            "id": "DynamoDBReadCapacityUtilization:table/User",
                            "name": "DynamoDBReadCapacityUtilization:table/User",
                            "policy_type": "TargetTrackingScaling",
                            "resource_id": "table/User",
                            "scalable_dimension": "dynamodb:table:ReadCapacityUnits",
                            "service_namespace": "dynamodb",
                            "step_scaling_policy_configuration.#": "0",
                            "target_tracking_scaling_policy_configuration.#": "1",
                            "target_tracking_scaling_policy_configuration.0.customized_metric_specification.#": "0",
                            "target_tracking_scaling_policy_configuration.0.disable_scale_in": "false",
                            "target_tracking_scaling_policy_configuration.0.predefined_metric_specification.#": "1",
                            "target_tracking_scaling_policy_configuration.0.predefined_metric_specification.0.predefined_metric_type": "DynamoDBReadCapacityUtilization",
                            "target_tracking_scaling_policy_configuration.0.predefined_metric_specification.0.resource_label": "",
                            "target_tracking_scaling_policy_configuration.0.scale_in_cooldown": "10",
                            "target_tracking_scaling_policy_configuration.0.scale_out_cooldown": "10",
                            "target_tracking_scaling_policy_configuration.0.target_value": "80"
                        },
                        "meta": {},
                        "tainted": false
                    },
                    "deposed": [],
                    "provider": "provider.aws"
                },
                "aws_appautoscaling_policy.dynamodb_table_write_policy": {
                    "type": "aws_appautoscaling_policy",
                    "depends_on": [
                        "aws_appautoscaling_target.dynamodb_table_write_target"
                    ],
                    "primary": {
                        "id": "DynamoDBWriteCapacityUtilization:table/User",
                        "attributes": {
                            "arn": "arn:aws:autoscaling:us-east-1:661405543333:scalingPolicy:4d0163a1-329d-4f37-86a8-f7efc3d40621:resource/dynamodb/table/User:policyName/DynamoDBWriteCapacityUtilization:table/User",
                            "id": "DynamoDBWriteCapacityUtilization:table/User",
                            "name": "DynamoDBWriteCapacityUtilization:table/User",
                            "policy_type": "TargetTrackingScaling",
                            "resource_id": "table/User",
                            "scalable_dimension": "dynamodb:table:WriteCapacityUnits",
                            "service_namespace": "dynamodb",
                            "step_scaling_policy_configuration.#": "0",
                            "target_tracking_scaling_policy_configuration.#": "1",
                            "target_tracking_scaling_policy_configuration.0.customized_metric_specification.#": "0",
                            "target_tracking_scaling_policy_configuration.0.disable_scale_in": "false",
                            "target_tracking_scaling_policy_configuration.0.predefined_metric_specification.#": "1",
                            "target_tracking_scaling_policy_configuration.0.predefined_metric_specification.0.predefined_metric_type": "DynamoDBWriteCapacityUtilization",
                            "target_tracking_scaling_policy_configuration.0.predefined_metric_specification.0.resource_label": "",
                            "target_tracking_scaling_policy_configuration.0.scale_in_cooldown": "10",
                            "target_tracking_scaling_policy_configuration.0.scale_out_cooldown": "10",
                            "target_tracking_scaling_policy_configuration.0.target_value": "80"
                        },
                        "meta": {},
                        "tainted": false
                    },
                    "deposed": [],
                    "provider": "provider.aws"
                },
                "aws_appautoscaling_target.dynamodb_index_read_target": {
                    "type": "aws_appautoscaling_target",
                    "depends_on": [],
                    "primary": {
                        "id": "table/User/index/EmailIndex",
                        "attributes": {
                            "id": "table/User/index/EmailIndex",
                            "max_capacity": "20",
                            "min_capacity": "1",
                            "resource_id": "table/User/index/EmailIndex",
                            "role_arn": "arn:aws:iam::661405543333:role/iam_for_slapman",
                            "scalable_dimension": "dynamodb:index:ReadCapacityUnits",
                            "service_namespace": "dynamodb"
                        },
                        "meta": {},
                        "tainted": false
                    },
                    "deposed": [],
                    "provider": "provider.aws"
                },
                "aws_appautoscaling_target.dynamodb_index_write_target": {
                    "type": "aws_appautoscaling_target",
                    "depends_on": [],
                    "primary": {
                        "id": "table/User/index/EmailIndex",
                        "attributes": {
                            "id": "table/User/index/EmailIndex",
                            "max_capacity": "20",
                            "min_capacity": "1",
                            "resource_id": "table/User/index/EmailIndex",
                            "role_arn": "arn:aws:iam::661405543333:role/iam_for_slapman",
                            "scalable_dimension": "dynamodb:index:WriteCapacityUnits",
                            "service_namespace": "dynamodb"
                        },
                        "meta": {},
                        "tainted": false
                    },
                    "deposed": [],
                    "provider": "provider.aws"
                },
                "aws_appautoscaling_target.dynamodb_table_read_target": {
                    "type": "aws_appautoscaling_target",
                    "depends_on": [],
                    "primary": {
                        "id": "table/User",
                        "attributes": {
                            "id": "table/User",
                            "max_capacity": "20",
                            "min_capacity": "1",
                            "resource_id": "table/User",
                            "role_arn": "arn:aws:iam::661405543333:role/iam_for_slapman",
                            "scalable_dimension": "dynamodb:table:ReadCapacityUnits",
                            "service_namespace": "dynamodb"
                        },
                        "meta": {},
                        "tainted": false
                    },
                    "deposed": [],
                    "provider": "provider.aws"
                },
                "aws_appautoscaling_target.dynamodb_table_write_target": {
                    "type": "aws_appautoscaling_target",
                    "depends_on": [],
                    "primary": {
                        "id": "table/User",
                        "attributes": {
                            "id": "table/User",
                            "max_capacity": "20",
                            "min_capacity": "1",
                            "resource_id": "table/User",
                            "role_arn": "arn:aws:iam::661405543333:role/iam_for_slapman",
                            "scalable_dimension": "dynamodb:table:WriteCapacityUnits",
                            "service_namespace": "dynamodb"
                        },
                        "meta": {},
                        "tainted": false
                    },
                    "deposed": [],
                    "provider": "provider.aws"
                }
            },
            "depends_on": []
        },
        {
            "path": [
                "root",
                "user-table_LastSeenIndex_autoscaling"
            ],
            "outputs": {},
            "resources": {
                "aws_appautoscaling_policy.dynamodb_index_read_policy": {
                    "type": "aws_appautoscaling_policy",
                    "depends_on": [
                        "aws_appautoscaling_target.dynamodb_index_read_target"
                    ],
                    "primary": {
                        "id": "DynamoDBReadCapacityUtilization:table/User/index/LastSeenIndex",
                        "attributes": {
                            "arn": "arn:aws:autoscaling:us-east-1:661405543333:scalingPolicy:dc2af81f-2ad5-4c20-8eca-c5778cf53641:resource/dynamodb/table/User/index/LastSeenIndex:policyName/DynamoDBReadCapacityUtilization:table/User/index/LastSeenIndex",
                            "id": "DynamoDBReadCapacityUtilization:table/User/index/LastSeenIndex",
                            "name": "DynamoDBReadCapacityUtilization:table/User/index/LastSeenIndex",
                            "policy_type": "TargetTrackingScaling",
                            "resource_id": "table/User/index/LastSeenIndex",
                            "scalable_dimension": "dynamodb:index:ReadCapacityUnits",
                            "service_namespace": "dynamodb",
                            "step_scaling_policy_configuration.#": "0",
                            "target_tracking_scaling_policy_configuration.#": "1",
                            "target_tracking_scaling_policy_configuration.0.customized_metric_specification.#": "0",
                            "target_tracking_scaling_policy_configuration.0.disable_scale_in": "false",
                            "target_tracking_scaling_policy_configuration.0.predefined_metric_specification.#": "1",
                            "target_tracking_scaling_policy_configuration.0.predefined_metric_specification.0.predefined_metric_type": "DynamoDBReadCapacityUtilization",
                            "target_tracking_scaling_policy_configuration.0.predefined_metric_specification.0.resource_label": "",
                            "target_tracking_scaling_policy_configuration.0.scale_in_cooldown": "10",
                            "target_tracking_scaling_policy_configuration.0.scale_out_cooldown": "10",
                            "target_tracking_scaling_policy_configuration.0.target_value": "80"
                        },
                        "meta": {},
                        "tainted": false
                    },
                    "deposed": [],
                    "provider": "provider.aws"
                },
                "aws_appautoscaling_policy.dynamodb_index_write_policy": {
                    "type": "aws_appautoscaling_policy",
                    "depends_on": [
                        "aws_appautoscaling_target.dynamodb_index_write_target"
                    ],
                    "primary": {
                        "id": "DynamoDBWriteCapacityUtilization:table/User/index/LastSeenIndex",
                        "attributes": {
                            "arn": "arn:aws:autoscaling:us-east-1:661405543333:scalingPolicy:796bf9ed-86d3-427a-ae83-2b048c84da26:resource/dynamodb/table/User/index/LastSeenIndex:policyName/DynamoDBWriteCapacityUtilization:table/User/index/LastSeenIndex",
                            "id": "DynamoDBWriteCapacityUtilization:table/User/index/LastSeenIndex",
                            "name": "DynamoDBWriteCapacityUtilization:table/User/index/LastSeenIndex",
                            "policy_type": "TargetTrackingScaling",
                            "resource_id": "table/User/index/LastSeenIndex",
                            "scalable_dimension": "dynamodb:index:WriteCapacityUnits",
                            "service_namespace": "dynamodb",
                            "step_scaling_policy_configuration.#": "0",
                            "target_tracking_scaling_policy_configuration.#": "1",
                            "target_tracking_scaling_policy_configuration.0.customized_metric_specification.#": "0",
                            "target_tracking_scaling_policy_configuration.0.disable_scale_in": "false",
                            "target_tracking_scaling_policy_configuration.0.predefined_metric_specification.#": "1",
                            "target_tracking_scaling_policy_configuration.0.predefined_metric_specification.0.predefined_metric_type": "DynamoDBWriteCapacityUtilization",
                            "target_tracking_scaling_policy_configuration.0.predefined_metric_specification.0.resource_label": "",
                            "target_tracking_scaling_policy_configuration.0.scale_in_cooldown": "10",
                            "target_tracking_scaling_policy_configuration.0.scale_out_cooldown": "10",
                            "target_tracking_scaling_policy_configuration.0.target_value": "80"
                        },
                        "meta": {},
                        "tainted": false
                    },
                    "deposed": [],
                    "provider": "provider.aws"
                },
                "aws_appautoscaling_policy.dynamodb_table_read_policy": {
                    "type": "aws_appautoscaling_policy",
                    "depends_on": [
                        "aws_appautoscaling_target.dynamodb_table_read_target"
                    ],
                    "primary": {
                        "id": "DynamoDBReadCapacityUtilization:table/User",
                        "attributes": {
                            "arn": "arn:aws:autoscaling:us-east-1:661405543333:scalingPolicy:2ccf77e9-6d07-493b-a4ff-51192cf1c0ff:resource/dynamodb/table/User:policyName/DynamoDBReadCapacityUtilization:table/User",
                            "id": "DynamoDBReadCapacityUtilization:table/User",
                            "name": "DynamoDBReadCapacityUtilization:table/User",
                            "policy_type": "TargetTrackingScaling",
                            "resource_id": "table/User",
                            "scalable_dimension": "dynamodb:table:ReadCapacityUnits",
                            "service_namespace": "dynamodb",
                            "step_scaling_policy_configuration.#": "0",
                            "target_tracking_scaling_policy_configuration.#": "1",
                            "target_tracking_scaling_policy_configuration.0.customized_metric_specification.#": "0",
                            "target_tracking_scaling_policy_configuration.0.disable_scale_in": "false",
                            "target_tracking_scaling_policy_configuration.0.predefined_metric_specification.#": "1",
                            "target_tracking_scaling_policy_configuration.0.predefined_metric_specification.0.predefined_metric_type": "DynamoDBReadCapacityUtilization",
                            "target_tracking_scaling_policy_configuration.0.predefined_metric_specification.0.resource_label": "",
                            "target_tracking_scaling_policy_configuration.0.scale_in_cooldown": "10",
                            "target_tracking_scaling_policy_configuration.0.scale_out_cooldown": "10",
                            "target_tracking_scaling_policy_configuration.0.target_value": "80"
                        },
                        "meta": {},
                        "tainted": false
                    },
                    "deposed": [],
                    "provider": "provider.aws"
                },
                "aws_appautoscaling_policy.dynamodb_table_write_policy": {
                    "type": "aws_appautoscaling_policy",
                    "depends_on": [
                        "aws_appautoscaling_target.dynamodb_table_write_target"
                    ],
                    "primary": {
                        "id": "DynamoDBWriteCapacityUtilization:table/User",
                        "attributes": {
                            "arn": "arn:aws:autoscaling:us-east-1:661405543333:scalingPolicy:4d0163a1-329d-4f37-86a8-f7efc3d40621:resource/dynamodb/table/User:policyName/DynamoDBWriteCapacityUtilization:table/User",
                            "id": "DynamoDBWriteCapacityUtilization:table/User",
                            "name": "DynamoDBWriteCapacityUtilization:table/User",
                            "policy_type": "TargetTrackingScaling",
                            "resource_id": "table/User",
                            "scalable_dimension": "dynamodb:table:WriteCapacityUnits",
                            "service_namespace": "dynamodb",
                            "step_scaling_policy_configuration.#": "0",
                            "target_tracking_scaling_policy_configuration.#": "1",
                            "target_tracking_scaling_policy_configuration.0.customized_metric_specification.#": "0",
                            "target_tracking_scaling_policy_configuration.0.disable_scale_in": "false",
                            "target_tracking_scaling_policy_configuration.0.predefined_metric_specification.#": "1",
                            "target_tracking_scaling_policy_configuration.0.predefined_metric_specification.0.predefined_metric_type": "DynamoDBWriteCapacityUtilization",
                            "target_tracking_scaling_policy_configuration.0.predefined_metric_specification.0.resource_label": "",
                            "target_tracking_scaling_policy_configuration.0.scale_in_cooldown": "10",
                            "target_tracking_scaling_policy_configuration.0.scale_out_cooldown": "10",
                            "target_tracking_scaling_policy_configuration.0.target_value": "80"
                        },
                        "meta": {},
                        "tainted": false
                    },
                    "deposed": [],
                    "provider": "provider.aws"
                },
                "aws_appautoscaling_target.dynamodb_index_read_target": {
                    "type": "aws_appautoscaling_target",
                    "depends_on": [],
                    "primary": {
                        "id": "table/User/index/LastSeenIndex",
                        "attributes": {
                            "id": "table/User/index/LastSeenIndex",
                            "max_capacity": "20",
                            "min_capacity": "1",
                            "resource_id": "table/User/index/LastSeenIndex",
                            "role_arn": "arn:aws:iam::661405543333:role/iam_for_slapman",
                            "scalable_dimension": "dynamodb:index:ReadCapacityUnits",
                            "service_namespace": "dynamodb"
                        },
                        "meta": {},
                        "tainted": false
                    },
                    "deposed": [],
                    "provider": "provider.aws"
                },
                "aws_appautoscaling_target.dynamodb_index_write_target": {
                    "type": "aws_appautoscaling_target",
                    "depends_on": [],
                    "primary": {
                        "id": "table/User/index/LastSeenIndex",
                        "attributes": {
                            "id": "table/User/index/LastSeenIndex",
                            "max_capacity": "20",
                            "min_capacity": "1",
                            "resource_id": "table/User/index/LastSeenIndex",
                            "role_arn": "arn:aws:iam::661405543333:role/iam_for_slapman",
                            "scalable_dimension": "dynamodb:index:WriteCapacityUnits",
                            "service_namespace": "dynamodb"
                        },
                        "meta": {},
                        "tainted": false
                    },
                    "deposed": [],
                    "provider": "provider.aws"
                },
                "aws_appautoscaling_target.dynamodb_table_read_target": {
                    "type": "aws_appautoscaling_target",
                    "depends_on": [],
                    "primary": {
                        "id": "table/User",
                        "attributes": {
                            "id": "table/User",
                            "max_capacity": "20",
                            "min_capacity": "1",
                            "resource_id": "table/User",
                            "role_arn": "arn:aws:iam::661405543333:role/iam_for_slapman",
                            "scalable_dimension": "dynamodb:table:ReadCapacityUnits",
                            "service_namespace": "dynamodb"
                        },
                        "meta": {},
                        "tainted": false
                    },
                    "deposed": [],
                    "provider": "provider.aws"
                },
                "aws_appautoscaling_target.dynamodb_table_write_target": {
                    "type": "aws_appautoscaling_target",
                    "depends_on": [],
                    "primary": {
                        "id": "table/User",
                        "attributes": {
                            "id": "table/User",
                            "max_capacity": "20",
                            "min_capacity": "1",
                            "resource_id": "table/User",
                            "role_arn": "arn:aws:iam::661405543333:role/iam_for_slapman",
                            "scalable_dimension": "dynamodb:table:WriteCapacityUnits",
                            "service_namespace": "dynamodb"
                        },
                        "meta": {},
                        "tainted": false
                    },
                    "deposed": [],
                    "provider": "provider.aws"
                }
            },
            "depends_on": []
        },
        {
            "path": [
                "root",
                "user-table_PasswordHashIndex_autoscaling"
            ],
            "outputs": {},
            "resources": {
                "aws_appautoscaling_policy.dynamodb_index_read_policy": {
                    "type": "aws_appautoscaling_policy",
                    "depends_on": [
                        "aws_appautoscaling_target.dynamodb_index_read_target"
                    ],
                    "primary": {
                        "id": "DynamoDBReadCapacityUtilization:table/User/index/PasswordHashIndex",
                        "attributes": {
                            "arn": "arn:aws:autoscaling:us-east-1:661405543333:scalingPolicy:ec394fe7-fb67-46cf-be4b-fcc660f3bef7:resource/dynamodb/table/User/index/PasswordHashIndex:policyName/DynamoDBReadCapacityUtilization:table/User/index/PasswordHashIndex",
                            "id": "DynamoDBReadCapacityUtilization:table/User/index/PasswordHashIndex",
                            "name": "DynamoDBReadCapacityUtilization:table/User/index/PasswordHashIndex",
                            "policy_type": "TargetTrackingScaling",
                            "resource_id": "table/User/index/PasswordHashIndex",
                            "scalable_dimension": "dynamodb:index:ReadCapacityUnits",
                            "service_namespace": "dynamodb",
                            "step_scaling_policy_configuration.#": "0",
                            "target_tracking_scaling_policy_configuration.#": "1",
                            "target_tracking_scaling_policy_configuration.0.customized_metric_specification.#": "0",
                            "target_tracking_scaling_policy_configuration.0.disable_scale_in": "false",
                            "target_tracking_scaling_policy_configuration.0.predefined_metric_specification.#": "1",
                            "target_tracking_scaling_policy_configuration.0.predefined_metric_specification.0.predefined_metric_type": "DynamoDBReadCapacityUtilization",
                            "target_tracking_scaling_policy_configuration.0.predefined_metric_specification.0.resource_label": "",
                            "target_tracking_scaling_policy_configuration.0.scale_in_cooldown": "10",
                            "target_tracking_scaling_policy_configuration.0.scale_out_cooldown": "10",
                            "target_tracking_scaling_policy_configuration.0.target_value": "80"
                        },
                        "meta": {},
                        "tainted": false
                    },
                    "deposed": [],
                    "provider": "provider.aws"
                },
                "aws_appautoscaling_policy.dynamodb_index_write_policy": {
                    "type": "aws_appautoscaling_policy",
                    "depends_on": [
                        "aws_appautoscaling_target.dynamodb_index_write_target"
                    ],
                    "primary": {
                        "id": "DynamoDBWriteCapacityUtilization:table/User/index/PasswordHashIndex",
                        "attributes": {
                            "arn": "arn:aws:autoscaling:us-east-1:661405543333:scalingPolicy:bacb187a-dc3e-4145-a41e-030ba2b38e2a:resource/dynamodb/table/User/index/PasswordHashIndex:policyName/DynamoDBWriteCapacityUtilization:table/User/index/PasswordHashIndex",
                            "id": "DynamoDBWriteCapacityUtilization:table/User/index/PasswordHashIndex",
                            "name": "DynamoDBWriteCapacityUtilization:table/User/index/PasswordHashIndex",
                            "policy_type": "TargetTrackingScaling",
                            "resource_id": "table/User/index/PasswordHashIndex",
                            "scalable_dimension": "dynamodb:index:WriteCapacityUnits",
                            "service_namespace": "dynamodb",
                            "step_scaling_policy_configuration.#": "0",
                            "target_tracking_scaling_policy_configuration.#": "1",
                            "target_tracking_scaling_policy_configuration.0.customized_metric_specification.#": "0",
                            "target_tracking_scaling_policy_configuration.0.disable_scale_in": "false",
                            "target_tracking_scaling_policy_configuration.0.predefined_metric_specification.#": "1",
                            "target_tracking_scaling_policy_configuration.0.predefined_metric_specification.0.predefined_metric_type": "DynamoDBWriteCapacityUtilization",
                            "target_tracking_scaling_policy_configuration.0.predefined_metric_specification.0.resource_label": "",
                            "target_tracking_scaling_policy_configuration.0.scale_in_cooldown": "10",
                            "target_tracking_scaling_policy_configuration.0.scale_out_cooldown": "10",
                            "target_tracking_scaling_policy_configuration.0.target_value": "80"
                        },
                        "meta": {},
                        "tainted": false
                    },
                    "deposed": [],
                    "provider": "provider.aws"
                },
                "aws_appautoscaling_policy.dynamodb_table_read_policy": {
                    "type": "aws_appautoscaling_policy",
                    "depends_on": [
                        "aws_appautoscaling_target.dynamodb_table_read_target"
                    ],
                    "primary": {
                        "id": "DynamoDBReadCapacityUtilization:table/User",
                        "attributes": {
                            "arn": "arn:aws:autoscaling:us-east-1:661405543333:scalingPolicy:2ccf77e9-6d07-493b-a4ff-51192cf1c0ff:resource/dynamodb/table/User:policyName/DynamoDBReadCapacityUtilization:table/User",
                            "id": "DynamoDBReadCapacityUtilization:table/User",
                            "name": "DynamoDBReadCapacityUtilization:table/User",
                            "policy_type": "TargetTrackingScaling",
                            "resource_id": "table/User",
                            "scalable_dimension": "dynamodb:table:ReadCapacityUnits",
                            "service_namespace": "dynamodb",
                            "step_scaling_policy_configuration.#": "0",
                            "target_tracking_scaling_policy_configuration.#": "1",
                            "target_tracking_scaling_policy_configuration.0.customized_metric_specification.#": "0",
                            "target_tracking_scaling_policy_configuration.0.disable_scale_in": "false",
                            "target_tracking_scaling_policy_configuration.0.predefined_metric_specification.#": "1",
                            "target_tracking_scaling_policy_configuration.0.predefined_metric_specification.0.predefined_metric_type": "DynamoDBReadCapacityUtilization",
                            "target_tracking_scaling_policy_configuration.0.predefined_metric_specification.0.resource_label": "",
                            "target_tracking_scaling_policy_configuration.0.scale_in_cooldown": "10",
                            "target_tracking_scaling_policy_configuration.0.scale_out_cooldown": "10",
                            "target_tracking_scaling_policy_configuration.0.target_value": "80"
                        },
                        "meta": {},
                        "tainted": false
                    },
                    "deposed": [],
                    "provider": "provider.aws"
                },
                "aws_appautoscaling_policy.dynamodb_table_write_policy": {
                    "type": "aws_appautoscaling_policy",
                    "depends_on": [
                        "aws_appautoscaling_target.dynamodb_table_write_target"
                    ],
                    "primary": {
                        "id": "DynamoDBWriteCapacityUtilization:table/User",
                        "attributes": {
                            "arn": "arn:aws:autoscaling:us-east-1:661405543333:scalingPolicy:4d0163a1-329d-4f37-86a8-f7efc3d40621:resource/dynamodb/table/User:policyName/DynamoDBWriteCapacityUtilization:table/User",
                            "id": "DynamoDBWriteCapacityUtilization:table/User",
                            "name": "DynamoDBWriteCapacityUtilization:table/User",
                            "policy_type": "TargetTrackingScaling",
                            "resource_id": "table/User",
                            "scalable_dimension": "dynamodb:table:WriteCapacityUnits",
                            "service_namespace": "dynamodb",
                            "step_scaling_policy_configuration.#": "0",
                            "target_tracking_scaling_policy_configuration.#": "1",
                            "target_tracking_scaling_policy_configuration.0.customized_metric_specification.#": "0",
                            "target_tracking_scaling_policy_configuration.0.disable_scale_in": "false",
                            "target_tracking_scaling_policy_configuration.0.predefined_metric_specification.#": "1",
                            "target_tracking_scaling_policy_configuration.0.predefined_metric_specification.0.predefined_metric_type": "DynamoDBWriteCapacityUtilization",
                            "target_tracking_scaling_policy_configuration.0.predefined_metric_specification.0.resource_label": "",
                            "target_tracking_scaling_policy_configuration.0.scale_in_cooldown": "10",
                            "target_tracking_scaling_policy_configuration.0.scale_out_cooldown": "10",
                            "target_tracking_scaling_policy_configuration.0.target_value": "80"
                        },
                        "meta": {},
                        "tainted": false
                    },
                    "deposed": [],
                    "provider": "provider.aws"
                },
                "aws_appautoscaling_target.dynamodb_index_read_target": {
                    "type": "aws_appautoscaling_target",
                    "depends_on": [],
                    "primary": {
                        "id": "table/User/index/PasswordHashIndex",
                        "attributes": {
                            "id": "table/User/index/PasswordHashIndex",
                            "max_capacity": "20",
                            "min_capacity": "1",
                            "resource_id": "table/User/index/PasswordHashIndex",
                            "role_arn": "arn:aws:iam::661405543333:role/iam_for_slapman",
                            "scalable_dimension": "dynamodb:index:ReadCapacityUnits",
                            "service_namespace": "dynamodb"
                        },
                        "meta": {},
                        "tainted": false
                    },
                    "deposed": [],
                    "provider": "provider.aws"
                },
                "aws_appautoscaling_target.dynamodb_index_write_target": {
                    "type": "aws_appautoscaling_target",
                    "depends_on": [],
                    "primary": {
                        "id": "table/User/index/PasswordHashIndex",
                        "attributes": {
                            "id": "table/User/index/PasswordHashIndex",
                            "max_capacity": "20",
                            "min_capacity": "1",
                            "resource_id": "table/User/index/PasswordHashIndex",
                            "role_arn": "arn:aws:iam::661405543333:role/iam_for_slapman",
                            "scalable_dimension": "dynamodb:index:WriteCapacityUnits",
                            "service_namespace": "dynamodb"
                        },
                        "meta": {},
                        "tainted": false
                    },
                    "deposed": [],
                    "provider": "provider.aws"
                },
                "aws_appautoscaling_target.dynamodb_table_read_target": {
                    "type": "aws_appautoscaling_target",
                    "depends_on": [],
                    "primary": {
                        "id": "table/User",
                        "attributes": {
                            "id": "table/User",
                            "max_capacity": "20",
                            "min_capacity": "1",
                            "resource_id": "table/User",
                            "role_arn": "arn:aws:iam::661405543333:role/iam_for_slapman",
                            "scalable_dimension": "dynamodb:table:ReadCapacityUnits",
                            "service_namespace": "dynamodb"
                        },
                        "meta": {},
                        "tainted": false
                    },
                    "deposed": [],
                    "provider": "provider.aws"
                },
                "aws_appautoscaling_target.dynamodb_table_write_target": {
                    "type": "aws_appautoscaling_target",
                    "depends_on": [],
                    "primary": {
                        "id": "table/User",
                        "attributes": {
                            "id": "table/User",
                            "max_capacity": "20",
                            "min_capacity": "1",
                            "resource_id": "table/User",
                            "role_arn": "arn:aws:iam::661405543333:role/iam_for_slapman",
                            "scalable_dimension": "dynamodb:table:WriteCapacityUnits",
                            "service_namespace": "dynamodb"
                        },
                        "meta": {},
                        "tainted": false
                    },
                    "deposed": [],
                    "provider": "provider.aws"
                }
            },
            "depends_on": []
        },
        {
            "path": [
                "root",
                "user-table_RoleIndex_autoscaling"
            ],
            "outputs": {},
            "resources": {
                "aws_appautoscaling_policy.dynamodb_index_read_policy": {
                    "type": "aws_appautoscaling_policy",
                    "depends_on": [
                        "aws_appautoscaling_target.dynamodb_index_read_target"
                    ],
                    "primary": {
                        "id": "DynamoDBReadCapacityUtilization:table/User/index/RoleIndex",
                        "attributes": {
                            "arn": "arn:aws:autoscaling:us-east-1:661405543333:scalingPolicy:84058f89-9faf-4a35-b80f-a4c341d914f2:resource/dynamodb/table/User/index/RoleIndex:policyName/DynamoDBReadCapacityUtilization:table/User/index/RoleIndex",
                            "id": "DynamoDBReadCapacityUtilization:table/User/index/RoleIndex",
                            "name": "DynamoDBReadCapacityUtilization:table/User/index/RoleIndex",
                            "policy_type": "TargetTrackingScaling",
                            "resource_id": "table/User/index/RoleIndex",
                            "scalable_dimension": "dynamodb:index:ReadCapacityUnits",
                            "service_namespace": "dynamodb",
                            "step_scaling_policy_configuration.#": "0",
                            "target_tracking_scaling_policy_configuration.#": "1",
                            "target_tracking_scaling_policy_configuration.0.customized_metric_specification.#": "0",
                            "target_tracking_scaling_policy_configuration.0.disable_scale_in": "false",
                            "target_tracking_scaling_policy_configuration.0.predefined_metric_specification.#": "1",
                            "target_tracking_scaling_policy_configuration.0.predefined_metric_specification.0.predefined_metric_type": "DynamoDBReadCapacityUtilization",
                            "target_tracking_scaling_policy_configuration.0.predefined_metric_specification.0.resource_label": "",
                            "target_tracking_scaling_policy_configuration.0.scale_in_cooldown": "10",
                            "target_tracking_scaling_policy_configuration.0.scale_out_cooldown": "10",
                            "target_tracking_scaling_policy_configuration.0.target_value": "80"
                        },
                        "meta": {},
                        "tainted": false
                    },
                    "deposed": [],
                    "provider": "provider.aws"
                },
                "aws_appautoscaling_policy.dynamodb_index_write_policy": {
                    "type": "aws_appautoscaling_policy",
                    "depends_on": [
                        "aws_appautoscaling_target.dynamodb_index_write_target"
                    ],
                    "primary": {
                        "id": "DynamoDBWriteCapacityUtilization:table/User/index/RoleIndex",
                        "attributes": {
                            "arn": "arn:aws:autoscaling:us-east-1:661405543333:scalingPolicy:c23d3eba-1e45-42fb-84ee-c7f0d97f9f5a:resource/dynamodb/table/User/index/RoleIndex:policyName/DynamoDBWriteCapacityUtilization:table/User/index/RoleIndex",
                            "id": "DynamoDBWriteCapacityUtilization:table/User/index/RoleIndex",
                            "name": "DynamoDBWriteCapacityUtilization:table/User/index/RoleIndex",
                            "policy_type": "TargetTrackingScaling",
                            "resource_id": "table/User/index/RoleIndex",
                            "scalable_dimension": "dynamodb:index:WriteCapacityUnits",
                            "service_namespace": "dynamodb",
                            "step_scaling_policy_configuration.#": "0",
                            "target_tracking_scaling_policy_configuration.#": "1",
                            "target_tracking_scaling_policy_configuration.0.customized_metric_specification.#": "0",
                            "target_tracking_scaling_policy_configuration.0.disable_scale_in": "false",
                            "target_tracking_scaling_policy_configuration.0.predefined_metric_specification.#": "1",
                            "target_tracking_scaling_policy_configuration.0.predefined_metric_specification.0.predefined_metric_type": "DynamoDBWriteCapacityUtilization",
                            "target_tracking_scaling_policy_configuration.0.predefined_metric_specification.0.resource_label": "",
                            "target_tracking_scaling_policy_configuration.0.scale_in_cooldown": "10",
                            "target_tracking_scaling_policy_configuration.0.scale_out_cooldown": "10",
                            "target_tracking_scaling_policy_configuration.0.target_value": "80"
                        },
                        "meta": {},
                        "tainted": false
                    },
                    "deposed": [],
                    "provider": "provider.aws"
                },
                "aws_appautoscaling_policy.dynamodb_table_read_policy": {
                    "type": "aws_appautoscaling_policy",
                    "depends_on": [
                        "aws_appautoscaling_target.dynamodb_table_read_target"
                    ],
                    "primary": {
                        "id": "DynamoDBReadCapacityUtilization:table/User",
                        "attributes": {
                            "arn": "arn:aws:autoscaling:us-east-1:661405543333:scalingPolicy:2ccf77e9-6d07-493b-a4ff-51192cf1c0ff:resource/dynamodb/table/User:policyName/DynamoDBReadCapacityUtilization:table/User",
                            "id": "DynamoDBReadCapacityUtilization:table/User",
                            "name": "DynamoDBReadCapacityUtilization:table/User",
                            "policy_type": "TargetTrackingScaling",
                            "resource_id": "table/User",
                            "scalable_dimension": "dynamodb:table:ReadCapacityUnits",
                            "service_namespace": "dynamodb",
                            "step_scaling_policy_configuration.#": "0",
                            "target_tracking_scaling_policy_configuration.#": "1",
                            "target_tracking_scaling_policy_configuration.0.customized_metric_specification.#": "0",
                            "target_tracking_scaling_policy_configuration.0.disable_scale_in": "false",
                            "target_tracking_scaling_policy_configuration.0.predefined_metric_specification.#": "1",
                            "target_tracking_scaling_policy_configuration.0.predefined_metric_specification.0.predefined_metric_type": "DynamoDBReadCapacityUtilization",
                            "target_tracking_scaling_policy_configuration.0.predefined_metric_specification.0.resource_label": "",
                            "target_tracking_scaling_policy_configuration.0.scale_in_cooldown": "10",
                            "target_tracking_scaling_policy_configuration.0.scale_out_cooldown": "10",
                            "target_tracking_scaling_policy_configuration.0.target_value": "80"
                        },
                        "meta": {},
                        "tainted": false
                    },
                    "deposed": [],
                    "provider": "provider.aws"
                },
                "aws_appautoscaling_policy.dynamodb_table_write_policy": {
                    "type": "aws_appautoscaling_policy",
                    "depends_on": [
                        "aws_appautoscaling_target.dynamodb_table_write_target"
                    ],
                    "primary": {
                        "id": "DynamoDBWriteCapacityUtilization:table/User",
                        "attributes": {
                            "arn": "arn:aws:autoscaling:us-east-1:661405543333:scalingPolicy:4d0163a1-329d-4f37-86a8-f7efc3d40621:resource/dynamodb/table/User:policyName/DynamoDBWriteCapacityUtilization:table/User",
                            "id": "DynamoDBWriteCapacityUtilization:table/User",
                            "name": "DynamoDBWriteCapacityUtilization:table/User",
                            "policy_type": "TargetTrackingScaling",
                            "resource_id": "table/User",
                            "scalable_dimension": "dynamodb:table:WriteCapacityUnits",
                            "service_namespace": "dynamodb",
                            "step_scaling_policy_configuration.#": "0",
                            "target_tracking_scaling_policy_configuration.#": "1",
                            "target_tracking_scaling_policy_configuration.0.customized_metric_specification.#": "0",
                            "target_tracking_scaling_policy_configuration.0.disable_scale_in": "false",
                            "target_tracking_scaling_policy_configuration.0.predefined_metric_specification.#": "1",
                            "target_tracking_scaling_policy_configuration.0.predefined_metric_specification.0.predefined_metric_type": "DynamoDBWriteCapacityUtilization",
                            "target_tracking_scaling_policy_configuration.0.predefined_metric_specification.0.resource_label": "",
                            "target_tracking_scaling_policy_configuration.0.scale_in_cooldown": "10",
                            "target_tracking_scaling_policy_configuration.0.scale_out_cooldown": "10",
                            "target_tracking_scaling_policy_configuration.0.target_value": "80"
                        },
                        "meta": {},
                        "tainted": false
                    },
                    "deposed": [],
                    "provider": "provider.aws"
                },
                "aws_appautoscaling_target.dynamodb_index_read_target": {
                    "type": "aws_appautoscaling_target",
                    "depends_on": [],
                    "primary": {
                        "id": "table/User/index/RoleIndex",
                        "attributes": {
                            "id": "table/User/index/RoleIndex",
                            "max_capacity": "20",
                            "min_capacity": "1",
                            "resource_id": "table/User/index/RoleIndex",
                            "role_arn": "arn:aws:iam::661405543333:role/iam_for_slapman",
                            "scalable_dimension": "dynamodb:index:ReadCapacityUnits",
                            "service_namespace": "dynamodb"
                        },
                        "meta": {},
                        "tainted": false
                    },
                    "deposed": [],
                    "provider": "provider.aws"
                },
                "aws_appautoscaling_target.dynamodb_index_write_target": {
                    "type": "aws_appautoscaling_target",
                    "depends_on": [],
                    "primary": {
                        "id": "table/User/index/RoleIndex",
                        "attributes": {
                            "id": "table/User/index/RoleIndex",
                            "max_capacity": "20",
                            "min_capacity": "1",
                            "resource_id": "table/User/index/RoleIndex",
                            "role_arn": "arn:aws:iam::661405543333:role/iam_for_slapman",
                            "scalable_dimension": "dynamodb:index:WriteCapacityUnits",
                            "service_namespace": "dynamodb"
                        },
                        "meta": {},
                        "tainted": false
                    },
                    "deposed": [],
                    "provider": "provider.aws"
                },
                "aws_appautoscaling_target.dynamodb_table_read_target": {
                    "type": "aws_appautoscaling_target",
                    "depends_on": [],
                    "primary": {
                        "id": "table/User",
                        "attributes": {
                            "id": "table/User",
                            "max_capacity": "20",
                            "min_capacity": "1",
                            "resource_id": "table/User",
                            "role_arn": "arn:aws:iam::661405543333:role/iam_for_slapman",
                            "scalable_dimension": "dynamodb:table:ReadCapacityUnits",
                            "service_namespace": "dynamodb"
                        },
                        "meta": {},
                        "tainted": false
                    },
                    "deposed": [],
                    "provider": "provider.aws"
                },
                "aws_appautoscaling_target.dynamodb_table_write_target": {
                    "type": "aws_appautoscaling_target",
                    "depends_on": [],
                    "primary": {
                        "id": "table/User",
                        "attributes": {
                            "id": "table/User",
                            "max_capacity": "20",
                            "min_capacity": "1",
                            "resource_id": "table/User",
                            "role_arn": "arn:aws:iam::661405543333:role/iam_for_slapman",
                            "scalable_dimension": "dynamodb:table:WriteCapacityUnits",
                            "service_namespace": "dynamodb"
                        },
                        "meta": {},
                        "tainted": false
                    },
                    "deposed": [],
                    "provider": "provider.aws"
                }
            },
            "depends_on": []
        },
        {
            "path": [
                "root",
                "user-table_UsernameIndex_autoscaling"
            ],
            "outputs": {},
            "resources": {
                "aws_appautoscaling_policy.dynamodb_index_read_policy": {
                    "type": "aws_appautoscaling_policy",
                    "depends_on": [
                        "aws_appautoscaling_target.dynamodb_index_read_target"
                    ],
                    "primary": {
                        "id": "DynamoDBReadCapacityUtilization:table/User/index/UsernameIndex",
                        "attributes": {
                            "arn": "arn:aws:autoscaling:us-east-1:661405543333:scalingPolicy:0ad06024-e506-4d11-8bde-5f139ab21f9e:resource/dynamodb/table/User/index/UsernameIndex:policyName/DynamoDBReadCapacityUtilization:table/User/index/UsernameIndex",
                            "id": "DynamoDBReadCapacityUtilization:table/User/index/UsernameIndex",
                            "name": "DynamoDBReadCapacityUtilization:table/User/index/UsernameIndex",
                            "policy_type": "TargetTrackingScaling",
                            "resource_id": "table/User/index/UsernameIndex",
                            "scalable_dimension": "dynamodb:index:ReadCapacityUnits",
                            "service_namespace": "dynamodb",
                            "step_scaling_policy_configuration.#": "0",
                            "target_tracking_scaling_policy_configuration.#": "1",
                            "target_tracking_scaling_policy_configuration.0.customized_metric_specification.#": "0",
                            "target_tracking_scaling_policy_configuration.0.disable_scale_in": "false",
                            "target_tracking_scaling_policy_configuration.0.predefined_metric_specification.#": "1",
                            "target_tracking_scaling_policy_configuration.0.predefined_metric_specification.0.predefined_metric_type": "DynamoDBReadCapacityUtilization",
                            "target_tracking_scaling_policy_configuration.0.predefined_metric_specification.0.resource_label": "",
                            "target_tracking_scaling_policy_configuration.0.scale_in_cooldown": "10",
                            "target_tracking_scaling_policy_configuration.0.scale_out_cooldown": "10",
                            "target_tracking_scaling_policy_configuration.0.target_value": "80"
                        },
                        "meta": {},
                        "tainted": false
                    },
                    "deposed": [],
                    "provider": "provider.aws"
                },
                "aws_appautoscaling_policy.dynamodb_index_write_policy": {
                    "type": "aws_appautoscaling_policy",
                    "depends_on": [
                        "aws_appautoscaling_target.dynamodb_index_write_target"
                    ],
                    "primary": {
                        "id": "DynamoDBWriteCapacityUtilization:table/User/index/UsernameIndex",
                        "attributes": {
                            "arn": "arn:aws:autoscaling:us-east-1:661405543333:scalingPolicy:45fc0fe0-3b45-4823-89b2-eeb81be89037:resource/dynamodb/table/User/index/UsernameIndex:policyName/DynamoDBWriteCapacityUtilization:table/User/index/UsernameIndex",
                            "id": "DynamoDBWriteCapacityUtilization:table/User/index/UsernameIndex",
                            "name": "DynamoDBWriteCapacityUtilization:table/User/index/UsernameIndex",
                            "policy_type": "TargetTrackingScaling",
                            "resource_id": "table/User/index/UsernameIndex",
                            "scalable_dimension": "dynamodb:index:WriteCapacityUnits",
                            "service_namespace": "dynamodb",
                            "step_scaling_policy_configuration.#": "0",
                            "target_tracking_scaling_policy_configuration.#": "1",
                            "target_tracking_scaling_policy_configuration.0.customized_metric_specification.#": "0",
                            "target_tracking_scaling_policy_configuration.0.disable_scale_in": "false",
                            "target_tracking_scaling_policy_configuration.0.predefined_metric_specification.#": "1",
                            "target_tracking_scaling_policy_configuration.0.predefined_metric_specification.0.predefined_metric_type": "DynamoDBWriteCapacityUtilization",
                            "target_tracking_scaling_policy_configuration.0.predefined_metric_specification.0.resource_label": "",
                            "target_tracking_scaling_policy_configuration.0.scale_in_cooldown": "10",
                            "target_tracking_scaling_policy_configuration.0.scale_out_cooldown": "10",
                            "target_tracking_scaling_policy_configuration.0.target_value": "80"
                        },
                        "meta": {},
                        "tainted": false
                    },
                    "deposed": [],
                    "provider": "provider.aws"
                },
                "aws_appautoscaling_policy.dynamodb_table_read_policy": {
                    "type": "aws_appautoscaling_policy",
                    "depends_on": [
                        "aws_appautoscaling_target.dynamodb_table_read_target"
                    ],
                    "primary": {
                        "id": "DynamoDBReadCapacityUtilization:table/User",
                        "attributes": {
                            "arn": "arn:aws:autoscaling:us-east-1:661405543333:scalingPolicy:2ccf77e9-6d07-493b-a4ff-51192cf1c0ff:resource/dynamodb/table/User:policyName/DynamoDBReadCapacityUtilization:table/User",
                            "id": "DynamoDBReadCapacityUtilization:table/User",
                            "name": "DynamoDBReadCapacityUtilization:table/User",
                            "policy_type": "TargetTrackingScaling",
                            "resource_id": "table/User",
                            "scalable_dimension": "dynamodb:table:ReadCapacityUnits",
                            "service_namespace": "dynamodb",
                            "step_scaling_policy_configuration.#": "0",
                            "target_tracking_scaling_policy_configuration.#": "1",
                            "target_tracking_scaling_policy_configuration.0.customized_metric_specification.#": "0",
                            "target_tracking_scaling_policy_configuration.0.disable_scale_in": "false",
                            "target_tracking_scaling_policy_configuration.0.predefined_metric_specification.#": "1",
                            "target_tracking_scaling_policy_configuration.0.predefined_metric_specification.0.predefined_metric_type": "DynamoDBReadCapacityUtilization",
                            "target_tracking_scaling_policy_configuration.0.predefined_metric_specification.0.resource_label": "",
                            "target_tracking_scaling_policy_configuration.0.scale_in_cooldown": "10",
                            "target_tracking_scaling_policy_configuration.0.scale_out_cooldown": "10",
                            "target_tracking_scaling_policy_configuration.0.target_value": "80"
                        },
                        "meta": {},
                        "tainted": false
                    },
                    "deposed": [],
                    "provider": "provider.aws"
                },
                "aws_appautoscaling_policy.dynamodb_table_write_policy": {
                    "type": "aws_appautoscaling_policy",
                    "depends_on": [
                        "aws_appautoscaling_target.dynamodb_table_write_target"
                    ],
                    "primary": {
                        "id": "DynamoDBWriteCapacityUtilization:table/User",
                        "attributes": {
                            "arn": "arn:aws:autoscaling:us-east-1:661405543333:scalingPolicy:4d0163a1-329d-4f37-86a8-f7efc3d40621:resource/dynamodb/table/User:policyName/DynamoDBWriteCapacityUtilization:table/User",
                            "id": "DynamoDBWriteCapacityUtilization:table/User",
                            "name": "DynamoDBWriteCapacityUtilization:table/User",
                            "policy_type": "TargetTrackingScaling",
                            "resource_id": "table/User",
                            "scalable_dimension": "dynamodb:table:WriteCapacityUnits",
                            "service_namespace": "dynamodb",
                            "step_scaling_policy_configuration.#": "0",
                            "target_tracking_scaling_policy_configuration.#": "1",
                            "target_tracking_scaling_policy_configuration.0.customized_metric_specification.#": "0",
                            "target_tracking_scaling_policy_configuration.0.disable_scale_in": "false",
                            "target_tracking_scaling_policy_configuration.0.predefined_metric_specification.#": "1",
                            "target_tracking_scaling_policy_configuration.0.predefined_metric_specification.0.predefined_metric_type": "DynamoDBWriteCapacityUtilization",
                            "target_tracking_scaling_policy_configuration.0.predefined_metric_specification.0.resource_label": "",
                            "target_tracking_scaling_policy_configuration.0.scale_in_cooldown": "10",
                            "target_tracking_scaling_policy_configuration.0.scale_out_cooldown": "10",
                            "target_tracking_scaling_policy_configuration.0.target_value": "80"
                        },
                        "meta": {},
                        "tainted": false
                    },
                    "deposed": [],
                    "provider": "provider.aws"
                },
                "aws_appautoscaling_target.dynamodb_index_read_target": {
                    "type": "aws_appautoscaling_target",
                    "depends_on": [],
                    "primary": {
                        "id": "table/User/index/UsernameIndex",
                        "attributes": {
                            "id": "table/User/index/UsernameIndex",
                            "max_capacity": "20",
                            "min_capacity": "1",
                            "resource_id": "table/User/index/UsernameIndex",
                            "role_arn": "arn:aws:iam::661405543333:role/iam_for_slapman",
                            "scalable_dimension": "dynamodb:index:ReadCapacityUnits",
                            "service_namespace": "dynamodb"
                        },
                        "meta": {},
                        "tainted": false
                    },
                    "deposed": [],
                    "provider": "provider.aws"
                },
                "aws_appautoscaling_target.dynamodb_index_write_target": {
                    "type": "aws_appautoscaling_target",
                    "depends_on": [],
                    "primary": {
                        "id": "table/User/index/UsernameIndex",
                        "attributes": {
                            "id": "table/User/index/UsernameIndex",
                            "max_capacity": "20",
                            "min_capacity": "1",
                            "resource_id": "table/User/index/UsernameIndex",
                            "role_arn": "arn:aws:iam::661405543333:role/iam_for_slapman",
                            "scalable_dimension": "dynamodb:index:WriteCapacityUnits",
                            "service_namespace": "dynamodb"
                        },
                        "meta": {},
                        "tainted": false
                    },
                    "deposed": [],
                    "provider": "provider.aws"
                },
                "aws_appautoscaling_target.dynamodb_table_read_target": {
                    "type": "aws_appautoscaling_target",
                    "depends_on": [],
                    "primary": {
                        "id": "table/User",
                        "attributes": {
                            "id": "table/User",
                            "max_capacity": "20",
                            "min_capacity": "1",
                            "resource_id": "table/User",
                            "role_arn": "arn:aws:iam::661405543333:role/iam_for_slapman",
                            "scalable_dimension": "dynamodb:table:ReadCapacityUnits",
                            "service_namespace": "dynamodb"
                        },
                        "meta": {},
                        "tainted": false
                    },
                    "deposed": [],
                    "provider": "provider.aws"
                },
                "aws_appautoscaling_target.dynamodb_table_write_target": {
                    "type": "aws_appautoscaling_target",
                    "depends_on": [],
                    "primary": {
                        "id": "table/User",
                        "attributes": {
                            "id": "table/User",
                            "max_capacity": "20",
                            "min_capacity": "1",
                            "resource_id": "table/User",
                            "role_arn": "arn:aws:iam::661405543333:role/iam_for_slapman",
                            "scalable_dimension": "dynamodb:table:WriteCapacityUnits",
                            "service_namespace": "dynamodb"
                        },
                        "meta": {},
                        "tainted": false
                    },
                    "deposed": [],
                    "provider": "provider.aws"
                }
            },
            "depends_on": []
        },
        {
            "path": [
                "root",
                "usergroup-table_NameIndex_autoscaling"
            ],
            "outputs": {},
            "resources": {
                "aws_appautoscaling_policy.dynamodb_index_read_policy": {
                    "type": "aws_appautoscaling_policy",
                    "depends_on": [
                        "aws_appautoscaling_target.dynamodb_index_read_target"
                    ],
                    "primary": {
                        "id": "DynamoDBReadCapacityUtilization:table/UserGroups/index/NameIndex",
                        "attributes": {
                            "arn": "arn:aws:autoscaling:us-east-1:661405543333:scalingPolicy:3c74ae64-cd65-40fa-a176-ef2d497f8a95:resource/dynamodb/table/UserGroups/index/NameIndex:policyName/DynamoDBReadCapacityUtilization:table/UserGroups/index/NameIndex",
                            "id": "DynamoDBReadCapacityUtilization:table/UserGroups/index/NameIndex",
                            "name": "DynamoDBReadCapacityUtilization:table/UserGroups/index/NameIndex",
                            "policy_type": "TargetTrackingScaling",
                            "resource_id": "table/UserGroups/index/NameIndex",
                            "scalable_dimension": "dynamodb:index:ReadCapacityUnits",
                            "service_namespace": "dynamodb",
                            "step_scaling_policy_configuration.#": "0",
                            "target_tracking_scaling_policy_configuration.#": "1",
                            "target_tracking_scaling_policy_configuration.0.customized_metric_specification.#": "0",
                            "target_tracking_scaling_policy_configuration.0.disable_scale_in": "false",
                            "target_tracking_scaling_policy_configuration.0.predefined_metric_specification.#": "1",
                            "target_tracking_scaling_policy_configuration.0.predefined_metric_specification.0.predefined_metric_type": "DynamoDBReadCapacityUtilization",
                            "target_tracking_scaling_policy_configuration.0.predefined_metric_specification.0.resource_label": "",
                            "target_tracking_scaling_policy_configuration.0.scale_in_cooldown": "10",
                            "target_tracking_scaling_policy_configuration.0.scale_out_cooldown": "10",
                            "target_tracking_scaling_policy_configuration.0.target_value": "80"
                        },
                        "meta": {},
                        "tainted": false
                    },
                    "deposed": [],
                    "provider": "provider.aws"
                },
                "aws_appautoscaling_policy.dynamodb_index_write_policy": {
                    "type": "aws_appautoscaling_policy",
                    "depends_on": [
                        "aws_appautoscaling_target.dynamodb_index_write_target"
                    ],
                    "primary": {
                        "id": "DynamoDBWriteCapacityUtilization:table/UserGroups/index/NameIndex",
                        "attributes": {
                            "arn": "arn:aws:autoscaling:us-east-1:661405543333:scalingPolicy:77e94fac-40ed-4f74-a160-6a608dc047e1:resource/dynamodb/table/UserGroups/index/NameIndex:policyName/DynamoDBWriteCapacityUtilization:table/UserGroups/index/NameIndex",
                            "id": "DynamoDBWriteCapacityUtilization:table/UserGroups/index/NameIndex",
                            "name": "DynamoDBWriteCapacityUtilization:table/UserGroups/index/NameIndex",
                            "policy_type": "TargetTrackingScaling",
                            "resource_id": "table/UserGroups/index/NameIndex",
                            "scalable_dimension": "dynamodb:index:WriteCapacityUnits",
                            "service_namespace": "dynamodb",
                            "step_scaling_policy_configuration.#": "0",
                            "target_tracking_scaling_policy_configuration.#": "1",
                            "target_tracking_scaling_policy_configuration.0.customized_metric_specification.#": "0",
                            "target_tracking_scaling_policy_configuration.0.disable_scale_in": "false",
                            "target_tracking_scaling_policy_configuration.0.predefined_metric_specification.#": "1",
                            "target_tracking_scaling_policy_configuration.0.predefined_metric_specification.0.predefined_metric_type": "DynamoDBWriteCapacityUtilization",
                            "target_tracking_scaling_policy_configuration.0.predefined_metric_specification.0.resource_label": "",
                            "target_tracking_scaling_policy_configuration.0.scale_in_cooldown": "10",
                            "target_tracking_scaling_policy_configuration.0.scale_out_cooldown": "10",
                            "target_tracking_scaling_policy_configuration.0.target_value": "80"
                        },
                        "meta": {},
                        "tainted": false
                    },
                    "deposed": [],
                    "provider": "provider.aws"
                },
                "aws_appautoscaling_policy.dynamodb_table_read_policy": {
                    "type": "aws_appautoscaling_policy",
                    "depends_on": [
                        "aws_appautoscaling_target.dynamodb_table_read_target"
                    ],
                    "primary": {
                        "id": "DynamoDBReadCapacityUtilization:table/UserGroups",
                        "attributes": {
                            "arn": "arn:aws:autoscaling:us-east-1:661405543333:scalingPolicy:3ee5f011-ff37-4654-b1f5-78a1e2a26ef5:resource/dynamodb/table/UserGroups:policyName/DynamoDBReadCapacityUtilization:table/UserGroups",
                            "id": "DynamoDBReadCapacityUtilization:table/UserGroups",
                            "name": "DynamoDBReadCapacityUtilization:table/UserGroups",
                            "policy_type": "TargetTrackingScaling",
                            "resource_id": "table/UserGroups",
                            "scalable_dimension": "dynamodb:table:ReadCapacityUnits",
                            "service_namespace": "dynamodb",
                            "step_scaling_policy_configuration.#": "0",
                            "target_tracking_scaling_policy_configuration.#": "1",
                            "target_tracking_scaling_policy_configuration.0.customized_metric_specification.#": "0",
                            "target_tracking_scaling_policy_configuration.0.disable_scale_in": "false",
                            "target_tracking_scaling_policy_configuration.0.predefined_metric_specification.#": "1",
                            "target_tracking_scaling_policy_configuration.0.predefined_metric_specification.0.predefined_metric_type": "DynamoDBReadCapacityUtilization",
                            "target_tracking_scaling_policy_configuration.0.predefined_metric_specification.0.resource_label": "",
                            "target_tracking_scaling_policy_configuration.0.scale_in_cooldown": "10",
                            "target_tracking_scaling_policy_configuration.0.scale_out_cooldown": "10",
                            "target_tracking_scaling_policy_configuration.0.target_value": "80"
                        },
                        "meta": {},
                        "tainted": false
                    },
                    "deposed": [],
                    "provider": "provider.aws"
                },
                "aws_appautoscaling_policy.dynamodb_table_write_policy": {
                    "type": "aws_appautoscaling_policy",
                    "depends_on": [
                        "aws_appautoscaling_target.dynamodb_table_write_target"
                    ],
                    "primary": {
                        "id": "DynamoDBWriteCapacityUtilization:table/UserGroups",
                        "attributes": {
                            "arn": "arn:aws:autoscaling:us-east-1:661405543333:scalingPolicy:5624b78f-9cd9-440c-870e-b4362c449f15:resource/dynamodb/table/UserGroups:policyName/DynamoDBWriteCapacityUtilization:table/UserGroups",
                            "id": "DynamoDBWriteCapacityUtilization:table/UserGroups",
                            "name": "DynamoDBWriteCapacityUtilization:table/UserGroups",
                            "policy_type": "TargetTrackingScaling",
                            "resource_id": "table/UserGroups",
                            "scalable_dimension": "dynamodb:table:WriteCapacityUnits",
                            "service_namespace": "dynamodb",
                            "step_scaling_policy_configuration.#": "0",
                            "target_tracking_scaling_policy_configuration.#": "1",
                            "target_tracking_scaling_policy_configuration.0.customized_metric_specification.#": "0",
                            "target_tracking_scaling_policy_configuration.0.disable_scale_in": "false",
                            "target_tracking_scaling_policy_configuration.0.predefined_metric_specification.#": "1",
                            "target_tracking_scaling_policy_configuration.0.predefined_metric_specification.0.predefined_metric_type": "DynamoDBWriteCapacityUtilization",
                            "target_tracking_scaling_policy_configuration.0.predefined_metric_specification.0.resource_label": "",
                            "target_tracking_scaling_policy_configuration.0.scale_in_cooldown": "10",
                            "target_tracking_scaling_policy_configuration.0.scale_out_cooldown": "10",
                            "target_tracking_scaling_policy_configuration.0.target_value": "80"
                        },
                        "meta": {},
                        "tainted": false
                    },
                    "deposed": [],
                    "provider": "provider.aws"
                },
                "aws_appautoscaling_target.dynamodb_index_read_target": {
                    "type": "aws_appautoscaling_target",
                    "depends_on": [],
                    "primary": {
                        "id": "table/UserGroups/index/NameIndex",
                        "attributes": {
                            "id": "table/UserGroups/index/NameIndex",
                            "max_capacity": "20",
                            "min_capacity": "1",
                            "resource_id": "table/UserGroups/index/NameIndex",
                            "role_arn": "arn:aws:iam::661405543333:role/iam_for_slapman",
                            "scalable_dimension": "dynamodb:index:ReadCapacityUnits",
                            "service_namespace": "dynamodb"
                        },
                        "meta": {},
                        "tainted": false
                    },
                    "deposed": [],
                    "provider": "provider.aws"
                },
                "aws_appautoscaling_target.dynamodb_index_write_target": {
                    "type": "aws_appautoscaling_target",
                    "depends_on": [],
                    "primary": {
                        "id": "table/UserGroups/index/NameIndex",
                        "attributes": {
                            "id": "table/UserGroups/index/NameIndex",
                            "max_capacity": "20",
                            "min_capacity": "1",
                            "resource_id": "table/UserGroups/index/NameIndex",
                            "role_arn": "arn:aws:iam::661405543333:role/iam_for_slapman",
                            "scalable_dimension": "dynamodb:index:WriteCapacityUnits",
                            "service_namespace": "dynamodb"
                        },
                        "meta": {},
                        "tainted": false
                    },
                    "deposed": [],
                    "provider": "provider.aws"
                },
                "aws_appautoscaling_target.dynamodb_table_read_target": {
                    "type": "aws_appautoscaling_target",
                    "depends_on": [],
                    "primary": {
                        "id": "table/UserGroups",
                        "attributes": {
                            "id": "table/UserGroups",
                            "max_capacity": "20",
                            "min_capacity": "1",
                            "resource_id": "table/UserGroups",
                            "role_arn": "arn:aws:iam::661405543333:role/iam_for_slapman",
                            "scalable_dimension": "dynamodb:table:ReadCapacityUnits",
                            "service_namespace": "dynamodb"
                        },
                        "meta": {},
                        "tainted": false
                    },
                    "deposed": [],
                    "provider": "provider.aws"
                },
                "aws_appautoscaling_target.dynamodb_table_write_target": {
                    "type": "aws_appautoscaling_target",
                    "depends_on": [],
                    "primary": {
                        "id": "table/UserGroups",
                        "attributes": {
                            "id": "table/UserGroups",
                            "max_capacity": "20",
                            "min_capacity": "1",
                            "resource_id": "table/UserGroups",
                            "role_arn": "arn:aws:iam::661405543333:role/iam_for_slapman",
                            "scalable_dimension": "dynamodb:table:WriteCapacityUnits",
                            "service_namespace": "dynamodb"
                        },
                        "meta": {},
                        "tainted": false
                    },
                    "deposed": [],
                    "provider": "provider.aws"
                }
            },
            "depends_on": []
        },
        {
            "path": [
                "root",
                "usergroup-table_UserIDIndex_autoscaling"
            ],
            "outputs": {},
            "resources": {
                "aws_appautoscaling_policy.dynamodb_index_read_policy": {
                    "type": "aws_appautoscaling_policy",
                    "depends_on": [
                        "aws_appautoscaling_target.dynamodb_index_read_target"
                    ],
                    "primary": {
                        "id": "DynamoDBReadCapacityUtilization:table/UserGroups/index/UserIDIndex",
                        "attributes": {
                            "arn": "arn:aws:autoscaling:us-east-1:661405543333:scalingPolicy:659ee1d9-511f-4490-a050-24f35f3f0c2e:resource/dynamodb/table/UserGroups/index/UserIDIndex:policyName/DynamoDBReadCapacityUtilization:table/UserGroups/index/UserIDIndex",
                            "id": "DynamoDBReadCapacityUtilization:table/UserGroups/index/UserIDIndex",
                            "name": "DynamoDBReadCapacityUtilization:table/UserGroups/index/UserIDIndex",
                            "policy_type": "TargetTrackingScaling",
                            "resource_id": "table/UserGroups/index/UserIDIndex",
                            "scalable_dimension": "dynamodb:index:ReadCapacityUnits",
                            "service_namespace": "dynamodb",
                            "step_scaling_policy_configuration.#": "0",
                            "target_tracking_scaling_policy_configuration.#": "1",
                            "target_tracking_scaling_policy_configuration.0.customized_metric_specification.#": "0",
                            "target_tracking_scaling_policy_configuration.0.disable_scale_in": "false",
                            "target_tracking_scaling_policy_configuration.0.predefined_metric_specification.#": "1",
                            "target_tracking_scaling_policy_configuration.0.predefined_metric_specification.0.predefined_metric_type": "DynamoDBReadCapacityUtilization",
                            "target_tracking_scaling_policy_configuration.0.predefined_metric_specification.0.resource_label": "",
                            "target_tracking_scaling_policy_configuration.0.scale_in_cooldown": "10",
                            "target_tracking_scaling_policy_configuration.0.scale_out_cooldown": "10",
                            "target_tracking_scaling_policy_configuration.0.target_value": "80"
                        },
                        "meta": {},
                        "tainted": false
                    },
                    "deposed": [],
                    "provider": "provider.aws"
                },
                "aws_appautoscaling_policy.dynamodb_index_write_policy": {
                    "type": "aws_appautoscaling_policy",
                    "depends_on": [
                        "aws_appautoscaling_target.dynamodb_index_write_target"
                    ],
                    "primary": {
                        "id": "DynamoDBWriteCapacityUtilization:table/UserGroups/index/UserIDIndex",
                        "attributes": {
                            "arn": "arn:aws:autoscaling:us-east-1:661405543333:scalingPolicy:3af1dacb-9e9d-4c8d-a24e-d43dc600d2b7:resource/dynamodb/table/UserGroups/index/UserIDIndex:policyName/DynamoDBWriteCapacityUtilization:table/UserGroups/index/UserIDIndex",
                            "id": "DynamoDBWriteCapacityUtilization:table/UserGroups/index/UserIDIndex",
                            "name": "DynamoDBWriteCapacityUtilization:table/UserGroups/index/UserIDIndex",
                            "policy_type": "TargetTrackingScaling",
                            "resource_id": "table/UserGroups/index/UserIDIndex",
                            "scalable_dimension": "dynamodb:index:WriteCapacityUnits",
                            "service_namespace": "dynamodb",
                            "step_scaling_policy_configuration.#": "0",
                            "target_tracking_scaling_policy_configuration.#": "1",
                            "target_tracking_scaling_policy_configuration.0.customized_metric_specification.#": "0",
                            "target_tracking_scaling_policy_configuration.0.disable_scale_in": "false",
                            "target_tracking_scaling_policy_configuration.0.predefined_metric_specification.#": "1",
                            "target_tracking_scaling_policy_configuration.0.predefined_metric_specification.0.predefined_metric_type": "DynamoDBWriteCapacityUtilization",
                            "target_tracking_scaling_policy_configuration.0.predefined_metric_specification.0.resource_label": "",
                            "target_tracking_scaling_policy_configuration.0.scale_in_cooldown": "10",
                            "target_tracking_scaling_policy_configuration.0.scale_out_cooldown": "10",
                            "target_tracking_scaling_policy_configuration.0.target_value": "80"
                        },
                        "meta": {},
                        "tainted": false
                    },
                    "deposed": [],
                    "provider": "provider.aws"
                },
                "aws_appautoscaling_policy.dynamodb_table_read_policy": {
                    "type": "aws_appautoscaling_policy",
                    "depends_on": [
                        "aws_appautoscaling_target.dynamodb_table_read_target"
                    ],
                    "primary": {
                        "id": "DynamoDBReadCapacityUtilization:table/UserGroups",
                        "attributes": {
                            "arn": "arn:aws:autoscaling:us-east-1:661405543333:scalingPolicy:3ee5f011-ff37-4654-b1f5-78a1e2a26ef5:resource/dynamodb/table/UserGroups:policyName/DynamoDBReadCapacityUtilization:table/UserGroups",
                            "id": "DynamoDBReadCapacityUtilization:table/UserGroups",
                            "name": "DynamoDBReadCapacityUtilization:table/UserGroups",
                            "policy_type": "TargetTrackingScaling",
                            "resource_id": "table/UserGroups",
                            "scalable_dimension": "dynamodb:table:ReadCapacityUnits",
                            "service_namespace": "dynamodb",
                            "step_scaling_policy_configuration.#": "0",
                            "target_tracking_scaling_policy_configuration.#": "1",
                            "target_tracking_scaling_policy_configuration.0.customized_metric_specification.#": "0",
                            "target_tracking_scaling_policy_configuration.0.disable_scale_in": "false",
                            "target_tracking_scaling_policy_configuration.0.predefined_metric_specification.#": "1",
                            "target_tracking_scaling_policy_configuration.0.predefined_metric_specification.0.predefined_metric_type": "DynamoDBReadCapacityUtilization",
                            "target_tracking_scaling_policy_configuration.0.predefined_metric_specification.0.resource_label": "",
                            "target_tracking_scaling_policy_configuration.0.scale_in_cooldown": "10",
                            "target_tracking_scaling_policy_configuration.0.scale_out_cooldown": "10",
                            "target_tracking_scaling_policy_configuration.0.target_value": "80"
                        },
                        "meta": {},
                        "tainted": false
                    },
                    "deposed": [],
                    "provider": "provider.aws"
                },
                "aws_appautoscaling_policy.dynamodb_table_write_policy": {
                    "type": "aws_appautoscaling_policy",
                    "depends_on": [
                        "aws_appautoscaling_target.dynamodb_table_write_target"
                    ],
                    "primary": {
                        "id": "DynamoDBWriteCapacityUtilization:table/UserGroups",
                        "attributes": {
                            "arn": "arn:aws:autoscaling:us-east-1:661405543333:scalingPolicy:5624b78f-9cd9-440c-870e-b4362c449f15:resource/dynamodb/table/UserGroups:policyName/DynamoDBWriteCapacityUtilization:table/UserGroups",
                            "id": "DynamoDBWriteCapacityUtilization:table/UserGroups",
                            "name": "DynamoDBWriteCapacityUtilization:table/UserGroups",
                            "policy_type": "TargetTrackingScaling",
                            "resource_id": "table/UserGroups",
                            "scalable_dimension": "dynamodb:table:WriteCapacityUnits",
                            "service_namespace": "dynamodb",
                            "step_scaling_policy_configuration.#": "0",
                            "target_tracking_scaling_policy_configuration.#": "1",
                            "target_tracking_scaling_policy_configuration.0.customized_metric_specification.#": "0",
                            "target_tracking_scaling_policy_configuration.0.disable_scale_in": "false",
                            "target_tracking_scaling_policy_configuration.0.predefined_metric_specification.#": "1",
                            "target_tracking_scaling_policy_configuration.0.predefined_metric_specification.0.predefined_metric_type": "DynamoDBWriteCapacityUtilization",
                            "target_tracking_scaling_policy_configuration.0.predefined_metric_specification.0.resource_label": "",
                            "target_tracking_scaling_policy_configuration.0.scale_in_cooldown": "10",
                            "target_tracking_scaling_policy_configuration.0.scale_out_cooldown": "10",
                            "target_tracking_scaling_policy_configuration.0.target_value": "80"
                        },
                        "meta": {},
                        "tainted": false
                    },
                    "deposed": [],
                    "provider": "provider.aws"
                },
                "aws_appautoscaling_target.dynamodb_index_read_target": {
                    "type": "aws_appautoscaling_target",
                    "depends_on": [],
                    "primary": {
                        "id": "table/UserGroups/index/UserIDIndex",
                        "attributes": {
                            "id": "table/UserGroups/index/UserIDIndex",
                            "max_capacity": "20",
                            "min_capacity": "1",
                            "resource_id": "table/UserGroups/index/UserIDIndex",
                            "role_arn": "arn:aws:iam::661405543333:role/iam_for_slapman",
                            "scalable_dimension": "dynamodb:index:ReadCapacityUnits",
                            "service_namespace": "dynamodb"
                        },
                        "meta": {},
                        "tainted": false
                    },
                    "deposed": [],
                    "provider": "provider.aws"
                },
                "aws_appautoscaling_target.dynamodb_index_write_target": {
                    "type": "aws_appautoscaling_target",
                    "depends_on": [],
                    "primary": {
                        "id": "table/UserGroups/index/UserIDIndex",
                        "attributes": {
                            "id": "table/UserGroups/index/UserIDIndex",
                            "max_capacity": "20",
                            "min_capacity": "1",
                            "resource_id": "table/UserGroups/index/UserIDIndex",
                            "role_arn": "arn:aws:iam::661405543333:role/iam_for_slapman",
                            "scalable_dimension": "dynamodb:index:WriteCapacityUnits",
                            "service_namespace": "dynamodb"
                        },
                        "meta": {},
                        "tainted": false
                    },
                    "deposed": [],
                    "provider": "provider.aws"
                },
                "aws_appautoscaling_target.dynamodb_table_read_target": {
                    "type": "aws_appautoscaling_target",
                    "depends_on": [],
                    "primary": {
                        "id": "table/UserGroups",
                        "attributes": {
                            "id": "table/UserGroups",
                            "max_capacity": "20",
                            "min_capacity": "1",
                            "resource_id": "table/UserGroups",
                            "role_arn": "arn:aws:iam::661405543333:role/iam_for_slapman",
                            "scalable_dimension": "dynamodb:table:ReadCapacityUnits",
                            "service_namespace": "dynamodb"
                        },
                        "meta": {},
                        "tainted": false
                    },
                    "deposed": [],
                    "provider": "provider.aws"
                },
                "aws_appautoscaling_target.dynamodb_table_write_target": {
                    "type": "aws_appautoscaling_target",
                    "depends_on": [],
                    "primary": {
                        "id": "table/UserGroups",
                        "attributes": {
                            "id": "table/UserGroups",
                            "max_capacity": "20",
                            "min_capacity": "1",
                            "resource_id": "table/UserGroups",
                            "role_arn": "arn:aws:iam::661405543333:role/iam_for_slapman",
                            "scalable_dimension": "dynamodb:table:WriteCapacityUnits",
                            "service_namespace": "dynamodb"
                        },
                        "meta": {},
                        "tainted": false
                    },
                    "deposed": [],
                    "provider": "provider.aws"
                }
            },
            "depends_on": []
        },
        {
            "path": [
                "root",
                "userprofile-table_AvatarHashIndex_autoscaling"
            ],
            "outputs": {},
            "resources": {
                "aws_appautoscaling_policy.dynamodb_index_read_policy": {
                    "type": "aws_appautoscaling_policy",
                    "depends_on": [
                        "aws_appautoscaling_target.dynamodb_index_read_target"
                    ],
                    "primary": {
                        "id": "DynamoDBReadCapacityUtilization:table/UserProfile/index/AvatarHashIndex",
                        "attributes": {
                            "arn": "arn:aws:autoscaling:us-east-1:661405543333:scalingPolicy:633da4e6-00a2-4f45-8d21-76b24419a553:resource/dynamodb/table/UserProfile/index/AvatarHashIndex:policyName/DynamoDBReadCapacityUtilization:table/UserProfile/index/AvatarHashIndex",
                            "id": "DynamoDBReadCapacityUtilization:table/UserProfile/index/AvatarHashIndex",
                            "name": "DynamoDBReadCapacityUtilization:table/UserProfile/index/AvatarHashIndex",
                            "policy_type": "TargetTrackingScaling",
                            "resource_id": "table/UserProfile/index/AvatarHashIndex",
                            "scalable_dimension": "dynamodb:index:ReadCapacityUnits",
                            "service_namespace": "dynamodb",
                            "step_scaling_policy_configuration.#": "0",
                            "target_tracking_scaling_policy_configuration.#": "1",
                            "target_tracking_scaling_policy_configuration.0.customized_metric_specification.#": "0",
                            "target_tracking_scaling_policy_configuration.0.disable_scale_in": "false",
                            "target_tracking_scaling_policy_configuration.0.predefined_metric_specification.#": "1",
                            "target_tracking_scaling_policy_configuration.0.predefined_metric_specification.0.predefined_metric_type": "DynamoDBReadCapacityUtilization",
                            "target_tracking_scaling_policy_configuration.0.predefined_metric_specification.0.resource_label": "",
                            "target_tracking_scaling_policy_configuration.0.scale_in_cooldown": "10",
                            "target_tracking_scaling_policy_configuration.0.scale_out_cooldown": "10",
                            "target_tracking_scaling_policy_configuration.0.target_value": "80"
                        },
                        "meta": {},
                        "tainted": false
                    },
                    "deposed": [],
                    "provider": "provider.aws"
                },
                "aws_appautoscaling_policy.dynamodb_index_write_policy": {
                    "type": "aws_appautoscaling_policy",
                    "depends_on": [
                        "aws_appautoscaling_target.dynamodb_index_write_target"
                    ],
                    "primary": {
                        "id": "DynamoDBWriteCapacityUtilization:table/UserProfile/index/AvatarHashIndex",
                        "attributes": {
                            "arn": "arn:aws:autoscaling:us-east-1:661405543333:scalingPolicy:acebb8f0-b7aa-41dd-9756-df7522b1a26f:resource/dynamodb/table/UserProfile/index/AvatarHashIndex:policyName/DynamoDBWriteCapacityUtilization:table/UserProfile/index/AvatarHashIndex",
                            "id": "DynamoDBWriteCapacityUtilization:table/UserProfile/index/AvatarHashIndex",
                            "name": "DynamoDBWriteCapacityUtilization:table/UserProfile/index/AvatarHashIndex",
                            "policy_type": "TargetTrackingScaling",
                            "resource_id": "table/UserProfile/index/AvatarHashIndex",
                            "scalable_dimension": "dynamodb:index:WriteCapacityUnits",
                            "service_namespace": "dynamodb",
                            "step_scaling_policy_configuration.#": "0",
                            "target_tracking_scaling_policy_configuration.#": "1",
                            "target_tracking_scaling_policy_configuration.0.customized_metric_specification.#": "0",
                            "target_tracking_scaling_policy_configuration.0.disable_scale_in": "false",
                            "target_tracking_scaling_policy_configuration.0.predefined_metric_specification.#": "1",
                            "target_tracking_scaling_policy_configuration.0.predefined_metric_specification.0.predefined_metric_type": "DynamoDBWriteCapacityUtilization",
                            "target_tracking_scaling_policy_configuration.0.predefined_metric_specification.0.resource_label": "",
                            "target_tracking_scaling_policy_configuration.0.scale_in_cooldown": "10",
                            "target_tracking_scaling_policy_configuration.0.scale_out_cooldown": "10",
                            "target_tracking_scaling_policy_configuration.0.target_value": "80"
                        },
                        "meta": {},
                        "tainted": false
                    },
                    "deposed": [],
                    "provider": "provider.aws"
                },
                "aws_appautoscaling_policy.dynamodb_table_read_policy": {
                    "type": "aws_appautoscaling_policy",
                    "depends_on": [
                        "aws_appautoscaling_target.dynamodb_table_read_target"
                    ],
                    "primary": {
                        "id": "DynamoDBReadCapacityUtilization:table/UserProfile",
                        "attributes": {
                            "arn": "arn:aws:autoscaling:us-east-1:661405543333:scalingPolicy:fb104e2a-3e1a-4f04-8788-1de10a017d2c:resource/dynamodb/table/UserProfile:policyName/DynamoDBReadCapacityUtilization:table/UserProfile",
                            "id": "DynamoDBReadCapacityUtilization:table/UserProfile",
                            "name": "DynamoDBReadCapacityUtilization:table/UserProfile",
                            "policy_type": "TargetTrackingScaling",
                            "resource_id": "table/UserProfile",
                            "scalable_dimension": "dynamodb:table:ReadCapacityUnits",
                            "service_namespace": "dynamodb",
                            "step_scaling_policy_configuration.#": "0",
                            "target_tracking_scaling_policy_configuration.#": "1",
                            "target_tracking_scaling_policy_configuration.0.customized_metric_specification.#": "0",
                            "target_tracking_scaling_policy_configuration.0.disable_scale_in": "false",
                            "target_tracking_scaling_policy_configuration.0.predefined_metric_specification.#": "1",
                            "target_tracking_scaling_policy_configuration.0.predefined_metric_specification.0.predefined_metric_type": "DynamoDBReadCapacityUtilization",
                            "target_tracking_scaling_policy_configuration.0.predefined_metric_specification.0.resource_label": "",
                            "target_tracking_scaling_policy_configuration.0.scale_in_cooldown": "10",
                            "target_tracking_scaling_policy_configuration.0.scale_out_cooldown": "10",
                            "target_tracking_scaling_policy_configuration.0.target_value": "80"
                        },
                        "meta": {},
                        "tainted": false
                    },
                    "deposed": [],
                    "provider": "provider.aws"
                },
                "aws_appautoscaling_policy.dynamodb_table_write_policy": {
                    "type": "aws_appautoscaling_policy",
                    "depends_on": [
                        "aws_appautoscaling_target.dynamodb_table_write_target"
                    ],
                    "primary": {
                        "id": "DynamoDBWriteCapacityUtilization:table/UserProfile",
                        "attributes": {
                            "arn": "arn:aws:autoscaling:us-east-1:661405543333:scalingPolicy:d9dc9ad3-2069-4d11-82d1-66005bd144d4:resource/dynamodb/table/UserProfile:policyName/DynamoDBWriteCapacityUtilization:table/UserProfile",
                            "id": "DynamoDBWriteCapacityUtilization:table/UserProfile",
                            "name": "DynamoDBWriteCapacityUtilization:table/UserProfile",
                            "policy_type": "TargetTrackingScaling",
                            "resource_id": "table/UserProfile",
                            "scalable_dimension": "dynamodb:table:WriteCapacityUnits",
                            "service_namespace": "dynamodb",
                            "step_scaling_policy_configuration.#": "0",
                            "target_tracking_scaling_policy_configuration.#": "1",
                            "target_tracking_scaling_policy_configuration.0.customized_metric_specification.#": "0",
                            "target_tracking_scaling_policy_configuration.0.disable_scale_in": "false",
                            "target_tracking_scaling_policy_configuration.0.predefined_metric_specification.#": "1",
                            "target_tracking_scaling_policy_configuration.0.predefined_metric_specification.0.predefined_metric_type": "DynamoDBWriteCapacityUtilization",
                            "target_tracking_scaling_policy_configuration.0.predefined_metric_specification.0.resource_label": "",
                            "target_tracking_scaling_policy_configuration.0.scale_in_cooldown": "10",
                            "target_tracking_scaling_policy_configuration.0.scale_out_cooldown": "10",
                            "target_tracking_scaling_policy_configuration.0.target_value": "80"
                        },
                        "meta": {},
                        "tainted": false
                    },
                    "deposed": [],
                    "provider": "provider.aws"
                },
                "aws_appautoscaling_target.dynamodb_index_read_target": {
                    "type": "aws_appautoscaling_target",
                    "depends_on": [],
                    "primary": {
                        "id": "table/UserProfile/index/AvatarHashIndex",
                        "attributes": {
                            "id": "table/UserProfile/index/AvatarHashIndex",
                            "max_capacity": "20",
                            "min_capacity": "1",
                            "resource_id": "table/UserProfile/index/AvatarHashIndex",
                            "role_arn": "arn:aws:iam::661405543333:role/iam_for_slapman",
                            "scalable_dimension": "dynamodb:index:ReadCapacityUnits",
                            "service_namespace": "dynamodb"
                        },
                        "meta": {},
                        "tainted": false
                    },
                    "deposed": [],
                    "provider": "provider.aws"
                },
                "aws_appautoscaling_target.dynamodb_index_write_target": {
                    "type": "aws_appautoscaling_target",
                    "depends_on": [],
                    "primary": {
                        "id": "table/UserProfile/index/AvatarHashIndex",
                        "attributes": {
                            "id": "table/UserProfile/index/AvatarHashIndex",
                            "max_capacity": "20",
                            "min_capacity": "1",
                            "resource_id": "table/UserProfile/index/AvatarHashIndex",
                            "role_arn": "arn:aws:iam::661405543333:role/iam_for_slapman",
                            "scalable_dimension": "dynamodb:index:WriteCapacityUnits",
                            "service_namespace": "dynamodb"
                        },
                        "meta": {},
                        "tainted": false
                    },
                    "deposed": [],
                    "provider": "provider.aws"
                },
                "aws_appautoscaling_target.dynamodb_table_read_target": {
                    "type": "aws_appautoscaling_target",
                    "depends_on": [],
                    "primary": {
                        "id": "table/UserProfile",
                        "attributes": {
                            "id": "table/UserProfile",
                            "max_capacity": "20",
                            "min_capacity": "1",
                            "resource_id": "table/UserProfile",
                            "role_arn": "arn:aws:iam::661405543333:role/iam_for_slapman",
                            "scalable_dimension": "dynamodb:table:ReadCapacityUnits",
                            "service_namespace": "dynamodb"
                        },
                        "meta": {},
                        "tainted": false
                    },
                    "deposed": [],
                    "provider": "provider.aws"
                },
                "aws_appautoscaling_target.dynamodb_table_write_target": {
                    "type": "aws_appautoscaling_target",
                    "depends_on": [],
                    "primary": {
                        "id": "table/UserProfile",
                        "attributes": {
                            "id": "table/UserProfile",
                            "max_capacity": "20",
                            "min_capacity": "1",
                            "resource_id": "table/UserProfile",
                            "role_arn": "arn:aws:iam::661405543333:role/iam_for_slapman",
                            "scalable_dimension": "dynamodb:table:WriteCapacityUnits",
                            "service_namespace": "dynamodb"
                        },
                        "meta": {},
                        "tainted": false
                    },
                    "deposed": [],
                    "provider": "provider.aws"
                }
            },
            "depends_on": []
        },
        {
            "path": [
                "root",
                "userprofile-table_LocationIndex_autoscaling"
            ],
            "outputs": {},
            "resources": {
                "aws_appautoscaling_policy.dynamodb_index_read_policy": {
                    "type": "aws_appautoscaling_policy",
                    "depends_on": [
                        "aws_appautoscaling_target.dynamodb_index_read_target"
                    ],
                    "primary": {
                        "id": "DynamoDBReadCapacityUtilization:table/UserProfile/index/LocationIndex",
                        "attributes": {
                            "arn": "arn:aws:autoscaling:us-east-1:661405543333:scalingPolicy:36742688-13a1-48a8-b65b-4e29bfa7469a:resource/dynamodb/table/UserProfile/index/LocationIndex:policyName/DynamoDBReadCapacityUtilization:table/UserProfile/index/LocationIndex",
                            "id": "DynamoDBReadCapacityUtilization:table/UserProfile/index/LocationIndex",
                            "name": "DynamoDBReadCapacityUtilization:table/UserProfile/index/LocationIndex",
                            "policy_type": "TargetTrackingScaling",
                            "resource_id": "table/UserProfile/index/LocationIndex",
                            "scalable_dimension": "dynamodb:index:ReadCapacityUnits",
                            "service_namespace": "dynamodb",
                            "step_scaling_policy_configuration.#": "0",
                            "target_tracking_scaling_policy_configuration.#": "1",
                            "target_tracking_scaling_policy_configuration.0.customized_metric_specification.#": "0",
                            "target_tracking_scaling_policy_configuration.0.disable_scale_in": "false",
                            "target_tracking_scaling_policy_configuration.0.predefined_metric_specification.#": "1",
                            "target_tracking_scaling_policy_configuration.0.predefined_metric_specification.0.predefined_metric_type": "DynamoDBReadCapacityUtilization",
                            "target_tracking_scaling_policy_configuration.0.predefined_metric_specification.0.resource_label": "",
                            "target_tracking_scaling_policy_configuration.0.scale_in_cooldown": "10",
                            "target_tracking_scaling_policy_configuration.0.scale_out_cooldown": "10",
                            "target_tracking_scaling_policy_configuration.0.target_value": "80"
                        },
                        "meta": {},
                        "tainted": false
                    },
                    "deposed": [],
                    "provider": "provider.aws"
                },
                "aws_appautoscaling_policy.dynamodb_index_write_policy": {
                    "type": "aws_appautoscaling_policy",
                    "depends_on": [
                        "aws_appautoscaling_target.dynamodb_index_write_target"
                    ],
                    "primary": {
                        "id": "DynamoDBWriteCapacityUtilization:table/UserProfile/index/LocationIndex",
                        "attributes": {
                            "arn": "arn:aws:autoscaling:us-east-1:661405543333:scalingPolicy:ec1b3680-d267-4273-87fa-4a8bb5e65e21:resource/dynamodb/table/UserProfile/index/LocationIndex:policyName/DynamoDBWriteCapacityUtilization:table/UserProfile/index/LocationIndex",
                            "id": "DynamoDBWriteCapacityUtilization:table/UserProfile/index/LocationIndex",
                            "name": "DynamoDBWriteCapacityUtilization:table/UserProfile/index/LocationIndex",
                            "policy_type": "TargetTrackingScaling",
                            "resource_id": "table/UserProfile/index/LocationIndex",
                            "scalable_dimension": "dynamodb:index:WriteCapacityUnits",
                            "service_namespace": "dynamodb",
                            "step_scaling_policy_configuration.#": "0",
                            "target_tracking_scaling_policy_configuration.#": "1",
                            "target_tracking_scaling_policy_configuration.0.customized_metric_specification.#": "0",
                            "target_tracking_scaling_policy_configuration.0.disable_scale_in": "false",
                            "target_tracking_scaling_policy_configuration.0.predefined_metric_specification.#": "1",
                            "target_tracking_scaling_policy_configuration.0.predefined_metric_specification.0.predefined_metric_type": "DynamoDBWriteCapacityUtilization",
                            "target_tracking_scaling_policy_configuration.0.predefined_metric_specification.0.resource_label": "",
                            "target_tracking_scaling_policy_configuration.0.scale_in_cooldown": "10",
                            "target_tracking_scaling_policy_configuration.0.scale_out_cooldown": "10",
                            "target_tracking_scaling_policy_configuration.0.target_value": "80"
                        },
                        "meta": {},
                        "tainted": false
                    },
                    "deposed": [],
                    "provider": "provider.aws"
                },
                "aws_appautoscaling_policy.dynamodb_table_read_policy": {
                    "type": "aws_appautoscaling_policy",
                    "depends_on": [
                        "aws_appautoscaling_target.dynamodb_table_read_target"
                    ],
                    "primary": {
                        "id": "DynamoDBReadCapacityUtilization:table/UserProfile",
                        "attributes": {
                            "arn": "arn:aws:autoscaling:us-east-1:661405543333:scalingPolicy:fb104e2a-3e1a-4f04-8788-1de10a017d2c:resource/dynamodb/table/UserProfile:policyName/DynamoDBReadCapacityUtilization:table/UserProfile",
                            "id": "DynamoDBReadCapacityUtilization:table/UserProfile",
                            "name": "DynamoDBReadCapacityUtilization:table/UserProfile",
                            "policy_type": "TargetTrackingScaling",
                            "resource_id": "table/UserProfile",
                            "scalable_dimension": "dynamodb:table:ReadCapacityUnits",
                            "service_namespace": "dynamodb",
                            "step_scaling_policy_configuration.#": "0",
                            "target_tracking_scaling_policy_configuration.#": "1",
                            "target_tracking_scaling_policy_configuration.0.customized_metric_specification.#": "0",
                            "target_tracking_scaling_policy_configuration.0.disable_scale_in": "false",
                            "target_tracking_scaling_policy_configuration.0.predefined_metric_specification.#": "1",
                            "target_tracking_scaling_policy_configuration.0.predefined_metric_specification.0.predefined_metric_type": "DynamoDBReadCapacityUtilization",
                            "target_tracking_scaling_policy_configuration.0.predefined_metric_specification.0.resource_label": "",
                            "target_tracking_scaling_policy_configuration.0.scale_in_cooldown": "10",
                            "target_tracking_scaling_policy_configuration.0.scale_out_cooldown": "10",
                            "target_tracking_scaling_policy_configuration.0.target_value": "80"
                        },
                        "meta": {},
                        "tainted": false
                    },
                    "deposed": [],
                    "provider": "provider.aws"
                },
                "aws_appautoscaling_policy.dynamodb_table_write_policy": {
                    "type": "aws_appautoscaling_policy",
                    "depends_on": [
                        "aws_appautoscaling_target.dynamodb_table_write_target"
                    ],
                    "primary": {
                        "id": "DynamoDBWriteCapacityUtilization:table/UserProfile",
                        "attributes": {
                            "arn": "arn:aws:autoscaling:us-east-1:661405543333:scalingPolicy:d9dc9ad3-2069-4d11-82d1-66005bd144d4:resource/dynamodb/table/UserProfile:policyName/DynamoDBWriteCapacityUtilization:table/UserProfile",
                            "id": "DynamoDBWriteCapacityUtilization:table/UserProfile",
                            "name": "DynamoDBWriteCapacityUtilization:table/UserProfile",
                            "policy_type": "TargetTrackingScaling",
                            "resource_id": "table/UserProfile",
                            "scalable_dimension": "dynamodb:table:WriteCapacityUnits",
                            "service_namespace": "dynamodb",
                            "step_scaling_policy_configuration.#": "0",
                            "target_tracking_scaling_policy_configuration.#": "1",
                            "target_tracking_scaling_policy_configuration.0.customized_metric_specification.#": "0",
                            "target_tracking_scaling_policy_configuration.0.disable_scale_in": "false",
                            "target_tracking_scaling_policy_configuration.0.predefined_metric_specification.#": "1",
                            "target_tracking_scaling_policy_configuration.0.predefined_metric_specification.0.predefined_metric_type": "DynamoDBWriteCapacityUtilization",
                            "target_tracking_scaling_policy_configuration.0.predefined_metric_specification.0.resource_label": "",
                            "target_tracking_scaling_policy_configuration.0.scale_in_cooldown": "10",
                            "target_tracking_scaling_policy_configuration.0.scale_out_cooldown": "10",
                            "target_tracking_scaling_policy_configuration.0.target_value": "80"
                        },
                        "meta": {},
                        "tainted": false
                    },
                    "deposed": [],
                    "provider": "provider.aws"
                },
                "aws_appautoscaling_target.dynamodb_index_read_target": {
                    "type": "aws_appautoscaling_target",
                    "depends_on": [],
                    "primary": {
                        "id": "table/UserProfile/index/LocationIndex",
                        "attributes": {
                            "id": "table/UserProfile/index/LocationIndex",
                            "max_capacity": "20",
                            "min_capacity": "1",
                            "resource_id": "table/UserProfile/index/LocationIndex",
                            "role_arn": "arn:aws:iam::661405543333:role/iam_for_slapman",
                            "scalable_dimension": "dynamodb:index:ReadCapacityUnits",
                            "service_namespace": "dynamodb"
                        },
                        "meta": {},
                        "tainted": false
                    },
                    "deposed": [],
                    "provider": "provider.aws"
                },
                "aws_appautoscaling_target.dynamodb_index_write_target": {
                    "type": "aws_appautoscaling_target",
                    "depends_on": [],
                    "primary": {
                        "id": "table/UserProfile/index/LocationIndex",
                        "attributes": {
                            "id": "table/UserProfile/index/LocationIndex",
                            "max_capacity": "20",
                            "min_capacity": "1",
                            "resource_id": "table/UserProfile/index/LocationIndex",
                            "role_arn": "arn:aws:iam::661405543333:role/iam_for_slapman",
                            "scalable_dimension": "dynamodb:index:WriteCapacityUnits",
                            "service_namespace": "dynamodb"
                        },
                        "meta": {},
                        "tainted": false
                    },
                    "deposed": [],
                    "provider": "provider.aws"
                },
                "aws_appautoscaling_target.dynamodb_table_read_target": {
                    "type": "aws_appautoscaling_target",
                    "depends_on": [],
                    "primary": {
                        "id": "table/UserProfile",
                        "attributes": {
                            "id": "table/UserProfile",
                            "max_capacity": "20",
                            "min_capacity": "1",
                            "resource_id": "table/UserProfile",
                            "role_arn": "arn:aws:iam::661405543333:role/iam_for_slapman",
                            "scalable_dimension": "dynamodb:table:ReadCapacityUnits",
                            "service_namespace": "dynamodb"
                        },
                        "meta": {},
                        "tainted": false
                    },
                    "deposed": [],
                    "provider": "provider.aws"
                },
                "aws_appautoscaling_target.dynamodb_table_write_target": {
                    "type": "aws_appautoscaling_target",
                    "depends_on": [],
                    "primary": {
                        "id": "table/UserProfile",
                        "attributes": {
                            "id": "table/UserProfile",
                            "max_capacity": "20",
                            "min_capacity": "1",
                            "resource_id": "table/UserProfile",
                            "role_arn": "arn:aws:iam::661405543333:role/iam_for_slapman",
                            "scalable_dimension": "dynamodb:table:WriteCapacityUnits",
                            "service_namespace": "dynamodb"
                        },
                        "meta": {},
                        "tainted": false
                    },
                    "deposed": [],
                    "provider": "provider.aws"
                }
            },
            "depends_on": []
        },
        {
            "path": [
                "root",
                "userprofile-table_MemberSinceIndex_autoscaling"
            ],
            "outputs": {},
            "resources": {
                "aws_appautoscaling_policy.dynamodb_index_read_policy": {
                    "type": "aws_appautoscaling_policy",
                    "depends_on": [
                        "aws_appautoscaling_target.dynamodb_index_read_target"
                    ],
                    "primary": {
                        "id": "DynamoDBReadCapacityUtilization:table/UserProfile/index/MemberSinceIndex",
                        "attributes": {
                            "arn": "arn:aws:autoscaling:us-east-1:661405543333:scalingPolicy:b4bce97b-d55c-46af-9806-52777b411d60:resource/dynamodb/table/UserProfile/index/MemberSinceIndex:policyName/DynamoDBReadCapacityUtilization:table/UserProfile/index/MemberSinceIndex",
                            "id": "DynamoDBReadCapacityUtilization:table/UserProfile/index/MemberSinceIndex",
                            "name": "DynamoDBReadCapacityUtilization:table/UserProfile/index/MemberSinceIndex",
                            "policy_type": "TargetTrackingScaling",
                            "resource_id": "table/UserProfile/index/MemberSinceIndex",
                            "scalable_dimension": "dynamodb:index:ReadCapacityUnits",
                            "service_namespace": "dynamodb",
                            "step_scaling_policy_configuration.#": "0",
                            "target_tracking_scaling_policy_configuration.#": "1",
                            "target_tracking_scaling_policy_configuration.0.customized_metric_specification.#": "0",
                            "target_tracking_scaling_policy_configuration.0.disable_scale_in": "false",
                            "target_tracking_scaling_policy_configuration.0.predefined_metric_specification.#": "1",
                            "target_tracking_scaling_policy_configuration.0.predefined_metric_specification.0.predefined_metric_type": "DynamoDBReadCapacityUtilization",
                            "target_tracking_scaling_policy_configuration.0.predefined_metric_specification.0.resource_label": "",
                            "target_tracking_scaling_policy_configuration.0.scale_in_cooldown": "10",
                            "target_tracking_scaling_policy_configuration.0.scale_out_cooldown": "10",
                            "target_tracking_scaling_policy_configuration.0.target_value": "80"
                        },
                        "meta": {},
                        "tainted": false
                    },
                    "deposed": [],
                    "provider": "provider.aws"
                },
                "aws_appautoscaling_policy.dynamodb_index_write_policy": {
                    "type": "aws_appautoscaling_policy",
                    "depends_on": [
                        "aws_appautoscaling_target.dynamodb_index_write_target"
                    ],
                    "primary": {
                        "id": "DynamoDBWriteCapacityUtilization:table/UserProfile/index/MemberSinceIndex",
                        "attributes": {
                            "arn": "arn:aws:autoscaling:us-east-1:661405543333:scalingPolicy:3197e14c-ff74-46fb-8e17-1c808e9837c3:resource/dynamodb/table/UserProfile/index/MemberSinceIndex:policyName/DynamoDBWriteCapacityUtilization:table/UserProfile/index/MemberSinceIndex",
                            "id": "DynamoDBWriteCapacityUtilization:table/UserProfile/index/MemberSinceIndex",
                            "name": "DynamoDBWriteCapacityUtilization:table/UserProfile/index/MemberSinceIndex",
                            "policy_type": "TargetTrackingScaling",
                            "resource_id": "table/UserProfile/index/MemberSinceIndex",
                            "scalable_dimension": "dynamodb:index:WriteCapacityUnits",
                            "service_namespace": "dynamodb",
                            "step_scaling_policy_configuration.#": "0",
                            "target_tracking_scaling_policy_configuration.#": "1",
                            "target_tracking_scaling_policy_configuration.0.customized_metric_specification.#": "0",
                            "target_tracking_scaling_policy_configuration.0.disable_scale_in": "false",
                            "target_tracking_scaling_policy_configuration.0.predefined_metric_specification.#": "1",
                            "target_tracking_scaling_policy_configuration.0.predefined_metric_specification.0.predefined_metric_type": "DynamoDBWriteCapacityUtilization",
                            "target_tracking_scaling_policy_configuration.0.predefined_metric_specification.0.resource_label": "",
                            "target_tracking_scaling_policy_configuration.0.scale_in_cooldown": "10",
                            "target_tracking_scaling_policy_configuration.0.scale_out_cooldown": "10",
                            "target_tracking_scaling_policy_configuration.0.target_value": "80"
                        },
                        "meta": {},
                        "tainted": false
                    },
                    "deposed": [],
                    "provider": "provider.aws"
                },
                "aws_appautoscaling_policy.dynamodb_table_read_policy": {
                    "type": "aws_appautoscaling_policy",
                    "depends_on": [
                        "aws_appautoscaling_target.dynamodb_table_read_target"
                    ],
                    "primary": {
                        "id": "DynamoDBReadCapacityUtilization:table/UserProfile",
                        "attributes": {
                            "arn": "arn:aws:autoscaling:us-east-1:661405543333:scalingPolicy:fb104e2a-3e1a-4f04-8788-1de10a017d2c:resource/dynamodb/table/UserProfile:policyName/DynamoDBReadCapacityUtilization:table/UserProfile",
                            "id": "DynamoDBReadCapacityUtilization:table/UserProfile",
                            "name": "DynamoDBReadCapacityUtilization:table/UserProfile",
                            "policy_type": "TargetTrackingScaling",
                            "resource_id": "table/UserProfile",
                            "scalable_dimension": "dynamodb:table:ReadCapacityUnits",
                            "service_namespace": "dynamodb",
                            "step_scaling_policy_configuration.#": "0",
                            "target_tracking_scaling_policy_configuration.#": "1",
                            "target_tracking_scaling_policy_configuration.0.customized_metric_specification.#": "0",
                            "target_tracking_scaling_policy_configuration.0.disable_scale_in": "false",
                            "target_tracking_scaling_policy_configuration.0.predefined_metric_specification.#": "1",
                            "target_tracking_scaling_policy_configuration.0.predefined_metric_specification.0.predefined_metric_type": "DynamoDBReadCapacityUtilization",
                            "target_tracking_scaling_policy_configuration.0.predefined_metric_specification.0.resource_label": "",
                            "target_tracking_scaling_policy_configuration.0.scale_in_cooldown": "10",
                            "target_tracking_scaling_policy_configuration.0.scale_out_cooldown": "10",
                            "target_tracking_scaling_policy_configuration.0.target_value": "80"
                        },
                        "meta": {},
                        "tainted": false
                    },
                    "deposed": [],
                    "provider": "provider.aws"
                },
                "aws_appautoscaling_policy.dynamodb_table_write_policy": {
                    "type": "aws_appautoscaling_policy",
                    "depends_on": [
                        "aws_appautoscaling_target.dynamodb_table_write_target"
                    ],
                    "primary": {
                        "id": "DynamoDBWriteCapacityUtilization:table/UserProfile",
                        "attributes": {
                            "arn": "arn:aws:autoscaling:us-east-1:661405543333:scalingPolicy:d9dc9ad3-2069-4d11-82d1-66005bd144d4:resource/dynamodb/table/UserProfile:policyName/DynamoDBWriteCapacityUtilization:table/UserProfile",
                            "id": "DynamoDBWriteCapacityUtilization:table/UserProfile",
                            "name": "DynamoDBWriteCapacityUtilization:table/UserProfile",
                            "policy_type": "TargetTrackingScaling",
                            "resource_id": "table/UserProfile",
                            "scalable_dimension": "dynamodb:table:WriteCapacityUnits",
                            "service_namespace": "dynamodb",
                            "step_scaling_policy_configuration.#": "0",
                            "target_tracking_scaling_policy_configuration.#": "1",
                            "target_tracking_scaling_policy_configuration.0.customized_metric_specification.#": "0",
                            "target_tracking_scaling_policy_configuration.0.disable_scale_in": "false",
                            "target_tracking_scaling_policy_configuration.0.predefined_metric_specification.#": "1",
                            "target_tracking_scaling_policy_configuration.0.predefined_metric_specification.0.predefined_metric_type": "DynamoDBWriteCapacityUtilization",
                            "target_tracking_scaling_policy_configuration.0.predefined_metric_specification.0.resource_label": "",
                            "target_tracking_scaling_policy_configuration.0.scale_in_cooldown": "10",
                            "target_tracking_scaling_policy_configuration.0.scale_out_cooldown": "10",
                            "target_tracking_scaling_policy_configuration.0.target_value": "80"
                        },
                        "meta": {},
                        "tainted": false
                    },
                    "deposed": [],
                    "provider": "provider.aws"
                },
                "aws_appautoscaling_target.dynamodb_index_read_target": {
                    "type": "aws_appautoscaling_target",
                    "depends_on": [],
                    "primary": {
                        "id": "table/UserProfile/index/MemberSinceIndex",
                        "attributes": {
                            "id": "table/UserProfile/index/MemberSinceIndex",
                            "max_capacity": "20",
                            "min_capacity": "1",
                            "resource_id": "table/UserProfile/index/MemberSinceIndex",
                            "role_arn": "arn:aws:iam::661405543333:role/iam_for_slapman",
                            "scalable_dimension": "dynamodb:index:ReadCapacityUnits",
                            "service_namespace": "dynamodb"
                        },
                        "meta": {},
                        "tainted": false
                    },
                    "deposed": [],
                    "provider": "provider.aws"
                },
                "aws_appautoscaling_target.dynamodb_index_write_target": {
                    "type": "aws_appautoscaling_target",
                    "depends_on": [],
                    "primary": {
                        "id": "table/UserProfile/index/MemberSinceIndex",
                        "attributes": {
                            "id": "table/UserProfile/index/MemberSinceIndex",
                            "max_capacity": "20",
                            "min_capacity": "1",
                            "resource_id": "table/UserProfile/index/MemberSinceIndex",
                            "role_arn": "arn:aws:iam::661405543333:role/iam_for_slapman",
                            "scalable_dimension": "dynamodb:index:WriteCapacityUnits",
                            "service_namespace": "dynamodb"
                        },
                        "meta": {},
                        "tainted": false
                    },
                    "deposed": [],
                    "provider": "provider.aws"
                },
                "aws_appautoscaling_target.dynamodb_table_read_target": {
                    "type": "aws_appautoscaling_target",
                    "depends_on": [],
                    "primary": {
                        "id": "table/UserProfile",
                        "attributes": {
                            "id": "table/UserProfile",
                            "max_capacity": "20",
                            "min_capacity": "1",
                            "resource_id": "table/UserProfile",
                            "role_arn": "arn:aws:iam::661405543333:role/iam_for_slapman",
                            "scalable_dimension": "dynamodb:table:ReadCapacityUnits",
                            "service_namespace": "dynamodb"
                        },
                        "meta": {},
                        "tainted": false
                    },
                    "deposed": [],
                    "provider": "provider.aws"
                },
                "aws_appautoscaling_target.dynamodb_table_write_target": {
                    "type": "aws_appautoscaling_target",
                    "depends_on": [],
                    "primary": {
                        "id": "table/UserProfile",
                        "attributes": {
                            "id": "table/UserProfile",
                            "max_capacity": "20",
                            "min_capacity": "1",
                            "resource_id": "table/UserProfile",
                            "role_arn": "arn:aws:iam::661405543333:role/iam_for_slapman",
                            "scalable_dimension": "dynamodb:table:WriteCapacityUnits",
                            "service_namespace": "dynamodb"
                        },
                        "meta": {},
                        "tainted": false
                    },
                    "deposed": [],
                    "provider": "provider.aws"
                }
            },
            "depends_on": []
        },
        {
            "path": [
                "root",
                "userprofile-table_NameIndex_autoscaling"
            ],
            "outputs": {},
            "resources": {
                "aws_appautoscaling_policy.dynamodb_index_read_policy": {
                    "type": "aws_appautoscaling_policy",
                    "depends_on": [
                        "aws_appautoscaling_target.dynamodb_index_read_target"
                    ],
                    "primary": {
                        "id": "DynamoDBReadCapacityUtilization:table/UserProfile/index/NameIndex",
                        "attributes": {
                            "arn": "arn:aws:autoscaling:us-east-1:661405543333:scalingPolicy:7839cfa0-2a13-42ef-8310-bd204074efdc:resource/dynamodb/table/UserProfile/index/NameIndex:policyName/DynamoDBReadCapacityUtilization:table/UserProfile/index/NameIndex",
                            "id": "DynamoDBReadCapacityUtilization:table/UserProfile/index/NameIndex",
                            "name": "DynamoDBReadCapacityUtilization:table/UserProfile/index/NameIndex",
                            "policy_type": "TargetTrackingScaling",
                            "resource_id": "table/UserProfile/index/NameIndex",
                            "scalable_dimension": "dynamodb:index:ReadCapacityUnits",
                            "service_namespace": "dynamodb",
                            "step_scaling_policy_configuration.#": "0",
                            "target_tracking_scaling_policy_configuration.#": "1",
                            "target_tracking_scaling_policy_configuration.0.customized_metric_specification.#": "0",
                            "target_tracking_scaling_policy_configuration.0.disable_scale_in": "false",
                            "target_tracking_scaling_policy_configuration.0.predefined_metric_specification.#": "1",
                            "target_tracking_scaling_policy_configuration.0.predefined_metric_specification.0.predefined_metric_type": "DynamoDBReadCapacityUtilization",
                            "target_tracking_scaling_policy_configuration.0.predefined_metric_specification.0.resource_label": "",
                            "target_tracking_scaling_policy_configuration.0.scale_in_cooldown": "10",
                            "target_tracking_scaling_policy_configuration.0.scale_out_cooldown": "10",
                            "target_tracking_scaling_policy_configuration.0.target_value": "80"
                        },
                        "meta": {},
                        "tainted": false
                    },
                    "deposed": [],
                    "provider": "provider.aws"
                },
                "aws_appautoscaling_policy.dynamodb_index_write_policy": {
                    "type": "aws_appautoscaling_policy",
                    "depends_on": [
                        "aws_appautoscaling_target.dynamodb_index_write_target"
                    ],
                    "primary": {
                        "id": "DynamoDBWriteCapacityUtilization:table/UserProfile/index/NameIndex",
                        "attributes": {
                            "arn": "arn:aws:autoscaling:us-east-1:661405543333:scalingPolicy:ed603bbc-96cb-4d30-8947-66d0b9b17a4f:resource/dynamodb/table/UserProfile/index/NameIndex:policyName/DynamoDBWriteCapacityUtilization:table/UserProfile/index/NameIndex",
                            "id": "DynamoDBWriteCapacityUtilization:table/UserProfile/index/NameIndex",
                            "name": "DynamoDBWriteCapacityUtilization:table/UserProfile/index/NameIndex",
                            "policy_type": "TargetTrackingScaling",
                            "resource_id": "table/UserProfile/index/NameIndex",
                            "scalable_dimension": "dynamodb:index:WriteCapacityUnits",
                            "service_namespace": "dynamodb",
                            "step_scaling_policy_configuration.#": "0",
                            "target_tracking_scaling_policy_configuration.#": "1",
                            "target_tracking_scaling_policy_configuration.0.customized_metric_specification.#": "0",
                            "target_tracking_scaling_policy_configuration.0.disable_scale_in": "false",
                            "target_tracking_scaling_policy_configuration.0.predefined_metric_specification.#": "1",
                            "target_tracking_scaling_policy_configuration.0.predefined_metric_specification.0.predefined_metric_type": "DynamoDBWriteCapacityUtilization",
                            "target_tracking_scaling_policy_configuration.0.predefined_metric_specification.0.resource_label": "",
                            "target_tracking_scaling_policy_configuration.0.scale_in_cooldown": "10",
                            "target_tracking_scaling_policy_configuration.0.scale_out_cooldown": "10",
                            "target_tracking_scaling_policy_configuration.0.target_value": "80"
                        },
                        "meta": {},
                        "tainted": false
                    },
                    "deposed": [],
                    "provider": "provider.aws"
                },
                "aws_appautoscaling_policy.dynamodb_table_read_policy": {
                    "type": "aws_appautoscaling_policy",
                    "depends_on": [
                        "aws_appautoscaling_target.dynamodb_table_read_target"
                    ],
                    "primary": {
                        "id": "DynamoDBReadCapacityUtilization:table/UserProfile",
                        "attributes": {
                            "arn": "arn:aws:autoscaling:us-east-1:661405543333:scalingPolicy:fb104e2a-3e1a-4f04-8788-1de10a017d2c:resource/dynamodb/table/UserProfile:policyName/DynamoDBReadCapacityUtilization:table/UserProfile",
                            "id": "DynamoDBReadCapacityUtilization:table/UserProfile",
                            "name": "DynamoDBReadCapacityUtilization:table/UserProfile",
                            "policy_type": "TargetTrackingScaling",
                            "resource_id": "table/UserProfile",
                            "scalable_dimension": "dynamodb:table:ReadCapacityUnits",
                            "service_namespace": "dynamodb",
                            "step_scaling_policy_configuration.#": "0",
                            "target_tracking_scaling_policy_configuration.#": "1",
                            "target_tracking_scaling_policy_configuration.0.customized_metric_specification.#": "0",
                            "target_tracking_scaling_policy_configuration.0.disable_scale_in": "false",
                            "target_tracking_scaling_policy_configuration.0.predefined_metric_specification.#": "1",
                            "target_tracking_scaling_policy_configuration.0.predefined_metric_specification.0.predefined_metric_type": "DynamoDBReadCapacityUtilization",
                            "target_tracking_scaling_policy_configuration.0.predefined_metric_specification.0.resource_label": "",
                            "target_tracking_scaling_policy_configuration.0.scale_in_cooldown": "10",
                            "target_tracking_scaling_policy_configuration.0.scale_out_cooldown": "10",
                            "target_tracking_scaling_policy_configuration.0.target_value": "80"
                        },
                        "meta": {},
                        "tainted": false
                    },
                    "deposed": [],
                    "provider": "provider.aws"
                },
                "aws_appautoscaling_policy.dynamodb_table_write_policy": {
                    "type": "aws_appautoscaling_policy",
                    "depends_on": [
                        "aws_appautoscaling_target.dynamodb_table_write_target"
                    ],
                    "primary": {
                        "id": "DynamoDBWriteCapacityUtilization:table/UserProfile",
                        "attributes": {
                            "arn": "arn:aws:autoscaling:us-east-1:661405543333:scalingPolicy:d9dc9ad3-2069-4d11-82d1-66005bd144d4:resource/dynamodb/table/UserProfile:policyName/DynamoDBWriteCapacityUtilization:table/UserProfile",
                            "id": "DynamoDBWriteCapacityUtilization:table/UserProfile",
                            "name": "DynamoDBWriteCapacityUtilization:table/UserProfile",
                            "policy_type": "TargetTrackingScaling",
                            "resource_id": "table/UserProfile",
                            "scalable_dimension": "dynamodb:table:WriteCapacityUnits",
                            "service_namespace": "dynamodb",
                            "step_scaling_policy_configuration.#": "0",
                            "target_tracking_scaling_policy_configuration.#": "1",
                            "target_tracking_scaling_policy_configuration.0.customized_metric_specification.#": "0",
                            "target_tracking_scaling_policy_configuration.0.disable_scale_in": "false",
                            "target_tracking_scaling_policy_configuration.0.predefined_metric_specification.#": "1",
                            "target_tracking_scaling_policy_configuration.0.predefined_metric_specification.0.predefined_metric_type": "DynamoDBWriteCapacityUtilization",
                            "target_tracking_scaling_policy_configuration.0.predefined_metric_specification.0.resource_label": "",
                            "target_tracking_scaling_policy_configuration.0.scale_in_cooldown": "10",
                            "target_tracking_scaling_policy_configuration.0.scale_out_cooldown": "10",
                            "target_tracking_scaling_policy_configuration.0.target_value": "80"
                        },
                        "meta": {},
                        "tainted": false
                    },
                    "deposed": [],
                    "provider": "provider.aws"
                },
                "aws_appautoscaling_target.dynamodb_index_read_target": {
                    "type": "aws_appautoscaling_target",
                    "depends_on": [],
                    "primary": {
                        "id": "table/UserProfile/index/NameIndex",
                        "attributes": {
                            "id": "table/UserProfile/index/NameIndex",
                            "max_capacity": "20",
                            "min_capacity": "1",
                            "resource_id": "table/UserProfile/index/NameIndex",
                            "role_arn": "arn:aws:iam::661405543333:role/iam_for_slapman",
                            "scalable_dimension": "dynamodb:index:ReadCapacityUnits",
                            "service_namespace": "dynamodb"
                        },
                        "meta": {},
                        "tainted": false
                    },
                    "deposed": [],
                    "provider": "provider.aws"
                },
                "aws_appautoscaling_target.dynamodb_index_write_target": {
                    "type": "aws_appautoscaling_target",
                    "depends_on": [],
                    "primary": {
                        "id": "table/UserProfile/index/NameIndex",
                        "attributes": {
                            "id": "table/UserProfile/index/NameIndex",
                            "max_capacity": "20",
                            "min_capacity": "1",
                            "resource_id": "table/UserProfile/index/NameIndex",
                            "role_arn": "arn:aws:iam::661405543333:role/iam_for_slapman",
                            "scalable_dimension": "dynamodb:index:WriteCapacityUnits",
                            "service_namespace": "dynamodb"
                        },
                        "meta": {},
                        "tainted": false
                    },
                    "deposed": [],
                    "provider": "provider.aws"
                },
                "aws_appautoscaling_target.dynamodb_table_read_target": {
                    "type": "aws_appautoscaling_target",
                    "depends_on": [],
                    "primary": {
                        "id": "table/UserProfile",
                        "attributes": {
                            "id": "table/UserProfile",
                            "max_capacity": "20",
                            "min_capacity": "1",
                            "resource_id": "table/UserProfile",
                            "role_arn": "arn:aws:iam::661405543333:role/iam_for_slapman",
                            "scalable_dimension": "dynamodb:table:ReadCapacityUnits",
                            "service_namespace": "dynamodb"
                        },
                        "meta": {},
                        "tainted": false
                    },
                    "deposed": [],
                    "provider": "provider.aws"
                },
                "aws_appautoscaling_target.dynamodb_table_write_target": {
                    "type": "aws_appautoscaling_target",
                    "depends_on": [],
                    "primary": {
                        "id": "table/UserProfile",
                        "attributes": {
                            "id": "table/UserProfile",
                            "max_capacity": "20",
                            "min_capacity": "1",
                            "resource_id": "table/UserProfile",
                            "role_arn": "arn:aws:iam::661405543333:role/iam_for_slapman",
                            "scalable_dimension": "dynamodb:table:WriteCapacityUnits",
                            "service_namespace": "dynamodb"
                        },
                        "meta": {},
                        "tainted": false
                    },
                    "deposed": [],
                    "provider": "provider.aws"
                }
            },
            "depends_on": []
        }
    ]
}
