# THIS IS AN AUTOGENERATED FILE. DO NOT EDIT THIS FILE DIRECTLY.
# yarn lockfile v1


codemirror-graphql@^0.6.8:
  version "0.6.9"
  resolved "https://registry.yarnpkg.com/codemirror-graphql/-/codemirror-graphql-0.6.9.tgz#c974ca69a806d12ccf4a239c138b75e09f1ff0ae"
  dependencies:
    graphql-language-service-interface "^0.0.16"
    graphql-language-service-parser "^0.0.14"

codemirror@^5.26.0:
  version "5.27.4"
  resolved "https://registry.yarnpkg.com/codemirror/-/codemirror-5.27.4.tgz#0e817c839bfea9959dd16cd48ae14acc0e43c3b6"

graphiql@^0.11.2:
  version "0.11.2"
  resolved "https://registry.yarnpkg.com/graphiql/-/graphiql-0.11.2.tgz#7f7864552c340ab4fe6f578ce3f7197905d429db"
  dependencies:
    codemirror "^5.26.0"
    codemirror-graphql "^0.6.8"
    marked "0.3.6"

graphql-language-service-config@0.0.15:
  version "0.0.15"
  resolved "https://registry.yarnpkg.com/graphql-language-service-config/-/graphql-language-service-config-0.0.15.tgz#12b91d6adf45dfdbe45b54e9ad66eaa7a5b533a1"
  dependencies:
    graphql-language-service-types "0.0.20"

graphql-language-service-interface@^0.0.16:
  version "0.0.16"
  resolved "https://registry.yarnpkg.com/graphql-language-service-interface/-/graphql-language-service-interface-0.0.16.tgz#36f3e0640dd58be1a5c0b5cded47870a065635ec"
  dependencies:
    graphql "^0.10.1"
    graphql-language-service-config "0.0.15"
    graphql-language-service-parser "0.0.14"
    graphql-language-service-types "0.0.20"
    graphql-language-service-utils "0.0.15"

graphql-language-service-parser@0.0.14, graphql-language-service-parser@^0.0.14:
  version "0.0.14"
  resolved "https://registry.yarnpkg.com/graphql-language-service-parser/-/graphql-language-service-parser-0.0.14.tgz#70353f776cfaf5d30e110c4edd70d3eb98a4d062"
  dependencies:
    graphql-language-service-types "0.0.20"

graphql-language-service-types@0.0.20:
  version "0.0.20"
  resolved "https://registry.yarnpkg.com/graphql-language-service-types/-/graphql-language-service-types-0.0.20.tgz#57514fd81ed580c7450ea582605eeedc6ee3fc55"
  dependencies:
    graphql "^0.10.1"

graphql-language-service-utils@0.0.15:
  version "0.0.15"
  resolved "https://registry.yarnpkg.com/graphql-language-service-utils/-/graphql-language-service-utils-0.0.15.tgz#3541dd467be9ba4f516c2fc68a4b13c74d4fe952"
  dependencies:
    graphql "^0.10.1"
    graphql-language-service-types "0.0.20"

graphql@^0.10.1:
  version "0.10.3"
  resolved "https://registry.yarnpkg.com/graphql/-/graphql-0.10.3.tgz#c313afd5518e673351bee18fb63e2a0e487407ab"
  dependencies:
    iterall "^1.1.0"

iterall@^1.1.0:
  version "1.1.1"
  resolved "https://registry.yarnpkg.com/iterall/-/iterall-1.1.1.tgz#f7f0af11e9a04ec6426260f5019d9fcca4d50214"

marked@0.3.6:
  version "0.3.6"
  resolved "https://registry.yarnpkg.com/marked/-/marked-0.3.6.tgz#b2c6c618fccece4ef86c4fc6cb8a7cbf5aeda8d7"
