{
    "_meta": {
        "hash": {
            "sha256": "90141609373d84a308e265bca24b05e10bcce6e4bc319cad04727972ed0cd5fe"
        },
        "pipfile-spec": 6,
        "requires": {
            "python_version": "3.6"
        },
        "sources": [
            {
                "name": "pypi",
                "url": "https://pypi.org/simple",
                "verify_ssl": true
            }
        ]
    },
    "default": {
        "aniso8601": {
            "hashes": [
                "sha256:7cf068e7aec00edeb21879c2bbda048656c34d281e133a77425be03b352122d8",
                "sha256:f7052eb342bf2000c6264a253acedb362513bf9270800be2bc8e3e229fe08b5a"
            ],
            "version": "==3.0.0"
        },
        "bcrypt": {
            "hashes": [
                "sha256:01477981abf74e306e8ee31629a940a5e9138de000c6b0898f7f850461c4a0a5",
                "sha256:054d6e0acaea429e6da3613fcd12d05ee29a531794d96f6ab959f29a39f33391",
                "sha256:0872eeecdf9a429c1420158500eedb323a132bc5bf3339475151c52414729e70",
                "sha256:09a3b8c258b815eadb611bad04ca15ec77d86aa9ce56070e1af0d5932f17642a",
                "sha256:0f317e4ffbdd15c3c0f8ab5fbd86aa9aabc7bea18b5cc5951b456fe39e9f738c",
                "sha256:2788c32673a2ad0062bea850ab73cffc0dba874db10d7a3682b6f2f280553f20",
                "sha256:321d4d48be25b8d77594d8324c0585c80ae91ac214f62db9098734e5e7fb280f",
                "sha256:346d6f84ff0b493dbc90c6b77136df83e81f903f0b95525ee80e5e6d5e4eef84",
                "sha256:34dd60b90b0f6de94a89e71fcd19913a30e83091c8468d0923a93a0cccbfbbff",
                "sha256:3b4c23300c4eded8895442c003ae9b14328ae69309ac5867e7530de8bdd7875d",
                "sha256:43d1960e7db14042319c46925892d5fa99b08ff21d57482e6f5328a1aca03588",
                "sha256:49e96267cd9be55a349fd74f9852eb9ae2c427cd7f6455d0f1765d7332292832",
                "sha256:67ed1a374c9155ec0840214ce804616de49c3df9c5bc66740687c1c9b1cd9e8d",
                "sha256:6efd9ca20aefbaf2e7e6817a2c6ed4a50ff6900fafdea1bcb1d0e9471743b144",
                "sha256:8569844a5d8e1fdde4d7712a05ab2e6061343ac34af6e7e3d7935b2bd1907bfd",
                "sha256:8629ea6a8a59f865add1d6a87464c3c676e60101b8d16ef404d0a031424a8491",
                "sha256:988cac675e25133d01a78f2286189c1f01974470817a33eaf4cfee573cfb72a5",
                "sha256:9a6fedda73aba1568962f7543a1f586051c54febbc74e87769bad6a4b8587c39",
                "sha256:9eced8962ce3b7124fe20fd358cf8c7470706437fa064b9874f849ad4c5866fc",
                "sha256:a005ed6163490988711ff732386b08effcbf8df62ae93dd1e5bda0714fad8afb",
                "sha256:ae35dbcb6b011af6c840893b32399252d81ff57d52c13e12422e16b5fea1d0fb",
                "sha256:b1e8491c6740f21b37cca77bc64677696a3fb9f32360794d57fa8477b7329eda",
                "sha256:c906bdb482162e9ef48eea9f8c0d967acceb5c84f2d25574c7d2a58d04861df1",
                "sha256:cb18ffdc861dbb244f14be32c47ab69604d0aca415bee53485fcea4f8e93d5ef",
                "sha256:d86da365dda59010ba0d1ac45aa78390f56bf7f992e65f70b3b081d5e5257b09",
                "sha256:e22f0997622e1ceec834fd25947dc2ee2962c2133ea693d61805bc867abaf7ea",
                "sha256:f2fe545d27a619a552396533cddf70d83cecd880a611cdfdbb87ca6aec52f66b",
                "sha256:f7fd3ed3745fe6e81e28dc3b3d76cce31525a91f32a387e1febd6b982caf8cdb",
                "sha256:f9210820ee4818d84658ed7df16a7f30c9fba7d8b139959950acef91745cc0f7"
            ],
            "index": "pypi",
            "version": "==3.1.4"
        },
        "beaker": {
            "hashes": [
                "sha256:32276ed686ab7203baf60520452903e35d1c3515f632683ea4a5881c8cd55921"
            ],
            "version": "==1.9.1"
        },
        "boto3": {
            "hashes": [
                "sha256:2fe73a5fa3a95f6f69d6bc78798cd28b0d5bfdc48181e35c4d9128f413617f5e",
                "sha256:b0d63353cc166269c0c50dccdfd107cf70f351cc897c7081742952f1e6b2a9ea"
            ],
            "index": "pypi",
            "version": "==1.7.23"
        },
        "botocore": {
            "hashes": [
                "sha256:97b2221b914251664dbd413954f820b13cc1fccf49b39b23ed66fc170f146bd3",
                "sha256:ea3973d13f19075013490634698288f75c29245d9794da8470d4c4b7da1049f2"
            ],
            "version": "==1.10.23"
        },
        "certifi": {
            "hashes": [
                "sha256:13e698f54293db9f89122b0581843a782ad0934a4fe0172d2a980ba77fc61bb7",
                "sha256:9fa520c1bacfb634fa7af20a76bcbd3d5fb390481724c597da32c719a7dca4b0"
            ],
            "version": "==2018.4.16"
        },
        "cffi": {
            "hashes": [
                "sha256:151b7eefd035c56b2b2e1eb9963c90c6302dc15fbd8c1c0a83a163ff2c7d7743",
                "sha256:1553d1e99f035ace1c0544050622b7bc963374a00c467edafac50ad7bd276aef",
                "sha256:1b0493c091a1898f1136e3f4f991a784437fac3673780ff9de3bcf46c80b6b50",
                "sha256:2ba8a45822b7aee805ab49abfe7eec16b90587f7f26df20c71dd89e45a97076f",
                "sha256:3c85641778460581c42924384f5e68076d724ceac0f267d66c757f7535069c93",
                "sha256:3eb6434197633b7748cea30bf0ba9f66727cdce45117a712b29a443943733257",
                "sha256:4c91af6e967c2015729d3e69c2e51d92f9898c330d6a851bf8f121236f3defd3",
                "sha256:770f3782b31f50b68627e22f91cb182c48c47c02eb405fd689472aa7b7aa16dc",
                "sha256:79f9b6f7c46ae1f8ded75f68cf8ad50e5729ed4d590c74840471fc2823457d04",
                "sha256:7a33145e04d44ce95bcd71e522b478d282ad0eafaf34fe1ec5bbd73e662f22b6",
                "sha256:857959354ae3a6fa3da6651b966d13b0a8bed6bbc87a0de7b38a549db1d2a359",
                "sha256:87f37fe5130574ff76c17cab61e7d2538a16f843bb7bca8ebbc4b12de3078596",
                "sha256:95d5251e4b5ca00061f9d9f3d6fe537247e145a8524ae9fd30a2f8fbce993b5b",
                "sha256:9d1d3e63a4afdc29bd76ce6aa9d58c771cd1599fbba8cf5057e7860b203710dd",
                "sha256:a36c5c154f9d42ec176e6e620cb0dd275744aa1d804786a71ac37dc3661a5e95",
                "sha256:ae5e35a2c189d397b91034642cb0eab0e346f776ec2eb44a49a459e6615d6e2e",
                "sha256:b0f7d4a3df8f06cf49f9f121bead236e328074de6449866515cea4907bbc63d6",
                "sha256:b75110fb114fa366b29a027d0c9be3709579602ae111ff61674d28c93606acca",
                "sha256:ba5e697569f84b13640c9e193170e89c13c6244c24400fc57e88724ef610cd31",
                "sha256:be2a9b390f77fd7676d80bc3cdc4f8edb940d8c198ed2d8c0be1319018c778e1",
                "sha256:d5d8555d9bfc3f02385c1c37e9f998e2011f0db4f90e250e5bc0c0a85a813085",
                "sha256:e55e22ac0a30023426564b1059b035973ec82186ddddbac867078435801c7801",
                "sha256:e90f17980e6ab0f3c2f3730e56d1fe9bcba1891eeea58966e89d352492cc74f4",
                "sha256:ecbb7b01409e9b782df5ded849c178a0aa7c906cf8c5a67368047daab282b184",
                "sha256:ed01918d545a38998bfa5902c7c00e0fee90e957ce036a4000a88e3fe2264917",
                "sha256:edabd457cd23a02965166026fd9bfd196f4324fe6032e866d0f3bd0301cd486f",
                "sha256:fdf1c1dc5bafc32bc5d08b054f94d659422b05aba244d6be4ddc1c72d9aa70fb"
            ],
            "index": "pypi",
            "version": "==1.11.5"
        },
        "chameleon": {
            "hashes": [
                "sha256:ed2146fde4649f05c9def48de5d9e30d495e0dd7ac41448d14baf69b9cbe60dc"
            ],
            "version": "==3.2"
        },
        "chardet": {
            "hashes": [
                "sha256:84ab92ed1c4d4f16916e05906b6b75a6c0fb5db821cc65e70cbd64a3e2a5eaae",
                "sha256:fc323ffcaeaed0e0a02bf4d117757b98aed530d9ed4531e3e15460124c106691"
            ],
            "version": "==3.0.4"
        },
        "colander": {
            "hashes": [
                "sha256:3ed2941e006e88c7abe78ee0921f0b91801340acdcd46389380887027108e999",
                "sha256:e20e9acf190e5711cf96aa65a5405dac04b6e841028fc361d953a9923dbc4e72"
            ],
            "version": "==1.4"
        },
        "cython": {
            "hashes": [
                "sha256:03db8c1b8120039f72493b95494a595be13b01b6860cfc93e2a651a001847b3b",
                "sha256:0d2ccb812d73e67557fd16e7aa7bc5bac18933c1dfe306133cd0680ccab89f33",
                "sha256:24f8ea864de733f5a447896cbeec2cac212247e33272539670b9f466f43f23db",
                "sha256:30a8fd029eb932a7b5a74e158316d1d069ccb67a8607aa7b6c4ed19fab7fbd4a",
                "sha256:37e680901e6a4b97ab67717f9b43fc58542cd10a77431efd2d8801d21d5a37d4",
                "sha256:4984e097bc9da37862d97c1f66dacf2c80fadaea488d96ba0b5ea9d84dbc7521",
                "sha256:4cfda677227af41e4502e088ee9875e71922238a207d0c40785a0fb09c703c21",
                "sha256:4ec60a4086a175a81b9258f810440a6dd2671aa4b419d8248546d85a7de6a93f",
                "sha256:51c7d48ea4cba532d11a6d128ebbc15373013f816e5d1c3a3946650b582a30b8",
                "sha256:634e2f10fc8d026c633cffacb45cd8f4582149fa68e1428124e762dbc566e68a",
                "sha256:67e0359709c8addc3ecb19e1dec6d84d67647e3906da618b953001f6d4480275",
                "sha256:6a93d4ba0461edc7a359241f4ebbaa8f9bc9490b3540a8dd0460bef8c2c706db",
                "sha256:6ba89d56c3ee45716378cda4f0490c3abe1edf79dce8b997f31608b14748a52b",
                "sha256:6ca5436d470584ba6fd399a802c9d0bcf76cf1edb0123725a4de2f0048f9fa07",
                "sha256:7656895cdd59d56dd4ed326d1ee9ede727020d4a5d8778a05af2d8e25af4b13d",
                "sha256:85f7432776870d65639fed00f951a3c05ef1e534bc72a73cd1200d79b9a7d7d0",
                "sha256:96dd674e72281d3feed74fd5adcf0514ba02884f123cdf4fb78567e7be6b1694",
                "sha256:97bf06a89bcf9e8d7633cde89274d42b3b661dc974b58fca066fad762e46b4d8",
                "sha256:9a465e7296a4629139be5d2015577f2ae5e08196eb7dc4c407beea130f362dc3",
                "sha256:9a60355edca1cc9006be086e2633e190542aad2bf9e46948792a48b3ae28ed97",
                "sha256:9eab3696f2cb88167db109d737c787fb9dd34ca414bd1e0c424e307956e02c94",
                "sha256:c3ae7d40ebceb0d944dfeeceaf1fbf17e528f5327d97b008a8623ddddd1ecee3",
                "sha256:c623d19fcc60ea27882f20cf484218926ddf6f978b958dae1070600a1974f809",
                "sha256:c719a6e86d7c737afcc9729994f76b284d1c512099ee803eff11c2a9e6e33a42",
                "sha256:cf17af0433218a1e33dc6f3069dd9e7cd0c80fe505972c3acd548e25f67973fd",
                "sha256:daf96e0d232605e979995795f62ffd24c5c6ecea4526e4cbb86d80f01da954b2",
                "sha256:db40de7d03842d3c4625028a74189ade52b27f8efaeb0d2ca06474f57e0813b2",
                "sha256:deea1ef59445568dd7738fa3913aea7747e4927ff4ae3c10737844b8a5dd3e22",
                "sha256:e05d28b5ce1ee5939d83e50344980659688ecaed65c5e10214d817ecf5d1fe6a",
                "sha256:f5f6694ce668eb7a9b59550bfe4265258809c9b0665c206b26d697df2eef2a8b"
            ],
            "index": "pypi",
            "version": "==0.28.2"
        },
        "deform": {
            "hashes": [
                "sha256:874d3346a02c500432efdcc73b1a7174aa0ea69cd52a99bb9a812967f54f6f79",
                "sha256:fb58f6a2a15db35ba724251102f3a19492361d121a0a5f05ffff5f6fa2b1b738"
            ],
            "index": "pypi",
            "version": "==2.0.5"
        },
        "docutils": {
            "hashes": [
                "sha256:02aec4bd92ab067f6ff27a38a38a41173bf01bed8f89157768c1573f53e474a6",
                "sha256:51e64ef2ebfb29cae1faa133b3710143496eca21c530f3f71424d77687764274",
                "sha256:7a4bd47eaf6596e1295ecb11361139febe29b084a87bf005bf899f9a42edc3c6"
            ],
            "version": "==0.14"
        },
        "graphene": {
            "hashes": [
                "sha256:cf8c7fd4dc74c959a44cd817d9e1b07abad185bbf586aac1f75650c1abdd5d31",
                "sha256:dc95daa3f808fa1c1b26b780d103216a3d562eb95f72744a054b5bf6609d5c5c"
            ],
            "index": "pypi",
            "version": "==2.1"
        },
        "graphql-core": {
            "hashes": [
                "sha256:4830699be53f9154273fa15726fc8b0c90bc22bbb8fc7c932586503b3cb9330e",
                "sha256:539355351343dede3ecb771e0d273a1b72405cb6d64f45bb8f92ecc4d7109af0"
            ],
            "version": "==2.0"
        },
        "graphql-relay": {
            "hashes": [
                "sha256:2716b7245d97091af21abf096fabafac576905096d21ba7118fba722596f65db"
            ],
            "version": "==0.4.5"
        },
        "hupper": {
            "hashes": [
                "sha256:193c3e9323607676bac62e53507565fa9260b15fc8ffd43311cff740d6e83d2b",
                "sha256:a85c11e5c8ab1aae00c7a216674030327284fa81a25febe1bd1aef14ae96f9a2"
            ],
            "version": "==1.2"
        },
        "idna": {
            "hashes": [
                "sha256:2c6a5de3089009e3da7c5dde64a141dbc8551d5b7f6cf4ed7c2568d0cc520a8f",
                "sha256:8c7309c718f94b3a625cb648ace320157ad16ff131ae0af362c9f21b80ef6ec4"
            ],
            "version": "==2.6"
        },
        "iso8601": {
            "hashes": [
                "sha256:c68dbd1b6ecc0c13c1d94116aec79d5d5c3bc7444f99159b968f12d83cbc7fa6",
                "sha256:e8fb52f78880ae063336c94eb5b87b181e6a0cc33a6c008511bac9a6e980ef30"
            ],
            "version": "==0.1.11"
        },
        "jinja2": {
            "hashes": [
                "sha256:74c935a1b8bb9a3947c50a54766a969d4846290e1e788ea44c1392163723c3bd",
                "sha256:f84be1bb0040caca4cea721fcbbbbd61f9be9464ca236387158b0feea01914a4"
            ],
            "version": "==2.10"
        },
        "jmespath": {
            "hashes": [
                "sha256:6a81d4c9aa62caf061cb517b4d9ad1dd300374cd4706997aff9cd6aedd61fc64",
                "sha256:f11b4461f425740a1d908e9a3f7365c3d2e569f6ca68a2ff8bc5bcd9676edd63"
            ],
            "version": "==0.9.3"
        },
        "mako": {
            "hashes": [
                "sha256:4e02fde57bd4abb5ec400181e4c314f56ac3e49ba4fb8b0d50bba18cb27d25ae"
            ],
            "version": "==1.0.7"
        },
        "markupsafe": {
            "hashes": [
                "sha256:a6be69091dac236ea9c6bc7d012beab42010fa914c459791d627dad4910eb665"
            ],
            "version": "==1.0"
        },
        "pastedeploy": {
            "hashes": [
                "sha256:39973e73f391335fac8bc8a8a95f7d34a9f42e2775600ce2dc518d93b37ef943",
                "sha256:d5858f89a255e6294e63ed46b73613c56e3b9a2d82a42f1df4d06c8421a9e3cb"
            ],
            "version": "==1.5.2"
        },
        "peppercorn": {
            "hashes": [
                "sha256:921cba5d51fa211e6da0fbd2120b9a98d663422a80f5bb669ad81ffb0909774b"
            ],
            "version": "==0.5"
        },
        "plaster": {
            "hashes": [
                "sha256:215c921a438b5349931fd7df9a5a11a3572947f20f4bc6dd622ac08f1c3ba249",
                "sha256:8351c7c7efdf33084c1de88dd0f422cbe7342534537b553c49b857b12d98c8c3"
            ],
            "version": "==1.0"
        },
        "plaster-pastedeploy": {
            "hashes": [
                "sha256:25cc239d767c5fab0afa44b1ed3c1a33a3d7ec6302ff2e599aec674b77ff6667",
                "sha256:70a3185b2a3336996a26e9987968cf35e84cf13390b7e8a0a9a91eb8f6f85ba9"
            ],
            "version": "==0.5"
        },
        "promise": {
            "hashes": [
                "sha256:0bca4ed933e3d50e3d18fb54fc1432fa84b0564838cd093e824abcd718ab9304",
                "sha256:95506bac89df7a495e0b8c813fd782dd1ae590decb52f95248e316c6659ca49b"
            ],
            "version": "==2.1"
        },
        "pycparser": {
            "hashes": [
                "sha256:99a8ca03e29851d96616ad0404b4aad7d9ee16f25c9f9708a11faf2810f7b226"
            ],
            "version": "==2.18"
        },
        "pygments": {
            "hashes": [
                "sha256:78f3f434bcc5d6ee09020f92ba487f95ba50f1e3ef83ae96b9d5ffa1bab25c5d",
                "sha256:dbae1046def0efb574852fab9e90209b23f556367b5a320c0bcb871c77c3e8cc"
            ],
            "version": "==2.2.0"
        },
        "pyjwt": {
            "hashes": [
                "sha256:bca523ef95586d3a8a5be2da766fe6f82754acba27689c984e28e77a12174593",
                "sha256:dacba5786fe3bf1a0ae8673874e29f9ac497860955c501289c63b15d3daae63a"
            ],
            "index": "pypi",
            "version": "==1.6.1"
        },
        "pynamodb": {
            "hashes": [
                "sha256:34939c4788ff21d7ad9a8bc3fef05aa473f94ecb8bf2229c17e1bd12b1dcacfa",
                "sha256:7ee2781a2bd5f63fe0d0a72bafca56a762dcde1816fd4e598f443662e68047a2"
            ],
            "index": "pypi",
            "version": "==3.3.0"
        },
        "pyramid": {
            "hashes": [
                "sha256:600f12e0d11211a55c2da970120af33214f77607ed45caba6af6c891afeaa771",
                "sha256:cf89a48cb899291639686bf3d4a883b39e496151fa4871fb83cc1a3200d5b925"
            ],
            "index": "pypi",
            "version": "==1.9.2"
        },
        "pyramid-beaker": {
            "hashes": [
                "sha256:77dc658c2c84c8c384b6c07f60dd9d2ccaa30df97a147c790db43636f1e8d441"
            ],
            "index": "pypi",
            "version": "==0.8"
        },
        "pyramid-chameleon": {
            "hashes": [
                "sha256:d176792a50eb015d7865b44bd9b24a7bd0489fa9a5cebbd17b9e05048cef9017"
            ],
            "index": "pypi",
            "version": "==0.3"
        },
        "pyramid-debugtoolbar": {
            "hashes": [
                "sha256:5f779aa242009c4aace848f67807da44af2970b303aa1c9682c2efab76b7e79e",
                "sha256:9d7bd8161d18122473a94d991dedf989ef8dafdf44c112a5042d19346f2324a0"
            ],
            "index": "pypi",
            "version": "==4.4"
        },
        "pyramid-jinja2": {
            "hashes": [
                "sha256:2e12f1f40d770be2d9680697bb7f9e3dd446341db254b8ebdd8539f9118ddd75",
                "sha256:5c21081f65a5bec0b76957990c2b89ed41f4fd11257121387110cb722fd0e5eb"
            ],
            "index": "pypi",
            "version": "==2.7"
        },
        "pyramid-mako": {
            "hashes": [
                "sha256:6da0987b9874cf53e72139624665a73965bbd7fbde504d1753e4231ce916f3a1"
            ],
            "version": "==1.0.2"
        },
        "pyramid-retry": {
            "hashes": [
                "sha256:94401b2e1c6850517f1a5eb2caad63f1120b7263dce1a5087afef15145b5d95a",
                "sha256:ade60f8def4cb179e102a0dd6545835e62aa946479a7e0354c0b2c2f9bc86947"
            ],
            "index": "pypi",
            "version": "==0.5"
        },
        "pyramid-tm": {
            "hashes": [
                "sha256:07d03bab7bdd265c3920db4e68dbaa8cbaff27da828700f404b1424244ad617f",
                "sha256:11b0f31482339d655358081bc1366d39679d02588782b5c8019bfb41ae02ba3d"
            ],
            "index": "pypi",
            "version": "==2.2"
        },
        "python-dateutil": {
            "hashes": [
                "sha256:1adb80e7a782c12e52ef9a8182bebeb73f1d7e24e374397af06fb4956c8dc5c0",
                "sha256:e27001de32f627c22380a688bcc43ce83504a7bc5da472209b4c70f02829f0b8"
            ],
            "markers": "python_version >= '2.7'",
            "version": "==2.7.3"
        },
        "repoze.lru": {
            "hashes": [
                "sha256:0429a75e19380e4ed50c0694e26ac8819b4ea7851ee1fc7583c8572db80aff77",
                "sha256:f77bf0e1096ea445beadd35f3479c5cff2aa1efe604a133e67150bc8630a62ea"
            ],
            "version": "==0.7"
        },
        "requests": {
            "hashes": [
                "sha256:6a1b267aa90cac58ac3a765d067950e7dbbf75b1da07e895d1f594193a40a38b",
                "sha256:9c443e7324ba5b85070c4a818ade28bfabedf16ea10206da1132edaa6dda237e"
            ],
            "index": "pypi",
            "version": "==2.18.4"
        },
        "rx": {
            "hashes": [
                "sha256:13a1d8d9e252625c173dc795471e614eadfe1cf40ffc684e08b8fff0d9748c23",
                "sha256:7357592bc7e881a95e0c2013b73326f704953301ab551fbc8133a6fadab84105"
            ],
            "version": "==1.6.1"
        },
        "s3transfer": {
            "hashes": [
                "sha256:90dc18e028989c609146e241ea153250be451e05ecc0c2832565231dacdf59c1",
                "sha256:c7a9ec356982d5e9ab2d4b46391a7d6a950e2b04c472419f5fdec70cc0ada72f"
            ],
            "version": "==0.1.13"
        },
        "six": {
            "hashes": [
                "sha256:70e8a77beed4562e7f14fe23a786b54f6296e34344c23bc42f07b15018ff98e9",
                "sha256:832dc0e10feb1aa2c68dcc57dbb658f1c7e65b9b61af69048abc87a2db00a0eb"
            ],
            "version": "==1.11.0"
        },
        "transaction": {
            "hashes": [
                "sha256:269601a3493cd3eddeb869419ceadfc5e6d2bc931e9970d11fc4649dab189c3c",
                "sha256:9de0f93f833713270fbceaf6092194313c1de0afb660e66dea8e089855eb281c",
                "sha256:f2242070e437e5d555ea3df809cb517860513254c828f33847df1c5e4b776c7a"
            ],
            "version": "==2.2.1"
        },
        "translationstring": {
            "hashes": [
                "sha256:4ee44cfa58c52ade8910ea0ebc3d2d84bdcad9fa0422405b1801ec9b9a65b72d",
                "sha256:e26c7bf383413234ed442e0980a2ebe192b95e3745288a8fd2805156d27515b4"
            ],
            "version": "==1.3"
        },
        "typing": {
            "hashes": [
                "sha256:3a887b021a77b292e151afb75323dea88a7bc1b3dfa92176cff8e44c8b68bddf",
                "sha256:b2c689d54e1144bbcfd191b0832980a21c2dbcf7b5ff7a66248a60c90e951eb8",
                "sha256:d400a9344254803a2368533e4533a4200d21eb7b6b729c173bc38201a74db3f2"
            ],
            "version": "==3.6.4"
        },
        "urllib3": {
            "hashes": [
                "sha256:06330f386d6e4b195fbfc736b297f58c5a892e4440e54d294d7004e3a9bbea1b",
                "sha256:cc44da8e1145637334317feebd728bd869a35285b93cbb4cca2577da7e62db4f"
            ],
            "version": "==1.22"
        },
        "uvloop": {
            "hashes": [
                "sha256:01cf7199728867f406ba5af78cc47c80acd663ccc52cae105e737a997f1b2bca",
                "sha256:68574150720a380509a3409bf2941be0199cfdacff144a97502fb29c250ba927",
                "sha256:7ee14835a75c72227d3f8a3f370519a3106a6f02e5453f275f16437ebdb92953",
                "sha256:7fba5f390db607b2f026bc598df6b2a2a9e062bffe82910b5ffe2b88560135e5",
                "sha256:89c3bfaad77625490c42a6b99af1879234767ab0c31dd193486a909506e5e549",
                "sha256:b057ef2b0d0162c1ef257f43a95f59bfec37ee9a75cc5412d6b7f9ac6d1d69cb",
                "sha256:e7c871ba3edd5fcf2afb756de88a9a65245070161e24f75abe79c0a241bb8c76"
            ],
            "index": "pypi",
            "version": "==0.9.1"
        },
        "venusian": {
            "hashes": [
                "sha256:757162c5f907e18571b6ab41b7673e5bf18cc8715abf8164292eaef4f1610668",
                "sha256:9902e492c71a89a241a18b2f9950bea7e41d025cc8f3af1ea8d8201346f8577d"
            ],
            "version": "==1.1.0"
        },
        "waitress": {
            "hashes": [
                "sha256:40b0f297a7f3af61fbfbdc67e59090c70dc150a1601c39ecc9f5f1d283fb931b",
                "sha256:d33cd3d62426c0f1b3cd84ee3d65779c7003aae3fc060dee60524d10a57f05a9"
            ],
            "index": "pypi",
            "version": "==1.1.0"
        },
        "webob": {
            "hashes": [
                "sha256:1771899117c8851153f6f91e8b8a86236972aa8a1b6bd69ad0a36a9879ea2cd7",
                "sha256:54f35073d2fdcddd7a98c2a1dedeede49739150737164a787220f30283139ba6"
            ],
            "version": "==1.8.1"
        },
        "zope.deprecation": {
            "hashes": [
                "sha256:7d52e134bbaaa0d72e1e2bc90f0587f1adc116c4bdf15912afaf2f1e8856b224",
                "sha256:c83cfef3085d10dcb07de5a59a2d95713865befa46e0e88784c5648610fba789"
            ],
            "version": "==4.3.0"
        },
        "zope.interface": {
            "hashes": [
                "sha256:21506674d30c009271fe68a242d330c83b1b9d76d62d03d87e1e9528c61beea6",
                "sha256:3d184aff0756c44fff7de69eb4cd5b5311b6f452d4de28cb08343b3f21993763",
                "sha256:467d364b24cb398f76ad5e90398d71b9325eb4232be9e8a50d6a3b3c7a1c8789",
                "sha256:57c38470d9f57e37afb460c399eb254e7193ac7fb8042bd09bdc001981a9c74c",
                "sha256:9ada83f4384bbb12dedc152bcdd46a3ac9f5f7720d43ac3ce3e8e8b91d733c10",
                "sha256:a1daf9c5120f3cc6f2b5fef8e1d2a3fb7bbbb20ed4bfdc25bc8364bc62dcf54b",
                "sha256:e6b77ae84f2b8502d99a7855fa33334a1eb6159de45626905cb3e454c023f339",
                "sha256:e881ef610ff48aece2f4ee2af03d2db1a146dc7c705561bd6089b2356f61641f",
                "sha256:f41037260deaacb875db250021fe883bf536bf6414a4fd25b25059b02e31b120"
            ],
            "version": "==4.5.0"
        }
    },
    "develop": {}
}
