{
    "version": 3,
    "terraform_version": "0.9.8",
    "serial": 100,
    "lineage": "43660b69-3452-4a60-bd87-74a25ad9ceae",
    "modules": [
        {
            "path": [
                "root"
            ],
            "outputs": {},
            "resources": {
                "aws_api_gateway_deployment.hello_api_deployment": {
                    "type": "aws_api_gateway_deployment",
                    "depends_on": [
                        "aws_api_gateway_rest_api.hello_api",
                        "module.hello_get",
                        "module.hello_post"
                    ],
                    "primary": {
                        "id": "2amnsc",
                        "attributes": {
                            "created_date": "2017-06-16T01:33:35Z",
                            "description": "Deploy methods: GET POST",
                            "execution_arn": "arn:aws:execute-api:us-east-1:661405543333:4pmrq3ujm4/production",
                            "id": "2amnsc",
                            "invoke_url": "https://4pmrq3ujm4.execute-api.us-east-1.amazonaws.com/production",
                            "rest_api_id": "4pmrq3ujm4",
                            "stage_name": "production"
                        },
                        "meta": {},
                        "tainted": false
                    },
                    "deposed": [],
                    "provider": ""
                },
                "aws_api_gateway_deployment.pyfun_api_deployment": {
                    "type": "aws_api_gateway_deployment",
                    "depends_on": [
                        "aws_api_gateway_rest_api.pyfun_api",
                        "module.pyfun_get"
                    ],
                    "primary": {
                        "id": "b92y4d",
                        "attributes": {
                            "created_date": "2017-06-16T01:34:03Z",
                            "description": "Deploy methods: GET",
                            "execution_arn": "arn:aws:execute-api:us-east-1:661405543333:ituw6k9cr8/production",
                            "id": "b92y4d",
                            "invoke_url": "https://ituw6k9cr8.execute-api.us-east-1.amazonaws.com/production",
                            "rest_api_id": "ituw6k9cr8",
                            "stage_name": "production"
                        },
                        "meta": {},
                        "tainted": false
                    },
                    "deposed": [],
                    "provider": ""
                },
                "aws_api_gateway_resource.hello_api_res_hello": {
                    "type": "aws_api_gateway_resource",
                    "depends_on": [
                        "aws_api_gateway_rest_api.hello_api"
                    ],
                    "primary": {
                        "id": "11thh6",
                        "attributes": {
                            "id": "11thh6",
                            "parent_id": "puoncl4et6",
                            "path": "/hello",
                            "path_part": "hello",
                            "rest_api_id": "4pmrq3ujm4"
                        },
                        "meta": {},
                        "tainted": false
                    },
                    "deposed": [],
                    "provider": ""
                },
                "aws_api_gateway_resource.pyfun_api_res_pyfun": {
                    "type": "aws_api_gateway_resource",
                    "depends_on": [
                        "aws_api_gateway_rest_api.pyfun_api"
                    ],
                    "primary": {
                        "id": "nvd0x5",
                        "attributes": {
                            "id": "nvd0x5",
                            "parent_id": "f7nf65o8n6",
                            "path": "/pyfun",
                            "path_part": "pyfun",
                            "rest_api_id": "ituw6k9cr8"
                        },
                        "meta": {},
                        "tainted": false
                    },
                    "deposed": [],
                    "provider": ""
                },
                "aws_api_gateway_rest_api.hello_api": {
                    "type": "aws_api_gateway_rest_api",
                    "depends_on": [],
                    "primary": {
                        "id": "4pmrq3ujm4",
                        "attributes": {
                            "binary_media_types.#": "0",
                            "created_date": "2017-06-16T01:20:17Z",
                            "description": "",
                            "id": "4pmrq3ujm4",
                            "name": "HELLO API",
                            "root_resource_id": "puoncl4et6"
                        },
                        "meta": {},
                        "tainted": false
                    },
                    "deposed": [],
                    "provider": ""
                },
                "aws_api_gateway_rest_api.pyfun_api": {
                    "type": "aws_api_gateway_rest_api",
                    "depends_on": [],
                    "primary": {
                        "id": "ituw6k9cr8",
                        "attributes": {
                            "binary_media_types.#": "0",
                            "created_date": "2017-06-16T01:33:34Z",
                            "description": "",
                            "id": "ituw6k9cr8",
                            "name": "PYFUN API",
                            "root_resource_id": "f7nf65o8n6"
                        },
                        "meta": {},
                        "tainted": false
                    },
                    "deposed": [],
                    "provider": ""
                },
                "aws_iam_role.iam_for_lambda": {
                    "type": "aws_iam_role",
                    "depends_on": [],
                    "primary": {
                        "id": "iam_for_lambda",
                        "attributes": {
                            "arn": "arn:aws:iam::661405543333:role/iam_for_lambda",
                            "assume_role_policy": "{\"Version\":\"2012-10-17\",\"Statement\":[{\"Sid\":\"\",\"Effect\":\"Allow\",\"Principal\":{\"Service\":\"lambda.amazonaws.com\"},\"Action\":\"sts:AssumeRole\"}]}",
                            "create_date": "2017-06-16T01:20:17Z",
                            "id": "iam_for_lambda",
                            "name": "iam_for_lambda",
                            "path": "/",
                            "unique_id": "AROAIKCCAMUMRDE4TAQKE"
                        },
                        "meta": {},
                        "tainted": false
                    },
                    "deposed": [],
                    "provider": ""
                },
                "aws_lambda_alias.fn-claws_hello_GET_alias": {
                    "type": "aws_lambda_alias",
                    "depends_on": [
                        "aws_lambda_function.fn-claws_hello_GET"
                    ],
                    "primary": {
                        "id": "arn:aws:lambda:us-east-1:661405543333:function:fn-claws_hello_GET:fnclawshelloGETalias",
                        "attributes": {
                            "arn": "arn:aws:lambda:us-east-1:661405543333:function:fn-claws_hello_GET:fnclawshelloGETalias",
                            "description": "a sample description",
                            "function_name": "fn-claws_hello_GET",
                            "function_version": "$LATEST",
                            "id": "arn:aws:lambda:us-east-1:661405543333:function:fn-claws_hello_GET:fnclawshelloGETalias",
                            "name": "fnclawshelloGETalias"
                        },
                        "meta": {},
                        "tainted": false
                    },
                    "deposed": [],
                    "provider": ""
                },
                "aws_lambda_alias.fn-claws_hello_POST_alias": {
                    "type": "aws_lambda_alias",
                    "depends_on": [
                        "aws_lambda_function.fn-claws_hello_POST"
                    ],
                    "primary": {
                        "id": "arn:aws:lambda:us-east-1:661405543333:function:fn-claws_hello_POST:fnclawshelloPOSTalias",
                        "attributes": {
                            "arn": "arn:aws:lambda:us-east-1:661405543333:function:fn-claws_hello_POST:fnclawshelloPOSTalias",
                            "description": "a sample description",
                            "function_name": "fn-claws_hello_POST",
                            "function_version": "$LATEST",
                            "id": "arn:aws:lambda:us-east-1:661405543333:function:fn-claws_hello_POST:fnclawshelloPOSTalias",
                            "name": "fnclawshelloPOSTalias"
                        },
                        "meta": {},
                        "tainted": false
                    },
                    "deposed": [],
                    "provider": ""
                },
                "aws_lambda_function.fn-claws_hello_GET": {
                    "type": "aws_lambda_function",
                    "depends_on": [
                        "aws_iam_role.iam_for_lambda"
                    ],
                    "primary": {
                        "id": "fn-claws_hello_GET",
                        "attributes": {
                            "arn": "arn:aws:lambda:us-east-1:661405543333:function:fn-claws_hello_GET",
                            "dead_letter_config.#": "0",
                            "description": "",
                            "environment.#": "1",
                            "environment.0.variables.%": "1",
                            "environment.0.variables.foo": "bar",
                            "filename": "hello.zip",
                            "function_name": "fn-claws_hello_GET",
                            "handler": "index.handle",
                            "id": "fn-claws_hello_GET",
                            "invoke_arn": "arn:aws:apigateway:us-east-1:lambda:path/2015-03-31/functions/arn:aws:lambda:us-east-1:661405543333:function:fn-claws_hello_GET/invocations",
                            "kms_key_arn": "",
                            "last_modified": "2017-06-20T19:27:19.117+0000",
                            "memory_size": "512",
                            "publish": "false",
                            "qualified_arn": "arn:aws:lambda:us-east-1:661405543333:function:fn-claws_hello_GET:$LATEST",
                            "role": "arn:aws:iam::661405543333:role/iam_for_lambda",
                            "runtime": "nodejs6.10",
                            "source_code_hash": "gFuewYN7t5REJa+N6W0FS4BRgY2kUN4PBjaeZP0H1xA=",
                            "tags.%": "0",
                            "timeout": "3",
                            "tracing_config.#": "1",
                            "tracing_config.0.mode": "PassThrough",
                            "version": "$LATEST",
                            "vpc_config.#": "0"
                        },
                        "meta": {},
                        "tainted": false
                    },
                    "deposed": [],
                    "provider": ""
                },
                "aws_lambda_function.fn-claws_hello_POST": {
                    "type": "aws_lambda_function",
                    "depends_on": [
                        "aws_iam_role.iam_for_lambda"
                    ],
                    "primary": {
                        "id": "fn-claws_hello_POST",
                        "attributes": {
                            "arn": "arn:aws:lambda:us-east-1:661405543333:function:fn-claws_hello_POST",
                            "dead_letter_config.#": "0",
                            "description": "",
                            "environment.#": "1",
                            "environment.0.variables.%": "1",
                            "environment.0.variables.foo": "bar",
                            "filename": "hello.zip",
                            "function_name": "fn-claws_hello_POST",
                            "handler": "index.handle",
                            "id": "fn-claws_hello_POST",
                            "invoke_arn": "arn:aws:apigateway:us-east-1:lambda:path/2015-03-31/functions/arn:aws:lambda:us-east-1:661405543333:function:fn-claws_hello_POST/invocations",
                            "kms_key_arn": "",
                            "last_modified": "2017-06-20T19:27:32.442+0000",
                            "memory_size": "512",
                            "publish": "false",
                            "qualified_arn": "arn:aws:lambda:us-east-1:661405543333:function:fn-claws_hello_POST:$LATEST",
                            "role": "arn:aws:iam::661405543333:role/iam_for_lambda",
                            "runtime": "nodejs6.10",
                            "source_code_hash": "gFuewYN7t5REJa+N6W0FS4BRgY2kUN4PBjaeZP0H1xA=",
                            "tags.%": "0",
                            "timeout": "3",
                            "tracing_config.#": "1",
                            "tracing_config.0.mode": "PassThrough",
                            "version": "$LATEST",
                            "vpc_config.#": "0"
                        },
                        "meta": {},
                        "tainted": false
                    },
                    "deposed": [],
                    "provider": ""
                },
                "aws_lambda_function.fn-claws_pyfun_GET": {
                    "type": "aws_lambda_function",
                    "depends_on": [
                        "aws_iam_role.iam_for_lambda"
                    ],
                    "primary": {
                        "id": "fn-claws_pyfun_GET",
                        "attributes": {
                            "arn": "arn:aws:lambda:us-east-1:661405543333:function:fn-claws_pyfun_GET",
                            "dead_letter_config.#": "0",
                            "description": "",
                            "environment.#": "1",
                            "environment.0.variables.%": "1",
                            "environment.0.variables.foo": "bar",
                            "filename": "pyfun.zip",
                            "function_name": "fn-claws_pyfun_GET",
                            "handler": "main.handle",
                            "id": "fn-claws_pyfun_GET",
                            "invoke_arn": "arn:aws:apigateway:us-east-1:lambda:path/2015-03-31/functions/arn:aws:lambda:us-east-1:661405543333:function:fn-claws_pyfun_GET/invocations",
                            "kms_key_arn": "",
                            "last_modified": "2017-06-20T16:54:47.700+0000",
                            "memory_size": "128",
                            "publish": "false",
                            "qualified_arn": "arn:aws:lambda:us-east-1:661405543333:function:fn-claws_pyfun_GET:$LATEST",
                            "role": "arn:aws:iam::661405543333:role/iam_for_lambda",
                            "runtime": "python3.6",
                            "source_code_hash": "qFH/pggykM0F4vV1jlptkOuCecATz9+MWA/yvQKLkQM=",
                            "tags.%": "0",
                            "timeout": "3",
                            "tracing_config.#": "1",
                            "tracing_config.0.mode": "PassThrough",
                            "version": "$LATEST",
                            "vpc_config.#": "0"
                        },
                        "meta": {},
                        "tainted": false
                    },
                    "deposed": [],
                    "provider": ""
                },
                "aws_lambda_permission.allow_cloudwatch_fn-claws_hello_GET": {
                    "type": "aws_lambda_permission",
                    "depends_on": [
                        "aws_lambda_alias.fn-claws_hello_GET_alias",
                        "aws_lambda_function.fn-claws_hello_GET"
                    ],
                    "primary": {
                        "id": "AllowExecutionFromCloudWatch",
                        "attributes": {
                            "action": "lambda:InvokeFunction",
                            "function_name": "fn-claws_hello_GET",
                            "id": "AllowExecutionFromCloudWatch",
                            "principal": "events.amazonaws.com",
                            "qualifier": "fnclawshelloGETalias",
                            "source_account": "661405543333",
                            "source_arn": "arn:aws:events:us-east-1:661405543333:rule/RunDaily",
                            "statement_id": "AllowExecutionFromCloudWatch"
                        },
                        "meta": {},
                        "tainted": false
                    },
                    "deposed": [],
                    "provider": ""
                },
                "aws_lambda_permission.allow_cloudwatch_fn-claws_hello_POST": {
                    "type": "aws_lambda_permission",
                    "depends_on": [
                        "aws_lambda_alias.fn-claws_hello_POST_alias",
                        "aws_lambda_function.fn-claws_hello_POST"
                    ],
                    "primary": {
                        "id": "AllowExecutionFromCloudWatch",
                        "attributes": {
                            "action": "lambda:InvokeFunction",
                            "function_name": "fn-claws_hello_POST",
                            "id": "AllowExecutionFromCloudWatch",
                            "principal": "events.amazonaws.com",
                            "qualifier": "fnclawshelloPOSTalias",
                            "source_account": "661405543333",
                            "source_arn": "arn:aws:events:us-east-1:661405543333:rule/RunDaily",
                            "statement_id": "AllowExecutionFromCloudWatch"
                        },
                        "meta": {},
                        "tainted": false
                    },
                    "deposed": [],
                    "provider": ""
                }
            },
            "depends_on": []
        },
        {
            "path": [
                "root",
                "hello_get"
            ],
            "outputs": {
                "http_method": {
                    "sensitive": false,
                    "type": "string",
                    "value": "GET"
                }
            },
            "resources": {
                "aws_api_gateway_integration.request_method_integration": {
                    "type": "aws_api_gateway_integration",
                    "depends_on": [
                        "aws_api_gateway_method.request_method"
                    ],
                    "primary": {
                        "id": "agi-4pmrq3ujm4-11thh6-GET",
                        "attributes": {
                            "http_method": "GET",
                            "id": "agi-4pmrq3ujm4-11thh6-GET",
                            "integration_http_method": "POST",
                            "passthrough_behavior": "WHEN_NO_MATCH",
                            "request_parameters.%": "0",
                            "request_templates.%": "0",
                            "resource_id": "11thh6",
                            "rest_api_id": "4pmrq3ujm4",
                            "type": "AWS",
                            "uri": "arn:aws:apigateway:us-east-1:lambda:path/2015-03-31/functions/arn:aws:lambda:us-east-1:661405543333:function:fn-claws_hello_GET/invocations"
                        },
                        "meta": {},
                        "tainted": false
                    },
                    "deposed": [],
                    "provider": ""
                },
                "aws_api_gateway_integration_response.response_method_integration": {
                    "type": "aws_api_gateway_integration_response",
                    "depends_on": [
                        "aws_api_gateway_method_response.response_method"
                    ],
                    "primary": {
                        "id": "agir-4pmrq3ujm4-11thh6-GET-200",
                        "attributes": {
                            "http_method": "GET",
                            "id": "agir-4pmrq3ujm4-11thh6-GET-200",
                            "resource_id": "11thh6",
                            "response_parameters.%": "0",
                            "response_templates.%": "1",
                            "response_templates.application/json": "",
                            "rest_api_id": "4pmrq3ujm4",
                            "selection_pattern": "",
                            "status_code": "200"
                        },
                        "meta": {},
                        "tainted": false
                    },
                    "deposed": [],
                    "provider": ""
                },
                "aws_api_gateway_method.request_method": {
                    "type": "aws_api_gateway_method",
                    "depends_on": [],
                    "primary": {
                        "id": "agm-4pmrq3ujm4-11thh6-GET",
                        "attributes": {
                            "api_key_required": "false",
                            "authorization": "NONE",
                            "authorizer_id": "",
                            "http_method": "GET",
                            "id": "agm-4pmrq3ujm4-11thh6-GET",
                            "request_models.%": "0",
                            "request_parameters.%": "0",
                            "resource_id": "11thh6",
                            "rest_api_id": "4pmrq3ujm4"
                        },
                        "meta": {},
                        "tainted": false
                    },
                    "deposed": [],
                    "provider": ""
                },
                "aws_api_gateway_method_response.response_method": {
                    "type": "aws_api_gateway_method_response",
                    "depends_on": [
                        "aws_api_gateway_integration.request_method_integration"
                    ],
                    "primary": {
                        "id": "agmr-4pmrq3ujm4-11thh6-GET-200",
                        "attributes": {
                            "http_method": "GET",
                            "id": "agmr-4pmrq3ujm4-11thh6-GET-200",
                            "resource_id": "11thh6",
                            "response_models.%": "1",
                            "response_models.application/json": "Empty",
                            "response_parameters.%": "0",
                            "rest_api_id": "4pmrq3ujm4",
                            "status_code": "200"
                        },
                        "meta": {},
                        "tainted": false
                    },
                    "deposed": [],
                    "provider": ""
                },
                "aws_lambda_permission.allow_api_gateway": {
                    "type": "aws_lambda_permission",
                    "depends_on": [],
                    "primary": {
                        "id": "AllowExecutionFromApiGateway",
                        "attributes": {
                            "action": "lambda:InvokeFunction",
                            "function_name": "fn-claws_hello_GET",
                            "id": "AllowExecutionFromApiGateway",
                            "principal": "apigateway.amazonaws.com",
                            "qualifier": "",
                            "source_arn": "arn:aws:execute-api:us-east-1:661405543333:4pmrq3ujm4/*/GET/hello",
                            "statement_id": "AllowExecutionFromApiGateway"
                        },
                        "meta": {},
                        "tainted": false
                    },
                    "deposed": [],
                    "provider": ""
                }
            },
            "depends_on": []
        },
        {
            "path": [
                "root",
                "hello_post"
            ],
            "outputs": {
                "http_method": {
                    "sensitive": false,
                    "type": "string",
                    "value": "POST"
                }
            },
            "resources": {
                "aws_api_gateway_integration.request_method_integration": {
                    "type": "aws_api_gateway_integration",
                    "depends_on": [
                        "aws_api_gateway_method.request_method"
                    ],
                    "primary": {
                        "id": "agi-4pmrq3ujm4-11thh6-POST",
                        "attributes": {
                            "http_method": "POST",
                            "id": "agi-4pmrq3ujm4-11thh6-POST",
                            "integration_http_method": "POST",
                            "passthrough_behavior": "WHEN_NO_MATCH",
                            "request_parameters.%": "0",
                            "request_templates.%": "0",
                            "resource_id": "11thh6",
                            "rest_api_id": "4pmrq3ujm4",
                            "type": "AWS",
                            "uri": "arn:aws:apigateway:us-east-1:lambda:path/2015-03-31/functions/arn:aws:lambda:us-east-1:661405543333:function:fn-claws_hello_POST/invocations"
                        },
                        "meta": {},
                        "tainted": false
                    },
                    "deposed": [],
                    "provider": ""
                },
                "aws_api_gateway_integration_response.response_method_integration": {
                    "type": "aws_api_gateway_integration_response",
                    "depends_on": [
                        "aws_api_gateway_method_response.response_method"
                    ],
                    "primary": {
                        "id": "agir-4pmrq3ujm4-11thh6-POST-200",
                        "attributes": {
                            "http_method": "POST",
                            "id": "agir-4pmrq3ujm4-11thh6-POST-200",
                            "resource_id": "11thh6",
                            "response_parameters.%": "0",
                            "response_templates.%": "1",
                            "response_templates.application/json": "",
                            "rest_api_id": "4pmrq3ujm4",
                            "selection_pattern": "",
                            "status_code": "200"
                        },
                        "meta": {},
                        "tainted": false
                    },
                    "deposed": [],
                    "provider": ""
                },
                "aws_api_gateway_method.request_method": {
                    "type": "aws_api_gateway_method",
                    "depends_on": [],
                    "primary": {
                        "id": "agm-4pmrq3ujm4-11thh6-POST",
                        "attributes": {
                            "api_key_required": "false",
                            "authorization": "NONE",
                            "authorizer_id": "",
                            "http_method": "POST",
                            "id": "agm-4pmrq3ujm4-11thh6-POST",
                            "request_models.%": "0",
                            "request_parameters.%": "0",
                            "resource_id": "11thh6",
                            "rest_api_id": "4pmrq3ujm4"
                        },
                        "meta": {},
                        "tainted": false
                    },
                    "deposed": [],
                    "provider": ""
                },
                "aws_api_gateway_method_response.response_method": {
                    "type": "aws_api_gateway_method_response",
                    "depends_on": [
                        "aws_api_gateway_integration.request_method_integration"
                    ],
                    "primary": {
                        "id": "agmr-4pmrq3ujm4-11thh6-POST-200",
                        "attributes": {
                            "http_method": "POST",
                            "id": "agmr-4pmrq3ujm4-11thh6-POST-200",
                            "resource_id": "11thh6",
                            "response_models.%": "1",
                            "response_models.application/json": "Empty",
                            "response_parameters.%": "0",
                            "rest_api_id": "4pmrq3ujm4",
                            "status_code": "200"
                        },
                        "meta": {},
                        "tainted": false
                    },
                    "deposed": [],
                    "provider": ""
                },
                "aws_lambda_permission.allow_api_gateway": {
                    "type": "aws_lambda_permission",
                    "depends_on": [],
                    "primary": {
                        "id": "AllowExecutionFromApiGateway",
                        "attributes": {
                            "action": "lambda:InvokeFunction",
                            "function_name": "fn-claws_hello_POST",
                            "id": "AllowExecutionFromApiGateway",
                            "principal": "apigateway.amazonaws.com",
                            "qualifier": "",
                            "source_arn": "arn:aws:execute-api:us-east-1:661405543333:4pmrq3ujm4/*/POST/hello",
                            "statement_id": "AllowExecutionFromApiGateway"
                        },
                        "meta": {},
                        "tainted": false
                    },
                    "deposed": [],
                    "provider": ""
                }
            },
            "depends_on": []
        },
        {
            "path": [
                "root",
                "pyfun_get"
            ],
            "outputs": {
                "http_method": {
                    "sensitive": false,
                    "type": "string",
                    "value": "GET"
                }
            },
            "resources": {
                "aws_api_gateway_integration.request_method_integration": {
                    "type": "aws_api_gateway_integration",
                    "depends_on": [
                        "aws_api_gateway_method.request_method"
                    ],
                    "primary": {
                        "id": "agi-ituw6k9cr8-nvd0x5-GET",
                        "attributes": {
                            "http_method": "GET",
                            "id": "agi-ituw6k9cr8-nvd0x5-GET",
                            "integration_http_method": "POST",
                            "passthrough_behavior": "WHEN_NO_MATCH",
                            "request_parameters.%": "0",
                            "request_templates.%": "0",
                            "resource_id": "nvd0x5",
                            "rest_api_id": "ituw6k9cr8",
                            "type": "AWS",
                            "uri": "arn:aws:apigateway:us-east-1:lambda:path/2015-03-31/functions/arn:aws:lambda:us-east-1:661405543333:function:fn-claws_pyfun_GET/invocations"
                        },
                        "meta": {},
                        "tainted": false
                    },
                    "deposed": [],
                    "provider": ""
                },
                "aws_api_gateway_integration_response.response_method_integration": {
                    "type": "aws_api_gateway_integration_response",
                    "depends_on": [
                        "aws_api_gateway_method_response.response_method"
                    ],
                    "primary": {
                        "id": "agir-ituw6k9cr8-nvd0x5-GET-200",
                        "attributes": {
                            "http_method": "GET",
                            "id": "agir-ituw6k9cr8-nvd0x5-GET-200",
                            "resource_id": "nvd0x5",
                            "response_parameters.%": "0",
                            "response_templates.%": "1",
                            "response_templates.application/json": "",
                            "rest_api_id": "ituw6k9cr8",
                            "selection_pattern": "",
                            "status_code": "200"
                        },
                        "meta": {},
                        "tainted": false
                    },
                    "deposed": [],
                    "provider": ""
                },
                "aws_api_gateway_method.request_method": {
                    "type": "aws_api_gateway_method",
                    "depends_on": [],
                    "primary": {
                        "id": "agm-ituw6k9cr8-nvd0x5-GET",
                        "attributes": {
                            "api_key_required": "false",
                            "authorization": "NONE",
                            "authorizer_id": "",
                            "http_method": "GET",
                            "id": "agm-ituw6k9cr8-nvd0x5-GET",
                            "request_models.%": "0",
                            "request_parameters.%": "0",
                            "resource_id": "nvd0x5",
                            "rest_api_id": "ituw6k9cr8"
                        },
                        "meta": {},
                        "tainted": false
                    },
                    "deposed": [],
                    "provider": ""
                },
                "aws_api_gateway_method_response.response_method": {
                    "type": "aws_api_gateway_method_response",
                    "depends_on": [
                        "aws_api_gateway_integration.request_method_integration"
                    ],
                    "primary": {
                        "id": "agmr-ituw6k9cr8-nvd0x5-GET-200",
                        "attributes": {
                            "http_method": "GET",
                            "id": "agmr-ituw6k9cr8-nvd0x5-GET-200",
                            "resource_id": "nvd0x5",
                            "response_models.%": "1",
                            "response_models.application/json": "Empty",
                            "response_parameters.%": "0",
                            "rest_api_id": "ituw6k9cr8",
                            "status_code": "200"
                        },
                        "meta": {},
                        "tainted": false
                    },
                    "deposed": [],
                    "provider": ""
                },
                "aws_lambda_permission.allow_api_gateway": {
                    "type": "aws_lambda_permission",
                    "depends_on": [],
                    "primary": {
                        "id": "AllowExecutionFromApiGateway",
                        "attributes": {
                            "action": "lambda:InvokeFunction",
                            "function_name": "fn-claws_pyfun_GET",
                            "id": "AllowExecutionFromApiGateway",
                            "principal": "apigateway.amazonaws.com",
                            "qualifier": "",
                            "source_arn": "arn:aws:execute-api:us-east-1:661405543333:ituw6k9cr8/*/GET/pyfun",
                            "statement_id": "AllowExecutionFromApiGateway"
                        },
                        "meta": {},
                        "tainted": false
                    },
                    "deposed": [],
                    "provider": ""
                }
            },
            "depends_on": []
        }
    ]
}
